{"format_version":"0.1","terraform_version":"0.12.28","variables":{"availability_zone_names":{"value":["us-east-1a","us-east-1b"]},"aws_ami_id":{"value":"fake1"},"aws_subnet_ids":{"value":["fake1","fake2"]}},"planned_values":{"root_module":{"resources":[{"address":"aws_ebs_volume.storage_option_1","mode":"managed","type":"aws_ebs_volume","name":"storage_option_1","provider_name":"aws","schema_version":0,"values":{"availability_zone":"us-east-1a","iops":100,"multi_attach_enabled":null,"outpost_arn":null,"size":15,"tags":null,"type":"io1"}},{"address":"aws_ebs_volume.storage_option_2","mode":"managed","type":"aws_ebs_volume","name":"storage_option_2","provider_name":"aws","schema_version":0,"values":{"availability_zone":"us-east-1a","multi_attach_enabled":null,"outpost_arn":null,"size":15,"tags":null,"type":"standard"}},{"address":"aws_eip.nat_eip","mode":"managed","type":"aws_eip","name":"nat_eip","provider_name":"aws","schema_version":0,"values":{"associate_with_private_ip":null,"customer_owned_ipv4_pool":null,"tags":null,"timeouts":null,"vpc":true}},{"address":"aws_instance.web_app","mode":"managed","type":"aws_instance","name":"web_app","provider_name":"aws","schema_version":1,"values":{"ami":"fake1","credit_specification":[],"disable_api_termination":null,"ebs_optimized":null,"get_password_data":false,"hibernation":null,"iam_instance_profile":null,"instance_initiated_shutdown_behavior":null,"instance_type":"t3.micro","monitoring":null,"root_block_device":[{"delete_on_termination":true,"volume_size":15}],"source_dest_check":true,"tags":null,"timeouts":null,"user_data":null,"user_data_base64":null}},{"address":"aws_nat_gateway.nat","mode":"managed","type":"aws_nat_gateway","name":"nat","provider_name":"aws","schema_version":0,"values":{"subnet_id":"fake1","tags":null}}]}},"resource_changes":[{"address":"aws_ebs_volume.storage_option_1","mode":"managed","type":"aws_ebs_volume","name":"storage_option_1","provider_name":"aws","change":{"actions":["create"],"before":null,"after":{"availability_zone":"us-east-1a","iops":100,"multi_attach_enabled":null,"outpost_arn":null,"size":15,"tags":null,"type":"io1"},"after_unknown":{"arn":true,"encrypted":true,"id":true,"kms_key_id":true,"snapshot_id":true}}},{"address":"aws_ebs_volume.storage_option_2","mode":"managed","type":"aws_ebs_volume","name":"storage_option_2","provider_name":"aws","change":{"actions":["create"],"before":null,"after":{"availability_zone":"us-east-1a","multi_attach_enabled":null,"outpost_arn":null,"size":15,"tags":null,"type":"standard"},"after_unknown":{"arn":true,"encrypted":true,"id":true,"iops":true,"kms_key_id":true,"snapshot_id":true}}},{"address":"aws_eip.nat_eip","mode":"managed","type":"aws_eip","name":"nat_eip","provider_name":"aws","change":{"actions":["create"],"before":null,"after":{"associate_with_private_ip":null,"customer_owned_ipv4_pool":null,"tags":null,"timeouts":null,"vpc":true},"after_unknown":{"allocation_id":true,"association_id":true,"customer_owned_ip":true,"domain":true,"id":true,"instance":true,"network_interface":true,"private_dns":true,"private_ip":true,"public_dns":true,"public_ip":true,"public_ipv4_pool":true}}},{"address":"aws_instance.web_app","mode":"managed","type":"aws_instance","name":"web_app","provider_name":"aws","change":{"actions":["create"],"before":null,"after":{"ami":"fake1","credit_specification":[],"disable_api_termination":null,"ebs_optimized":null,"get_password_data":false,"hibernation":null,"iam_instance_profile":null,"instance_initiated_shutdown_behavior":null,"instance_type":"t3.micro","monitoring":null,"root_block_device":[{"delete_on_termination":true,"volume_size":15}],"source_dest_check":true,"tags":null,"timeouts":null,"user_data":null,"user_data_base64":null},"after_unknown":{"arn":true,"associate_public_ip_address":true,"availability_zone":true,"cpu_core_count":true,"cpu_threads_per_core":true,"credit_specification":[],"ebs_block_device":true,"ephemeral_block_device":true,"host_id":true,"id":true,"instance_state":true,"ipv6_address_count":true,"ipv6_addresses":true,"key_name":true,"metadata_options":true,"network_interface":true,"network_interface_id":true,"outpost_arn":true,"password_data":true,"placement_group":true,"primary_network_interface_id":true,"private_dns":true,"private_ip":true,"public_dns":true,"public_ip":true,"root_block_device":[{"device_name":true,"encrypted":true,"iops":true,"kms_key_id":true,"volume_id":true,"volume_type":true}],"security_groups":true,"subnet_id":true,"tenancy":true,"volume_tags":true,"vpc_security_group_ids":true}}},{"address":"aws_nat_gateway.nat","mode":"managed","type":"aws_nat_gateway","name":"nat","provider_name":"aws","change":{"actions":["create"],"before":null,"after":{"subnet_id":"fake1","tags":null},"after_unknown":{"allocation_id":true,"id":true,"network_interface_id":true,"private_ip":true,"public_ip":true}}}],"prior_state":{"format_version":"0.1","terraform_version":"0.12.28","values":{"root_module":{"resources":[{"address":"data.aws_region.current","mode":"data","type":"aws_region","name":"current","provider_name":"aws","schema_version":0,"values":{"current":null,"description":"US East (N. Virginia)","endpoint":"ec2.us-east-1.amazonaws.com","id":"us-east-1","name":"us-east-1"}}]}}},"configuration":{"provider_config":{"aws":{"name":"aws","expressions":{"access_key":{"constant_value":"mock_access_key"},"region":{"constant_value":"us-east-1"},"s3_force_path_style":{"constant_value":true},"secret_key":{"constant_value":"mock_secret_key"},"skip_credentials_validation":{"constant_value":true},"skip_metadata_api_check":{"constant_value":true},"skip_requesting_account_id":{"constant_value":true}}}},"root_module":{"resources":[{"address":"aws_ebs_volume.storage_option_1","mode":"managed","type":"aws_ebs_volume","name":"storage_option_1","provider_config_key":"aws","expressions":{"availability_zone":{"references":["var.availability_zone_names"]},"iops":{"constant_value":100},"size":{"constant_value":15},"type":{"constant_value":"io1"}},"schema_version":0},{"address":"aws_ebs_volume.storage_option_2","mode":"managed","type":"aws_ebs_volume","name":"storage_option_2","provider_config_key":"aws","expressions":{"availability_zone":{"references":["var.availability_zone_names"]},"size":{"constant_value":15},"type":{"constant_value":"standard"}},"schema_version":0},{"address":"aws_eip.nat_eip","mode":"managed","type":"aws_eip","name":"nat_eip","provider_config_key":"aws","expressions":{"vpc":{"constant_value":true}},"schema_version":0},{"address":"aws_instance.web_app","mode":"managed","type":"aws_instance","name":"web_app","provider_config_key":"aws","expressions":{"ami":{"references":["var.aws_ami_id"]},"instance_type":{"constant_value":"t3.micro"},"root_block_device":[{"volume_size":{"constant_value":15}}]},"schema_version":1},{"address":"aws_nat_gateway.nat","mode":"managed","type":"aws_nat_gateway","name":"nat","provider_config_key":"aws","expressions":{"allocation_id":{"references":["aws_eip.nat_eip"]},"subnet_id":{"references":["var.aws_subnet_ids"]}},"schema_version":0},{"address":"data.aws_region.current","mode":"data","type":"aws_region","name":"current","provider_config_key":"aws","schema_version":0}],"variables":{"availability_zone_names":{"default":["us-east-1a","us-east-1b"]},"aws_ami_id":{"default":"fake1"},"aws_subnet_ids":{"default":["fake1","fake2"]}}}}}
