{"format_version":"0.1","terraform_version":"0.12.24","planned_values":{"root_module":{"resources":[{"address":"aws_ebs_volume.storage_option_1","mode":"managed","type":"aws_ebs_volume","name":"storage_option_1","provider_name":"aws","schema_version":0,"values":{"availability_zone":"us-east-1a","iops":100,"multi_attach_enabled":null,"outpost_arn":null,"size":15,"tags":null,"type":"io1"}},{"address":"aws_ebs_volume.storage_option_2","mode":"managed","type":"aws_ebs_volume","name":"storage_option_2","provider_name":"aws","schema_version":0,"values":{"availability_zone":"us-east-1a","multi_attach_enabled":null,"outpost_arn":null,"size":15,"tags":null,"type":"standard"}},{"address":"aws_eip.nat_eip","mode":"managed","type":"aws_eip","name":"nat_eip","provider_name":"aws","schema_version":0,"values":{"associate_with_private_ip":null,"customer_owned_ipv4_pool":null,"tags":null,"timeouts":null,"vpc":true}},{"address":"aws_instance.web_app","mode":"managed","type":"aws_instance","name":"web_app","provider_name":"aws","schema_version":1,"values":{"ami":"ami-000b3a073fc20e415","credit_specification":[],"disable_api_termination":null,"ebs_optimized":null,"get_password_data":false,"hibernation":null,"iam_instance_profile":null,"instance_initiated_shutdown_behavior":null,"instance_type":"t3.micro","monitoring":null,"root_block_device":[{"delete_on_termination":true,"volume_size":15}],"source_dest_check":true,"tags":null,"timeouts":null,"user_data":null,"user_data_base64":null}},{"address":"aws_nat_gateway.nat","mode":"managed","type":"aws_nat_gateway","name":"nat","provider_name":"aws","schema_version":0,"values":{"subnet_id":"subnet-52d9320d","tags":null}}]}},"resource_changes":[{"address":"aws_ebs_volume.storage_option_1","mode":"managed","type":"aws_ebs_volume","name":"storage_option_1","provider_name":"aws","change":{"actions":["create"],"before":null,"after":{"availability_zone":"us-east-1a","iops":100,"multi_attach_enabled":null,"outpost_arn":null,"size":15,"tags":null,"type":"io1"},"after_unknown":{"arn":true,"encrypted":true,"id":true,"kms_key_id":true,"snapshot_id":true}}},{"address":"aws_ebs_volume.storage_option_2","mode":"managed","type":"aws_ebs_volume","name":"storage_option_2","provider_name":"aws","change":{"actions":["create"],"before":null,"after":{"availability_zone":"us-east-1a","multi_attach_enabled":null,"outpost_arn":null,"size":15,"tags":null,"type":"standard"},"after_unknown":{"arn":true,"encrypted":true,"id":true,"iops":true,"kms_key_id":true,"snapshot_id":true}}},{"address":"aws_eip.nat_eip","mode":"managed","type":"aws_eip","name":"nat_eip","provider_name":"aws","change":{"actions":["create"],"before":null,"after":{"associate_with_private_ip":null,"customer_owned_ipv4_pool":null,"tags":null,"timeouts":null,"vpc":true},"after_unknown":{"allocation_id":true,"association_id":true,"customer_owned_ip":true,"domain":true,"id":true,"instance":true,"network_interface":true,"private_dns":true,"private_ip":true,"public_dns":true,"public_ip":true,"public_ipv4_pool":true}}},{"address":"aws_instance.web_app","mode":"managed","type":"aws_instance","name":"web_app","provider_name":"aws","change":{"actions":["create"],"before":null,"after":{"ami":"ami-000b3a073fc20e415","credit_specification":[],"disable_api_termination":null,"ebs_optimized":null,"get_password_data":false,"hibernation":null,"iam_instance_profile":null,"instance_initiated_shutdown_behavior":null,"instance_type":"t3.micro","monitoring":null,"root_block_device":[{"delete_on_termination":true,"volume_size":15}],"source_dest_check":true,"tags":null,"timeouts":null,"user_data":null,"user_data_base64":null},"after_unknown":{"arn":true,"associate_public_ip_address":true,"availability_zone":true,"cpu_core_count":true,"cpu_threads_per_core":true,"credit_specification":[],"ebs_block_device":true,"ephemeral_block_device":true,"host_id":true,"id":true,"instance_state":true,"ipv6_address_count":true,"ipv6_addresses":true,"key_name":true,"metadata_options":true,"network_interface":true,"network_interface_id":true,"outpost_arn":true,"password_data":true,"placement_group":true,"primary_network_interface_id":true,"private_dns":true,"private_ip":true,"public_dns":true,"public_ip":true,"root_block_device":[{"device_name":true,"encrypted":true,"iops":true,"kms_key_id":true,"volume_id":true,"volume_type":true}],"security_groups":true,"subnet_id":true,"tenancy":true,"volume_tags":true,"vpc_security_group_ids":true}}},{"address":"aws_nat_gateway.nat","mode":"managed","type":"aws_nat_gateway","name":"nat","provider_name":"aws","change":{"actions":["create"],"before":null,"after":{"subnet_id":"subnet-52d9320d","tags":null},"after_unknown":{"allocation_id":true,"id":true,"network_interface_id":true,"private_ip":true,"public_ip":true}}}],"prior_state":{"format_version":"0.1","terraform_version":"0.12.24","values":{"root_module":{"resources":[{"address":"data.aws_ami.ubuntu","mode":"data","type":"aws_ami","name":"ubuntu","provider_name":"aws","schema_version":0,"values":{"architecture":"x86_64","block_device_mappings":[{"device_name":"/dev/sda1","ebs":{"delete_on_termination":"true","encrypted":"false","iops":"0","snapshot_id":"snap-0d0c75281cdaf5fe5","volume_size":"8","volume_type":"gp2"},"no_device":"","virtual_name":""},{"device_name":"/dev/sdb","ebs":{},"no_device":"","virtual_name":"ephemeral0"},{"device_name":"/dev/sdc","ebs":{},"no_device":"","virtual_name":"ephemeral1"}],"creation_date":"2019-11-11T13:12:33.000Z","description":"Canonical, Ubuntu, 14.04 LTS, amd64 trusty image build on 2019-11-07","executable_users":null,"filter":[{"name":"name","values":["ubuntu/images/hvm-ssd/ubuntu-trusty-14.04-amd64-server-*"]},{"name":"virtualization-type","values":["hvm"]}],"hypervisor":"xen","id":"ami-000b3a073fc20e415","image_id":"ami-000b3a073fc20e415","image_location":"099720109477/ubuntu/images/hvm-ssd/ubuntu-trusty-14.04-amd64-server-20191107","image_owner_alias":null,"image_type":"machine","kernel_id":null,"most_recent":true,"name":"ubuntu/images/hvm-ssd/ubuntu-trusty-14.04-amd64-server-20191107","name_regex":null,"owner_id":"099720109477","owners":["099720109477"],"platform":null,"product_codes":[],"public":true,"ramdisk_id":null,"root_device_name":"/dev/sda1","root_device_type":"ebs","root_snapshot_id":"snap-0d0c75281cdaf5fe5","sriov_net_support":"simple","state":"available","state_reason":{"code":"UNSET","message":"UNSET"},"tags":{},"virtualization_type":"hvm"}},{"address":"data.aws_availability_zones.available","mode":"data","type":"aws_availability_zones","name":"available","provider_name":"aws","schema_version":0,"values":{"all_availability_zones":null,"blacklisted_names":null,"blacklisted_zone_ids":null,"filter":null,"group_names":["us-east-1"],"id":"2020-06-24 06:40:49.767059294 +0000 UTC","names":["us-east-1a","us-east-1b","us-east-1c","us-east-1d","us-east-1e","us-east-1f"],"state":"available","zone_ids":["use1-az4","use1-az6","use1-az1","use1-az2","use1-az3","use1-az5"]}},{"address":"data.aws_region.current","mode":"data","type":"aws_region","name":"current","provider_name":"aws","schema_version":0,"values":{"current":null,"description":"US East (N. Virginia)","endpoint":"ec2.us-east-1.amazonaws.com","id":"us-east-1","name":"us-east-1"}},{"address":"data.aws_subnet_ids.all","mode":"data","type":"aws_subnet_ids","name":"all","provider_name":"aws","schema_version":0,"values":{"filter":null,"id":"vpc-3e89b244","ids":["subnet-52d9320d","subnet-56e8da68","subnet-6951be0f","subnet-737ec03e","subnet-a022d781","subnet-ffa000f1"],"tags":null,"vpc_id":"vpc-3e89b244"}},{"address":"data.aws_vpc.default","mode":"data","type":"aws_vpc","name":"default","provider_name":"aws","schema_version":0,"values":{"arn":"arn:aws:ec2:us-east-1:988896524719:vpc/vpc-3e89b244","cidr_block":"172.31.0.0/16","cidr_block_associations":[{"association_id":"vpc-cidr-assoc-72bfab1e","cidr_block":"172.31.0.0/16","state":"associated"}],"default":true,"dhcp_options_id":"dopt-fb278381","enable_dns_hostnames":true,"enable_dns_support":true,"filter":null,"id":"vpc-3e89b244","instance_tenancy":"default","ipv6_association_id":null,"ipv6_cidr_block":null,"main_route_table_id":"rtb-1420a66a","owner_id":"988896524719","state":"available","tags":{}}}]}}},"configuration":{"provider_config":{"aws":{"name":"aws","expressions":{"region":{"constant_value":"us-east-1"}}}},"root_module":{"resources":[{"address":"aws_ebs_volume.storage_option_1","mode":"managed","type":"aws_ebs_volume","name":"storage_option_1","provider_config_key":"aws","expressions":{"availability_zone":{"references":["data.aws_availability_zones.available"]},"iops":{"constant_value":100},"size":{"constant_value":15},"type":{"constant_value":"io1"}},"schema_version":0},{"address":"aws_ebs_volume.storage_option_2","mode":"managed","type":"aws_ebs_volume","name":"storage_option_2","provider_config_key":"aws","expressions":{"availability_zone":{"references":["data.aws_availability_zones.available"]},"size":{"constant_value":15},"type":{"constant_value":"standard"}},"schema_version":0},{"address":"aws_eip.nat_eip","mode":"managed","type":"aws_eip","name":"nat_eip","provider_config_key":"aws","expressions":{"vpc":{"constant_value":true}},"schema_version":0},{"address":"aws_instance.web_app","mode":"managed","type":"aws_instance","name":"web_app","provider_config_key":"aws","expressions":{"ami":{"references":["data.aws_ami.ubuntu"]},"instance_type":{"constant_value":"t3.micro"},"root_block_device":[{"volume_size":{"constant_value":15}}]},"schema_version":1},{"address":"aws_nat_gateway.nat","mode":"managed","type":"aws_nat_gateway","name":"nat","provider_config_key":"aws","expressions":{"allocation_id":{"references":["aws_eip.nat_eip"]},"subnet_id":{"references":["data.aws_subnet_ids.all"]}},"schema_version":0},{"address":"data.aws_ami.ubuntu","mode":"data","type":"aws_ami","name":"ubuntu","provider_config_key":"aws","expressions":{"filter":[{"name":{"constant_value":"name"},"values":{"constant_value":["ubuntu/images/hvm-ssd/ubuntu-trusty-14.04-amd64-server-*"]}},{"name":{"constant_value":"virtualization-type"},"values":{"constant_value":["hvm"]}}],"most_recent":{"constant_value":true},"owners":{"constant_value":["099720109477"]}},"schema_version":0},{"address":"data.aws_availability_zones.available","mode":"data","type":"aws_availability_zones","name":"available","provider_config_key":"aws","expressions":{"state":{"constant_value":"available"}},"schema_version":0},{"address":"data.aws_region.current","mode":"data","type":"aws_region","name":"current","provider_config_key":"aws","schema_version":0},{"address":"data.aws_subnet_ids.all","mode":"data","type":"aws_subnet_ids","name":"all","provider_config_key":"aws","expressions":{"vpc_id":{"references":["data.aws_vpc.default"]}},"schema_version":0},{"address":"data.aws_vpc.default","mode":"data","type":"aws_vpc","name":"default","provider_config_key":"aws","expressions":{"default":{"constant_value":true}},"schema_version":0}]}}}
