{"format_version":"0.1","terraform_version":"0.13.0-beta1","planned_values":{"root_module":{"resources":[{"address":"data.aws_availability_zones.available","mode":"data","type":"aws_availability_zones","name":"available","provider_name":"registry.terraform.io/hashicorp/aws","schema_version":0,"values":{"all_availability_zones":null,"blacklisted_names":null,"blacklisted_zone_ids":null,"exclude_names":null,"exclude_zone_ids":null,"filter":null,"group_names":["us-east-1"],"id":"2020-07-03 16:32:23.752263 +0000 UTC","names":["us-east-1a","us-east-1b","us-east-1c","us-east-1d","us-east-1e","us-east-1f"],"state":"available","zone_ids":["use1-az4","use1-az6","use1-az1","use1-az2","use1-az3","use1-az5"]}},{"address":"data.aws_subnet_ids.all","mode":"data","type":"aws_subnet_ids","name":"all","provider_name":"registry.terraform.io/hashicorp/aws","schema_version":0,"values":{"filter":null,"id":"vpc-3e89b244","ids":["subnet-52d9320d","subnet-56e8da68","subnet-6951be0f","subnet-737ec03e","subnet-a022d781","subnet-ffa000f1"],"tags":null,"vpc_id":"vpc-3e89b244"}},{"address":"data.aws_vpc.default","mode":"data","type":"aws_vpc","name":"default","provider_name":"registry.terraform.io/hashicorp/aws","schema_version":0,"values":{"arn":"arn:aws:ec2:us-east-1:988896524719:vpc/vpc-3e89b244","cidr_block":"172.31.0.0/16","cidr_block_associations":[{"association_id":"vpc-cidr-assoc-72bfab1e","cidr_block":"172.31.0.0/16","state":"associated"}],"default":true,"dhcp_options_id":"dopt-fb278381","enable_dns_hostnames":true,"enable_dns_support":true,"filter":null,"id":"vpc-3e89b244","instance_tenancy":"default","ipv6_association_id":null,"ipv6_cidr_block":null,"main_route_table_id":"rtb-1420a66a","owner_id":"988896524719","state":"available","tags":{}}}],"child_modules":[{"resources":[{"address":"module.storage[0].aws_ebs_snapshot.standard","mode":"managed","type":"aws_ebs_snapshot","name":"standard","provider_name":"registry.terraform.io/hashicorp/aws","schema_version":0,"values":{"description":null,"tags":null,"timeouts":null}},{"address":"module.storage[0].aws_ebs_volume.io1","mode":"managed","type":"aws_ebs_volume","name":"io1","provider_name":"registry.terraform.io/hashicorp/aws","schema_version":0,"values":{"availability_zone":"us-east-1a","iops":0,"multi_attach_enabled":null,"outpost_arn":null,"size":20,"tags":null,"type":"io1"}},{"address":"module.storage[0].aws_ebs_volume.standard","mode":"managed","type":"aws_ebs_volume","name":"standard","provider_name":"registry.terraform.io/hashicorp/aws","schema_version":0,"values":{"availability_zone":"us-east-1a","multi_attach_enabled":null,"outpost_arn":null,"size":30,"tags":null,"type":"standard"}}],"address":"module.storage[0]"},{"resources":[{"address":"module.storage[1].aws_ebs_snapshot.standard","mode":"managed","type":"aws_ebs_snapshot","name":"standard","provider_name":"registry.terraform.io/hashicorp/aws","schema_version":0,"values":{"description":null,"tags":null,"timeouts":null}},{"address":"module.storage[1].aws_ebs_volume.io1","mode":"managed","type":"aws_ebs_volume","name":"io1","provider_name":"registry.terraform.io/hashicorp/aws","schema_version":0,"values":{"availability_zone":"us-east-1a","iops":0,"multi_attach_enabled":null,"outpost_arn":null,"size":20,"tags":null,"type":"io1"}},{"address":"module.storage[1].aws_ebs_volume.standard","mode":"managed","type":"aws_ebs_volume","name":"standard","provider_name":"registry.terraform.io/hashicorp/aws","schema_version":0,"values":{"availability_zone":"us-east-1a","multi_attach_enabled":null,"outpost_arn":null,"size":30,"tags":null,"type":"standard"}}],"address":"module.storage[1]"},{"resources":[{"address":"module.storage[2].aws_ebs_snapshot.standard","mode":"managed","type":"aws_ebs_snapshot","name":"standard","provider_name":"registry.terraform.io/hashicorp/aws","schema_version":0,"values":{"description":null,"tags":null,"timeouts":null}},{"address":"module.storage[2].aws_ebs_volume.io1","mode":"managed","type":"aws_ebs_volume","name":"io1","provider_name":"registry.terraform.io/hashicorp/aws","schema_version":0,"values":{"availability_zone":"us-east-1a","iops":0,"multi_attach_enabled":null,"outpost_arn":null,"size":20,"tags":null,"type":"io1"}},{"address":"module.storage[2].aws_ebs_volume.standard","mode":"managed","type":"aws_ebs_volume","name":"standard","provider_name":"registry.terraform.io/hashicorp/aws","schema_version":0,"values":{"availability_zone":"us-east-1a","multi_attach_enabled":null,"outpost_arn":null,"size":30,"tags":null,"type":"standard"}}],"address":"module.storage[2]"},{"resources":[{"address":"module.web_app[\"us-east-1a\"].aws_instance.web_app","mode":"managed","type":"aws_instance","name":"web_app","provider_name":"registry.terraform.io/hashicorp/aws","schema_version":1,"values":{"ami":"ami-000b3a073fc20e415","availability_zone":"us-east-1a","credit_specification":[],"disable_api_termination":null,"ebs_block_device":[{"delete_on_termination":true,"device_name":"xvdf","volume_size":15}],"ebs_optimized":null,"get_password_data":false,"hibernation":null,"iam_instance_profile":null,"instance_initiated_shutdown_behavior":null,"instance_type":"t3.micro","monitoring":null,"root_block_device":[{"delete_on_termination":true,"volume_size":10}],"source_dest_check":true,"tags":null,"timeouts":null,"user_data":null,"user_data_base64":null}}],"address":"module.web_app[\"us-east-1a\"]"},{"resources":[{"address":"module.web_app[\"us-east-1b\"].aws_instance.web_app","mode":"managed","type":"aws_instance","name":"web_app","provider_name":"registry.terraform.io/hashicorp/aws","schema_version":1,"values":{"ami":"ami-000b3a073fc20e415","availability_zone":"us-east-1b","credit_specification":[],"disable_api_termination":null,"ebs_block_device":[{"delete_on_termination":true,"device_name":"xvdf","volume_size":15}],"ebs_optimized":null,"get_password_data":false,"hibernation":null,"iam_instance_profile":null,"instance_initiated_shutdown_behavior":null,"instance_type":"t3.micro","monitoring":null,"root_block_device":[{"delete_on_termination":true,"volume_size":10}],"source_dest_check":true,"tags":null,"timeouts":null,"user_data":null,"user_data_base64":null}}],"address":"module.web_app[\"us-east-1b\"]"},{"resources":[{"address":"module.web_app[\"us-east-1c\"].aws_instance.web_app","mode":"managed","type":"aws_instance","name":"web_app","provider_name":"registry.terraform.io/hashicorp/aws","schema_version":1,"values":{"ami":"ami-000b3a073fc20e415","availability_zone":"us-east-1c","credit_specification":[],"disable_api_termination":null,"ebs_block_device":[{"delete_on_termination":true,"device_name":"xvdf","volume_size":15}],"ebs_optimized":null,"get_password_data":false,"hibernation":null,"iam_instance_profile":null,"instance_initiated_shutdown_behavior":null,"instance_type":"t3.micro","monitoring":null,"root_block_device":[{"delete_on_termination":true,"volume_size":10}],"source_dest_check":true,"tags":null,"timeouts":null,"user_data":null,"user_data_base64":null}}],"address":"module.web_app[\"us-east-1c\"]"},{"resources":[{"address":"module.web_app[\"us-east-1d\"].aws_instance.web_app","mode":"managed","type":"aws_instance","name":"web_app","provider_name":"registry.terraform.io/hashicorp/aws","schema_version":1,"values":{"ami":"ami-000b3a073fc20e415","availability_zone":"us-east-1d","credit_specification":[],"disable_api_termination":null,"ebs_block_device":[{"delete_on_termination":true,"device_name":"xvdf","volume_size":15}],"ebs_optimized":null,"get_password_data":false,"hibernation":null,"iam_instance_profile":null,"instance_initiated_shutdown_behavior":null,"instance_type":"t3.micro","monitoring":null,"root_block_device":[{"delete_on_termination":true,"volume_size":10}],"source_dest_check":true,"tags":null,"timeouts":null,"user_data":null,"user_data_base64":null}}],"address":"module.web_app[\"us-east-1d\"]"},{"resources":[{"address":"module.web_app[\"us-east-1e\"].aws_instance.web_app","mode":"managed","type":"aws_instance","name":"web_app","provider_name":"registry.terraform.io/hashicorp/aws","schema_version":1,"values":{"ami":"ami-000b3a073fc20e415","availability_zone":"us-east-1e","credit_specification":[],"disable_api_termination":null,"ebs_block_device":[{"delete_on_termination":true,"device_name":"xvdf","volume_size":15}],"ebs_optimized":null,"get_password_data":false,"hibernation":null,"iam_instance_profile":null,"instance_initiated_shutdown_behavior":null,"instance_type":"t3.micro","monitoring":null,"root_block_device":[{"delete_on_termination":true,"volume_size":10}],"source_dest_check":true,"tags":null,"timeouts":null,"user_data":null,"user_data_base64":null}}],"address":"module.web_app[\"us-east-1e\"]"},{"resources":[{"address":"module.web_app[\"us-east-1f\"].aws_instance.web_app","mode":"managed","type":"aws_instance","name":"web_app","provider_name":"registry.terraform.io/hashicorp/aws","schema_version":1,"values":{"ami":"ami-000b3a073fc20e415","availability_zone":"us-east-1f","credit_specification":[],"disable_api_termination":null,"ebs_block_device":[{"delete_on_termination":true,"device_name":"xvdf","volume_size":15}],"ebs_optimized":null,"get_password_data":false,"hibernation":null,"iam_instance_profile":null,"instance_initiated_shutdown_behavior":null,"instance_type":"t3.micro","monitoring":null,"root_block_device":[{"delete_on_termination":true,"volume_size":10}],"source_dest_check":true,"tags":null,"timeouts":null,"user_data":null,"user_data_base64":null}}],"address":"module.web_app[\"us-east-1f\"]"}]}},"resource_changes":[{"address":"data.aws_availability_zones.available","mode":"data","type":"aws_availability_zones","name":"available","provider_name":"registry.terraform.io/hashicorp/aws","change":{"actions":["read"],"before":{"all_availability_zones":null,"blacklisted_names":null,"blacklisted_zone_ids":null,"exclude_names":null,"exclude_zone_ids":null,"filter":null,"group_names":["us-east-1"],"id":"2020-07-03 16:32:18.690109 +0000 UTC","names":["us-east-1a","us-east-1b","us-east-1c","us-east-1d","us-east-1e","us-east-1f"],"state":"available","zone_ids":["use1-az4","use1-az6","use1-az1","use1-az2","use1-az3","use1-az5"]},"after":{"all_availability_zones":null,"blacklisted_names":null,"blacklisted_zone_ids":null,"exclude_names":null,"exclude_zone_ids":null,"filter":null,"group_names":["us-east-1"],"id":"2020-07-03 16:32:23.752263 +0000 UTC","names":["us-east-1a","us-east-1b","us-east-1c","us-east-1d","us-east-1e","us-east-1f"],"state":"available","zone_ids":["use1-az4","use1-az6","use1-az1","use1-az2","use1-az3","use1-az5"]},"after_unknown":{}}},{"address":"data.aws_subnet_ids.all","mode":"data","type":"aws_subnet_ids","name":"all","provider_name":"registry.terraform.io/hashicorp/aws","change":{"actions":["read"],"before":{"filter":null,"id":"vpc-3e89b244","ids":["subnet-52d9320d","subnet-56e8da68","subnet-6951be0f","subnet-737ec03e","subnet-a022d781","subnet-ffa000f1"],"tags":null,"vpc_id":"vpc-3e89b244"},"after":{"filter":null,"id":"vpc-3e89b244","ids":["subnet-52d9320d","subnet-56e8da68","subnet-6951be0f","subnet-737ec03e","subnet-a022d781","subnet-ffa000f1"],"tags":null,"vpc_id":"vpc-3e89b244"},"after_unknown":{}}},{"address":"data.aws_vpc.default","mode":"data","type":"aws_vpc","name":"default","provider_name":"registry.terraform.io/hashicorp/aws","change":{"actions":["read"],"before":{"arn":"arn:aws:ec2:us-east-1:988896524719:vpc/vpc-3e89b244","cidr_block":"172.31.0.0/16","cidr_block_associations":[{"association_id":"vpc-cidr-assoc-72bfab1e","cidr_block":"172.31.0.0/16","state":"associated"}],"default":true,"dhcp_options_id":"dopt-fb278381","enable_dns_hostnames":true,"enable_dns_support":true,"filter":null,"id":"vpc-3e89b244","instance_tenancy":"default","ipv6_association_id":null,"ipv6_cidr_block":null,"main_route_table_id":"rtb-1420a66a","owner_id":"988896524719","state":"available","tags":{}},"after":{"arn":"arn:aws:ec2:us-east-1:988896524719:vpc/vpc-3e89b244","cidr_block":"172.31.0.0/16","cidr_block_associations":[{"association_id":"vpc-cidr-assoc-72bfab1e","cidr_block":"172.31.0.0/16","state":"associated"}],"default":true,"dhcp_options_id":"dopt-fb278381","enable_dns_hostnames":true,"enable_dns_support":true,"filter":null,"id":"vpc-3e89b244","instance_tenancy":"default","ipv6_association_id":null,"ipv6_cidr_block":null,"main_route_table_id":"rtb-1420a66a","owner_id":"988896524719","state":"available","tags":{}},"after_unknown":{}}},{"address":"module.storage[0].aws_ebs_snapshot.standard","module_address":"module.storage[0]","mode":"managed","type":"aws_ebs_snapshot","name":"standard","provider_name":"registry.terraform.io/hashicorp/aws","change":{"actions":["create"],"before":null,"after":{"description":null,"tags":null,"timeouts":null},"after_unknown":{"arn":true,"data_encryption_key_id":true,"encrypted":true,"id":true,"kms_key_id":true,"owner_alias":true,"owner_id":true,"volume_id":true,"volume_size":true}}},{"address":"module.storage[0].aws_ebs_volume.io1","module_address":"module.storage[0]","mode":"managed","type":"aws_ebs_volume","name":"io1","provider_name":"registry.terraform.io/hashicorp/aws","change":{"actions":["create"],"before":null,"after":{"availability_zone":"us-east-1a","iops":0,"multi_attach_enabled":null,"outpost_arn":null,"size":20,"tags":null,"type":"io1"},"after_unknown":{"arn":true,"encrypted":true,"id":true,"kms_key_id":true,"snapshot_id":true}}},{"address":"module.storage[0].aws_ebs_volume.standard","module_address":"module.storage[0]","mode":"managed","type":"aws_ebs_volume","name":"standard","provider_name":"registry.terraform.io/hashicorp/aws","change":{"actions":["create"],"before":null,"after":{"availability_zone":"us-east-1a","multi_attach_enabled":null,"outpost_arn":null,"size":30,"tags":null,"type":"standard"},"after_unknown":{"arn":true,"encrypted":true,"id":true,"iops":true,"kms_key_id":true,"snapshot_id":true}}},{"address":"module.storage[1].aws_ebs_snapshot.standard","module_address":"module.storage[1]","mode":"managed","type":"aws_ebs_snapshot","name":"standard","provider_name":"registry.terraform.io/hashicorp/aws","change":{"actions":["create"],"before":null,"after":{"description":null,"tags":null,"timeouts":null},"after_unknown":{"arn":true,"data_encryption_key_id":true,"encrypted":true,"id":true,"kms_key_id":true,"owner_alias":true,"owner_id":true,"volume_id":true,"volume_size":true}}},{"address":"module.storage[1].aws_ebs_volume.io1","module_address":"module.storage[1]","mode":"managed","type":"aws_ebs_volume","name":"io1","provider_name":"registry.terraform.io/hashicorp/aws","change":{"actions":["create"],"before":null,"after":{"availability_zone":"us-east-1a","iops":0,"multi_attach_enabled":null,"outpost_arn":null,"size":20,"tags":null,"type":"io1"},"after_unknown":{"arn":true,"encrypted":true,"id":true,"kms_key_id":true,"snapshot_id":true}}},{"address":"module.storage[1].aws_ebs_volume.standard","module_address":"module.storage[1]","mode":"managed","type":"aws_ebs_volume","name":"standard","provider_name":"registry.terraform.io/hashicorp/aws","change":{"actions":["create"],"before":null,"after":{"availability_zone":"us-east-1a","multi_attach_enabled":null,"outpost_arn":null,"size":30,"tags":null,"type":"standard"},"after_unknown":{"arn":true,"encrypted":true,"id":true,"iops":true,"kms_key_id":true,"snapshot_id":true}}},{"address":"module.storage[2].aws_ebs_snapshot.standard","module_address":"module.storage[2]","mode":"managed","type":"aws_ebs_snapshot","name":"standard","provider_name":"registry.terraform.io/hashicorp/aws","change":{"actions":["create"],"before":null,"after":{"description":null,"tags":null,"timeouts":null},"after_unknown":{"arn":true,"data_encryption_key_id":true,"encrypted":true,"id":true,"kms_key_id":true,"owner_alias":true,"owner_id":true,"volume_id":true,"volume_size":true}}},{"address":"module.storage[2].aws_ebs_volume.io1","module_address":"module.storage[2]","mode":"managed","type":"aws_ebs_volume","name":"io1","provider_name":"registry.terraform.io/hashicorp/aws","change":{"actions":["create"],"before":null,"after":{"availability_zone":"us-east-1a","iops":0,"multi_attach_enabled":null,"outpost_arn":null,"size":20,"tags":null,"type":"io1"},"after_unknown":{"arn":true,"encrypted":true,"id":true,"kms_key_id":true,"snapshot_id":true}}},{"address":"module.storage[2].aws_ebs_volume.standard","module_address":"module.storage[2]","mode":"managed","type":"aws_ebs_volume","name":"standard","provider_name":"registry.terraform.io/hashicorp/aws","change":{"actions":["create"],"before":null,"after":{"availability_zone":"us-east-1a","multi_attach_enabled":null,"outpost_arn":null,"size":30,"tags":null,"type":"standard"},"after_unknown":{"arn":true,"encrypted":true,"id":true,"iops":true,"kms_key_id":true,"snapshot_id":true}}},{"address":"module.web_app[\"us-east-1a\"].aws_instance.web_app","module_address":"module.web_app[\"us-east-1a\"]","mode":"managed","type":"aws_instance","name":"web_app","provider_name":"registry.terraform.io/hashicorp/aws","change":{"actions":["create"],"before":null,"after":{"ami":"ami-000b3a073fc20e415","availability_zone":"us-east-1a","credit_specification":[],"disable_api_termination":null,"ebs_block_device":[{"delete_on_termination":true,"device_name":"xvdf","volume_size":15}],"ebs_optimized":null,"get_password_data":false,"hibernation":null,"iam_instance_profile":null,"instance_initiated_shutdown_behavior":null,"instance_type":"t3.micro","monitoring":null,"root_block_device":[{"delete_on_termination":true,"volume_size":10}],"source_dest_check":true,"tags":null,"timeouts":null,"user_data":null,"user_data_base64":null},"after_unknown":{"arn":true,"associate_public_ip_address":true,"cpu_core_count":true,"cpu_threads_per_core":true,"credit_specification":[],"ebs_block_device":[{"encrypted":true,"iops":true,"kms_key_id":true,"snapshot_id":true,"volume_id":true,"volume_type":true}],"ephemeral_block_device":true,"host_id":true,"id":true,"instance_state":true,"ipv6_address_count":true,"ipv6_addresses":true,"key_name":true,"metadata_options":true,"network_interface":true,"network_interface_id":true,"outpost_arn":true,"password_data":true,"placement_group":true,"primary_network_interface_id":true,"private_dns":true,"private_ip":true,"public_dns":true,"public_ip":true,"root_block_device":[{"device_name":true,"encrypted":true,"iops":true,"kms_key_id":true,"volume_id":true,"volume_type":true}],"security_groups":true,"subnet_id":true,"tenancy":true,"volume_tags":true,"vpc_security_group_ids":true}}},{"address":"module.web_app[\"us-east-1b\"].aws_instance.web_app","module_address":"module.web_app[\"us-east-1b\"]","mode":"managed","type":"aws_instance","name":"web_app","provider_name":"registry.terraform.io/hashicorp/aws","change":{"actions":["create"],"before":null,"after":{"ami":"ami-000b3a073fc20e415","availability_zone":"us-east-1b","credit_specification":[],"disable_api_termination":null,"ebs_block_device":[{"delete_on_termination":true,"device_name":"xvdf","volume_size":15}],"ebs_optimized":null,"get_password_data":false,"hibernation":null,"iam_instance_profile":null,"instance_initiated_shutdown_behavior":null,"instance_type":"t3.micro","monitoring":null,"root_block_device":[{"delete_on_termination":true,"volume_size":10}],"source_dest_check":true,"tags":null,"timeouts":null,"user_data":null,"user_data_base64":null},"after_unknown":{"arn":true,"associate_public_ip_address":true,"cpu_core_count":true,"cpu_threads_per_core":true,"credit_specification":[],"ebs_block_device":[{"encrypted":true,"iops":true,"kms_key_id":true,"snapshot_id":true,"volume_id":true,"volume_type":true}],"ephemeral_block_device":true,"host_id":true,"id":true,"instance_state":true,"ipv6_address_count":true,"ipv6_addresses":true,"key_name":true,"metadata_options":true,"network_interface":true,"network_interface_id":true,"outpost_arn":true,"password_data":true,"placement_group":true,"primary_network_interface_id":true,"private_dns":true,"private_ip":true,"public_dns":true,"public_ip":true,"root_block_device":[{"device_name":true,"encrypted":true,"iops":true,"kms_key_id":true,"volume_id":true,"volume_type":true}],"security_groups":true,"subnet_id":true,"tenancy":true,"volume_tags":true,"vpc_security_group_ids":true}}},{"address":"module.web_app[\"us-east-1c\"].aws_instance.web_app","module_address":"module.web_app[\"us-east-1c\"]","mode":"managed","type":"aws_instance","name":"web_app","provider_name":"registry.terraform.io/hashicorp/aws","change":{"actions":["create"],"before":null,"after":{"ami":"ami-000b3a073fc20e415","availability_zone":"us-east-1c","credit_specification":[],"disable_api_termination":null,"ebs_block_device":[{"delete_on_termination":true,"device_name":"xvdf","volume_size":15}],"ebs_optimized":null,"get_password_data":false,"hibernation":null,"iam_instance_profile":null,"instance_initiated_shutdown_behavior":null,"instance_type":"t3.micro","monitoring":null,"root_block_device":[{"delete_on_termination":true,"volume_size":10}],"source_dest_check":true,"tags":null,"timeouts":null,"user_data":null,"user_data_base64":null},"after_unknown":{"arn":true,"associate_public_ip_address":true,"cpu_core_count":true,"cpu_threads_per_core":true,"credit_specification":[],"ebs_block_device":[{"encrypted":true,"iops":true,"kms_key_id":true,"snapshot_id":true,"volume_id":true,"volume_type":true}],"ephemeral_block_device":true,"host_id":true,"id":true,"instance_state":true,"ipv6_address_count":true,"ipv6_addresses":true,"key_name":true,"metadata_options":true,"network_interface":true,"network_interface_id":true,"outpost_arn":true,"password_data":true,"placement_group":true,"primary_network_interface_id":true,"private_dns":true,"private_ip":true,"public_dns":true,"public_ip":true,"root_block_device":[{"device_name":true,"encrypted":true,"iops":true,"kms_key_id":true,"volume_id":true,"volume_type":true}],"security_groups":true,"subnet_id":true,"tenancy":true,"volume_tags":true,"vpc_security_group_ids":true}}},{"address":"module.web_app[\"us-east-1d\"].aws_instance.web_app","module_address":"module.web_app[\"us-east-1d\"]","mode":"managed","type":"aws_instance","name":"web_app","provider_name":"registry.terraform.io/hashicorp/aws","change":{"actions":["create"],"before":null,"after":{"ami":"ami-000b3a073fc20e415","availability_zone":"us-east-1d","credit_specification":[],"disable_api_termination":null,"ebs_block_device":[{"delete_on_termination":true,"device_name":"xvdf","volume_size":15}],"ebs_optimized":null,"get_password_data":false,"hibernation":null,"iam_instance_profile":null,"instance_initiated_shutdown_behavior":null,"instance_type":"t3.micro","monitoring":null,"root_block_device":[{"delete_on_termination":true,"volume_size":10}],"source_dest_check":true,"tags":null,"timeouts":null,"user_data":null,"user_data_base64":null},"after_unknown":{"arn":true,"associate_public_ip_address":true,"cpu_core_count":true,"cpu_threads_per_core":true,"credit_specification":[],"ebs_block_device":[{"encrypted":true,"iops":true,"kms_key_id":true,"snapshot_id":true,"volume_id":true,"volume_type":true}],"ephemeral_block_device":true,"host_id":true,"id":true,"instance_state":true,"ipv6_address_count":true,"ipv6_addresses":true,"key_name":true,"metadata_options":true,"network_interface":true,"network_interface_id":true,"outpost_arn":true,"password_data":true,"placement_group":true,"primary_network_interface_id":true,"private_dns":true,"private_ip":true,"public_dns":true,"public_ip":true,"root_block_device":[{"device_name":true,"encrypted":true,"iops":true,"kms_key_id":true,"volume_id":true,"volume_type":true}],"security_groups":true,"subnet_id":true,"tenancy":true,"volume_tags":true,"vpc_security_group_ids":true}}},{"address":"module.web_app[\"us-east-1e\"].aws_instance.web_app","module_address":"module.web_app[\"us-east-1e\"]","mode":"managed","type":"aws_instance","name":"web_app","provider_name":"registry.terraform.io/hashicorp/aws","change":{"actions":["create"],"before":null,"after":{"ami":"ami-000b3a073fc20e415","availability_zone":"us-east-1e","credit_specification":[],"disable_api_termination":null,"ebs_block_device":[{"delete_on_termination":true,"device_name":"xvdf","volume_size":15}],"ebs_optimized":null,"get_password_data":false,"hibernation":null,"iam_instance_profile":null,"instance_initiated_shutdown_behavior":null,"instance_type":"t3.micro","monitoring":null,"root_block_device":[{"delete_on_termination":true,"volume_size":10}],"source_dest_check":true,"tags":null,"timeouts":null,"user_data":null,"user_data_base64":null},"after_unknown":{"arn":true,"associate_public_ip_address":true,"cpu_core_count":true,"cpu_threads_per_core":true,"credit_specification":[],"ebs_block_device":[{"encrypted":true,"iops":true,"kms_key_id":true,"snapshot_id":true,"volume_id":true,"volume_type":true}],"ephemeral_block_device":true,"host_id":true,"id":true,"instance_state":true,"ipv6_address_count":true,"ipv6_addresses":true,"key_name":true,"metadata_options":true,"network_interface":true,"network_interface_id":true,"outpost_arn":true,"password_data":true,"placement_group":true,"primary_network_interface_id":true,"private_dns":true,"private_ip":true,"public_dns":true,"public_ip":true,"root_block_device":[{"device_name":true,"encrypted":true,"iops":true,"kms_key_id":true,"volume_id":true,"volume_type":true}],"security_groups":true,"subnet_id":true,"tenancy":true,"volume_tags":true,"vpc_security_group_ids":true}}},{"address":"module.web_app[\"us-east-1f\"].aws_instance.web_app","module_address":"module.web_app[\"us-east-1f\"]","mode":"managed","type":"aws_instance","name":"web_app","provider_name":"registry.terraform.io/hashicorp/aws","change":{"actions":["create"],"before":null,"after":{"ami":"ami-000b3a073fc20e415","availability_zone":"us-east-1f","credit_specification":[],"disable_api_termination":null,"ebs_block_device":[{"delete_on_termination":true,"device_name":"xvdf","volume_size":15}],"ebs_optimized":null,"get_password_data":false,"hibernation":null,"iam_instance_profile":null,"instance_initiated_shutdown_behavior":null,"instance_type":"t3.micro","monitoring":null,"root_block_device":[{"delete_on_termination":true,"volume_size":10}],"source_dest_check":true,"tags":null,"timeouts":null,"user_data":null,"user_data_base64":null},"after_unknown":{"arn":true,"associate_public_ip_address":true,"cpu_core_count":true,"cpu_threads_per_core":true,"credit_specification":[],"ebs_block_device":[{"encrypted":true,"iops":true,"kms_key_id":true,"snapshot_id":true,"volume_id":true,"volume_type":true}],"ephemeral_block_device":true,"host_id":true,"id":true,"instance_state":true,"ipv6_address_count":true,"ipv6_addresses":true,"key_name":true,"metadata_options":true,"network_interface":true,"network_interface_id":true,"outpost_arn":true,"password_data":true,"placement_group":true,"primary_network_interface_id":true,"private_dns":true,"private_ip":true,"public_dns":true,"public_ip":true,"root_block_device":[{"device_name":true,"encrypted":true,"iops":true,"kms_key_id":true,"volume_id":true,"volume_type":true}],"security_groups":true,"subnet_id":true,"tenancy":true,"volume_tags":true,"vpc_security_group_ids":true}}}],"prior_state":{"format_version":"0.1","terraform_version":"0.13.0","values":{"root_module":{"resources":[{"address":"data.aws_availability_zones.available","mode":"data","type":"aws_availability_zones","name":"available","provider_name":"registry.terraform.io/hashicorp/aws","schema_version":0,"values":{"all_availability_zones":null,"blacklisted_names":null,"blacklisted_zone_ids":null,"exclude_names":null,"exclude_zone_ids":null,"filter":null,"group_names":["us-east-1"],"id":"2020-07-03 16:32:18.690109 +0000 UTC","names":["us-east-1a","us-east-1b","us-east-1c","us-east-1d","us-east-1e","us-east-1f"],"state":"available","zone_ids":["use1-az4","use1-az6","use1-az1","use1-az2","use1-az3","use1-az5"]}},{"address":"data.aws_region.current","mode":"data","type":"aws_region","name":"current","provider_name":"registry.terraform.io/hashicorp/aws","schema_version":0,"values":{"current":null,"description":"US East (N. Virginia)","endpoint":"ec2.us-east-1.amazonaws.com","id":"us-east-1","name":"us-east-1"}},{"address":"data.aws_subnet_ids.all","mode":"data","type":"aws_subnet_ids","name":"all","provider_name":"registry.terraform.io/hashicorp/aws","schema_version":0,"values":{"filter":null,"id":"vpc-3e89b244","ids":["subnet-52d9320d","subnet-56e8da68","subnet-6951be0f","subnet-737ec03e","subnet-a022d781","subnet-ffa000f1"],"tags":null,"vpc_id":"vpc-3e89b244"}},{"address":"data.aws_vpc.default","mode":"data","type":"aws_vpc","name":"default","provider_name":"registry.terraform.io/hashicorp/aws","schema_version":0,"values":{"arn":"arn:aws:ec2:us-east-1:988896524719:vpc/vpc-3e89b244","cidr_block":"172.31.0.0/16","cidr_block_associations":[{"association_id":"vpc-cidr-assoc-72bfab1e","cidr_block":"172.31.0.0/16","state":"associated"}],"default":true,"dhcp_options_id":"dopt-fb278381","enable_dns_hostnames":true,"enable_dns_support":true,"filter":null,"id":"vpc-3e89b244","instance_tenancy":"default","ipv6_association_id":null,"ipv6_cidr_block":null,"main_route_table_id":"rtb-1420a66a","owner_id":"988896524719","state":"available","tags":{}}}],"child_modules":[{"resources":[{"address":"module.web_app[\"us-east-1a\"].data.aws_ami.ubuntu","mode":"data","type":"aws_ami","name":"ubuntu","provider_name":"registry.terraform.io/hashicorp/aws","schema_version":0,"values":{"architecture":"x86_64","arn":"arn:aws:ec2:us-east-1::image/ami-000b3a073fc20e415","block_device_mappings":[{"device_name":"/dev/sda1","ebs":{"delete_on_termination":"true","encrypted":"false","iops":"0","snapshot_id":"snap-0d0c75281cdaf5fe5","volume_size":"8","volume_type":"gp2"},"no_device":"","virtual_name":""},{"device_name":"/dev/sdb","ebs":{},"no_device":"","virtual_name":"ephemeral0"},{"device_name":"/dev/sdc","ebs":{},"no_device":"","virtual_name":"ephemeral1"}],"creation_date":"2019-11-11T13:12:33.000Z","description":"Canonical, Ubuntu, 14.04 LTS, amd64 trusty image build on 2019-11-07","executable_users":null,"filter":[{"name":"name","values":["ubuntu/images/hvm-ssd/ubuntu-trusty-14.04-amd64-server-*"]},{"name":"virtualization-type","values":["hvm"]}],"hypervisor":"xen","id":"ami-000b3a073fc20e415","image_id":"ami-000b3a073fc20e415","image_location":"099720109477/ubuntu/images/hvm-ssd/ubuntu-trusty-14.04-amd64-server-20191107","image_owner_alias":null,"image_type":"machine","kernel_id":null,"most_recent":true,"name":"ubuntu/images/hvm-ssd/ubuntu-trusty-14.04-amd64-server-20191107","name_regex":null,"owner_id":"099720109477","owners":["099720109477"],"platform":null,"product_codes":[],"public":true,"ramdisk_id":null,"root_device_name":"/dev/sda1","root_device_type":"ebs","root_snapshot_id":"snap-0d0c75281cdaf5fe5","sriov_net_support":"simple","state":"available","state_reason":{"code":"UNSET","message":"UNSET"},"tags":{},"virtualization_type":"hvm"}}],"address":"module.web_app[\"us-east-1a\"]"},{"resources":[{"address":"module.web_app[\"us-east-1b\"].data.aws_ami.ubuntu","mode":"data","type":"aws_ami","name":"ubuntu","provider_name":"registry.terraform.io/hashicorp/aws","schema_version":0,"values":{"architecture":"x86_64","arn":"arn:aws:ec2:us-east-1::image/ami-000b3a073fc20e415","block_device_mappings":[{"device_name":"/dev/sda1","ebs":{"delete_on_termination":"true","encrypted":"false","iops":"0","snapshot_id":"snap-0d0c75281cdaf5fe5","volume_size":"8","volume_type":"gp2"},"no_device":"","virtual_name":""},{"device_name":"/dev/sdb","ebs":{},"no_device":"","virtual_name":"ephemeral0"},{"device_name":"/dev/sdc","ebs":{},"no_device":"","virtual_name":"ephemeral1"}],"creation_date":"2019-11-11T13:12:33.000Z","description":"Canonical, Ubuntu, 14.04 LTS, amd64 trusty image build on 2019-11-07","executable_users":null,"filter":[{"name":"name","values":["ubuntu/images/hvm-ssd/ubuntu-trusty-14.04-amd64-server-*"]},{"name":"virtualization-type","values":["hvm"]}],"hypervisor":"xen","id":"ami-000b3a073fc20e415","image_id":"ami-000b3a073fc20e415","image_location":"099720109477/ubuntu/images/hvm-ssd/ubuntu-trusty-14.04-amd64-server-20191107","image_owner_alias":null,"image_type":"machine","kernel_id":null,"most_recent":true,"name":"ubuntu/images/hvm-ssd/ubuntu-trusty-14.04-amd64-server-20191107","name_regex":null,"owner_id":"099720109477","owners":["099720109477"],"platform":null,"product_codes":[],"public":true,"ramdisk_id":null,"root_device_name":"/dev/sda1","root_device_type":"ebs","root_snapshot_id":"snap-0d0c75281cdaf5fe5","sriov_net_support":"simple","state":"available","state_reason":{"code":"UNSET","message":"UNSET"},"tags":{},"virtualization_type":"hvm"}}],"address":"module.web_app[\"us-east-1b\"]"},{"resources":[{"address":"module.web_app[\"us-east-1c\"].data.aws_ami.ubuntu","mode":"data","type":"aws_ami","name":"ubuntu","provider_name":"registry.terraform.io/hashicorp/aws","schema_version":0,"values":{"architecture":"x86_64","arn":"arn:aws:ec2:us-east-1::image/ami-000b3a073fc20e415","block_device_mappings":[{"device_name":"/dev/sda1","ebs":{"delete_on_termination":"true","encrypted":"false","iops":"0","snapshot_id":"snap-0d0c75281cdaf5fe5","volume_size":"8","volume_type":"gp2"},"no_device":"","virtual_name":""},{"device_name":"/dev/sdb","ebs":{},"no_device":"","virtual_name":"ephemeral0"},{"device_name":"/dev/sdc","ebs":{},"no_device":"","virtual_name":"ephemeral1"}],"creation_date":"2019-11-11T13:12:33.000Z","description":"Canonical, Ubuntu, 14.04 LTS, amd64 trusty image build on 2019-11-07","executable_users":null,"filter":[{"name":"name","values":["ubuntu/images/hvm-ssd/ubuntu-trusty-14.04-amd64-server-*"]},{"name":"virtualization-type","values":["hvm"]}],"hypervisor":"xen","id":"ami-000b3a073fc20e415","image_id":"ami-000b3a073fc20e415","image_location":"099720109477/ubuntu/images/hvm-ssd/ubuntu-trusty-14.04-amd64-server-20191107","image_owner_alias":null,"image_type":"machine","kernel_id":null,"most_recent":true,"name":"ubuntu/images/hvm-ssd/ubuntu-trusty-14.04-amd64-server-20191107","name_regex":null,"owner_id":"099720109477","owners":["099720109477"],"platform":null,"product_codes":[],"public":true,"ramdisk_id":null,"root_device_name":"/dev/sda1","root_device_type":"ebs","root_snapshot_id":"snap-0d0c75281cdaf5fe5","sriov_net_support":"simple","state":"available","state_reason":{"code":"UNSET","message":"UNSET"},"tags":{},"virtualization_type":"hvm"}}],"address":"module.web_app[\"us-east-1c\"]"},{"resources":[{"address":"module.web_app[\"us-east-1d\"].data.aws_ami.ubuntu","mode":"data","type":"aws_ami","name":"ubuntu","provider_name":"registry.terraform.io/hashicorp/aws","schema_version":0,"values":{"architecture":"x86_64","arn":"arn:aws:ec2:us-east-1::image/ami-000b3a073fc20e415","block_device_mappings":[{"device_name":"/dev/sda1","ebs":{"delete_on_termination":"true","encrypted":"false","iops":"0","snapshot_id":"snap-0d0c75281cdaf5fe5","volume_size":"8","volume_type":"gp2"},"no_device":"","virtual_name":""},{"device_name":"/dev/sdb","ebs":{},"no_device":"","virtual_name":"ephemeral0"},{"device_name":"/dev/sdc","ebs":{},"no_device":"","virtual_name":"ephemeral1"}],"creation_date":"2019-11-11T13:12:33.000Z","description":"Canonical, Ubuntu, 14.04 LTS, amd64 trusty image build on 2019-11-07","executable_users":null,"filter":[{"name":"name","values":["ubuntu/images/hvm-ssd/ubuntu-trusty-14.04-amd64-server-*"]},{"name":"virtualization-type","values":["hvm"]}],"hypervisor":"xen","id":"ami-000b3a073fc20e415","image_id":"ami-000b3a073fc20e415","image_location":"099720109477/ubuntu/images/hvm-ssd/ubuntu-trusty-14.04-amd64-server-20191107","image_owner_alias":null,"image_type":"machine","kernel_id":null,"most_recent":true,"name":"ubuntu/images/hvm-ssd/ubuntu-trusty-14.04-amd64-server-20191107","name_regex":null,"owner_id":"099720109477","owners":["099720109477"],"platform":null,"product_codes":[],"public":true,"ramdisk_id":null,"root_device_name":"/dev/sda1","root_device_type":"ebs","root_snapshot_id":"snap-0d0c75281cdaf5fe5","sriov_net_support":"simple","state":"available","state_reason":{"code":"UNSET","message":"UNSET"},"tags":{},"virtualization_type":"hvm"}}],"address":"module.web_app[\"us-east-1d\"]"},{"resources":[{"address":"module.web_app[\"us-east-1e\"].data.aws_ami.ubuntu","mode":"data","type":"aws_ami","name":"ubuntu","provider_name":"registry.terraform.io/hashicorp/aws","schema_version":0,"values":{"architecture":"x86_64","arn":"arn:aws:ec2:us-east-1::image/ami-000b3a073fc20e415","block_device_mappings":[{"device_name":"/dev/sda1","ebs":{"delete_on_termination":"true","encrypted":"false","iops":"0","snapshot_id":"snap-0d0c75281cdaf5fe5","volume_size":"8","volume_type":"gp2"},"no_device":"","virtual_name":""},{"device_name":"/dev/sdb","ebs":{},"no_device":"","virtual_name":"ephemeral0"},{"device_name":"/dev/sdc","ebs":{},"no_device":"","virtual_name":"ephemeral1"}],"creation_date":"2019-11-11T13:12:33.000Z","description":"Canonical, Ubuntu, 14.04 LTS, amd64 trusty image build on 2019-11-07","executable_users":null,"filter":[{"name":"name","values":["ubuntu/images/hvm-ssd/ubuntu-trusty-14.04-amd64-server-*"]},{"name":"virtualization-type","values":["hvm"]}],"hypervisor":"xen","id":"ami-000b3a073fc20e415","image_id":"ami-000b3a073fc20e415","image_location":"099720109477/ubuntu/images/hvm-ssd/ubuntu-trusty-14.04-amd64-server-20191107","image_owner_alias":null,"image_type":"machine","kernel_id":null,"most_recent":true,"name":"ubuntu/images/hvm-ssd/ubuntu-trusty-14.04-amd64-server-20191107","name_regex":null,"owner_id":"099720109477","owners":["099720109477"],"platform":null,"product_codes":[],"public":true,"ramdisk_id":null,"root_device_name":"/dev/sda1","root_device_type":"ebs","root_snapshot_id":"snap-0d0c75281cdaf5fe5","sriov_net_support":"simple","state":"available","state_reason":{"code":"UNSET","message":"UNSET"},"tags":{},"virtualization_type":"hvm"}}],"address":"module.web_app[\"us-east-1e\"]"},{"resources":[{"address":"module.web_app[\"us-east-1f\"].data.aws_ami.ubuntu","mode":"data","type":"aws_ami","name":"ubuntu","provider_name":"registry.terraform.io/hashicorp/aws","schema_version":0,"values":{"architecture":"x86_64","arn":"arn:aws:ec2:us-east-1::image/ami-000b3a073fc20e415","block_device_mappings":[{"device_name":"/dev/sda1","ebs":{"delete_on_termination":"true","encrypted":"false","iops":"0","snapshot_id":"snap-0d0c75281cdaf5fe5","volume_size":"8","volume_type":"gp2"},"no_device":"","virtual_name":""},{"device_name":"/dev/sdb","ebs":{},"no_device":"","virtual_name":"ephemeral0"},{"device_name":"/dev/sdc","ebs":{},"no_device":"","virtual_name":"ephemeral1"}],"creation_date":"2019-11-11T13:12:33.000Z","description":"Canonical, Ubuntu, 14.04 LTS, amd64 trusty image build on 2019-11-07","executable_users":null,"filter":[{"name":"name","values":["ubuntu/images/hvm-ssd/ubuntu-trusty-14.04-amd64-server-*"]},{"name":"virtualization-type","values":["hvm"]}],"hypervisor":"xen","id":"ami-000b3a073fc20e415","image_id":"ami-000b3a073fc20e415","image_location":"099720109477/ubuntu/images/hvm-ssd/ubuntu-trusty-14.04-amd64-server-20191107","image_owner_alias":null,"image_type":"machine","kernel_id":null,"most_recent":true,"name":"ubuntu/images/hvm-ssd/ubuntu-trusty-14.04-amd64-server-20191107","name_regex":null,"owner_id":"099720109477","owners":["099720109477"],"platform":null,"product_codes":[],"public":true,"ramdisk_id":null,"root_device_name":"/dev/sda1","root_device_type":"ebs","root_snapshot_id":"snap-0d0c75281cdaf5fe5","sriov_net_support":"simple","state":"available","state_reason":{"code":"UNSET","message":"UNSET"},"tags":{},"virtualization_type":"hvm"}}],"address":"module.web_app[\"us-east-1f\"]"}]}}},"configuration":{"provider_config":{"aws":{"name":"aws"}},"root_module":{"resources":[{"address":"data.aws_availability_zones.available","mode":"data","type":"aws_availability_zones","name":"available","provider_config_key":"aws","expressions":{"state":{"constant_value":"available"}},"schema_version":0},{"address":"data.aws_region.current","mode":"data","type":"aws_region","name":"current","provider_config_key":"aws","schema_version":0},{"address":"data.aws_subnet_ids.all","mode":"data","type":"aws_subnet_ids","name":"all","provider_config_key":"aws","expressions":{"vpc_id":{"references":["data.aws_vpc.default"]}},"schema_version":0},{"address":"data.aws_vpc.default","mode":"data","type":"aws_vpc","name":"default","provider_config_key":"aws","expressions":{"default":{"constant_value":true}},"schema_version":0}],"module_calls":{"storage":{"source":"./storage","expressions":{"availability_zone":{"references":["data.aws_availability_zones.available"]}},"count_expression":{"constant_value":3},"module":{"resources":[{"address":"aws_ebs_snapshot.standard","mode":"managed","type":"aws_ebs_snapshot","name":"standard","provider_config_key":"storage:aws","expressions":{"volume_id":{"references":["aws_ebs_volume.standard"]}},"schema_version":0},{"address":"aws_ebs_volume.io1","mode":"managed","type":"aws_ebs_volume","name":"io1","provider_config_key":"storage:aws","expressions":{"availability_zone":{"references":["var.availability_zone"]},"iops":{"constant_value":0},"size":{"constant_value":20},"type":{"constant_value":"io1"}},"schema_version":0},{"address":"aws_ebs_volume.standard","mode":"managed","type":"aws_ebs_volume","name":"standard","provider_config_key":"storage:aws","expressions":{"availability_zone":{"references":["var.availability_zone"]},"size":{"constant_value":30},"type":{"constant_value":"standard"}},"schema_version":0}],"variables":{"availability_zone":{}}}},"web_app":{"source":"./web_app","expressions":{"availability_zone":{"references":["each.key"]}},"for_each_expression":{"references":["data.aws_availability_zones.available"]},"module":{"resources":[{"address":"aws_instance.web_app","mode":"managed","type":"aws_instance","name":"web_app","provider_config_key":"web_app:aws","expressions":{"ami":{"references":["data.aws_ami.ubuntu"]},"availability_zone":{"references":["var.availability_zone"]},"ebs_block_device":[{"device_name":{"constant_value":"xvdf"},"volume_size":{"constant_value":15}}],"instance_type":{"constant_value":"t3.micro"},"root_block_device":[{"volume_size":{"constant_value":10}}]},"schema_version":1},{"address":"data.aws_ami.ubuntu","mode":"data","type":"aws_ami","name":"ubuntu","provider_config_key":"web_app:aws","expressions":{"filter":[{"name":{"constant_value":"name"},"values":{"constant_value":["ubuntu/images/hvm-ssd/ubuntu-trusty-14.04-amd64-server-*"]}},{"name":{"constant_value":"virtualization-type"},"values":{"constant_value":["hvm"]}}],"most_recent":{"constant_value":true},"owners":{"constant_value":["099720109477"]}},"schema_version":0}],"variables":{"availability_zone":{}}}}}}}}
