{"format_version":"0.1","terraform_version":"0.13.1","variables":{"aws_ami_id":{"value":"fake1"}},"planned_values":{"root_module":{"resources":[{"address":"aws_eip.root_nat_eip","mode":"managed","type":"aws_eip","name":"root_nat_eip","provider_name":"registry.terraform.io/hashicorp/aws","schema_version":0,"values":{"associate_with_private_ip":null,"customer_owned_ipv4_pool":null,"tags":null,"timeouts":null,"vpc":true}},{"address":"aws_instance.instance1","mode":"managed","type":"aws_instance","name":"instance1","provider_name":"registry.terraform.io/hashicorp/aws","schema_version":1,"values":{"ami":"fake1","credit_specification":[],"disable_api_termination":null,"ebs_block_device":[{"delete_on_termination":true,"device_name":"xvdf","volume_size":10},{"delete_on_termination":true,"device_name":"xvdg","volume_size":20,"volume_type":"standard"},{"delete_on_termination":true,"device_name":"xvdh","volume_size":30,"volume_type":"sc1"},{"delete_on_termination":true,"device_name":"xvdi","iops":1000,"volume_size":40,"volume_type":"io1"}],"ebs_optimized":null,"get_password_data":false,"hibernation":null,"iam_instance_profile":null,"instance_initiated_shutdown_behavior":null,"instance_type":"t3.micro","monitoring":null,"root_block_device":[{"delete_on_termination":true,"volume_size":10}],"source_dest_check":true,"tags":null,"timeouts":null,"user_data":null,"user_data_base64":null}},{"address":"aws_nat_gateway.root_nat","mode":"managed","type":"aws_nat_gateway","name":"root_nat","provider_name":"registry.terraform.io/hashicorp/aws","schema_version":0,"values":{"subnet_id":"subnet-root","tags":null}},{"address":"aws_network_interface.root_eip_network_interface","mode":"managed","type":"aws_network_interface","name":"root_eip_network_interface","provider_name":"registry.terraform.io/hashicorp/aws","schema_version":0,"values":{"description":null,"private_ips":["10.0.0.1"],"source_dest_check":true,"subnet_id":"subnet-root","tags":null}},{"address":"infracost_aws_nat_gateway.root_nat","mode":"managed","type":"infracost_aws_nat_gateway","name":"root_nat","provider_name":"infracost.io/infracost/infracost","schema_version":0,"values":{"gb_data_processed_monthly":[{"value":10}]}}],"child_modules":[{"resources":[{"address":"module.network[\"subnet-module-1\"].aws_eip.module_nat_eip","mode":"managed","type":"aws_eip","name":"module_nat_eip","provider_name":"registry.terraform.io/hashicorp/aws","schema_version":0,"values":{"associate_with_private_ip":null,"customer_owned_ipv4_pool":null,"tags":null,"timeouts":null,"vpc":true}},{"address":"module.network[\"subnet-module-1\"].aws_nat_gateway.module_nat","mode":"managed","type":"aws_nat_gateway","name":"module_nat","provider_name":"registry.terraform.io/hashicorp/aws","schema_version":0,"values":{"subnet_id":"subnet-module-1","tags":null}},{"address":"module.network[\"subnet-module-1\"].aws_network_interface.module_eip_network_interface","mode":"managed","type":"aws_network_interface","name":"module_eip_network_interface","provider_name":"registry.terraform.io/hashicorp/aws","schema_version":0,"values":{"description":null,"private_ips":["10.0.0.1"],"source_dest_check":true,"subnet_id":"subnet-module-1","tags":null}}],"address":"module.network[\"subnet-module-1\"]","child_modules":[{"resources":[{"address":"module.network[\"subnet-module-1\"].module.subnetwork[\"subnet-submodule-1\"].aws_eip.submodule_nat_eip","mode":"managed","type":"aws_eip","name":"submodule_nat_eip","provider_name":"registry.terraform.io/hashicorp/aws","schema_version":0,"values":{"associate_with_private_ip":null,"customer_owned_ipv4_pool":null,"tags":null,"timeouts":null,"vpc":true}},{"address":"module.network[\"subnet-module-1\"].module.subnetwork[\"subnet-submodule-1\"].aws_nat_gateway.submodule_nat","mode":"managed","type":"aws_nat_gateway","name":"submodule_nat","provider_name":"registry.terraform.io/hashicorp/aws","schema_version":0,"values":{"subnet_id":"subnet-submodule-1","tags":null}},{"address":"module.network[\"subnet-module-1\"].module.subnetwork[\"subnet-submodule-1\"].aws_network_interface.submodule_eip_network_interface","mode":"managed","type":"aws_network_interface","name":"submodule_eip_network_interface","provider_name":"registry.terraform.io/hashicorp/aws","schema_version":0,"values":{"description":null,"private_ips":["10.0.0.1"],"source_dest_check":true,"subnet_id":"subnet-submodule-1","tags":null}}],"address":"module.network[\"subnet-module-1\"].module.subnetwork[\"subnet-submodule-1\"]"},{"resources":[{"address":"module.network[\"subnet-module-1\"].module.subnetwork[\"subsubnet-module-2\"].aws_eip.submodule_nat_eip","mode":"managed","type":"aws_eip","name":"submodule_nat_eip","provider_name":"registry.terraform.io/hashicorp/aws","schema_version":0,"values":{"associate_with_private_ip":null,"customer_owned_ipv4_pool":null,"tags":null,"timeouts":null,"vpc":true}},{"address":"module.network[\"subnet-module-1\"].module.subnetwork[\"subsubnet-module-2\"].aws_nat_gateway.submodule_nat","mode":"managed","type":"aws_nat_gateway","name":"submodule_nat","provider_name":"registry.terraform.io/hashicorp/aws","schema_version":0,"values":{"subnet_id":"subsubnet-module-2","tags":null}},{"address":"module.network[\"subnet-module-1\"].module.subnetwork[\"subsubnet-module-2\"].aws_network_interface.submodule_eip_network_interface","mode":"managed","type":"aws_network_interface","name":"submodule_eip_network_interface","provider_name":"registry.terraform.io/hashicorp/aws","schema_version":0,"values":{"description":null,"private_ips":["10.0.0.1"],"source_dest_check":true,"subnet_id":"subsubnet-module-2","tags":null}}],"address":"module.network[\"subnet-module-1\"].module.subnetwork[\"subsubnet-module-2\"]"}]},{"resources":[{"address":"module.network[\"subnet-module-2\"].aws_eip.module_nat_eip","mode":"managed","type":"aws_eip","name":"module_nat_eip","provider_name":"registry.terraform.io/hashicorp/aws","schema_version":0,"values":{"associate_with_private_ip":null,"customer_owned_ipv4_pool":null,"tags":null,"timeouts":null,"vpc":true}},{"address":"module.network[\"subnet-module-2\"].aws_nat_gateway.module_nat","mode":"managed","type":"aws_nat_gateway","name":"module_nat","provider_name":"registry.terraform.io/hashicorp/aws","schema_version":0,"values":{"subnet_id":"subnet-module-2","tags":null}},{"address":"module.network[\"subnet-module-2\"].aws_network_interface.module_eip_network_interface","mode":"managed","type":"aws_network_interface","name":"module_eip_network_interface","provider_name":"registry.terraform.io/hashicorp/aws","schema_version":0,"values":{"description":null,"private_ips":["10.0.0.1"],"source_dest_check":true,"subnet_id":"subnet-module-2","tags":null}}],"address":"module.network[\"subnet-module-2\"]","child_modules":[{"resources":[{"address":"module.network[\"subnet-module-2\"].module.subnetwork[\"subnet-submodule-1\"].aws_eip.submodule_nat_eip","mode":"managed","type":"aws_eip","name":"submodule_nat_eip","provider_name":"registry.terraform.io/hashicorp/aws","schema_version":0,"values":{"associate_with_private_ip":null,"customer_owned_ipv4_pool":null,"tags":null,"timeouts":null,"vpc":true}},{"address":"module.network[\"subnet-module-2\"].module.subnetwork[\"subnet-submodule-1\"].aws_nat_gateway.submodule_nat","mode":"managed","type":"aws_nat_gateway","name":"submodule_nat","provider_name":"registry.terraform.io/hashicorp/aws","schema_version":0,"values":{"subnet_id":"subnet-submodule-1","tags":null}},{"address":"module.network[\"subnet-module-2\"].module.subnetwork[\"subnet-submodule-1\"].aws_network_interface.submodule_eip_network_interface","mode":"managed","type":"aws_network_interface","name":"submodule_eip_network_interface","provider_name":"registry.terraform.io/hashicorp/aws","schema_version":0,"values":{"description":null,"private_ips":["10.0.0.1"],"source_dest_check":true,"subnet_id":"subnet-submodule-1","tags":null}}],"address":"module.network[\"subnet-module-2\"].module.subnetwork[\"subnet-submodule-1\"]"},{"resources":[{"address":"module.network[\"subnet-module-2\"].module.subnetwork[\"subsubnet-module-2\"].aws_eip.submodule_nat_eip","mode":"managed","type":"aws_eip","name":"submodule_nat_eip","provider_name":"registry.terraform.io/hashicorp/aws","schema_version":0,"values":{"associate_with_private_ip":null,"customer_owned_ipv4_pool":null,"tags":null,"timeouts":null,"vpc":true}},{"address":"module.network[\"subnet-module-2\"].module.subnetwork[\"subsubnet-module-2\"].aws_nat_gateway.submodule_nat","mode":"managed","type":"aws_nat_gateway","name":"submodule_nat","provider_name":"registry.terraform.io/hashicorp/aws","schema_version":0,"values":{"subnet_id":"subsubnet-module-2","tags":null}},{"address":"module.network[\"subnet-module-2\"].module.subnetwork[\"subsubnet-module-2\"].aws_network_interface.submodule_eip_network_interface","mode":"managed","type":"aws_network_interface","name":"submodule_eip_network_interface","provider_name":"registry.terraform.io/hashicorp/aws","schema_version":0,"values":{"description":null,"private_ips":["10.0.0.1"],"source_dest_check":true,"subnet_id":"subsubnet-module-2","tags":null}}],"address":"module.network[\"subnet-module-2\"].module.subnetwork[\"subsubnet-module-2\"]"}]}]}},"resource_changes":[{"address":"aws_eip.root_nat_eip","mode":"managed","type":"aws_eip","name":"root_nat_eip","provider_name":"registry.terraform.io/hashicorp/aws","change":{"actions":["create"],"before":null,"after":{"associate_with_private_ip":null,"customer_owned_ipv4_pool":null,"tags":null,"timeouts":null,"vpc":true},"after_unknown":{"allocation_id":true,"association_id":true,"customer_owned_ip":true,"domain":true,"id":true,"instance":true,"network_interface":true,"private_dns":true,"private_ip":true,"public_dns":true,"public_ip":true,"public_ipv4_pool":true}}},{"address":"aws_instance.instance1","mode":"managed","type":"aws_instance","name":"instance1","provider_name":"registry.terraform.io/hashicorp/aws","change":{"actions":["create"],"before":null,"after":{"ami":"fake1","credit_specification":[],"disable_api_termination":null,"ebs_block_device":[{"delete_on_termination":true,"device_name":"xvdf","volume_size":10},{"delete_on_termination":true,"device_name":"xvdg","volume_size":20,"volume_type":"standard"},{"delete_on_termination":true,"device_name":"xvdh","volume_size":30,"volume_type":"sc1"},{"delete_on_termination":true,"device_name":"xvdi","iops":1000,"volume_size":40,"volume_type":"io1"}],"ebs_optimized":null,"get_password_data":false,"hibernation":null,"iam_instance_profile":null,"instance_initiated_shutdown_behavior":null,"instance_type":"t3.micro","monitoring":null,"root_block_device":[{"delete_on_termination":true,"volume_size":10}],"source_dest_check":true,"tags":null,"timeouts":null,"user_data":null,"user_data_base64":null},"after_unknown":{"arn":true,"associate_public_ip_address":true,"availability_zone":true,"cpu_core_count":true,"cpu_threads_per_core":true,"credit_specification":[],"ebs_block_device":[{"encrypted":true,"iops":true,"kms_key_id":true,"snapshot_id":true,"volume_id":true,"volume_type":true},{"encrypted":true,"iops":true,"kms_key_id":true,"snapshot_id":true,"volume_id":true},{"encrypted":true,"iops":true,"kms_key_id":true,"snapshot_id":true,"volume_id":true},{"encrypted":true,"kms_key_id":true,"snapshot_id":true,"volume_id":true}],"ephemeral_block_device":true,"host_id":true,"id":true,"instance_state":true,"ipv6_address_count":true,"ipv6_addresses":true,"key_name":true,"metadata_options":true,"network_interface":true,"outpost_arn":true,"password_data":true,"placement_group":true,"primary_network_interface_id":true,"private_dns":true,"private_ip":true,"public_dns":true,"public_ip":true,"root_block_device":[{"device_name":true,"encrypted":true,"iops":true,"kms_key_id":true,"volume_id":true,"volume_type":true}],"secondary_private_ips":true,"security_groups":true,"subnet_id":true,"tenancy":true,"volume_tags":true,"vpc_security_group_ids":true}}},{"address":"aws_nat_gateway.root_nat","mode":"managed","type":"aws_nat_gateway","name":"root_nat","provider_name":"registry.terraform.io/hashicorp/aws","change":{"actions":["create"],"before":null,"after":{"subnet_id":"subnet-root","tags":null},"after_unknown":{"allocation_id":true,"id":true,"network_interface_id":true,"private_ip":true,"public_ip":true}}},{"address":"aws_network_interface.root_eip_network_interface","mode":"managed","type":"aws_network_interface","name":"root_eip_network_interface","provider_name":"registry.terraform.io/hashicorp/aws","change":{"actions":["create"],"before":null,"after":{"description":null,"private_ips":["10.0.0.1"],"source_dest_check":true,"subnet_id":"subnet-root","tags":null},"after_unknown":{"attachment":true,"id":true,"mac_address":true,"outpost_arn":true,"private_dns_name":true,"private_ip":true,"private_ips":[false],"private_ips_count":true,"security_groups":true}}},{"address":"infracost_aws_nat_gateway.root_nat","mode":"managed","type":"infracost_aws_nat_gateway","name":"root_nat","provider_name":"infracost.io/infracost/infracost","change":{"actions":["create"],"before":null,"after":{"gb_data_processed_monthly":[{"value":10}]},"after_unknown":{"gb_data_processed_monthly":[{}],"id":true,"resources":true}}},{"address":"module.network[\"subnet-module-1\"].aws_eip.module_nat_eip","module_address":"module.network[\"subnet-module-1\"]","mode":"managed","type":"aws_eip","name":"module_nat_eip","provider_name":"registry.terraform.io/hashicorp/aws","change":{"actions":["create"],"before":null,"after":{"associate_with_private_ip":null,"customer_owned_ipv4_pool":null,"tags":null,"timeouts":null,"vpc":true},"after_unknown":{"allocation_id":true,"association_id":true,"customer_owned_ip":true,"domain":true,"id":true,"instance":true,"network_interface":true,"private_dns":true,"private_ip":true,"public_dns":true,"public_ip":true,"public_ipv4_pool":true}}},{"address":"module.network[\"subnet-module-1\"].aws_nat_gateway.module_nat","module_address":"module.network[\"subnet-module-1\"]","mode":"managed","type":"aws_nat_gateway","name":"module_nat","provider_name":"registry.terraform.io/hashicorp/aws","change":{"actions":["create"],"before":null,"after":{"subnet_id":"subnet-module-1","tags":null},"after_unknown":{"allocation_id":true,"id":true,"network_interface_id":true,"private_ip":true,"public_ip":true}}},{"address":"module.network[\"subnet-module-1\"].aws_network_interface.module_eip_network_interface","module_address":"module.network[\"subnet-module-1\"]","mode":"managed","type":"aws_network_interface","name":"module_eip_network_interface","provider_name":"registry.terraform.io/hashicorp/aws","change":{"actions":["create"],"before":null,"after":{"description":null,"private_ips":["10.0.0.1"],"source_dest_check":true,"subnet_id":"subnet-module-1","tags":null},"after_unknown":{"attachment":true,"id":true,"mac_address":true,"outpost_arn":true,"private_dns_name":true,"private_ip":true,"private_ips":[false],"private_ips_count":true,"security_groups":true}}},{"address":"module.network[\"subnet-module-1\"].module.subnetwork[\"subnet-submodule-1\"].aws_eip.submodule_nat_eip","module_address":"module.network[\"subnet-module-1\"].module.subnetwork[\"subnet-submodule-1\"]","mode":"managed","type":"aws_eip","name":"submodule_nat_eip","provider_name":"registry.terraform.io/hashicorp/aws","change":{"actions":["create"],"before":null,"after":{"associate_with_private_ip":null,"customer_owned_ipv4_pool":null,"tags":null,"timeouts":null,"vpc":true},"after_unknown":{"allocation_id":true,"association_id":true,"customer_owned_ip":true,"domain":true,"id":true,"instance":true,"network_interface":true,"private_dns":true,"private_ip":true,"public_dns":true,"public_ip":true,"public_ipv4_pool":true}}},{"address":"module.network[\"subnet-module-1\"].module.subnetwork[\"subnet-submodule-1\"].aws_nat_gateway.submodule_nat","module_address":"module.network[\"subnet-module-1\"].module.subnetwork[\"subnet-submodule-1\"]","mode":"managed","type":"aws_nat_gateway","name":"submodule_nat","provider_name":"registry.terraform.io/hashicorp/aws","change":{"actions":["create"],"before":null,"after":{"subnet_id":"subnet-submodule-1","tags":null},"after_unknown":{"allocation_id":true,"id":true,"network_interface_id":true,"private_ip":true,"public_ip":true}}},{"address":"module.network[\"subnet-module-1\"].module.subnetwork[\"subnet-submodule-1\"].aws_network_interface.submodule_eip_network_interface","module_address":"module.network[\"subnet-module-1\"].module.subnetwork[\"subnet-submodule-1\"]","mode":"managed","type":"aws_network_interface","name":"submodule_eip_network_interface","provider_name":"registry.terraform.io/hashicorp/aws","change":{"actions":["create"],"before":null,"after":{"description":null,"private_ips":["10.0.0.1"],"source_dest_check":true,"subnet_id":"subnet-submodule-1","tags":null},"after_unknown":{"attachment":true,"id":true,"mac_address":true,"outpost_arn":true,"private_dns_name":true,"private_ip":true,"private_ips":[false],"private_ips_count":true,"security_groups":true}}},{"address":"module.network[\"subnet-module-1\"].module.subnetwork[\"subsubnet-module-2\"].aws_eip.submodule_nat_eip","module_address":"module.network[\"subnet-module-1\"].module.subnetwork[\"subsubnet-module-2\"]","mode":"managed","type":"aws_eip","name":"submodule_nat_eip","provider_name":"registry.terraform.io/hashicorp/aws","change":{"actions":["create"],"before":null,"after":{"associate_with_private_ip":null,"customer_owned_ipv4_pool":null,"tags":null,"timeouts":null,"vpc":true},"after_unknown":{"allocation_id":true,"association_id":true,"customer_owned_ip":true,"domain":true,"id":true,"instance":true,"network_interface":true,"private_dns":true,"private_ip":true,"public_dns":true,"public_ip":true,"public_ipv4_pool":true}}},{"address":"module.network[\"subnet-module-1\"].module.subnetwork[\"subsubnet-module-2\"].aws_nat_gateway.submodule_nat","module_address":"module.network[\"subnet-module-1\"].module.subnetwork[\"subsubnet-module-2\"]","mode":"managed","type":"aws_nat_gateway","name":"submodule_nat","provider_name":"registry.terraform.io/hashicorp/aws","change":{"actions":["create"],"before":null,"after":{"subnet_id":"subsubnet-module-2","tags":null},"after_unknown":{"allocation_id":true,"id":true,"network_interface_id":true,"private_ip":true,"public_ip":true}}},{"address":"module.network[\"subnet-module-1\"].module.subnetwork[\"subsubnet-module-2\"].aws_network_interface.submodule_eip_network_interface","module_address":"module.network[\"subnet-module-1\"].module.subnetwork[\"subsubnet-module-2\"]","mode":"managed","type":"aws_network_interface","name":"submodule_eip_network_interface","provider_name":"registry.terraform.io/hashicorp/aws","change":{"actions":["create"],"before":null,"after":{"description":null,"private_ips":["10.0.0.1"],"source_dest_check":true,"subnet_id":"subsubnet-module-2","tags":null},"after_unknown":{"attachment":true,"id":true,"mac_address":true,"outpost_arn":true,"private_dns_name":true,"private_ip":true,"private_ips":[false],"private_ips_count":true,"security_groups":true}}},{"address":"module.network[\"subnet-module-2\"].aws_eip.module_nat_eip","module_address":"module.network[\"subnet-module-2\"]","mode":"managed","type":"aws_eip","name":"module_nat_eip","provider_name":"registry.terraform.io/hashicorp/aws","change":{"actions":["create"],"before":null,"after":{"associate_with_private_ip":null,"customer_owned_ipv4_pool":null,"tags":null,"timeouts":null,"vpc":true},"after_unknown":{"allocation_id":true,"association_id":true,"customer_owned_ip":true,"domain":true,"id":true,"instance":true,"network_interface":true,"private_dns":true,"private_ip":true,"public_dns":true,"public_ip":true,"public_ipv4_pool":true}}},{"address":"module.network[\"subnet-module-2\"].aws_nat_gateway.module_nat","module_address":"module.network[\"subnet-module-2\"]","mode":"managed","type":"aws_nat_gateway","name":"module_nat","provider_name":"registry.terraform.io/hashicorp/aws","change":{"actions":["create"],"before":null,"after":{"subnet_id":"subnet-module-2","tags":null},"after_unknown":{"allocation_id":true,"id":true,"network_interface_id":true,"private_ip":true,"public_ip":true}}},{"address":"module.network[\"subnet-module-2\"].aws_network_interface.module_eip_network_interface","module_address":"module.network[\"subnet-module-2\"]","mode":"managed","type":"aws_network_interface","name":"module_eip_network_interface","provider_name":"registry.terraform.io/hashicorp/aws","change":{"actions":["create"],"before":null,"after":{"description":null,"private_ips":["10.0.0.1"],"source_dest_check":true,"subnet_id":"subnet-module-2","tags":null},"after_unknown":{"attachment":true,"id":true,"mac_address":true,"outpost_arn":true,"private_dns_name":true,"private_ip":true,"private_ips":[false],"private_ips_count":true,"security_groups":true}}},{"address":"module.network[\"subnet-module-2\"].module.subnetwork[\"subnet-submodule-1\"].aws_eip.submodule_nat_eip","module_address":"module.network[\"subnet-module-2\"].module.subnetwork[\"subnet-submodule-1\"]","mode":"managed","type":"aws_eip","name":"submodule_nat_eip","provider_name":"registry.terraform.io/hashicorp/aws","change":{"actions":["create"],"before":null,"after":{"associate_with_private_ip":null,"customer_owned_ipv4_pool":null,"tags":null,"timeouts":null,"vpc":true},"after_unknown":{"allocation_id":true,"association_id":true,"customer_owned_ip":true,"domain":true,"id":true,"instance":true,"network_interface":true,"private_dns":true,"private_ip":true,"public_dns":true,"public_ip":true,"public_ipv4_pool":true}}},{"address":"module.network[\"subnet-module-2\"].module.subnetwork[\"subnet-submodule-1\"].aws_nat_gateway.submodule_nat","module_address":"module.network[\"subnet-module-2\"].module.subnetwork[\"subnet-submodule-1\"]","mode":"managed","type":"aws_nat_gateway","name":"submodule_nat","provider_name":"registry.terraform.io/hashicorp/aws","change":{"actions":["create"],"before":null,"after":{"subnet_id":"subnet-submodule-1","tags":null},"after_unknown":{"allocation_id":true,"id":true,"network_interface_id":true,"private_ip":true,"public_ip":true}}},{"address":"module.network[\"subnet-module-2\"].module.subnetwork[\"subnet-submodule-1\"].aws_network_interface.submodule_eip_network_interface","module_address":"module.network[\"subnet-module-2\"].module.subnetwork[\"subnet-submodule-1\"]","mode":"managed","type":"aws_network_interface","name":"submodule_eip_network_interface","provider_name":"registry.terraform.io/hashicorp/aws","change":{"actions":["create"],"before":null,"after":{"description":null,"private_ips":["10.0.0.1"],"source_dest_check":true,"subnet_id":"subnet-submodule-1","tags":null},"after_unknown":{"attachment":true,"id":true,"mac_address":true,"outpost_arn":true,"private_dns_name":true,"private_ip":true,"private_ips":[false],"private_ips_count":true,"security_groups":true}}},{"address":"module.network[\"subnet-module-2\"].module.subnetwork[\"subsubnet-module-2\"].aws_eip.submodule_nat_eip","module_address":"module.network[\"subnet-module-2\"].module.subnetwork[\"subsubnet-module-2\"]","mode":"managed","type":"aws_eip","name":"submodule_nat_eip","provider_name":"registry.terraform.io/hashicorp/aws","change":{"actions":["create"],"before":null,"after":{"associate_with_private_ip":null,"customer_owned_ipv4_pool":null,"tags":null,"timeouts":null,"vpc":true},"after_unknown":{"allocation_id":true,"association_id":true,"customer_owned_ip":true,"domain":true,"id":true,"instance":true,"network_interface":true,"private_dns":true,"private_ip":true,"public_dns":true,"public_ip":true,"public_ipv4_pool":true}}},{"address":"module.network[\"subnet-module-2\"].module.subnetwork[\"subsubnet-module-2\"].aws_nat_gateway.submodule_nat","module_address":"module.network[\"subnet-module-2\"].module.subnetwork[\"subsubnet-module-2\"]","mode":"managed","type":"aws_nat_gateway","name":"submodule_nat","provider_name":"registry.terraform.io/hashicorp/aws","change":{"actions":["create"],"before":null,"after":{"subnet_id":"subsubnet-module-2","tags":null},"after_unknown":{"allocation_id":true,"id":true,"network_interface_id":true,"private_ip":true,"public_ip":true}}},{"address":"module.network[\"subnet-module-2\"].module.subnetwork[\"subsubnet-module-2\"].aws_network_interface.submodule_eip_network_interface","module_address":"module.network[\"subnet-module-2\"].module.subnetwork[\"subsubnet-module-2\"]","mode":"managed","type":"aws_network_interface","name":"submodule_eip_network_interface","provider_name":"registry.terraform.io/hashicorp/aws","change":{"actions":["create"],"before":null,"after":{"description":null,"private_ips":["10.0.0.1"],"source_dest_check":true,"subnet_id":"subsubnet-module-2","tags":null},"after_unknown":{"attachment":true,"id":true,"mac_address":true,"outpost_arn":true,"private_dns_name":true,"private_ip":true,"private_ips":[false],"private_ips_count":true,"security_groups":true}}}],"prior_state":{"format_version":"0.1","terraform_version":"0.13.1","values":{"root_module":{"resources":[{"address":"data.aws_region.current","mode":"data","type":"aws_region","name":"current","provider_name":"registry.terraform.io/hashicorp/aws","schema_version":0,"values":{"description":"US East (N. Virginia)","endpoint":"ec2.us-east-1.amazonaws.com","id":"us-east-1","name":"us-east-1"}}]}}},"configuration":{"provider_config":{"aws":{"name":"aws","expressions":{"access_key":{"constant_value":"mock_access_key"},"region":{"constant_value":"us-east-1"},"s3_force_path_style":{"constant_value":true},"secret_key":{"constant_value":"mock_secret_key"},"skip_credentials_validation":{"constant_value":true},"skip_metadata_api_check":{"constant_value":true},"skip_requesting_account_id":{"constant_value":true}}},"infracost":{"name":"infracost"}},"root_module":{"resources":[{"address":"aws_eip.root_nat_eip","mode":"managed","type":"aws_eip","name":"root_nat_eip","provider_config_key":"aws","expressions":{"network_interface":{"references":["aws_network_interface.root_eip_network_interface"]},"vpc":{"constant_value":true}},"schema_version":0},{"address":"aws_instance.instance1","mode":"managed","type":"aws_instance","name":"instance1","provider_config_key":"aws","expressions":{"ami":{"references":["var.aws_ami_id"]},"ebs_block_device":[{"device_name":{"constant_value":"xvdf"},"volume_size":{"constant_value":10}},{"device_name":{"constant_value":"xvdg"},"volume_size":{"constant_value":20},"volume_type":{"constant_value":"standard"}},{"device_name":{"constant_value":"xvdh"},"volume_size":{"constant_value":30},"volume_type":{"constant_value":"sc1"}},{"device_name":{"constant_value":"xvdi"},"iops":{"constant_value":1000},"volume_size":{"constant_value":40},"volume_type":{"constant_value":"io1"}}],"instance_type":{"constant_value":"t3.micro"},"root_block_device":[{"volume_size":{"constant_value":10}}]},"schema_version":1},{"address":"aws_nat_gateway.root_nat","mode":"managed","type":"aws_nat_gateway","name":"root_nat","provider_config_key":"aws","expressions":{"allocation_id":{"references":["aws_eip.root_nat_eip"]},"subnet_id":{"constant_value":"subnet-root"}},"schema_version":0},{"address":"aws_network_interface.root_eip_network_interface","mode":"managed","type":"aws_network_interface","name":"root_eip_network_interface","provider_config_key":"aws","expressions":{"private_ips":{"constant_value":["10.0.0.1"]},"subnet_id":{"constant_value":"subnet-root"}},"schema_version":0},{"address":"infracost_aws_nat_gateway.root_nat","mode":"managed","type":"infracost_aws_nat_gateway","name":"root_nat","provider_config_key":"infracost","expressions":{"gb_data_processed_monthly":[{"value":{"constant_value":10}}],"resources":{"references":["aws_nat_gateway.root_nat"]}},"schema_version":0},{"address":"data.aws_region.current","mode":"data","type":"aws_region","name":"current","provider_config_key":"aws","schema_version":0}],"module_calls":{"network":{"source":"./network","expressions":{"subnet_id":{"references":["each.key"]}},"module":{"resources":[{"address":"aws_eip.module_nat_eip","mode":"managed","type":"aws_eip","name":"module_nat_eip","provider_config_key":"network:aws","expressions":{"network_interface":{"references":["aws_network_interface.module_eip_network_interface"]},"vpc":{"constant_value":true}},"schema_version":0},{"address":"aws_nat_gateway.module_nat","mode":"managed","type":"aws_nat_gateway","name":"module_nat","provider_config_key":"network:aws","expressions":{"allocation_id":{"references":["aws_eip.module_nat_eip"]},"subnet_id":{"references":["var.subnet_id"]}},"schema_version":0},{"address":"aws_network_interface.module_eip_network_interface","mode":"managed","type":"aws_network_interface","name":"module_eip_network_interface","provider_config_key":"network:aws","expressions":{"private_ips":{"constant_value":["10.0.0.1"]},"subnet_id":{"references":["var.subnet_id"]}},"schema_version":0}],"module_calls":{"subnetwork":{"source":"./subnetwork","expressions":{"subnet_id":{"references":["each.key"]}},"module":{"resources":[{"address":"aws_eip.submodule_nat_eip","mode":"managed","type":"aws_eip","name":"submodule_nat_eip","provider_config_key":"subnetwork:aws","expressions":{"network_interface":{"references":["aws_network_interface.submodule_eip_network_interface"]},"vpc":{"constant_value":true}},"schema_version":0},{"address":"aws_nat_gateway.submodule_nat","mode":"managed","type":"aws_nat_gateway","name":"submodule_nat","provider_config_key":"subnetwork:aws","expressions":{"allocation_id":{"references":["aws_eip.submodule_nat_eip"]},"subnet_id":{"references":["var.subnet_id"]}},"schema_version":0},{"address":"aws_network_interface.submodule_eip_network_interface","mode":"managed","type":"aws_network_interface","name":"submodule_eip_network_interface","provider_config_key":"subnetwork:aws","expressions":{"private_ips":{"constant_value":["10.0.0.1"]},"subnet_id":{"references":["var.subnet_id"]}},"schema_version":0}],"variables":{"subnet_id":{}}}}},"variables":{"subnet_id":{}}}}},"variables":{"aws_ami_id":{"default":"fake1"}}}}}
