{"format_version":"0.1","terraform_version":"0.12.24","planned_values":{"root_module":{"resources":[{"address":"aws_alb.alb1","mode":"managed","type":"aws_alb","name":"alb1","provider_name":"aws","schema_version":0,"values":{"access_logs":[],"drop_invalid_header_fields":false,"enable_cross_zone_load_balancing":null,"enable_deletion_protection":false,"enable_http2":true,"idle_timeout":60,"load_balancer_type":"application","name_prefix":null,"tags":null,"timeouts":null}},{"address":"aws_autoscaling_group.lc1","mode":"managed","type":"aws_autoscaling_group","name":"lc1","provider_name":"aws","schema_version":0,"values":{"desired_capacity":2,"enabled_metrics":null,"force_delete":false,"health_check_grace_period":300,"initial_lifecycle_hook":[],"launch_template":[],"max_instance_lifetime":null,"max_size":2,"metrics_granularity":"1Minute","min_elb_capacity":null,"min_size":1,"mixed_instances_policy":[],"name_prefix":null,"placement_group":null,"protect_from_scale_in":false,"suspended_processes":null,"tag":[],"tags":null,"termination_policies":null,"timeouts":null,"wait_for_capacity_timeout":"10m","wait_for_elb_capacity":null}},{"address":"aws_autoscaling_group.lt1","mode":"managed","type":"aws_autoscaling_group","name":"lt1","provider_name":"aws","schema_version":0,"values":{"desired_capacity":1,"enabled_metrics":null,"force_delete":false,"health_check_grace_period":300,"initial_lifecycle_hook":[],"launch_configuration":null,"launch_template":[{"version":null}],"max_instance_lifetime":null,"max_size":2,"metrics_granularity":"1Minute","min_elb_capacity":null,"min_size":0,"mixed_instances_policy":[],"name_prefix":null,"placement_group":null,"protect_from_scale_in":false,"suspended_processes":null,"tag":[],"tags":null,"termination_policies":null,"timeouts":null,"wait_for_capacity_timeout":"10m","wait_for_elb_capacity":null}},{"address":"aws_db_instance.db_mysql","mode":"managed","type":"aws_db_instance","name":"db_mysql","provider_name":"aws","schema_version":1,"values":{"allocated_storage":20,"allow_major_version_upgrade":null,"auto_minor_version_upgrade":true,"copy_tags_to_snapshot":false,"delete_automated_backups":true,"deletion_protection":null,"domain":null,"domain_iam_role_name":null,"enabled_cloudwatch_logs_exports":null,"engine":"mysql","final_snapshot_identifier":null,"iam_database_authentication_enabled":null,"instance_class":"db.t2.micro","iops":null,"max_allocated_storage":null,"monitoring_interval":0,"password":null,"performance_insights_enabled":false,"publicly_accessible":false,"replicate_source_db":null,"s3_import":[],"security_group_names":null,"skip_final_snapshot":false,"snapshot_identifier":null,"storage_encrypted":null,"storage_type":"standard","tags":null,"timeouts":null}},{"address":"aws_db_instance.db_postgresql","mode":"managed","type":"aws_db_instance","name":"db_postgresql","provider_name":"aws","schema_version":1,"values":{"allocated_storage":20,"allow_major_version_upgrade":null,"auto_minor_version_upgrade":true,"copy_tags_to_snapshot":false,"delete_automated_backups":true,"deletion_protection":null,"domain":null,"domain_iam_role_name":null,"enabled_cloudwatch_logs_exports":null,"engine":"postgresql","final_snapshot_identifier":null,"iam_database_authentication_enabled":null,"instance_class":"db.t2.small","iops":null,"max_allocated_storage":null,"monitoring_interval":0,"password":null,"performance_insights_enabled":false,"publicly_accessible":false,"replicate_source_db":null,"s3_import":[],"security_group_names":null,"skip_final_snapshot":false,"snapshot_identifier":null,"storage_encrypted":null,"tags":null,"timeouts":null}},{"address":"aws_db_instance.db_postgresql_iops","mode":"managed","type":"aws_db_instance","name":"db_postgresql_iops","provider_name":"aws","schema_version":1,"values":{"allocated_storage":20,"allow_major_version_upgrade":null,"auto_minor_version_upgrade":true,"copy_tags_to_snapshot":false,"delete_automated_backups":true,"deletion_protection":null,"domain":null,"domain_iam_role_name":null,"enabled_cloudwatch_logs_exports":null,"engine":"postgresql","final_snapshot_identifier":null,"iam_database_authentication_enabled":null,"instance_class":"db.t2.small","iops":400,"max_allocated_storage":null,"monitoring_interval":0,"password":null,"performance_insights_enabled":false,"publicly_accessible":false,"replicate_source_db":null,"s3_import":[],"security_group_names":null,"skip_final_snapshot":false,"snapshot_identifier":null,"storage_encrypted":null,"storage_type":"io1","tags":null,"timeouts":null}},{"address":"aws_db_instance.db_sqlserver","mode":"managed","type":"aws_db_instance","name":"db_sqlserver","provider_name":"aws","schema_version":1,"values":{"allocated_storage":20,"allow_major_version_upgrade":null,"auto_minor_version_upgrade":true,"copy_tags_to_snapshot":false,"delete_automated_backups":true,"deletion_protection":null,"domain":null,"domain_iam_role_name":null,"enabled_cloudwatch_logs_exports":null,"engine":"sqlserver-se","final_snapshot_identifier":null,"iam_database_authentication_enabled":null,"instance_class":"db.t3.xlarge","iops":null,"max_allocated_storage":null,"monitoring_interval":0,"multi_az":true,"password":null,"performance_insights_enabled":false,"publicly_accessible":false,"replicate_source_db":null,"s3_import":[],"security_group_names":null,"skip_final_snapshot":false,"snapshot_identifier":null,"storage_encrypted":null,"tags":null,"timeouts":null}},{"address":"aws_ebs_snapshot.standard","mode":"managed","type":"aws_ebs_snapshot","name":"standard","provider_name":"aws","schema_version":0,"values":{"description":null,"tags":null,"timeouts":null}},{"address":"aws_ebs_snapshot_copy.standard","mode":"managed","type":"aws_ebs_snapshot_copy","name":"standard","provider_name":"aws","schema_version":0,"values":{"description":null,"encrypted":null,"kms_key_id":null,"source_region":"us-east-1","tags":null}},{"address":"aws_ebs_volume.io1","mode":"managed","type":"aws_ebs_volume","name":"io1","provider_name":"aws","schema_version":0,"values":{"availability_zone":"us-east-1a","iops":500,"multi_attach_enabled":null,"outpost_arn":null,"size":10,"tags":null,"type":"io1"}},{"address":"aws_ebs_volume.standard","mode":"managed","type":"aws_ebs_volume","name":"standard","provider_name":"aws","schema_version":0,"values":{"availability_zone":"us-east-1a","multi_attach_enabled":null,"outpost_arn":null,"size":15,"tags":null,"type":"standard"}},{"address":"aws_eip.nat1","mode":"managed","type":"aws_eip","name":"nat1","provider_name":"aws","schema_version":0,"values":{"associate_with_private_ip":null,"customer_owned_ipv4_pool":null,"tags":null,"timeouts":null,"vpc":true}},{"address":"aws_elb.elb1","mode":"managed","type":"aws_elb","name":"elb1","provider_name":"aws","schema_version":0,"values":{"access_logs":[],"connection_draining":false,"connection_draining_timeout":300,"cross_zone_load_balancing":true,"idle_timeout":60,"listener":[{"instance_port":80,"instance_protocol":"HTTP","lb_port":80,"lb_protocol":"HTTP","ssl_certificate_id":""}],"name_prefix":null,"tags":null}},{"address":"aws_instance.instance1","mode":"managed","type":"aws_instance","name":"instance1","provider_name":"aws","schema_version":1,"values":{"ami":"ami-000b3a073fc20e415","credit_specification":[],"disable_api_termination":null,"ebs_block_device":[{"delete_on_termination":true,"device_name":"xvdf","volume_size":10},{"delete_on_termination":true,"device_name":"xvdg","volume_size":20,"volume_type":"standard"},{"delete_on_termination":true,"device_name":"xvdh","volume_size":30,"volume_type":"sc1"},{"delete_on_termination":true,"device_name":"xvdi","iops":1000,"volume_size":40,"volume_type":"io1"}],"ebs_optimized":null,"get_password_data":false,"hibernation":null,"iam_instance_profile":null,"instance_initiated_shutdown_behavior":null,"instance_type":"t3.micro","monitoring":null,"root_block_device":[{"delete_on_termination":true,"volume_size":10}],"source_dest_check":true,"tags":null,"timeouts":null,"user_data":null,"user_data_base64":null}},{"address":"aws_launch_configuration.lc1","mode":"managed","type":"aws_launch_configuration","name":"lc1","provider_name":"aws","schema_version":0,"values":{"associate_public_ip_address":false,"ebs_block_device":[{"delete_on_termination":true,"device_name":"xvdf","no_device":null,"volume_size":10}],"enable_monitoring":true,"ephemeral_block_device":[],"iam_instance_profile":null,"image_id":"ami-000b3a073fc20e415","instance_type":"t3.small","name_prefix":null,"placement_tenancy":null,"root_block_device":[{"delete_on_termination":true,"volume_size":10}],"security_groups":null,"spot_price":null,"user_data":null,"user_data_base64":null,"vpc_classic_link_id":null,"vpc_classic_link_security_groups":null}},{"address":"aws_launch_template.lt1","mode":"managed","type":"aws_launch_template","name":"lt1","provider_name":"aws","schema_version":0,"values":{"block_device_mappings":[{"device_name":"xvdf","ebs":[{"delete_on_termination":null,"encrypted":null,"kms_key_id":null,"snapshot_id":null,"volume_size":10}],"no_device":null,"virtual_name":null},{"device_name":"xvfa","ebs":[{"delete_on_termination":null,"encrypted":null,"iops":200,"kms_key_id":null,"snapshot_id":null,"volume_size":20,"volume_type":"io1"}],"no_device":null,"virtual_name":null}],"capacity_reservation_specification":[],"cpu_options":[],"credit_specification":[],"description":null,"disable_api_termination":null,"ebs_optimized":null,"elastic_gpu_specifications":[],"elastic_inference_accelerator":[],"hibernation_options":[],"iam_instance_profile":[],"image_id":"ami-000b3a073fc20e415","instance_initiated_shutdown_behavior":null,"instance_market_options":[],"instance_type":"t3.small","kernel_id":null,"key_name":null,"license_specification":[],"monitoring":[],"name_prefix":null,"network_interfaces":[],"placement":[],"ram_disk_id":null,"security_group_names":null,"tag_specifications":[],"tags":null,"user_data":null,"vpc_security_group_ids":null}},{"address":"aws_lb.nlb1","mode":"managed","type":"aws_lb","name":"nlb1","provider_name":"aws","schema_version":0,"values":{"access_logs":[],"drop_invalid_header_fields":null,"enable_cross_zone_load_balancing":false,"enable_deletion_protection":false,"enable_http2":null,"idle_timeout":null,"load_balancer_type":"network","name_prefix":null,"tags":null,"timeouts":null}},{"address":"aws_nat_gateway.nat","mode":"managed","type":"aws_nat_gateway","name":"nat","provider_name":"aws","schema_version":0,"values":{"subnet_id":"subnet-52d9320d","tags":null}}]}},"resource_changes":[{"address":"aws_alb.alb1","mode":"managed","type":"aws_alb","name":"alb1","provider_name":"aws","change":{"actions":["create"],"before":null,"after":{"access_logs":[],"drop_invalid_header_fields":false,"enable_cross_zone_load_balancing":null,"enable_deletion_protection":false,"enable_http2":true,"idle_timeout":60,"load_balancer_type":"application","name_prefix":null,"tags":null,"timeouts":null},"after_unknown":{"access_logs":[],"arn":true,"arn_suffix":true,"dns_name":true,"id":true,"internal":true,"ip_address_type":true,"name":true,"security_groups":true,"subnet_mapping":true,"subnets":true,"vpc_id":true,"zone_id":true}}},{"address":"aws_autoscaling_group.lc1","mode":"managed","type":"aws_autoscaling_group","name":"lc1","provider_name":"aws","change":{"actions":["create"],"before":null,"after":{"desired_capacity":2,"enabled_metrics":null,"force_delete":false,"health_check_grace_period":300,"initial_lifecycle_hook":[],"launch_template":[],"max_instance_lifetime":null,"max_size":2,"metrics_granularity":"1Minute","min_elb_capacity":null,"min_size":1,"mixed_instances_policy":[],"name_prefix":null,"placement_group":null,"protect_from_scale_in":false,"suspended_processes":null,"tag":[],"tags":null,"termination_policies":null,"timeouts":null,"wait_for_capacity_timeout":"10m","wait_for_elb_capacity":null},"after_unknown":{"arn":true,"availability_zones":true,"default_cooldown":true,"health_check_type":true,"id":true,"initial_lifecycle_hook":[],"launch_configuration":true,"launch_template":[],"load_balancers":true,"mixed_instances_policy":[],"name":true,"service_linked_role_arn":true,"tag":[],"target_group_arns":true,"vpc_zone_identifier":true}}},{"address":"aws_autoscaling_group.lt1","mode":"managed","type":"aws_autoscaling_group","name":"lt1","provider_name":"aws","change":{"actions":["create"],"before":null,"after":{"desired_capacity":1,"enabled_metrics":null,"force_delete":false,"health_check_grace_period":300,"initial_lifecycle_hook":[],"launch_configuration":null,"launch_template":[{"version":null}],"max_instance_lifetime":null,"max_size":2,"metrics_granularity":"1Minute","min_elb_capacity":null,"min_size":0,"mixed_instances_policy":[],"name_prefix":null,"placement_group":null,"protect_from_scale_in":false,"suspended_processes":null,"tag":[],"tags":null,"termination_policies":null,"timeouts":null,"wait_for_capacity_timeout":"10m","wait_for_elb_capacity":null},"after_unknown":{"arn":true,"availability_zones":true,"default_cooldown":true,"health_check_type":true,"id":true,"initial_lifecycle_hook":[],"launch_template":[{"id":true,"name":true}],"load_balancers":true,"mixed_instances_policy":[],"name":true,"service_linked_role_arn":true,"tag":[],"target_group_arns":true,"vpc_zone_identifier":true}}},{"address":"aws_db_instance.db_mysql","mode":"managed","type":"aws_db_instance","name":"db_mysql","provider_name":"aws","change":{"actions":["create"],"before":null,"after":{"allocated_storage":20,"allow_major_version_upgrade":null,"auto_minor_version_upgrade":true,"copy_tags_to_snapshot":false,"delete_automated_backups":true,"deletion_protection":null,"domain":null,"domain_iam_role_name":null,"enabled_cloudwatch_logs_exports":null,"engine":"mysql","final_snapshot_identifier":null,"iam_database_authentication_enabled":null,"instance_class":"db.t2.micro","iops":null,"max_allocated_storage":null,"monitoring_interval":0,"password":null,"performance_insights_enabled":false,"publicly_accessible":false,"replicate_source_db":null,"s3_import":[],"security_group_names":null,"skip_final_snapshot":false,"snapshot_identifier":null,"storage_encrypted":null,"storage_type":"standard","tags":null,"timeouts":null},"after_unknown":{"address":true,"apply_immediately":true,"arn":true,"availability_zone":true,"backup_retention_period":true,"backup_window":true,"ca_cert_identifier":true,"character_set_name":true,"db_subnet_group_name":true,"endpoint":true,"engine_version":true,"hosted_zone_id":true,"id":true,"identifier":true,"identifier_prefix":true,"kms_key_id":true,"license_model":true,"maintenance_window":true,"monitoring_role_arn":true,"multi_az":true,"name":true,"option_group_name":true,"parameter_group_name":true,"performance_insights_kms_key_id":true,"performance_insights_retention_period":true,"port":true,"replicas":true,"resource_id":true,"s3_import":[],"status":true,"timezone":true,"username":true,"vpc_security_group_ids":true}}},{"address":"aws_db_instance.db_postgresql","mode":"managed","type":"aws_db_instance","name":"db_postgresql","provider_name":"aws","change":{"actions":["create"],"before":null,"after":{"allocated_storage":20,"allow_major_version_upgrade":null,"auto_minor_version_upgrade":true,"copy_tags_to_snapshot":false,"delete_automated_backups":true,"deletion_protection":null,"domain":null,"domain_iam_role_name":null,"enabled_cloudwatch_logs_exports":null,"engine":"postgresql","final_snapshot_identifier":null,"iam_database_authentication_enabled":null,"instance_class":"db.t2.small","iops":null,"max_allocated_storage":null,"monitoring_interval":0,"password":null,"performance_insights_enabled":false,"publicly_accessible":false,"replicate_source_db":null,"s3_import":[],"security_group_names":null,"skip_final_snapshot":false,"snapshot_identifier":null,"storage_encrypted":null,"tags":null,"timeouts":null},"after_unknown":{"address":true,"apply_immediately":true,"arn":true,"availability_zone":true,"backup_retention_period":true,"backup_window":true,"ca_cert_identifier":true,"character_set_name":true,"db_subnet_group_name":true,"endpoint":true,"engine_version":true,"hosted_zone_id":true,"id":true,"identifier":true,"identifier_prefix":true,"kms_key_id":true,"license_model":true,"maintenance_window":true,"monitoring_role_arn":true,"multi_az":true,"name":true,"option_group_name":true,"parameter_group_name":true,"performance_insights_kms_key_id":true,"performance_insights_retention_period":true,"port":true,"replicas":true,"resource_id":true,"s3_import":[],"status":true,"storage_type":true,"timezone":true,"username":true,"vpc_security_group_ids":true}}},{"address":"aws_db_instance.db_postgresql_iops","mode":"managed","type":"aws_db_instance","name":"db_postgresql_iops","provider_name":"aws","change":{"actions":["create"],"before":null,"after":{"allocated_storage":20,"allow_major_version_upgrade":null,"auto_minor_version_upgrade":true,"copy_tags_to_snapshot":false,"delete_automated_backups":true,"deletion_protection":null,"domain":null,"domain_iam_role_name":null,"enabled_cloudwatch_logs_exports":null,"engine":"postgresql","final_snapshot_identifier":null,"iam_database_authentication_enabled":null,"instance_class":"db.t2.small","iops":400,"max_allocated_storage":null,"monitoring_interval":0,"password":null,"performance_insights_enabled":false,"publicly_accessible":false,"replicate_source_db":null,"s3_import":[],"security_group_names":null,"skip_final_snapshot":false,"snapshot_identifier":null,"storage_encrypted":null,"storage_type":"io1","tags":null,"timeouts":null},"after_unknown":{"address":true,"apply_immediately":true,"arn":true,"availability_zone":true,"backup_retention_period":true,"backup_window":true,"ca_cert_identifier":true,"character_set_name":true,"db_subnet_group_name":true,"endpoint":true,"engine_version":true,"hosted_zone_id":true,"id":true,"identifier":true,"identifier_prefix":true,"kms_key_id":true,"license_model":true,"maintenance_window":true,"monitoring_role_arn":true,"multi_az":true,"name":true,"option_group_name":true,"parameter_group_name":true,"performance_insights_kms_key_id":true,"performance_insights_retention_period":true,"port":true,"replicas":true,"resource_id":true,"s3_import":[],"status":true,"timezone":true,"username":true,"vpc_security_group_ids":true}}},{"address":"aws_db_instance.db_sqlserver","mode":"managed","type":"aws_db_instance","name":"db_sqlserver","provider_name":"aws","change":{"actions":["create"],"before":null,"after":{"allocated_storage":20,"allow_major_version_upgrade":null,"auto_minor_version_upgrade":true,"copy_tags_to_snapshot":false,"delete_automated_backups":true,"deletion_protection":null,"domain":null,"domain_iam_role_name":null,"enabled_cloudwatch_logs_exports":null,"engine":"sqlserver-se","final_snapshot_identifier":null,"iam_database_authentication_enabled":null,"instance_class":"db.t3.xlarge","iops":null,"max_allocated_storage":null,"monitoring_interval":0,"multi_az":true,"password":null,"performance_insights_enabled":false,"publicly_accessible":false,"replicate_source_db":null,"s3_import":[],"security_group_names":null,"skip_final_snapshot":false,"snapshot_identifier":null,"storage_encrypted":null,"tags":null,"timeouts":null},"after_unknown":{"address":true,"apply_immediately":true,"arn":true,"availability_zone":true,"backup_retention_period":true,"backup_window":true,"ca_cert_identifier":true,"character_set_name":true,"db_subnet_group_name":true,"endpoint":true,"engine_version":true,"hosted_zone_id":true,"id":true,"identifier":true,"identifier_prefix":true,"kms_key_id":true,"license_model":true,"maintenance_window":true,"monitoring_role_arn":true,"name":true,"option_group_name":true,"parameter_group_name":true,"performance_insights_kms_key_id":true,"performance_insights_retention_period":true,"port":true,"replicas":true,"resource_id":true,"s3_import":[],"status":true,"storage_type":true,"timezone":true,"username":true,"vpc_security_group_ids":true}}},{"address":"aws_ebs_snapshot.standard","mode":"managed","type":"aws_ebs_snapshot","name":"standard","provider_name":"aws","change":{"actions":["create"],"before":null,"after":{"description":null,"tags":null,"timeouts":null},"after_unknown":{"data_encryption_key_id":true,"encrypted":true,"id":true,"kms_key_id":true,"owner_alias":true,"owner_id":true,"volume_id":true,"volume_size":true}}},{"address":"aws_ebs_snapshot_copy.standard","mode":"managed","type":"aws_ebs_snapshot_copy","name":"standard","provider_name":"aws","change":{"actions":["create"],"before":null,"after":{"description":null,"encrypted":null,"kms_key_id":null,"source_region":"us-east-1","tags":null},"after_unknown":{"data_encryption_key_id":true,"id":true,"owner_alias":true,"owner_id":true,"source_snapshot_id":true,"volume_id":true,"volume_size":true}}},{"address":"aws_ebs_volume.io1","mode":"managed","type":"aws_ebs_volume","name":"io1","provider_name":"aws","change":{"actions":["create"],"before":null,"after":{"availability_zone":"us-east-1a","iops":500,"multi_attach_enabled":null,"outpost_arn":null,"size":10,"tags":null,"type":"io1"},"after_unknown":{"arn":true,"encrypted":true,"id":true,"kms_key_id":true,"snapshot_id":true}}},{"address":"aws_ebs_volume.standard","mode":"managed","type":"aws_ebs_volume","name":"standard","provider_name":"aws","change":{"actions":["create"],"before":null,"after":{"availability_zone":"us-east-1a","multi_attach_enabled":null,"outpost_arn":null,"size":15,"tags":null,"type":"standard"},"after_unknown":{"arn":true,"encrypted":true,"id":true,"iops":true,"kms_key_id":true,"snapshot_id":true}}},{"address":"aws_eip.nat1","mode":"managed","type":"aws_eip","name":"nat1","provider_name":"aws","change":{"actions":["create"],"before":null,"after":{"associate_with_private_ip":null,"customer_owned_ipv4_pool":null,"tags":null,"timeouts":null,"vpc":true},"after_unknown":{"allocation_id":true,"association_id":true,"customer_owned_ip":true,"domain":true,"id":true,"instance":true,"network_interface":true,"private_dns":true,"private_ip":true,"public_dns":true,"public_ip":true,"public_ipv4_pool":true}}},{"address":"aws_elb.elb1","mode":"managed","type":"aws_elb","name":"elb1","provider_name":"aws","change":{"actions":["create"],"before":null,"after":{"access_logs":[],"connection_draining":false,"connection_draining_timeout":300,"cross_zone_load_balancing":true,"idle_timeout":60,"listener":[{"instance_port":80,"instance_protocol":"HTTP","lb_port":80,"lb_protocol":"HTTP","ssl_certificate_id":""}],"name_prefix":null,"tags":null},"after_unknown":{"access_logs":[],"arn":true,"availability_zones":true,"dns_name":true,"health_check":true,"id":true,"instances":true,"internal":true,"listener":[{}],"name":true,"security_groups":true,"source_security_group":true,"source_security_group_id":true,"subnets":true,"zone_id":true}}},{"address":"aws_instance.instance1","mode":"managed","type":"aws_instance","name":"instance1","provider_name":"aws","change":{"actions":["create"],"before":null,"after":{"ami":"ami-000b3a073fc20e415","credit_specification":[],"disable_api_termination":null,"ebs_block_device":[{"delete_on_termination":true,"device_name":"xvdf","volume_size":10},{"delete_on_termination":true,"device_name":"xvdg","volume_size":20,"volume_type":"standard"},{"delete_on_termination":true,"device_name":"xvdh","volume_size":30,"volume_type":"sc1"},{"delete_on_termination":true,"device_name":"xvdi","iops":1000,"volume_size":40,"volume_type":"io1"}],"ebs_optimized":null,"get_password_data":false,"hibernation":null,"iam_instance_profile":null,"instance_initiated_shutdown_behavior":null,"instance_type":"t3.micro","monitoring":null,"root_block_device":[{"delete_on_termination":true,"volume_size":10}],"source_dest_check":true,"tags":null,"timeouts":null,"user_data":null,"user_data_base64":null},"after_unknown":{"arn":true,"associate_public_ip_address":true,"availability_zone":true,"cpu_core_count":true,"cpu_threads_per_core":true,"credit_specification":[],"ebs_block_device":[{"encrypted":true,"iops":true,"kms_key_id":true,"snapshot_id":true,"volume_id":true,"volume_type":true},{"encrypted":true,"iops":true,"kms_key_id":true,"snapshot_id":true,"volume_id":true},{"encrypted":true,"iops":true,"kms_key_id":true,"snapshot_id":true,"volume_id":true},{"encrypted":true,"kms_key_id":true,"snapshot_id":true,"volume_id":true}],"ephemeral_block_device":true,"host_id":true,"id":true,"instance_state":true,"ipv6_address_count":true,"ipv6_addresses":true,"key_name":true,"metadata_options":true,"network_interface":true,"network_interface_id":true,"outpost_arn":true,"password_data":true,"placement_group":true,"primary_network_interface_id":true,"private_dns":true,"private_ip":true,"public_dns":true,"public_ip":true,"root_block_device":[{"device_name":true,"encrypted":true,"iops":true,"kms_key_id":true,"volume_id":true,"volume_type":true}],"security_groups":true,"subnet_id":true,"tenancy":true,"volume_tags":true,"vpc_security_group_ids":true}}},{"address":"aws_launch_configuration.lc1","mode":"managed","type":"aws_launch_configuration","name":"lc1","provider_name":"aws","change":{"actions":["create"],"before":null,"after":{"associate_public_ip_address":false,"ebs_block_device":[{"delete_on_termination":true,"device_name":"xvdf","no_device":null,"volume_size":10}],"enable_monitoring":true,"ephemeral_block_device":[],"iam_instance_profile":null,"image_id":"ami-000b3a073fc20e415","instance_type":"t3.small","name_prefix":null,"placement_tenancy":null,"root_block_device":[{"delete_on_termination":true,"volume_size":10}],"security_groups":null,"spot_price":null,"user_data":null,"user_data_base64":null,"vpc_classic_link_id":null,"vpc_classic_link_security_groups":null},"after_unknown":{"arn":true,"ebs_block_device":[{"encrypted":true,"iops":true,"snapshot_id":true,"volume_type":true}],"ebs_optimized":true,"ephemeral_block_device":[],"id":true,"key_name":true,"name":true,"root_block_device":[{"encrypted":true,"iops":true,"volume_type":true}]}}},{"address":"aws_launch_template.lt1","mode":"managed","type":"aws_launch_template","name":"lt1","provider_name":"aws","change":{"actions":["create"],"before":null,"after":{"block_device_mappings":[{"device_name":"xvdf","ebs":[{"delete_on_termination":null,"encrypted":null,"kms_key_id":null,"snapshot_id":null,"volume_size":10}],"no_device":null,"virtual_name":null},{"device_name":"xvfa","ebs":[{"delete_on_termination":null,"encrypted":null,"iops":200,"kms_key_id":null,"snapshot_id":null,"volume_size":20,"volume_type":"io1"}],"no_device":null,"virtual_name":null}],"capacity_reservation_specification":[],"cpu_options":[],"credit_specification":[],"description":null,"disable_api_termination":null,"ebs_optimized":null,"elastic_gpu_specifications":[],"elastic_inference_accelerator":[],"hibernation_options":[],"iam_instance_profile":[],"image_id":"ami-000b3a073fc20e415","instance_initiated_shutdown_behavior":null,"instance_market_options":[],"instance_type":"t3.small","kernel_id":null,"key_name":null,"license_specification":[],"monitoring":[],"name_prefix":null,"network_interfaces":[],"placement":[],"ram_disk_id":null,"security_group_names":null,"tag_specifications":[],"tags":null,"user_data":null,"vpc_security_group_ids":null},"after_unknown":{"arn":true,"block_device_mappings":[{"ebs":[{"iops":true,"volume_type":true}]},{"ebs":[{}]}],"capacity_reservation_specification":[],"cpu_options":[],"credit_specification":[],"default_version":true,"elastic_gpu_specifications":[],"elastic_inference_accelerator":[],"hibernation_options":[],"iam_instance_profile":[],"id":true,"instance_market_options":[],"latest_version":true,"license_specification":[],"metadata_options":true,"monitoring":[],"name":true,"network_interfaces":[],"placement":[],"tag_specifications":[]}}},{"address":"aws_lb.nlb1","mode":"managed","type":"aws_lb","name":"nlb1","provider_name":"aws","change":{"actions":["create"],"before":null,"after":{"access_logs":[],"drop_invalid_header_fields":null,"enable_cross_zone_load_balancing":false,"enable_deletion_protection":false,"enable_http2":null,"idle_timeout":null,"load_balancer_type":"network","name_prefix":null,"tags":null,"timeouts":null},"after_unknown":{"access_logs":[],"arn":true,"arn_suffix":true,"dns_name":true,"id":true,"internal":true,"ip_address_type":true,"name":true,"security_groups":true,"subnet_mapping":true,"subnets":true,"vpc_id":true,"zone_id":true}}},{"address":"aws_nat_gateway.nat","mode":"managed","type":"aws_nat_gateway","name":"nat","provider_name":"aws","change":{"actions":["create"],"before":null,"after":{"subnet_id":"subnet-52d9320d","tags":null},"after_unknown":{"allocation_id":true,"id":true,"network_interface_id":true,"private_ip":true,"public_ip":true}}}],"prior_state":{"format_version":"0.1","terraform_version":"0.12.24","values":{"root_module":{"resources":[{"address":"data.aws_ami.ubuntu","mode":"data","type":"aws_ami","name":"ubuntu","provider_name":"aws","schema_version":0,"values":{"architecture":"x86_64","block_device_mappings":[{"device_name":"/dev/sda1","ebs":{"delete_on_termination":"true","encrypted":"false","iops":"0","snapshot_id":"snap-0d0c75281cdaf5fe5","volume_size":"8","volume_type":"gp2"},"no_device":"","virtual_name":""},{"device_name":"/dev/sdb","ebs":{},"no_device":"","virtual_name":"ephemeral0"},{"device_name":"/dev/sdc","ebs":{},"no_device":"","virtual_name":"ephemeral1"}],"creation_date":"2019-11-11T13:12:33.000Z","description":"Canonical, Ubuntu, 14.04 LTS, amd64 trusty image build on 2019-11-07","executable_users":null,"filter":[{"name":"name","values":["ubuntu/images/hvm-ssd/ubuntu-trusty-14.04-amd64-server-*"]},{"name":"virtualization-type","values":["hvm"]}],"hypervisor":"xen","id":"ami-000b3a073fc20e415","image_id":"ami-000b3a073fc20e415","image_location":"099720109477/ubuntu/images/hvm-ssd/ubuntu-trusty-14.04-amd64-server-20191107","image_owner_alias":null,"image_type":"machine","kernel_id":null,"most_recent":true,"name":"ubuntu/images/hvm-ssd/ubuntu-trusty-14.04-amd64-server-20191107","name_regex":null,"owner_id":"099720109477","owners":["099720109477"],"platform":null,"product_codes":[],"public":true,"ramdisk_id":null,"root_device_name":"/dev/sda1","root_device_type":"ebs","root_snapshot_id":"snap-0d0c75281cdaf5fe5","sriov_net_support":"simple","state":"available","state_reason":{"code":"UNSET","message":"UNSET"},"tags":{},"virtualization_type":"hvm"}},{"address":"data.aws_availability_zones.available","mode":"data","type":"aws_availability_zones","name":"available","provider_name":"aws","schema_version":0,"values":{"all_availability_zones":null,"blacklisted_names":null,"blacklisted_zone_ids":null,"filter":null,"group_names":["us-east-1"],"id":"2020-06-24 06:41:09.676961527 +0000 UTC","names":["us-east-1a","us-east-1b","us-east-1c","us-east-1d","us-east-1e","us-east-1f"],"state":"available","zone_ids":["use1-az4","use1-az6","use1-az1","use1-az2","use1-az3","use1-az5"]}},{"address":"data.aws_region.current","mode":"data","type":"aws_region","name":"current","provider_name":"aws","schema_version":0,"values":{"current":null,"description":"US East (N. Virginia)","endpoint":"ec2.us-east-1.amazonaws.com","id":"us-east-1","name":"us-east-1"}},{"address":"data.aws_subnet_ids.all","mode":"data","type":"aws_subnet_ids","name":"all","provider_name":"aws","schema_version":0,"values":{"filter":null,"id":"vpc-3e89b244","ids":["subnet-52d9320d","subnet-56e8da68","subnet-6951be0f","subnet-737ec03e","subnet-a022d781","subnet-ffa000f1"],"tags":null,"vpc_id":"vpc-3e89b244"}},{"address":"data.aws_vpc.default","mode":"data","type":"aws_vpc","name":"default","provider_name":"aws","schema_version":0,"values":{"arn":"arn:aws:ec2:us-east-1:988896524719:vpc/vpc-3e89b244","cidr_block":"172.31.0.0/16","cidr_block_associations":[{"association_id":"vpc-cidr-assoc-72bfab1e","cidr_block":"172.31.0.0/16","state":"associated"}],"default":true,"dhcp_options_id":"dopt-fb278381","enable_dns_hostnames":true,"enable_dns_support":true,"filter":null,"id":"vpc-3e89b244","instance_tenancy":"default","ipv6_association_id":null,"ipv6_cidr_block":null,"main_route_table_id":"rtb-1420a66a","owner_id":"988896524719","state":"available","tags":{}}}]}}},"configuration":{"provider_config":{"aws":{"name":"aws","expressions":{"region":{"constant_value":"us-east-1"}}}},"root_module":{"resources":[{"address":"aws_alb.alb1","mode":"managed","type":"aws_alb","name":"alb1","provider_config_key":"aws","expressions":{"load_balancer_type":{"constant_value":"application"}},"schema_version":0},{"address":"aws_autoscaling_group.lc1","mode":"managed","type":"aws_autoscaling_group","name":"lc1","provider_config_key":"aws","expressions":{"desired_capacity":{"constant_value":2},"launch_configuration":{"references":["aws_launch_configuration.lc1"]},"max_size":{"constant_value":2},"min_size":{"constant_value":1}},"schema_version":0},{"address":"aws_autoscaling_group.lt1","mode":"managed","type":"aws_autoscaling_group","name":"lt1","provider_config_key":"aws","expressions":{"desired_capacity":{"constant_value":1},"launch_template":[{"id":{"references":["aws_launch_template.lt1"]}}],"max_size":{"constant_value":2},"min_size":{"constant_value":0}},"schema_version":0},{"address":"aws_db_instance.db_mysql","mode":"managed","type":"aws_db_instance","name":"db_mysql","provider_config_key":"aws","expressions":{"allocated_storage":{"constant_value":20},"engine":{"constant_value":"mysql"},"instance_class":{"constant_value":"db.t2.micro"},"storage_type":{"constant_value":"standard"}},"schema_version":1},{"address":"aws_db_instance.db_postgresql","mode":"managed","type":"aws_db_instance","name":"db_postgresql","provider_config_key":"aws","expressions":{"allocated_storage":{"constant_value":20},"engine":{"constant_value":"PostgreSQL"},"instance_class":{"constant_value":"db.t2.small"}},"schema_version":1},{"address":"aws_db_instance.db_postgresql_iops","mode":"managed","type":"aws_db_instance","name":"db_postgresql_iops","provider_config_key":"aws","expressions":{"allocated_storage":{"constant_value":20},"engine":{"constant_value":"PostgreSQL"},"instance_class":{"constant_value":"db.t2.small"},"iops":{"constant_value":400},"storage_type":{"constant_value":"io1"}},"schema_version":1},{"address":"aws_db_instance.db_sqlserver","mode":"managed","type":"aws_db_instance","name":"db_sqlserver","provider_config_key":"aws","expressions":{"allocated_storage":{"constant_value":20},"engine":{"constant_value":"sqlserver-se"},"instance_class":{"constant_value":"db.t3.xlarge"},"multi_az":{"constant_value":true}},"schema_version":1},{"address":"aws_ebs_snapshot.standard","mode":"managed","type":"aws_ebs_snapshot","name":"standard","provider_config_key":"aws","expressions":{"volume_id":{"references":["aws_ebs_volume.standard"]}},"schema_version":0},{"address":"aws_ebs_snapshot_copy.standard","mode":"managed","type":"aws_ebs_snapshot_copy","name":"standard","provider_config_key":"aws","expressions":{"source_region":{"references":["data.aws_region.current"]},"source_snapshot_id":{"references":["aws_ebs_snapshot.standard"]}},"schema_version":0},{"address":"aws_ebs_volume.io1","mode":"managed","type":"aws_ebs_volume","name":"io1","provider_config_key":"aws","expressions":{"availability_zone":{"references":["data.aws_availability_zones.available"]},"iops":{"constant_value":500},"size":{"constant_value":10},"type":{"constant_value":"io1"}},"schema_version":0},{"address":"aws_ebs_volume.standard","mode":"managed","type":"aws_ebs_volume","name":"standard","provider_config_key":"aws","expressions":{"availability_zone":{"references":["data.aws_availability_zones.available"]},"size":{"constant_value":15},"type":{"constant_value":"standard"}},"schema_version":0},{"address":"aws_eip.nat1","mode":"managed","type":"aws_eip","name":"nat1","provider_config_key":"aws","expressions":{"vpc":{"constant_value":true}},"schema_version":0},{"address":"aws_elb.elb1","mode":"managed","type":"aws_elb","name":"elb1","provider_config_key":"aws","expressions":{"listener":[{"instance_port":{"constant_value":80},"instance_protocol":{"constant_value":"HTTP"},"lb_port":{"constant_value":80},"lb_protocol":{"constant_value":"HTTP"}}]},"schema_version":0},{"address":"aws_instance.instance1","mode":"managed","type":"aws_instance","name":"instance1","provider_config_key":"aws","expressions":{"ami":{"references":["data.aws_ami.ubuntu"]},"ebs_block_device":[{"device_name":{"constant_value":"xvdf"},"volume_size":{"constant_value":10}},{"device_name":{"constant_value":"xvdg"},"volume_size":{"constant_value":20},"volume_type":{"constant_value":"standard"}},{"device_name":{"constant_value":"xvdh"},"volume_size":{"constant_value":30},"volume_type":{"constant_value":"sc1"}},{"device_name":{"constant_value":"xvdi"},"iops":{"constant_value":1000},"volume_size":{"constant_value":40},"volume_type":{"constant_value":"io1"}}],"instance_type":{"constant_value":"t3.micro"},"root_block_device":[{"volume_size":{"constant_value":10}}]},"schema_version":1},{"address":"aws_launch_configuration.lc1","mode":"managed","type":"aws_launch_configuration","name":"lc1","provider_config_key":"aws","expressions":{"ebs_block_device":[{"device_name":{"constant_value":"xvdf"},"volume_size":{"constant_value":10}}],"image_id":{"references":["data.aws_ami.ubuntu"]},"instance_type":{"constant_value":"t3.small"},"root_block_device":[{"volume_size":{"constant_value":10}}]},"schema_version":0},{"address":"aws_launch_template.lt1","mode":"managed","type":"aws_launch_template","name":"lt1","provider_config_key":"aws","expressions":{"block_device_mappings":[{"device_name":{"constant_value":"xvdf"},"ebs":[{"volume_size":{"constant_value":10}}]},{"device_name":{"constant_value":"xvfa"},"ebs":[{"iops":{"constant_value":200},"volume_size":{"constant_value":20},"volume_type":{"constant_value":"io1"}}]}],"image_id":{"references":["data.aws_ami.ubuntu"]},"instance_type":{"constant_value":"t3.small"}},"schema_version":0},{"address":"aws_lb.nlb1","mode":"managed","type":"aws_lb","name":"nlb1","provider_config_key":"aws","expressions":{"load_balancer_type":{"constant_value":"network"}},"schema_version":0},{"address":"aws_nat_gateway.nat","mode":"managed","type":"aws_nat_gateway","name":"nat","provider_config_key":"aws","expressions":{"allocation_id":{"references":["aws_eip.nat1"]},"subnet_id":{"references":["data.aws_subnet_ids.all"]}},"schema_version":0},{"address":"data.aws_ami.ubuntu","mode":"data","type":"aws_ami","name":"ubuntu","provider_config_key":"aws","expressions":{"filter":[{"name":{"constant_value":"name"},"values":{"constant_value":["ubuntu/images/hvm-ssd/ubuntu-trusty-14.04-amd64-server-*"]}},{"name":{"constant_value":"virtualization-type"},"values":{"constant_value":["hvm"]}}],"most_recent":{"constant_value":true},"owners":{"constant_value":["099720109477"]}},"schema_version":0},{"address":"data.aws_availability_zones.available","mode":"data","type":"aws_availability_zones","name":"available","provider_config_key":"aws","expressions":{"state":{"constant_value":"available"}},"schema_version":0},{"address":"data.aws_region.current","mode":"data","type":"aws_region","name":"current","provider_config_key":"aws","schema_version":0},{"address":"data.aws_subnet_ids.all","mode":"data","type":"aws_subnet_ids","name":"all","provider_config_key":"aws","expressions":{"vpc_id":{"references":["data.aws_vpc.default"]}},"schema_version":0},{"address":"data.aws_vpc.default","mode":"data","type":"aws_vpc","name":"default","provider_config_key":"aws","expressions":{"default":{"constant_value":true}},"schema_version":0}]}}}
