{"format_version":"0.2","terraform_version":"1.0.5","planned_values":{"root_module":{"resources":[{"address":"azurerm_firewall.non_usage","mode":"managed","type":"azurerm_firewall","name":"non_usage","provider_name":"registry.terraform.io/hashicorp/azurerm","schema_version":0,"values":{"dns_servers":null,"firewall_policy_id":null,"ip_configuration":[{"name":"configuration"}],"location":"eastus","management_ip_configuration":[],"name":"testfirewall","private_ip_ranges":null,"resource_group_name":"example-resources","tags":null,"threat_intel_mode":"Alert","timeouts":null,"virtual_hub":[],"zones":null},"sensitive_values":{"ip_configuration":[{}],"management_ip_configuration":[],"virtual_hub":[]}},{"address":"azurerm_firewall.premium","mode":"managed","type":"azurerm_firewall","name":"premium","provider_name":"registry.terraform.io/hashicorp/azurerm","schema_version":0,"values":{"dns_servers":null,"firewall_policy_id":null,"ip_configuration":[{"name":"configuration"}],"location":"eastus","management_ip_configuration":[],"name":"testfirewall","private_ip_ranges":null,"resource_group_name":"example-resources","sku_tier":"Premium","tags":null,"threat_intel_mode":"Alert","timeouts":null,"virtual_hub":[],"zones":null},"sensitive_values":{"ip_configuration":[{}],"management_ip_configuration":[],"virtual_hub":[]}},{"address":"azurerm_firewall.premium_virtual_hub","mode":"managed","type":"azurerm_firewall","name":"premium_virtual_hub","provider_name":"registry.terraform.io/hashicorp/azurerm","schema_version":0,"values":{"dns_servers":null,"firewall_policy_id":null,"ip_configuration":[{"name":"configuration"}],"location":"eastus","management_ip_configuration":[],"name":"testfirewall","private_ip_ranges":null,"resource_group_name":"example-resources","sku_tier":"Premium","tags":null,"threat_intel_mode":"Alert","timeouts":null,"virtual_hub":[{"public_ip_count":1}],"zones":null},"sensitive_values":{"ip_configuration":[{}],"management_ip_configuration":[],"virtual_hub":[{"public_ip_addresses":[]}]}},{"address":"azurerm_firewall.standard","mode":"managed","type":"azurerm_firewall","name":"standard","provider_name":"registry.terraform.io/hashicorp/azurerm","schema_version":0,"values":{"dns_servers":null,"firewall_policy_id":null,"ip_configuration":[{"name":"configuration"}],"location":"eastus","management_ip_configuration":[],"name":"testfirewall","private_ip_ranges":null,"resource_group_name":"example-resources","tags":null,"threat_intel_mode":"Alert","timeouts":null,"virtual_hub":[],"zones":null},"sensitive_values":{"ip_configuration":[{}],"management_ip_configuration":[],"virtual_hub":[]}},{"address":"azurerm_firewall.standard_virtual_hub","mode":"managed","type":"azurerm_firewall","name":"standard_virtual_hub","provider_name":"registry.terraform.io/hashicorp/azurerm","schema_version":0,"values":{"dns_servers":null,"firewall_policy_id":null,"ip_configuration":[{"name":"configuration"}],"location":"eastus","management_ip_configuration":[],"name":"testfirewall","private_ip_ranges":null,"resource_group_name":"example-resources","sku_tier":"Standard","tags":null,"threat_intel_mode":"Alert","timeouts":null,"virtual_hub":[{"public_ip_count":1}],"zones":null},"sensitive_values":{"ip_configuration":[{}],"management_ip_configuration":[],"virtual_hub":[{"public_ip_addresses":[]}]}},{"address":"azurerm_public_ip.example","mode":"managed","type":"azurerm_public_ip","name":"example","provider_name":"registry.terraform.io/hashicorp/azurerm","schema_version":0,"values":{"allocation_method":"Static","domain_name_label":null,"idle_timeout_in_minutes":4,"ip_tags":null,"ip_version":"IPv4","location":"westeurope","name":"testpip","public_ip_prefix_id":null,"resource_group_name":"example-resources","reverse_fqdn":null,"sku":"Standard","sku_tier":"Regional","tags":null,"timeouts":null},"sensitive_values":{"zones":[]}},{"address":"azurerm_resource_group.example","mode":"managed","type":"azurerm_resource_group","name":"example","provider_name":"registry.terraform.io/hashicorp/azurerm","schema_version":0,"values":{"location":"westeurope","name":"example-resources","tags":null,"timeouts":null},"sensitive_values":{}},{"address":"azurerm_subnet.example","mode":"managed","type":"azurerm_subnet","name":"example","provider_name":"registry.terraform.io/hashicorp/azurerm","schema_version":0,"values":{"address_prefixes":["10.0.1.0/24"],"delegation":[],"enforce_private_link_endpoint_network_policies":false,"enforce_private_link_service_network_policies":false,"name":"AzureFirewallSubnet","resource_group_name":"example-resources","service_endpoint_policy_ids":null,"service_endpoints":null,"timeouts":null,"virtual_network_name":"testvnet"},"sensitive_values":{"address_prefixes":[false],"delegation":[]}},{"address":"azurerm_virtual_hub.example","mode":"managed","type":"azurerm_virtual_hub","name":"example","provider_name":"registry.terraform.io/hashicorp/azurerm","schema_version":0,"values":{"address_prefix":"10.0.1.0/24","location":"westeurope","name":"example","resource_group_name":"example-resources","route":[],"sku":null,"tags":null,"timeouts":null},"sensitive_values":{"route":[]}},{"address":"azurerm_virtual_network.example","mode":"managed","type":"azurerm_virtual_network","name":"example","provider_name":"registry.terraform.io/hashicorp/azurerm","schema_version":0,"values":{"address_space":["10.0.0.0/16"],"bgp_community":null,"ddos_protection_plan":[],"location":"westeurope","name":"testvnet","resource_group_name":"example-resources","tags":null,"timeouts":null,"vm_protection_enabled":false},"sensitive_values":{"address_space":[false],"ddos_protection_plan":[],"dns_servers":[],"subnet":[]}},{"address":"azurerm_virtual_wan.example","mode":"managed","type":"azurerm_virtual_wan","name":"example","provider_name":"registry.terraform.io/hashicorp/azurerm","schema_version":0,"values":{"allow_branch_to_branch_traffic":true,"allow_vnet_to_vnet_traffic":false,"disable_vpn_encryption":false,"location":"westeurope","name":"example-virtualwan","office365_local_breakout_category":"None","resource_group_name":"example-resources","tags":null,"timeouts":null,"type":"Standard"},"sensitive_values":{}}]}},"resource_changes":[{"address":"azurerm_firewall.non_usage","mode":"managed","type":"azurerm_firewall","name":"non_usage","provider_name":"registry.terraform.io/hashicorp/azurerm","change":{"actions":["create"],"before":null,"after":{"dns_servers":null,"firewall_policy_id":null,"ip_configuration":[{"name":"configuration"}],"location":"eastus","management_ip_configuration":[],"name":"testfirewall","private_ip_ranges":null,"resource_group_name":"example-resources","tags":null,"threat_intel_mode":"Alert","timeouts":null,"virtual_hub":[],"zones":null},"after_unknown":{"id":true,"ip_configuration":[{"private_ip_address":true,"public_ip_address_id":true,"subnet_id":true}],"management_ip_configuration":[],"sku_name":true,"sku_tier":true,"virtual_hub":[]},"before_sensitive":false,"after_sensitive":{"ip_configuration":[{}],"management_ip_configuration":[],"virtual_hub":[]}}},{"address":"azurerm_firewall.premium","mode":"managed","type":"azurerm_firewall","name":"premium","provider_name":"registry.terraform.io/hashicorp/azurerm","change":{"actions":["create"],"before":null,"after":{"dns_servers":null,"firewall_policy_id":null,"ip_configuration":[{"name":"configuration"}],"location":"eastus","management_ip_configuration":[],"name":"testfirewall","private_ip_ranges":null,"resource_group_name":"example-resources","sku_tier":"Premium","tags":null,"threat_intel_mode":"Alert","timeouts":null,"virtual_hub":[],"zones":null},"after_unknown":{"id":true,"ip_configuration":[{"private_ip_address":true,"public_ip_address_id":true,"subnet_id":true}],"management_ip_configuration":[],"sku_name":true,"virtual_hub":[]},"before_sensitive":false,"after_sensitive":{"ip_configuration":[{}],"management_ip_configuration":[],"virtual_hub":[]}}},{"address":"azurerm_firewall.premium_virtual_hub","mode":"managed","type":"azurerm_firewall","name":"premium_virtual_hub","provider_name":"registry.terraform.io/hashicorp/azurerm","change":{"actions":["create"],"before":null,"after":{"dns_servers":null,"firewall_policy_id":null,"ip_configuration":[{"name":"configuration"}],"location":"eastus","management_ip_configuration":[],"name":"testfirewall","private_ip_ranges":null,"resource_group_name":"example-resources","sku_tier":"Premium","tags":null,"threat_intel_mode":"Alert","timeouts":null,"virtual_hub":[{"public_ip_count":1}],"zones":null},"after_unknown":{"id":true,"ip_configuration":[{"private_ip_address":true,"public_ip_address_id":true,"subnet_id":true}],"management_ip_configuration":[],"sku_name":true,"virtual_hub":[{"private_ip_address":true,"public_ip_addresses":true,"virtual_hub_id":true}]},"before_sensitive":false,"after_sensitive":{"ip_configuration":[{}],"management_ip_configuration":[],"virtual_hub":[{"public_ip_addresses":[]}]}}},{"address":"azurerm_firewall.standard","mode":"managed","type":"azurerm_firewall","name":"standard","provider_name":"registry.terraform.io/hashicorp/azurerm","change":{"actions":["create"],"before":null,"after":{"dns_servers":null,"firewall_policy_id":null,"ip_configuration":[{"name":"configuration"}],"location":"eastus","management_ip_configuration":[],"name":"testfirewall","private_ip_ranges":null,"resource_group_name":"example-resources","tags":null,"threat_intel_mode":"Alert","timeouts":null,"virtual_hub":[],"zones":null},"after_unknown":{"id":true,"ip_configuration":[{"private_ip_address":true,"public_ip_address_id":true,"subnet_id":true}],"management_ip_configuration":[],"sku_name":true,"sku_tier":true,"virtual_hub":[]},"before_sensitive":false,"after_sensitive":{"ip_configuration":[{}],"management_ip_configuration":[],"virtual_hub":[]}}},{"address":"azurerm_firewall.standard_virtual_hub","mode":"managed","type":"azurerm_firewall","name":"standard_virtual_hub","provider_name":"registry.terraform.io/hashicorp/azurerm","change":{"actions":["create"],"before":null,"after":{"dns_servers":null,"firewall_policy_id":null,"ip_configuration":[{"name":"configuration"}],"location":"eastus","management_ip_configuration":[],"name":"testfirewall","private_ip_ranges":null,"resource_group_name":"example-resources","sku_tier":"Standard","tags":null,"threat_intel_mode":"Alert","timeouts":null,"virtual_hub":[{"public_ip_count":1}],"zones":null},"after_unknown":{"id":true,"ip_configuration":[{"private_ip_address":true,"public_ip_address_id":true,"subnet_id":true}],"management_ip_configuration":[],"sku_name":true,"virtual_hub":[{"private_ip_address":true,"public_ip_addresses":true,"virtual_hub_id":true}]},"before_sensitive":false,"after_sensitive":{"ip_configuration":[{}],"management_ip_configuration":[],"virtual_hub":[{"public_ip_addresses":[]}]}}},{"address":"azurerm_public_ip.example","mode":"managed","type":"azurerm_public_ip","name":"example","provider_name":"registry.terraform.io/hashicorp/azurerm","change":{"actions":["create"],"before":null,"after":{"allocation_method":"Static","domain_name_label":null,"idle_timeout_in_minutes":4,"ip_tags":null,"ip_version":"IPv4","location":"westeurope","name":"testpip","public_ip_prefix_id":null,"resource_group_name":"example-resources","reverse_fqdn":null,"sku":"Standard","sku_tier":"Regional","tags":null,"timeouts":null},"after_unknown":{"availability_zone":true,"fqdn":true,"id":true,"ip_address":true,"zones":true},"before_sensitive":false,"after_sensitive":{"zones":[]}}},{"address":"azurerm_resource_group.example","mode":"managed","type":"azurerm_resource_group","name":"example","provider_name":"registry.terraform.io/hashicorp/azurerm","change":{"actions":["create"],"before":null,"after":{"location":"westeurope","name":"example-resources","tags":null,"timeouts":null},"after_unknown":{"id":true},"before_sensitive":false,"after_sensitive":{}}},{"address":"azurerm_subnet.example","mode":"managed","type":"azurerm_subnet","name":"example","provider_name":"registry.terraform.io/hashicorp/azurerm","change":{"actions":["create"],"before":null,"after":{"address_prefixes":["10.0.1.0/24"],"delegation":[],"enforce_private_link_endpoint_network_policies":false,"enforce_private_link_service_network_policies":false,"name":"AzureFirewallSubnet","resource_group_name":"example-resources","service_endpoint_policy_ids":null,"service_endpoints":null,"timeouts":null,"virtual_network_name":"testvnet"},"after_unknown":{"address_prefix":true,"address_prefixes":[false],"delegation":[],"id":true},"before_sensitive":false,"after_sensitive":{"address_prefixes":[false],"delegation":[]}}},{"address":"azurerm_virtual_hub.example","mode":"managed","type":"azurerm_virtual_hub","name":"example","provider_name":"registry.terraform.io/hashicorp/azurerm","change":{"actions":["create"],"before":null,"after":{"address_prefix":"10.0.1.0/24","location":"westeurope","name":"example","resource_group_name":"example-resources","route":[],"sku":null,"tags":null,"timeouts":null},"after_unknown":{"id":true,"route":[],"virtual_wan_id":true},"before_sensitive":false,"after_sensitive":{"route":[]}}},{"address":"azurerm_virtual_network.example","mode":"managed","type":"azurerm_virtual_network","name":"example","provider_name":"registry.terraform.io/hashicorp/azurerm","change":{"actions":["create"],"before":null,"after":{"address_space":["10.0.0.0/16"],"bgp_community":null,"ddos_protection_plan":[],"location":"westeurope","name":"testvnet","resource_group_name":"example-resources","tags":null,"timeouts":null,"vm_protection_enabled":false},"after_unknown":{"address_space":[false],"ddos_protection_plan":[],"dns_servers":true,"guid":true,"id":true,"subnet":true},"before_sensitive":false,"after_sensitive":{"address_space":[false],"ddos_protection_plan":[],"dns_servers":[],"subnet":[]}}},{"address":"azurerm_virtual_wan.example","mode":"managed","type":"azurerm_virtual_wan","name":"example","provider_name":"registry.terraform.io/hashicorp/azurerm","change":{"actions":["create"],"before":null,"after":{"allow_branch_to_branch_traffic":true,"allow_vnet_to_vnet_traffic":false,"disable_vpn_encryption":false,"location":"westeurope","name":"example-virtualwan","office365_local_breakout_category":"None","resource_group_name":"example-resources","tags":null,"timeouts":null,"type":"Standard"},"after_unknown":{"id":true},"before_sensitive":false,"after_sensitive":{}}}],"configuration":{"provider_config":{"azurerm":{"name":"azurerm","expressions":{"features":[{}],"skip_provider_registration":{"constant_value":true}}}},"root_module":{"resources":[{"address":"azurerm_firewall.non_usage","mode":"managed","type":"azurerm_firewall","name":"non_usage","provider_config_key":"azurerm","expressions":{"ip_configuration":[{"name":{"constant_value":"configuration"},"public_ip_address_id":{"references":["azurerm_public_ip.example.id","azurerm_public_ip.example"]},"subnet_id":{"references":["azurerm_subnet.example.id","azurerm_subnet.example"]}}],"location":{"constant_value":"eastus"},"name":{"constant_value":"testfirewall"},"resource_group_name":{"references":["azurerm_resource_group.example.name","azurerm_resource_group.example"]}},"schema_version":0},{"address":"azurerm_firewall.premium","mode":"managed","type":"azurerm_firewall","name":"premium","provider_config_key":"azurerm","expressions":{"ip_configuration":[{"name":{"constant_value":"configuration"},"public_ip_address_id":{"references":["azurerm_public_ip.example.id","azurerm_public_ip.example"]},"subnet_id":{"references":["azurerm_subnet.example.id","azurerm_subnet.example"]}}],"location":{"constant_value":"eastus"},"name":{"constant_value":"testfirewall"},"resource_group_name":{"references":["azurerm_resource_group.example.name","azurerm_resource_group.example"]},"sku_tier":{"constant_value":"Premium"}},"schema_version":0},{"address":"azurerm_firewall.premium_virtual_hub","mode":"managed","type":"azurerm_firewall","name":"premium_virtual_hub","provider_config_key":"azurerm","expressions":{"ip_configuration":[{"name":{"constant_value":"configuration"},"public_ip_address_id":{"references":["azurerm_public_ip.example.id","azurerm_public_ip.example"]},"subnet_id":{"references":["azurerm_subnet.example.id","azurerm_subnet.example"]}}],"location":{"constant_value":"eastus"},"name":{"constant_value":"testfirewall"},"resource_group_name":{"references":["azurerm_resource_group.example.name","azurerm_resource_group.example"]},"sku_tier":{"constant_value":"Premium"},"virtual_hub":[{"virtual_hub_id":{"references":["azurerm_virtual_hub.example.id","azurerm_virtual_hub.example"]}}]},"schema_version":0},{"address":"azurerm_firewall.standard","mode":"managed","type":"azurerm_firewall","name":"standard","provider_config_key":"azurerm","expressions":{"ip_configuration":[{"name":{"constant_value":"configuration"},"public_ip_address_id":{"references":["azurerm_public_ip.example.id","azurerm_public_ip.example"]},"subnet_id":{"references":["azurerm_subnet.example.id","azurerm_subnet.example"]}}],"location":{"constant_value":"eastus"},"name":{"constant_value":"testfirewall"},"resource_group_name":{"references":["azurerm_resource_group.example.name","azurerm_resource_group.example"]}},"schema_version":0},{"address":"azurerm_firewall.standard_virtual_hub","mode":"managed","type":"azurerm_firewall","name":"standard_virtual_hub","provider_config_key":"azurerm","expressions":{"ip_configuration":[{"name":{"constant_value":"configuration"},"public_ip_address_id":{"references":["azurerm_public_ip.example.id","azurerm_public_ip.example"]},"subnet_id":{"references":["azurerm_subnet.example.id","azurerm_subnet.example"]}}],"location":{"constant_value":"eastus"},"name":{"constant_value":"testfirewall"},"resource_group_name":{"references":["azurerm_resource_group.example.name","azurerm_resource_group.example"]},"sku_tier":{"constant_value":"Standard"},"virtual_hub":[{"virtual_hub_id":{"references":["azurerm_virtual_hub.example.id","azurerm_virtual_hub.example"]}}]},"schema_version":0},{"address":"azurerm_public_ip.example","mode":"managed","type":"azurerm_public_ip","name":"example","provider_config_key":"azurerm","expressions":{"allocation_method":{"constant_value":"Static"},"location":{"references":["azurerm_resource_group.example.location","azurerm_resource_group.example"]},"name":{"constant_value":"testpip"},"resource_group_name":{"references":["azurerm_resource_group.example.name","azurerm_resource_group.example"]},"sku":{"constant_value":"Standard"}},"schema_version":0},{"address":"azurerm_resource_group.example","mode":"managed","type":"azurerm_resource_group","name":"example","provider_config_key":"azurerm","expressions":{"location":{"constant_value":"West Europe"},"name":{"constant_value":"example-resources"}},"schema_version":0},{"address":"azurerm_subnet.example","mode":"managed","type":"azurerm_subnet","name":"example","provider_config_key":"azurerm","expressions":{"address_prefixes":{"constant_value":["10.0.1.0/24"]},"name":{"constant_value":"AzureFirewallSubnet"},"resource_group_name":{"references":["azurerm_resource_group.example.name","azurerm_resource_group.example"]},"virtual_network_name":{"references":["azurerm_virtual_network.example.name","azurerm_virtual_network.example"]}},"schema_version":0},{"address":"azurerm_virtual_hub.example","mode":"managed","type":"azurerm_virtual_hub","name":"example","provider_config_key":"azurerm","expressions":{"address_prefix":{"constant_value":"10.0.1.0/24"},"location":{"references":["azurerm_resource_group.example.location","azurerm_resource_group.example"]},"name":{"constant_value":"example"},"resource_group_name":{"references":["azurerm_resource_group.example.name","azurerm_resource_group.example"]},"virtual_wan_id":{"references":["azurerm_virtual_wan.example.id","azurerm_virtual_wan.example"]}},"schema_version":0},{"address":"azurerm_virtual_network.example","mode":"managed","type":"azurerm_virtual_network","name":"example","provider_config_key":"azurerm","expressions":{"address_space":{"constant_value":["10.0.0.0/16"]},"location":{"references":["azurerm_resource_group.example.location","azurerm_resource_group.example"]},"name":{"constant_value":"testvnet"},"resource_group_name":{"references":["azurerm_resource_group.example.name","azurerm_resource_group.example"]}},"schema_version":0},{"address":"azurerm_virtual_wan.example","mode":"managed","type":"azurerm_virtual_wan","name":"example","provider_config_key":"azurerm","expressions":{"location":{"references":["azurerm_resource_group.example.location","azurerm_resource_group.example"]},"name":{"constant_value":"example-virtualwan"},"resource_group_name":{"references":["azurerm_resource_group.example.name","azurerm_resource_group.example"]}},"schema_version":0}]}}}
