{"format_version":"0.2","terraform_version":"1.0.5","planned_values":{"root_module":{"resources":[{"address":"azurerm_express_route_circuit.route_circuit","mode":"managed","type":"azurerm_express_route_circuit","name":"route_circuit","provider_name":"registry.terraform.io/hashicorp/azurerm","schema_version":0,"values":{"allow_classic_operations":false,"bandwidth_in_gbps":5,"bandwidth_in_mbps":null,"location":"westeurope","name":"example-erc","peering_location":null,"resource_group_name":"example-resources","service_provider_name":null,"sku":[{"family":"MeteredData","tier":"Standard"}],"tags":null,"timeouts":null},"sensitive_values":{"sku":[{}]}},{"address":"azurerm_express_route_circuit_peering.circuit_peering","mode":"managed","type":"azurerm_express_route_circuit_peering","name":"circuit_peering","provider_name":"registry.terraform.io/hashicorp/azurerm","schema_version":0,"values":{"express_route_circuit_name":"example-erc","ipv6":[],"microsoft_peering_config":[],"peer_asn":100,"peering_type":"AzurePrivatePeering","primary_peer_address_prefix":"192.168.1.0/30","resource_group_name":"example-resources","route_filter_id":null,"secondary_peer_address_prefix":"192.168.2.0/30","shared_key":"ItsASecret","timeouts":null,"vlan_id":100},"sensitive_values":{"ipv6":[],"microsoft_peering_config":[]}},{"address":"azurerm_express_route_connection.express_route_conn","mode":"managed","type":"azurerm_express_route_connection","name":"express_route_conn","provider_name":"registry.terraform.io/hashicorp/azurerm","schema_version":0,"values":{"authorization_key":null,"enable_internet_security":null,"name":"express-route-conn","routing_weight":0,"timeouts":null},"sensitive_values":{"routing":[]}},{"address":"azurerm_express_route_gateway.express_route","mode":"managed","type":"azurerm_express_route_gateway","name":"express_route","provider_name":"registry.terraform.io/hashicorp/azurerm","schema_version":0,"values":{"location":"westeurope","name":"express-route","resource_group_name":"example-resources","scale_units":1,"tags":null,"timeouts":null},"sensitive_values":{}},{"address":"azurerm_express_route_port.route_port","mode":"managed","type":"azurerm_express_route_port","name":"route_port","provider_name":"registry.terraform.io/hashicorp/azurerm","schema_version":0,"values":{"bandwidth_in_gbps":10,"encapsulation":"Dot1Q","identity":[],"location":"westeurope","name":"example-erp","peering_location":"Equinix-Seattle-SE2","resource_group_name":"example-resources","tags":null,"timeouts":null},"sensitive_values":{"identity":[],"link1":[],"link2":[]}},{"address":"azurerm_resource_group.resource_group","mode":"managed","type":"azurerm_resource_group","name":"resource_group","provider_name":"registry.terraform.io/hashicorp/azurerm","schema_version":0,"values":{"location":"westeurope","name":"example-resources","tags":null,"timeouts":null},"sensitive_values":{}},{"address":"azurerm_virtual_hub.virtual_hub","mode":"managed","type":"azurerm_virtual_hub","name":"virtual_hub","provider_name":"registry.terraform.io/hashicorp/azurerm","schema_version":0,"values":{"address_prefix":"10.0.1.0/24","location":"westeurope","name":"example-virtualhub","resource_group_name":"example-resources","route":[],"sku":null,"tags":null,"timeouts":null},"sensitive_values":{"route":[]}},{"address":"azurerm_virtual_wan.virtual_wan","mode":"managed","type":"azurerm_virtual_wan","name":"virtual_wan","provider_name":"registry.terraform.io/hashicorp/azurerm","schema_version":0,"values":{"allow_branch_to_branch_traffic":true,"allow_vnet_to_vnet_traffic":false,"disable_vpn_encryption":false,"location":"westeurope","name":"example-virtualwan","office365_local_breakout_category":"None","resource_group_name":"example-resources","tags":null,"timeouts":null,"type":"Standard"},"sensitive_values":{}}]}},"resource_changes":[{"address":"azurerm_express_route_circuit.route_circuit","mode":"managed","type":"azurerm_express_route_circuit","name":"route_circuit","provider_name":"registry.terraform.io/hashicorp/azurerm","change":{"actions":["create"],"before":null,"after":{"allow_classic_operations":false,"bandwidth_in_gbps":5,"bandwidth_in_mbps":null,"location":"westeurope","name":"example-erc","peering_location":null,"resource_group_name":"example-resources","service_provider_name":null,"sku":[{"family":"MeteredData","tier":"Standard"}],"tags":null,"timeouts":null},"after_unknown":{"express_route_port_id":true,"id":true,"service_key":true,"service_provider_provisioning_state":true,"sku":[{}]},"before_sensitive":false,"after_sensitive":{"service_key":true,"sku":[{}]}}},{"address":"azurerm_express_route_circuit_peering.circuit_peering","mode":"managed","type":"azurerm_express_route_circuit_peering","name":"circuit_peering","provider_name":"registry.terraform.io/hashicorp/azurerm","change":{"actions":["create"],"before":null,"after":{"express_route_circuit_name":"example-erc","ipv6":[],"microsoft_peering_config":[],"peer_asn":100,"peering_type":"AzurePrivatePeering","primary_peer_address_prefix":"192.168.1.0/30","resource_group_name":"example-resources","route_filter_id":null,"secondary_peer_address_prefix":"192.168.2.0/30","shared_key":"ItsASecret","timeouts":null,"vlan_id":100},"after_unknown":{"azure_asn":true,"id":true,"ipv6":[],"microsoft_peering_config":[],"primary_azure_port":true,"secondary_azure_port":true},"before_sensitive":false,"after_sensitive":{"ipv6":[],"microsoft_peering_config":[],"shared_key":true}}},{"address":"azurerm_express_route_connection.express_route_conn","mode":"managed","type":"azurerm_express_route_connection","name":"express_route_conn","provider_name":"registry.terraform.io/hashicorp/azurerm","change":{"actions":["create"],"before":null,"after":{"authorization_key":null,"enable_internet_security":null,"name":"express-route-conn","routing_weight":0,"timeouts":null},"after_unknown":{"express_route_circuit_peering_id":true,"express_route_gateway_id":true,"id":true,"routing":true},"before_sensitive":false,"after_sensitive":{"routing":[]}}},{"address":"azurerm_express_route_gateway.express_route","mode":"managed","type":"azurerm_express_route_gateway","name":"express_route","provider_name":"registry.terraform.io/hashicorp/azurerm","change":{"actions":["create"],"before":null,"after":{"location":"westeurope","name":"express-route","resource_group_name":"example-resources","scale_units":1,"tags":null,"timeouts":null},"after_unknown":{"id":true,"virtual_hub_id":true},"before_sensitive":false,"after_sensitive":{}}},{"address":"azurerm_express_route_port.route_port","mode":"managed","type":"azurerm_express_route_port","name":"route_port","provider_name":"registry.terraform.io/hashicorp/azurerm","change":{"actions":["create"],"before":null,"after":{"bandwidth_in_gbps":10,"encapsulation":"Dot1Q","identity":[],"location":"westeurope","name":"example-erp","peering_location":"Equinix-Seattle-SE2","resource_group_name":"example-resources","tags":null,"timeouts":null},"after_unknown":{"ethertype":true,"guid":true,"id":true,"identity":[],"link1":true,"link2":true,"mtu":true},"before_sensitive":false,"after_sensitive":{"identity":[],"link1":[],"link2":[]}}},{"address":"azurerm_resource_group.resource_group","mode":"managed","type":"azurerm_resource_group","name":"resource_group","provider_name":"registry.terraform.io/hashicorp/azurerm","change":{"actions":["create"],"before":null,"after":{"location":"westeurope","name":"example-resources","tags":null,"timeouts":null},"after_unknown":{"id":true},"before_sensitive":false,"after_sensitive":{}}},{"address":"azurerm_virtual_hub.virtual_hub","mode":"managed","type":"azurerm_virtual_hub","name":"virtual_hub","provider_name":"registry.terraform.io/hashicorp/azurerm","change":{"actions":["create"],"before":null,"after":{"address_prefix":"10.0.1.0/24","location":"westeurope","name":"example-virtualhub","resource_group_name":"example-resources","route":[],"sku":null,"tags":null,"timeouts":null},"after_unknown":{"default_route_table_id":true,"id":true,"route":[],"virtual_wan_id":true},"before_sensitive":false,"after_sensitive":{"route":[]}}},{"address":"azurerm_virtual_wan.virtual_wan","mode":"managed","type":"azurerm_virtual_wan","name":"virtual_wan","provider_name":"registry.terraform.io/hashicorp/azurerm","change":{"actions":["create"],"before":null,"after":{"allow_branch_to_branch_traffic":true,"allow_vnet_to_vnet_traffic":false,"disable_vpn_encryption":false,"location":"westeurope","name":"example-virtualwan","office365_local_breakout_category":"None","resource_group_name":"example-resources","tags":null,"timeouts":null,"type":"Standard"},"after_unknown":{"id":true},"before_sensitive":false,"after_sensitive":{}}}],"configuration":{"provider_config":{"azurerm":{"name":"azurerm","expressions":{"features":[{}],"skip_provider_registration":{"constant_value":true}}}},"root_module":{"resources":[{"address":"azurerm_express_route_circuit.route_circuit","mode":"managed","type":"azurerm_express_route_circuit","name":"route_circuit","provider_config_key":"azurerm","expressions":{"bandwidth_in_gbps":{"constant_value":5},"express_route_port_id":{"references":["azurerm_express_route_port.route_port.id","azurerm_express_route_port.route_port"]},"location":{"references":["azurerm_resource_group.resource_group.location","azurerm_resource_group.resource_group"]},"name":{"constant_value":"example-erc"},"resource_group_name":{"references":["azurerm_resource_group.resource_group.name","azurerm_resource_group.resource_group"]},"sku":[{"family":{"constant_value":"MeteredData"},"tier":{"constant_value":"Standard"}}]},"schema_version":0},{"address":"azurerm_express_route_circuit_peering.circuit_peering","mode":"managed","type":"azurerm_express_route_circuit_peering","name":"circuit_peering","provider_config_key":"azurerm","expressions":{"express_route_circuit_name":{"references":["azurerm_express_route_circuit.route_circuit.name","azurerm_express_route_circuit.route_circuit"]},"peer_asn":{"constant_value":100},"peering_type":{"constant_value":"AzurePrivatePeering"},"primary_peer_address_prefix":{"constant_value":"192.168.1.0/30"},"resource_group_name":{"references":["azurerm_resource_group.resource_group.name","azurerm_resource_group.resource_group"]},"secondary_peer_address_prefix":{"constant_value":"192.168.2.0/30"},"shared_key":{"constant_value":"ItsASecret"},"vlan_id":{"constant_value":100}},"schema_version":0},{"address":"azurerm_express_route_connection.express_route_conn","mode":"managed","type":"azurerm_express_route_connection","name":"express_route_conn","provider_config_key":"azurerm","expressions":{"express_route_circuit_peering_id":{"references":["azurerm_express_route_circuit_peering.circuit_peering.id","azurerm_express_route_circuit_peering.circuit_peering"]},"express_route_gateway_id":{"references":["azurerm_express_route_gateway.express_route.id","azurerm_express_route_gateway.express_route"]},"name":{"constant_value":"express-route-conn"}},"schema_version":0},{"address":"azurerm_express_route_gateway.express_route","mode":"managed","type":"azurerm_express_route_gateway","name":"express_route","provider_config_key":"azurerm","expressions":{"location":{"references":["azurerm_resource_group.resource_group.location","azurerm_resource_group.resource_group"]},"name":{"constant_value":"express-route"},"resource_group_name":{"references":["azurerm_resource_group.resource_group.name","azurerm_resource_group.resource_group"]},"scale_units":{"constant_value":1},"virtual_hub_id":{"references":["azurerm_virtual_hub.virtual_hub.id","azurerm_virtual_hub.virtual_hub"]}},"schema_version":0},{"address":"azurerm_express_route_port.route_port","mode":"managed","type":"azurerm_express_route_port","name":"route_port","provider_config_key":"azurerm","expressions":{"bandwidth_in_gbps":{"constant_value":10},"encapsulation":{"constant_value":"Dot1Q"},"location":{"references":["azurerm_resource_group.resource_group.location","azurerm_resource_group.resource_group"]},"name":{"constant_value":"example-erp"},"peering_location":{"constant_value":"Equinix-Seattle-SE2"},"resource_group_name":{"references":["azurerm_resource_group.resource_group.name","azurerm_resource_group.resource_group"]}},"schema_version":0},{"address":"azurerm_resource_group.resource_group","mode":"managed","type":"azurerm_resource_group","name":"resource_group","provider_config_key":"azurerm","expressions":{"location":{"constant_value":"West Europe"},"name":{"constant_value":"example-resources"}},"schema_version":0},{"address":"azurerm_virtual_hub.virtual_hub","mode":"managed","type":"azurerm_virtual_hub","name":"virtual_hub","provider_config_key":"azurerm","expressions":{"address_prefix":{"constant_value":"10.0.1.0/24"},"location":{"references":["azurerm_resource_group.resource_group.location","azurerm_resource_group.resource_group"]},"name":{"constant_value":"example-virtualhub"},"resource_group_name":{"references":["azurerm_resource_group.resource_group.name","azurerm_resource_group.resource_group"]},"virtual_wan_id":{"references":["azurerm_virtual_wan.virtual_wan.id","azurerm_virtual_wan.virtual_wan"]}},"schema_version":0},{"address":"azurerm_virtual_wan.virtual_wan","mode":"managed","type":"azurerm_virtual_wan","name":"virtual_wan","provider_config_key":"azurerm","expressions":{"location":{"references":["azurerm_resource_group.resource_group.location","azurerm_resource_group.resource_group"]},"name":{"constant_value":"example-virtualwan"},"resource_group_name":{"references":["azurerm_resource_group.resource_group.name","azurerm_resource_group.resource_group"]}},"schema_version":0}]}}}