{
  "format_version": "0.1",
  "terraform_version": "0.12.31",
  "planned_values": {
    "root_module": {
      "resources": [
        {
          "address": "aws_instance.instance_1",
          "mode": "managed",
          "type": "aws_instance",
          "name": "instance_1",
          "provider_name": "aws",
          "schema_version": 1,
          "values": {
            "ami": "ami-0ff8a91507f77f867",
            "arn": "arn:aws:ec2:us-east-1:123123123123:instance/i-070917f8380c257e2",
            "associate_public_ip_address": true,
            "availability_zone": "us-east-1b",
            "capacity_reservation_specification": [
              {
                "capacity_reservation_preference": "open",
                "capacity_reservation_target": []
              }
            ],
            "cpu_core_count": 1,
            "cpu_threads_per_core": 2,
            "credit_specification": [
              {
                "cpu_credits": "unlimited"
              }
            ],
            "disable_api_termination": false,
            "ebs_block_device": [],
            "ebs_optimized": false,
            "enclave_options": [
              {
                "enabled": false
              }
            ],
            "ephemeral_block_device": [],
            "get_password_data": false,
            "hibernation": false,
            "host_id": null,
            "iam_instance_profile": "",
            "id": "i-070917f8380c257e2",
            "instance_initiated_shutdown_behavior": "stop",
            "instance_state": "running",
            "instance_type": "t3.nano",
            "ipv6_address_count": 0,
            "ipv6_addresses": [],
            "key_name": "",
            "launch_template": [],
            "metadata_options": [
              {
                "http_endpoint": "enabled",
                "http_put_response_hop_limit": 1,
                "http_tokens": "optional"
              }
            ],
            "monitoring": false,
            "network_interface": [],
            "outpost_arn": "",
            "password_data": "",
            "placement_group": "",
            "primary_network_interface_id": "eni-0cff2c501c8d1c3ea",
            "private_dns": "ip-172-31-14-60.ec2.internal",
            "private_ip": "172.31.14.60",
            "public_dns": "ec2-11-11-11-11.compute-1.amazonaws.com",
            "public_ip": "11.11.11.11",
            "root_block_device": [
              {
                "delete_on_termination": true,
                "device_name": "/dev/xvda",
                "encrypted": false,
                "iops": 100,
                "kms_key_id": "",
                "tags": {},
                "throughput": 0,
                "volume_id": "vol-086ae7746eb0aed8f",
                "volume_size": 8,
                "volume_type": "gp2"
              }
            ],
            "secondary_private_ips": [],
            "security_groups": [
              "default"
            ],
            "source_dest_check": true,
            "subnet_id": "subnet-286f234e",
            "tags": {},
            "tags_all": {},
            "tenancy": "default",
            "timeouts": null,
            "user_data": null,
            "user_data_base64": null,
            "volume_tags": null,
            "vpc_security_group_ids": [
              "sg-5277e14a"
            ]
          }
        },
        {
          "address": "aws_instance.instance_2",
          "mode": "managed",
          "type": "aws_instance",
          "name": "instance_2",
          "provider_name": "aws",
          "schema_version": 1,
          "values": {
            "ami": "ami-0ff8a91507f77f867",
            "credit_specification": [],
            "get_password_data": false,
            "hibernation": null,
            "iam_instance_profile": null,
            "instance_type": "t3.nano",
            "launch_template": [],
            "source_dest_check": true,
            "tags": null,
            "timeouts": null,
            "volume_tags": null
          }
        },
        {
          "address": "aws_instance.instance_counted[0]",
          "mode": "managed",
          "type": "aws_instance",
          "name": "instance_counted",
          "index": 0,
          "provider_name": "aws",
          "schema_version": 1,
          "values": {
            "ami": "ami-0ff8a91507f77f867",
            "arn": "arn:aws:ec2:us-east-1:123123123123:instance/i-0832889cd515174aa",
            "associate_public_ip_address": true,
            "availability_zone": "us-east-1b",
            "capacity_reservation_specification": [
              {
                "capacity_reservation_preference": "open",
                "capacity_reservation_target": []
              }
            ],
            "cpu_core_count": 1,
            "cpu_threads_per_core": 2,
            "credit_specification": [
              {
                "cpu_credits": "unlimited"
              }
            ],
            "disable_api_termination": false,
            "ebs_block_device": [],
            "ebs_optimized": false,
            "enclave_options": [
              {
                "enabled": false
              }
            ],
            "ephemeral_block_device": [],
            "get_password_data": false,
            "hibernation": false,
            "host_id": null,
            "iam_instance_profile": "",
            "id": "i-0832889cd515174aa",
            "instance_initiated_shutdown_behavior": "stop",
            "instance_state": "running",
            "instance_type": "t3.nano",
            "ipv6_address_count": 0,
            "ipv6_addresses": [],
            "key_name": "",
            "launch_template": [],
            "metadata_options": [
              {
                "http_endpoint": "enabled",
                "http_put_response_hop_limit": 1,
                "http_tokens": "optional"
              }
            ],
            "monitoring": false,
            "network_interface": [],
            "outpost_arn": "",
            "password_data": "",
            "placement_group": "",
            "primary_network_interface_id": "eni-038413261e6a2b8ad",
            "private_dns": "ip-172-31-8-16.ec2.internal",
            "private_ip": "172.31.8.16",
            "public_dns": "ec2-12-12-12-12.compute-1.amazonaws.com",
            "public_ip": "12.12.12.12",
            "root_block_device": [
              {
                "delete_on_termination": true,
                "device_name": "/dev/xvda",
                "encrypted": false,
                "iops": 100,
                "kms_key_id": "",
                "tags": {},
                "throughput": 0,
                "volume_id": "vol-00525d19f927151db",
                "volume_size": 8,
                "volume_type": "gp2"
              }
            ],
            "secondary_private_ips": [],
            "security_groups": [
              "default"
            ],
            "source_dest_check": true,
            "subnet_id": "subnet-286f234e",
            "tags": {},
            "tags_all": {},
            "tenancy": "default",
            "timeouts": null,
            "user_data": null,
            "user_data_base64": null,
            "volume_tags": null,
            "vpc_security_group_ids": [
              "sg-5277e14a"
            ]
          }
        },
        {
          "address": "aws_instance.instance_counted[1]",
          "mode": "managed",
          "type": "aws_instance",
          "name": "instance_counted",
          "index": 1,
          "provider_name": "aws",
          "schema_version": 1,
          "values": {
            "ami": "ami-0ff8a91507f77f867",
            "credit_specification": [],
            "get_password_data": false,
            "hibernation": null,
            "iam_instance_profile": null,
            "instance_type": "t3.nano",
            "launch_template": [],
            "source_dest_check": true,
            "tags": null,
            "timeouts": null,
            "volume_tags": null
          }
        },
        {
          "address": "aws_instance.instance_named[\"test.1\"]",
          "mode": "managed",
          "type": "aws_instance",
          "name": "instance_named",
          "index": "test.1",
          "provider_name": "aws",
          "schema_version": 1,
          "values": {
            "ami": "ami-0ff8a91507f77f867",
            "arn": "arn:aws:ec2:us-east-1:123123123123:instance/i-0e27088fc1522ef74",
            "associate_public_ip_address": true,
            "availability_zone": "us-east-1b",
            "capacity_reservation_specification": [
              {
                "capacity_reservation_preference": "open",
                "capacity_reservation_target": []
              }
            ],
            "cpu_core_count": 1,
            "cpu_threads_per_core": 2,
            "credit_specification": [
              {
                "cpu_credits": "unlimited"
              }
            ],
            "disable_api_termination": false,
            "ebs_block_device": [],
            "ebs_optimized": false,
            "enclave_options": [
              {
                "enabled": false
              }
            ],
            "ephemeral_block_device": [],
            "get_password_data": false,
            "hibernation": false,
            "host_id": null,
            "iam_instance_profile": "",
            "id": "i-0e27088fc1522ef74",
            "instance_initiated_shutdown_behavior": "stop",
            "instance_state": "running",
            "instance_type": "t3.nano",
            "ipv6_address_count": 0,
            "ipv6_addresses": [],
            "key_name": "",
            "launch_template": [],
            "metadata_options": [
              {
                "http_endpoint": "enabled",
                "http_put_response_hop_limit": 1,
                "http_tokens": "optional"
              }
            ],
            "monitoring": false,
            "network_interface": [],
            "outpost_arn": "",
            "password_data": "",
            "placement_group": "",
            "primary_network_interface_id": "eni-0abb643c34f7922de",
            "private_dns": "ip-172-31-8-255.ec2.internal",
            "private_ip": "172.31.8.255",
            "public_dns": "ec2-13-13-13-13.compute-1.amazonaws.com",
            "public_ip": "13.13.13.13",
            "root_block_device": [
              {
                "delete_on_termination": true,
                "device_name": "/dev/xvda",
                "encrypted": false,
                "iops": 100,
                "kms_key_id": "",
                "tags": {},
                "throughput": 0,
                "volume_id": "vol-0385a4f84070534e9",
                "volume_size": 8,
                "volume_type": "gp2"
              }
            ],
            "secondary_private_ips": [],
            "security_groups": [
              "default"
            ],
            "source_dest_check": true,
            "subnet_id": "subnet-286f234e",
            "tags": {
              "Name": "test.1"
            },
            "tags_all": {
              "Name": "test.1"
            },
            "tenancy": "default",
            "timeouts": null,
            "user_data": null,
            "user_data_base64": null,
            "volume_tags": null,
            "vpc_security_group_ids": [
              "sg-5277e14a"
            ]
          }
        },
        {
          "address": "aws_instance.instance_named[\"test.2\"]",
          "mode": "managed",
          "type": "aws_instance",
          "name": "instance_named",
          "index": "test.2",
          "provider_name": "aws",
          "schema_version": 1,
          "values": {
            "ami": "ami-0ff8a91507f77f867",
            "credit_specification": [],
            "get_password_data": false,
            "hibernation": null,
            "iam_instance_profile": null,
            "instance_type": "t3.nano",
            "launch_template": [],
            "source_dest_check": true,
            "tags": {
              "Name": "test.2"
            },
            "tags_all": {
              "Name": "test.2"
            },
            "timeouts": null,
            "volume_tags": null
          }
        }
      ],
      "child_modules": [
        {
          "resources": [
            {
              "address": "module.db.aws_default_vpc.default",
              "mode": "managed",
              "type": "aws_default_vpc",
              "name": "default",
              "provider_name": "aws",
              "schema_version": 1,
              "values": {
                "arn": "arn:aws:ec2:us-east-1:123123123123:vpc/vpc-1b20b966",
                "assign_generated_ipv6_cidr_block": false,
                "cidr_block": "172.31.0.0/16",
                "default_network_acl_id": "acl-e9d01395",
                "default_route_table_id": "rtb-c2997eb3",
                "default_security_group_id": "sg-5277e14a",
                "dhcp_options_id": "dopt-811712fb",
                "enable_classiclink": false,
                "enable_classiclink_dns_support": false,
                "enable_dns_hostnames": true,
                "enable_dns_support": true,
                "id": "vpc-1b20b966",
                "instance_tenancy": "default",
                "ipv6_association_id": "",
                "ipv6_cidr_block": "",
                "main_route_table_id": "rtb-c2997eb3",
                "owner_id": "123123123123",
                "tags": {},
                "tags_all": {}
              }
            }
          ],
          "address": "module.db",
          "child_modules": [
            {
              "address": "module.db.module.db_2",
              "child_modules": [
                {
                  "resources": [
                    {
                      "address": "module.db.module.db_2.module.db_option_group.aws_db_option_group.this[0]",
                      "mode": "managed",
                      "type": "aws_db_option_group",
                      "name": "this",
                      "index": 0,
                      "provider_name": "aws",
                      "schema_version": 0,
                      "values": {
                        "engine_name": "mysql",
                        "major_engine_version": "5.7",
                        "name_prefix": "demodb-",
                        "option": [],
                        "option_group_description": "demodb option group",
                        "tags": {
                          "Environment": "dev",
                          "Name": "demodb",
                          "Owner": "user2"
                        },
                        "tags_all": {
                          "Environment": "dev",
                          "Name": "demodb",
                          "Owner": "user2"
                        },
                        "timeouts": {
                          "delete": "15m"
                        }
                      }
                    }
                  ],
                  "address": "module.db.module.db_2.module.db_option_group"
                },
                {
                  "resources": [
                    {
                      "address": "module.db.module.db_2.module.db_instance.aws_db_instance.this[0]",
                      "mode": "managed",
                      "type": "aws_db_instance",
                      "name": "this",
                      "index": 0,
                      "provider_name": "aws",
                      "schema_version": 1,
                      "values": {
                        "allocated_storage": 5,
                        "allow_major_version_upgrade": false,
                        "apply_immediately": false,
                        "auto_minor_version_upgrade": true,
                        "backup_window": "03:00-06:00",
                        "copy_tags_to_snapshot": false,
                        "customer_owned_ip_enabled": null,
                        "delete_automated_backups": true,
                        "deletion_protection": false,
                        "domain": null,
                        "domain_iam_role_name": null,
                        "enabled_cloudwatch_logs_exports": null,
                        "engine": "mysql",
                        "engine_version": "5.7.19",
                        "final_snapshot_identifier": null,
                        "iam_database_authentication_enabled": true,
                        "identifier": "demodb",
                        "instance_class": "db.t3.micro",
                        "iops": 0,
                        "maintenance_window": "mon:00:00-mon:03:00",
                        "max_allocated_storage": 0,
                        "monitoring_interval": 30,
                        "multi_az": false,
                        "name": "demodb",
                        "password": "YourPwdShouldBeLongAndSecure!",
                        "performance_insights_enabled": false,
                        "port": 3306,
                        "publicly_accessible": false,
                        "replicate_source_db": null,
                        "restore_to_point_in_time": [],
                        "s3_import": [],
                        "security_group_names": null,
                        "skip_final_snapshot": true,
                        "storage_encrypted": false,
                        "tags": {
                          "Environment": "dev",
                          "Name": "demodb",
                          "Owner": "user2"
                        },
                        "tags_all": {
                          "Environment": "dev",
                          "Name": "demodb",
                          "Owner": "user2"
                        },
                        "timeouts": {
                          "create": "40m",
                          "delete": "40m",
                          "update": "80m"
                        },
                        "username": "user"
                      }
                    },
                    {
                      "address": "module.db.module.db_2.module.db_instance.aws_iam_role.enhanced_monitoring[0]",
                      "mode": "managed",
                      "type": "aws_iam_role",
                      "name": "enhanced_monitoring",
                      "index": 0,
                      "provider_name": "aws",
                      "schema_version": 0,
                      "values": {
                        "assume_role_policy": "{\n  \"Version\": \"2012-10-17\",\n  \"Statement\": [\n    {\n      \"Sid\": \"\",\n      \"Effect\": \"Allow\",\n      \"Action\": \"sts:AssumeRole\",\n      \"Principal\": {\n        \"Service\": \"monitoring.rds.amazonaws.com\"\n      }\n    }\n  ]\n}",
                        "description": null,
                        "force_detach_policies": false,
                        "max_session_duration": 3600,
                        "name": "MyRDSMonitoringRole",
                        "path": "/",
                        "permissions_boundary": null,
                        "tags": {
                          "Environment": "dev",
                          "Name": "MyRDSMonitoringRole",
                          "Owner": "user2"
                        },
                        "tags_all": {
                          "Environment": "dev",
                          "Name": "MyRDSMonitoringRole",
                          "Owner": "user2"
                        }
                      }
                    },
                    {
                      "address": "module.db.module.db_2.module.db_instance.aws_iam_role_policy_attachment.enhanced_monitoring[0]",
                      "mode": "managed",
                      "type": "aws_iam_role_policy_attachment",
                      "name": "enhanced_monitoring",
                      "index": 0,
                      "provider_name": "aws",
                      "schema_version": 0,
                      "values": {
                        "policy_arn": "arn:aws:iam::aws:policy/service-role/AmazonRDSEnhancedMonitoringRole",
                        "role": "MyRDSMonitoringRole"
                      }
                    }
                  ],
                  "address": "module.db.module.db_2.module.db_instance"
                },
                {
                  "resources": [
                    {
                      "address": "module.db.module.db_2.module.db_parameter_group.aws_db_parameter_group.this[0]",
                      "mode": "managed",
                      "type": "aws_db_parameter_group",
                      "name": "this",
                      "index": 0,
                      "provider_name": "aws",
                      "schema_version": 0,
                      "values": {
                        "description": "demodb parameter group",
                        "family": "mysql5.7",
                        "name_prefix": "demodb-",
                        "parameter": [
                          {
                            "apply_method": "immediate",
                            "name": "character_set_client",
                            "value": "utf8"
                          },
                          {
                            "apply_method": "immediate",
                            "name": "character_set_server",
                            "value": "utf8"
                          }
                        ],
                        "tags": {
                          "Environment": "dev",
                          "Name": "demodb",
                          "Owner": "user2"
                        },
                        "tags_all": {
                          "Environment": "dev",
                          "Name": "demodb",
                          "Owner": "user2"
                        }
                      }
                    }
                  ],
                  "address": "module.db.module.db_2.module.db_parameter_group"
                },
                {
                  "resources": [
                    {
                      "address": "module.db.module.db_2.module.db_subnet_group.aws_db_subnet_group.this[0]",
                      "mode": "managed",
                      "type": "aws_db_subnet_group",
                      "name": "this",
                      "index": 0,
                      "provider_name": "aws",
                      "schema_version": 0,
                      "values": {
                        "description": "demodb subnet group",
                        "name_prefix": "demodb-",
                        "subnet_ids": [
                          "subnet-13990a22",
                          "subnet-286f234e",
                          "subnet-33de9512",
                          "subnet-35a6a03b",
                          "subnet-cd2a3680",
                          "subnet-d4d0998b"
                        ],
                        "tags": {
                          "Environment": "dev",
                          "Name": "demodb",
                          "Owner": "user2"
                        },
                        "tags_all": {
                          "Environment": "dev",
                          "Name": "demodb",
                          "Owner": "user2"
                        }
                      }
                    }
                  ],
                  "address": "module.db.module.db_2.module.db_subnet_group"
                }
              ]
            },
            {
              "address": "module.db.module.db_1",
              "child_modules": [
                {
                  "resources": [
                    {
                      "address": "module.db.module.db_1.module.db_parameter_group.aws_db_parameter_group.this[0]",
                      "mode": "managed",
                      "type": "aws_db_parameter_group",
                      "name": "this",
                      "index": 0,
                      "provider_name": "aws",
                      "schema_version": 0,
                      "values": {
                        "arn": "arn:aws:rds:us-east-1:123123123123:pg:demodb-20210923145422498000000002",
                        "description": "demodb parameter group",
                        "family": "mysql5.7",
                        "id": "demodb-20210923145422498000000002",
                        "name": "demodb-20210923145422498000000002",
                        "name_prefix": "demodb-",
                        "parameter": [
                          {
                            "apply_method": "immediate",
                            "name": "character_set_client",
                            "value": "utf8"
                          },
                          {
                            "apply_method": "immediate",
                            "name": "character_set_server",
                            "value": "utf8"
                          }
                        ],
                        "tags": {
                          "Environment": "dev",
                          "Name": "demodb",
                          "Owner": "user2"
                        },
                        "tags_all": {
                          "Environment": "dev",
                          "Name": "demodb",
                          "Owner": "user2"
                        }
                      }
                    }
                  ],
                  "address": "module.db.module.db_1.module.db_parameter_group"
                },
                {
                  "resources": [
                    {
                      "address": "module.db.module.db_1.module.db_option_group.aws_db_option_group.this[0]",
                      "mode": "managed",
                      "type": "aws_db_option_group",
                      "name": "this",
                      "index": 0,
                      "provider_name": "aws",
                      "schema_version": 0,
                      "values": {
                        "arn": "arn:aws:rds:us-east-1:123123123123:og:demodb-20210923145422496400000001",
                        "engine_name": "mysql",
                        "id": "demodb-20210923145422496400000001",
                        "major_engine_version": "5.7",
                        "name": "demodb-20210923145422496400000001",
                        "name_prefix": "demodb-",
                        "option": [],
                        "option_group_description": "demodb option group",
                        "tags": {
                          "Environment": "dev",
                          "Name": "demodb",
                          "Owner": "user2"
                        },
                        "tags_all": {
                          "Environment": "dev",
                          "Name": "demodb",
                          "Owner": "user2"
                        },
                        "timeouts": {
                          "delete": "15m"
                        }
                      }
                    }
                  ],
                  "address": "module.db.module.db_1.module.db_option_group"
                },
                {
                  "resources": [
                    {
                      "address": "module.db.module.db_1.module.db_instance.aws_db_instance.this[0]",
                      "mode": "managed",
                      "type": "aws_db_instance",
                      "name": "this",
                      "index": 0,
                      "provider_name": "aws",
                      "schema_version": 1,
                      "values": {
                        "address": "demodb.abcabcabcabc.us-east-1.rds.amazonaws.com",
                        "allocated_storage": 5,
                        "allow_major_version_upgrade": false,
                        "apply_immediately": false,
                        "arn": "arn:aws:rds:us-east-1:123123123123:db:demodb",
                        "auto_minor_version_upgrade": true,
                        "availability_zone": "us-east-1b",
                        "backup_retention_period": 0,
                        "backup_window": "03:00-06:00",
                        "ca_cert_identifier": "rds-ca-2019",
                        "character_set_name": "",
                        "copy_tags_to_snapshot": false,
                        "customer_owned_ip_enabled": false,
                        "db_subnet_group_name": "demodb-20210923145439911300000004",
                        "delete_automated_backups": true,
                        "deletion_protection": false,
                        "domain": "",
                        "domain_iam_role_name": "",
                        "enabled_cloudwatch_logs_exports": [],
                        "endpoint": "demodb.abcabcabcabc.us-east-1.rds.amazonaws.com:3306",
                        "engine": "mysql",
                        "engine_version": "5.7.19",
                        "engine_version_actual": "5.7.19",
                        "final_snapshot_identifier": null,
                        "hosted_zone_id": "Z2R2ITUGPM61AM",
                        "iam_database_authentication_enabled": true,
                        "id": "demodb",
                        "identifier": "demodb",
                        "identifier_prefix": null,
                        "instance_class": "db.t3.micro",
                        "iops": 0,
                        "kms_key_id": "",
                        "latest_restorable_time": "0001-01-01T00:00:00Z",
                        "license_model": "general-public-license",
                        "maintenance_window": "mon:00:00-mon:03:00",
                        "max_allocated_storage": 0,
                        "monitoring_interval": 30,
                        "monitoring_role_arn": "arn:aws:iam::123123123123:role/MyRDSMonitoringRole",
                        "multi_az": false,
                        "name": "demodb",
                        "nchar_character_set_name": "",
                        "option_group_name": "demodb-20210923145422496400000001",
                        "parameter_group_name": "demodb-20210923145422498000000002",
                        "password": "YourPwdShouldBeLongAndSecure!",
                        "performance_insights_enabled": false,
                        "performance_insights_kms_key_id": "",
                        "performance_insights_retention_period": 0,
                        "port": 3306,
                        "publicly_accessible": false,
                        "replicas": [],
                        "replicate_source_db": "",
                        "resource_id": "db-COXBI6LFW57UBDMCKCW3YDFZWU",
                        "restore_to_point_in_time": [],
                        "s3_import": [],
                        "security_group_names": [],
                        "skip_final_snapshot": true,
                        "snapshot_identifier": null,
                        "status": "available",
                        "storage_encrypted": false,
                        "storage_type": "gp2",
                        "tags": {
                          "Environment": "dev",
                          "Name": "demodb",
                          "Owner": "user2"
                        },
                        "tags_all": {
                          "Environment": "dev",
                          "Name": "demodb",
                          "Owner": "user2"
                        },
                        "timeouts": {
                          "create": "40m",
                          "delete": "40m",
                          "update": "80m"
                        },
                        "timezone": "",
                        "username": "user",
                        "vpc_security_group_ids": []
                      }
                    },
                    {
                      "address": "module.db.module.db_1.module.db_instance.aws_iam_role.enhanced_monitoring[0]",
                      "mode": "managed",
                      "type": "aws_iam_role",
                      "name": "enhanced_monitoring",
                      "index": 0,
                      "provider_name": "aws",
                      "schema_version": 0,
                      "values": {
                        "arn": "arn:aws:iam::123123123123:role/MyRDSMonitoringRole",
                        "assume_role_policy": "{\"Version\":\"2012-10-17\",\"Statement\":[{\"Sid\":\"\",\"Effect\":\"Allow\",\"Principal\":{\"Service\":\"monitoring.rds.amazonaws.com\"},\"Action\":\"sts:AssumeRole\"}]}",
                        "create_date": "2021-09-23T14:54:22Z",
                        "description": "",
                        "force_detach_policies": false,
                        "id": "MyRDSMonitoringRole",
                        "inline_policy": [
                          {
                            "name": "",
                            "policy": ""
                          }
                        ],
                        "managed_policy_arns": [
                          "arn:aws:iam::aws:policy/service-role/AmazonRDSEnhancedMonitoringRole"
                        ],
                        "max_session_duration": 3600,
                        "name": "MyRDSMonitoringRole",
                        "name_prefix": "",
                        "path": "/",
                        "permissions_boundary": null,
                        "tags": {
                          "Environment": "dev",
                          "Name": "MyRDSMonitoringRole",
                          "Owner": "user2"
                        },
                        "tags_all": {
                          "Environment": "dev",
                          "Name": "MyRDSMonitoringRole",
                          "Owner": "user2"
                        },
                        "unique_id": "AROAZNUNTMPESCNF2U272"
                      }
                    },
                    {
                      "address": "module.db.module.db_1.module.db_instance.aws_iam_role_policy_attachment.enhanced_monitoring[0]",
                      "mode": "managed",
                      "type": "aws_iam_role_policy_attachment",
                      "name": "enhanced_monitoring",
                      "index": 0,
                      "provider_name": "aws",
                      "schema_version": 0,
                      "values": {
                        "id": "MyRDSMonitoringRole-20210923145425074400000003",
                        "policy_arn": "arn:aws:iam::aws:policy/service-role/AmazonRDSEnhancedMonitoringRole",
                        "role": "MyRDSMonitoringRole"
                      }
                    }
                  ],
                  "address": "module.db.module.db_1.module.db_instance"
                },
                {
                  "resources": [
                    {
                      "address": "module.db.module.db_1.module.db_subnet_group.aws_db_subnet_group.this[0]",
                      "mode": "managed",
                      "type": "aws_db_subnet_group",
                      "name": "this",
                      "index": 0,
                      "provider_name": "aws",
                      "schema_version": 0,
                      "values": {
                        "arn": "arn:aws:rds:us-east-1:123123123123:subgrp:demodb-20210923145439911300000004",
                        "description": "demodb subnet group",
                        "id": "demodb-20210923145439911300000004",
                        "name": "demodb-20210923145439911300000004",
                        "name_prefix": "demodb-",
                        "subnet_ids": [
                          "subnet-13990a22",
                          "subnet-286f234e",
                          "subnet-33de9512",
                          "subnet-35a6a03b",
                          "subnet-cd2a3680",
                          "subnet-d4d0998b"
                        ],
                        "tags": {
                          "Environment": "dev",
                          "Name": "demodb",
                          "Owner": "user2"
                        },
                        "tags_all": {
                          "Environment": "dev",
                          "Name": "demodb",
                          "Owner": "user2"
                        }
                      }
                    }
                  ],
                  "address": "module.db.module.db_1.module.db_subnet_group"
                }
              ]
            }
          ]
        },
        {
          "resources": [
            {
              "address": "module.instances.aws_default_vpc.default",
              "mode": "managed",
              "type": "aws_default_vpc",
              "name": "default",
              "provider_name": "aws",
              "schema_version": 1,
              "values": {
                "arn": "arn:aws:ec2:us-east-1:123123123123:vpc/vpc-1b20b966",
                "assign_generated_ipv6_cidr_block": false,
                "cidr_block": "172.31.0.0/16",
                "default_network_acl_id": "acl-e9d01395",
                "default_route_table_id": "rtb-c2997eb3",
                "default_security_group_id": "sg-5277e14a",
                "dhcp_options_id": "dopt-811712fb",
                "enable_classiclink": false,
                "enable_classiclink_dns_support": false,
                "enable_dns_hostnames": true,
                "enable_dns_support": true,
                "id": "vpc-1b20b966",
                "instance_tenancy": "default",
                "ipv6_association_id": "",
                "ipv6_cidr_block": "",
                "main_route_table_id": "rtb-c2997eb3",
                "owner_id": "123123123123",
                "tags": {},
                "tags_all": {}
              }
            },
            {
              "address": "module.instances.aws_instance.module_instance_1",
              "mode": "managed",
              "type": "aws_instance",
              "name": "module_instance_1",
              "provider_name": "aws",
              "schema_version": 1,
              "values": {
                "ami": "ami-0ff8a91507f77f867",
                "arn": "arn:aws:ec2:us-east-1:123123123123:instance/i-06d6717d48d1106c1",
                "associate_public_ip_address": true,
                "availability_zone": "us-east-1b",
                "capacity_reservation_specification": [
                  {
                    "capacity_reservation_preference": "open",
                    "capacity_reservation_target": []
                  }
                ],
                "cpu_core_count": 1,
                "cpu_threads_per_core": 2,
                "credit_specification": [
                  {
                    "cpu_credits": "unlimited"
                  }
                ],
                "disable_api_termination": false,
                "ebs_block_device": [],
                "ebs_optimized": false,
                "enclave_options": [
                  {
                    "enabled": false
                  }
                ],
                "ephemeral_block_device": [],
                "get_password_data": false,
                "hibernation": false,
                "host_id": null,
                "iam_instance_profile": "",
                "id": "i-06d6717d48d1106c1",
                "instance_initiated_shutdown_behavior": "stop",
                "instance_state": "running",
                "instance_type": "t3.nano",
                "ipv6_address_count": 0,
                "ipv6_addresses": [],
                "key_name": "",
                "launch_template": [],
                "metadata_options": [
                  {
                    "http_endpoint": "enabled",
                    "http_put_response_hop_limit": 1,
                    "http_tokens": "optional"
                  }
                ],
                "monitoring": false,
                "network_interface": [],
                "outpost_arn": "",
                "password_data": "",
                "placement_group": "",
                "primary_network_interface_id": "eni-0293c4647f0c33a04",
                "private_dns": "ip-172-31-10-20.ec2.internal",
                "private_ip": "172.31.10.20",
                "public_dns": "ec2-14-14-14-14.compute-1.amazonaws.com",
                "public_ip": "14.14.14.14",
                "root_block_device": [
                  {
                    "delete_on_termination": true,
                    "device_name": "/dev/xvda",
                    "encrypted": false,
                    "iops": 100,
                    "kms_key_id": "",
                    "tags": {},
                    "throughput": 0,
                    "volume_id": "vol-0cd00a2007309fd91",
                    "volume_size": 8,
                    "volume_type": "gp2"
                  }
                ],
                "secondary_private_ips": [],
                "security_groups": [
                  "default"
                ],
                "source_dest_check": true,
                "subnet_id": "subnet-286f234e",
                "tags": {},
                "tags_all": {},
                "tenancy": "default",
                "timeouts": null,
                "user_data": null,
                "user_data_base64": null,
                "volume_tags": null,
                "vpc_security_group_ids": [
                  "sg-5277e14a"
                ]
              }
            },
            {
              "address": "module.instances.aws_instance.module_instance_2",
              "mode": "managed",
              "type": "aws_instance",
              "name": "module_instance_2",
              "provider_name": "aws",
              "schema_version": 1,
              "values": {
                "ami": "ami-0ff8a91507f77f867",
                "credit_specification": [],
                "get_password_data": false,
                "hibernation": null,
                "iam_instance_profile": null,
                "instance_type": "t3.nano",
                "launch_template": [],
                "source_dest_check": true,
                "tags": null,
                "timeouts": null,
                "volume_tags": null
              }
            },
            {
              "address": "module.instances.aws_instance.module_instance_counted[0]",
              "mode": "managed",
              "type": "aws_instance",
              "name": "module_instance_counted",
              "index": 0,
              "provider_name": "aws",
              "schema_version": 1,
              "values": {
                "ami": "ami-0ff8a91507f77f867",
                "arn": "arn:aws:ec2:us-east-1:123123123123:instance/i-05ebe1ab83dc32a98",
                "associate_public_ip_address": true,
                "availability_zone": "us-east-1b",
                "capacity_reservation_specification": [
                  {
                    "capacity_reservation_preference": "open",
                    "capacity_reservation_target": []
                  }
                ],
                "cpu_core_count": 1,
                "cpu_threads_per_core": 2,
                "credit_specification": [
                  {
                    "cpu_credits": "unlimited"
                  }
                ],
                "disable_api_termination": false,
                "ebs_block_device": [],
                "ebs_optimized": false,
                "enclave_options": [
                  {
                    "enabled": false
                  }
                ],
                "ephemeral_block_device": [],
                "get_password_data": false,
                "hibernation": false,
                "host_id": null,
                "iam_instance_profile": "",
                "id": "i-05ebe1ab83dc32a98",
                "instance_initiated_shutdown_behavior": "stop",
                "instance_state": "running",
                "instance_type": "t3.nano",
                "ipv6_address_count": 0,
                "ipv6_addresses": [],
                "key_name": "",
                "launch_template": [],
                "metadata_options": [
                  {
                    "http_endpoint": "enabled",
                    "http_put_response_hop_limit": 1,
                    "http_tokens": "optional"
                  }
                ],
                "monitoring": false,
                "network_interface": [],
                "outpost_arn": "",
                "password_data": "",
                "placement_group": "",
                "primary_network_interface_id": "eni-0ad3aebd3ebabd9f3",
                "private_dns": "ip-172-31-2-5.ec2.internal",
                "private_ip": "172.31.2.5",
                "public_dns": "ec2-15-15-15-15.compute-1.amazonaws.com",
                "public_ip": "15.15.15.15",
                "root_block_device": [
                  {
                    "delete_on_termination": true,
                    "device_name": "/dev/xvda",
                    "encrypted": false,
                    "iops": 100,
                    "kms_key_id": "",
                    "tags": {},
                    "throughput": 0,
                    "volume_id": "vol-0426757fc5d44d618",
                    "volume_size": 8,
                    "volume_type": "gp2"
                  }
                ],
                "secondary_private_ips": [],
                "security_groups": [
                  "default"
                ],
                "source_dest_check": true,
                "subnet_id": "subnet-286f234e",
                "tags": {},
                "tags_all": {},
                "tenancy": "default",
                "timeouts": null,
                "user_data": null,
                "user_data_base64": null,
                "volume_tags": null,
                "vpc_security_group_ids": [
                  "sg-5277e14a"
                ]
              }
            },
            {
              "address": "module.instances.aws_instance.module_instance_counted[1]",
              "mode": "managed",
              "type": "aws_instance",
              "name": "module_instance_counted",
              "index": 1,
              "provider_name": "aws",
              "schema_version": 1,
              "values": {
                "ami": "ami-0ff8a91507f77f867",
                "credit_specification": [],
                "get_password_data": false,
                "hibernation": null,
                "iam_instance_profile": null,
                "instance_type": "t3.nano",
                "launch_template": [],
                "source_dest_check": true,
                "tags": null,
                "timeouts": null,
                "volume_tags": null
              }
            },
            {
              "address": "module.instances.aws_instance.module_instance_named[\"test.1\"]",
              "mode": "managed",
              "type": "aws_instance",
              "name": "module_instance_named",
              "index": "test.1",
              "provider_name": "aws",
              "schema_version": 1,
              "values": {
                "ami": "ami-0ff8a91507f77f867",
                "arn": "arn:aws:ec2:us-east-1:123123123123:instance/i-039352e17d8229f4f",
                "associate_public_ip_address": true,
                "availability_zone": "us-east-1b",
                "capacity_reservation_specification": [
                  {
                    "capacity_reservation_preference": "open",
                    "capacity_reservation_target": []
                  }
                ],
                "cpu_core_count": 1,
                "cpu_threads_per_core": 2,
                "credit_specification": [
                  {
                    "cpu_credits": "unlimited"
                  }
                ],
                "disable_api_termination": false,
                "ebs_block_device": [],
                "ebs_optimized": false,
                "enclave_options": [
                  {
                    "enabled": false
                  }
                ],
                "ephemeral_block_device": [],
                "get_password_data": false,
                "hibernation": false,
                "host_id": null,
                "iam_instance_profile": "",
                "id": "i-039352e17d8229f4f",
                "instance_initiated_shutdown_behavior": "stop",
                "instance_state": "running",
                "instance_type": "t3.nano",
                "ipv6_address_count": 0,
                "ipv6_addresses": [],
                "key_name": "",
                "launch_template": [],
                "metadata_options": [
                  {
                    "http_endpoint": "enabled",
                    "http_put_response_hop_limit": 1,
                    "http_tokens": "optional"
                  }
                ],
                "monitoring": false,
                "network_interface": [],
                "outpost_arn": "",
                "password_data": "",
                "placement_group": "",
                "primary_network_interface_id": "eni-03563f7c26f29c9ed",
                "private_dns": "ip-172-31-0-154.ec2.internal",
                "private_ip": "172.31.0.154",
                "public_dns": "ec2-16-16-16-16.compute-1.amazonaws.com",
                "public_ip": "16.16.16.16",
                "root_block_device": [
                  {
                    "delete_on_termination": true,
                    "device_name": "/dev/xvda",
                    "encrypted": false,
                    "iops": 100,
                    "kms_key_id": "",
                    "tags": {},
                    "throughput": 0,
                    "volume_id": "vol-0fa2cffc7c27b8314",
                    "volume_size": 8,
                    "volume_type": "gp2"
                  }
                ],
                "secondary_private_ips": [],
                "security_groups": [
                  "default"
                ],
                "source_dest_check": true,
                "subnet_id": "subnet-286f234e",
                "tags": {
                  "Name": "test.1"
                },
                "tags_all": {
                  "Name": "test.1"
                },
                "tenancy": "default",
                "timeouts": null,
                "user_data": null,
                "user_data_base64": null,
                "volume_tags": null,
                "vpc_security_group_ids": [
                  "sg-5277e14a"
                ]
              }
            },
            {
              "address": "module.instances.aws_instance.module_instance_named[\"test.2\"]",
              "mode": "managed",
              "type": "aws_instance",
              "name": "module_instance_named",
              "index": "test.2",
              "provider_name": "aws",
              "schema_version": 1,
              "values": {
                "ami": "ami-0ff8a91507f77f867",
                "credit_specification": [],
                "get_password_data": false,
                "hibernation": null,
                "iam_instance_profile": null,
                "instance_type": "t3.nano",
                "launch_template": [],
                "source_dest_check": true,
                "tags": {
                  "Name": "test.2"
                },
                "tags_all": {
                  "Name": "test.2"
                },
                "timeouts": null,
                "volume_tags": null
              }
            }
          ],
          "address": "module.instances"
        }
      ]
    }
  },
  "resource_changes": [
    {
      "address": "aws_instance.instance_1",
      "mode": "managed",
      "type": "aws_instance",
      "name": "instance_1",
      "provider_name": "aws",
      "change": {
        "actions": [
          "no-op"
        ],
        "before": {
          "ami": "ami-0ff8a91507f77f867",
          "arn": "arn:aws:ec2:us-east-1:123123123123:instance/i-070917f8380c257e2",
          "associate_public_ip_address": true,
          "availability_zone": "us-east-1b",
          "capacity_reservation_specification": [
            {
              "capacity_reservation_preference": "open",
              "capacity_reservation_target": []
            }
          ],
          "cpu_core_count": 1,
          "cpu_threads_per_core": 2,
          "credit_specification": [
            {
              "cpu_credits": "unlimited"
            }
          ],
          "disable_api_termination": false,
          "ebs_block_device": [],
          "ebs_optimized": false,
          "enclave_options": [
            {
              "enabled": false
            }
          ],
          "ephemeral_block_device": [],
          "get_password_data": false,
          "hibernation": false,
          "host_id": null,
          "iam_instance_profile": "",
          "id": "i-070917f8380c257e2",
          "instance_initiated_shutdown_behavior": "stop",
          "instance_state": "running",
          "instance_type": "t3.nano",
          "ipv6_address_count": 0,
          "ipv6_addresses": [],
          "key_name": "",
          "launch_template": [],
          "metadata_options": [
            {
              "http_endpoint": "enabled",
              "http_put_response_hop_limit": 1,
              "http_tokens": "optional"
            }
          ],
          "monitoring": false,
          "network_interface": [],
          "outpost_arn": "",
          "password_data": "",
          "placement_group": "",
          "primary_network_interface_id": "eni-0cff2c501c8d1c3ea",
          "private_dns": "ip-172-31-14-60.ec2.internal",
          "private_ip": "172.31.14.60",
          "public_dns": "ec2-11-11-11-11.compute-1.amazonaws.com",
          "public_ip": "11.11.11.11",
          "root_block_device": [
            {
              "delete_on_termination": true,
              "device_name": "/dev/xvda",
              "encrypted": false,
              "iops": 100,
              "kms_key_id": "",
              "tags": {},
              "throughput": 0,
              "volume_id": "vol-086ae7746eb0aed8f",
              "volume_size": 8,
              "volume_type": "gp2"
            }
          ],
          "secondary_private_ips": [],
          "security_groups": [
            "default"
          ],
          "source_dest_check": true,
          "subnet_id": "subnet-286f234e",
          "tags": {},
          "tags_all": {},
          "tenancy": "default",
          "timeouts": null,
          "user_data": null,
          "user_data_base64": null,
          "volume_tags": null,
          "vpc_security_group_ids": [
            "sg-5277e14a"
          ]
        },
        "after": {
          "ami": "ami-0ff8a91507f77f867",
          "arn": "arn:aws:ec2:us-east-1:123123123123:instance/i-070917f8380c257e2",
          "associate_public_ip_address": true,
          "availability_zone": "us-east-1b",
          "capacity_reservation_specification": [
            {
              "capacity_reservation_preference": "open",
              "capacity_reservation_target": []
            }
          ],
          "cpu_core_count": 1,
          "cpu_threads_per_core": 2,
          "credit_specification": [
            {
              "cpu_credits": "unlimited"
            }
          ],
          "disable_api_termination": false,
          "ebs_block_device": [],
          "ebs_optimized": false,
          "enclave_options": [
            {
              "enabled": false
            }
          ],
          "ephemeral_block_device": [],
          "get_password_data": false,
          "hibernation": false,
          "host_id": null,
          "iam_instance_profile": "",
          "id": "i-070917f8380c257e2",
          "instance_initiated_shutdown_behavior": "stop",
          "instance_state": "running",
          "instance_type": "t3.nano",
          "ipv6_address_count": 0,
          "ipv6_addresses": [],
          "key_name": "",
          "launch_template": [],
          "metadata_options": [
            {
              "http_endpoint": "enabled",
              "http_put_response_hop_limit": 1,
              "http_tokens": "optional"
            }
          ],
          "monitoring": false,
          "network_interface": [],
          "outpost_arn": "",
          "password_data": "",
          "placement_group": "",
          "primary_network_interface_id": "eni-0cff2c501c8d1c3ea",
          "private_dns": "ip-172-31-14-60.ec2.internal",
          "private_ip": "172.31.14.60",
          "public_dns": "ec2-11-11-11-11.compute-1.amazonaws.com",
          "public_ip": "11.11.11.11",
          "root_block_device": [
            {
              "delete_on_termination": true,
              "device_name": "/dev/xvda",
              "encrypted": false,
              "iops": 100,
              "kms_key_id": "",
              "tags": {},
              "throughput": 0,
              "volume_id": "vol-086ae7746eb0aed8f",
              "volume_size": 8,
              "volume_type": "gp2"
            }
          ],
          "secondary_private_ips": [],
          "security_groups": [
            "default"
          ],
          "source_dest_check": true,
          "subnet_id": "subnet-286f234e",
          "tags": {},
          "tags_all": {},
          "tenancy": "default",
          "timeouts": null,
          "user_data": null,
          "user_data_base64": null,
          "volume_tags": null,
          "vpc_security_group_ids": [
            "sg-5277e14a"
          ]
        },
        "after_unknown": {}
      }
    },
    {
      "address": "aws_instance.instance_2",
      "mode": "managed",
      "type": "aws_instance",
      "name": "instance_2",
      "provider_name": "aws",
      "change": {
        "actions": [
          "create"
        ],
        "before": null,
        "after": {
          "ami": "ami-0ff8a91507f77f867",
          "credit_specification": [],
          "get_password_data": false,
          "hibernation": null,
          "iam_instance_profile": null,
          "instance_type": "t3.nano",
          "launch_template": [],
          "source_dest_check": true,
          "tags": null,
          "timeouts": null,
          "volume_tags": null
        },
        "after_unknown": {
          "arn": true,
          "associate_public_ip_address": true,
          "availability_zone": true,
          "capacity_reservation_specification": true,
          "cpu_core_count": true,
          "cpu_threads_per_core": true,
          "credit_specification": [],
          "disable_api_termination": true,
          "ebs_block_device": true,
          "ebs_optimized": true,
          "enclave_options": true,
          "ephemeral_block_device": true,
          "host_id": true,
          "id": true,
          "instance_initiated_shutdown_behavior": true,
          "instance_state": true,
          "ipv6_address_count": true,
          "ipv6_addresses": true,
          "key_name": true,
          "launch_template": [],
          "metadata_options": true,
          "monitoring": true,
          "network_interface": true,
          "outpost_arn": true,
          "password_data": true,
          "placement_group": true,
          "primary_network_interface_id": true,
          "private_dns": true,
          "private_ip": true,
          "public_dns": true,
          "public_ip": true,
          "root_block_device": true,
          "secondary_private_ips": true,
          "security_groups": true,
          "subnet_id": true,
          "tags_all": true,
          "tenancy": true,
          "user_data": true,
          "user_data_base64": true,
          "vpc_security_group_ids": true
        }
      }
    },
    {
      "address": "aws_instance.instance_counted[0]",
      "mode": "managed",
      "type": "aws_instance",
      "name": "instance_counted",
      "index": 0,
      "provider_name": "aws",
      "change": {
        "actions": [
          "no-op"
        ],
        "before": {
          "ami": "ami-0ff8a91507f77f867",
          "arn": "arn:aws:ec2:us-east-1:123123123123:instance/i-0832889cd515174aa",
          "associate_public_ip_address": true,
          "availability_zone": "us-east-1b",
          "capacity_reservation_specification": [
            {
              "capacity_reservation_preference": "open",
              "capacity_reservation_target": []
            }
          ],
          "cpu_core_count": 1,
          "cpu_threads_per_core": 2,
          "credit_specification": [
            {
              "cpu_credits": "unlimited"
            }
          ],
          "disable_api_termination": false,
          "ebs_block_device": [],
          "ebs_optimized": false,
          "enclave_options": [
            {
              "enabled": false
            }
          ],
          "ephemeral_block_device": [],
          "get_password_data": false,
          "hibernation": false,
          "host_id": null,
          "iam_instance_profile": "",
          "id": "i-0832889cd515174aa",
          "instance_initiated_shutdown_behavior": "stop",
          "instance_state": "running",
          "instance_type": "t3.nano",
          "ipv6_address_count": 0,
          "ipv6_addresses": [],
          "key_name": "",
          "launch_template": [],
          "metadata_options": [
            {
              "http_endpoint": "enabled",
              "http_put_response_hop_limit": 1,
              "http_tokens": "optional"
            }
          ],
          "monitoring": false,
          "network_interface": [],
          "outpost_arn": "",
          "password_data": "",
          "placement_group": "",
          "primary_network_interface_id": "eni-038413261e6a2b8ad",
          "private_dns": "ip-172-31-8-16.ec2.internal",
          "private_ip": "172.31.8.16",
          "public_dns": "ec2-12-12-12-12.compute-1.amazonaws.com",
          "public_ip": "12.12.12.12",
          "root_block_device": [
            {
              "delete_on_termination": true,
              "device_name": "/dev/xvda",
              "encrypted": false,
              "iops": 100,
              "kms_key_id": "",
              "tags": {},
              "throughput": 0,
              "volume_id": "vol-00525d19f927151db",
              "volume_size": 8,
              "volume_type": "gp2"
            }
          ],
          "secondary_private_ips": [],
          "security_groups": [
            "default"
          ],
          "source_dest_check": true,
          "subnet_id": "subnet-286f234e",
          "tags": {},
          "tags_all": {},
          "tenancy": "default",
          "timeouts": null,
          "user_data": null,
          "user_data_base64": null,
          "volume_tags": null,
          "vpc_security_group_ids": [
            "sg-5277e14a"
          ]
        },
        "after": {
          "ami": "ami-0ff8a91507f77f867",
          "arn": "arn:aws:ec2:us-east-1:123123123123:instance/i-0832889cd515174aa",
          "associate_public_ip_address": true,
          "availability_zone": "us-east-1b",
          "capacity_reservation_specification": [
            {
              "capacity_reservation_preference": "open",
              "capacity_reservation_target": []
            }
          ],
          "cpu_core_count": 1,
          "cpu_threads_per_core": 2,
          "credit_specification": [
            {
              "cpu_credits": "unlimited"
            }
          ],
          "disable_api_termination": false,
          "ebs_block_device": [],
          "ebs_optimized": false,
          "enclave_options": [
            {
              "enabled": false
            }
          ],
          "ephemeral_block_device": [],
          "get_password_data": false,
          "hibernation": false,
          "host_id": null,
          "iam_instance_profile": "",
          "id": "i-0832889cd515174aa",
          "instance_initiated_shutdown_behavior": "stop",
          "instance_state": "running",
          "instance_type": "t3.nano",
          "ipv6_address_count": 0,
          "ipv6_addresses": [],
          "key_name": "",
          "launch_template": [],
          "metadata_options": [
            {
              "http_endpoint": "enabled",
              "http_put_response_hop_limit": 1,
              "http_tokens": "optional"
            }
          ],
          "monitoring": false,
          "network_interface": [],
          "outpost_arn": "",
          "password_data": "",
          "placement_group": "",
          "primary_network_interface_id": "eni-038413261e6a2b8ad",
          "private_dns": "ip-172-31-8-16.ec2.internal",
          "private_ip": "172.31.8.16",
          "public_dns": "ec2-12-12-12-12.compute-1.amazonaws.com",
          "public_ip": "12.12.12.12",
          "root_block_device": [
            {
              "delete_on_termination": true,
              "device_name": "/dev/xvda",
              "encrypted": false,
              "iops": 100,
              "kms_key_id": "",
              "tags": {},
              "throughput": 0,
              "volume_id": "vol-00525d19f927151db",
              "volume_size": 8,
              "volume_type": "gp2"
            }
          ],
          "secondary_private_ips": [],
          "security_groups": [
            "default"
          ],
          "source_dest_check": true,
          "subnet_id": "subnet-286f234e",
          "tags": {},
          "tags_all": {},
          "tenancy": "default",
          "timeouts": null,
          "user_data": null,
          "user_data_base64": null,
          "volume_tags": null,
          "vpc_security_group_ids": [
            "sg-5277e14a"
          ]
        },
        "after_unknown": {}
      }
    },
    {
      "address": "aws_instance.instance_counted[1]",
      "mode": "managed",
      "type": "aws_instance",
      "name": "instance_counted",
      "index": 1,
      "provider_name": "aws",
      "change": {
        "actions": [
          "create"
        ],
        "before": null,
        "after": {
          "ami": "ami-0ff8a91507f77f867",
          "credit_specification": [],
          "get_password_data": false,
          "hibernation": null,
          "iam_instance_profile": null,
          "instance_type": "t3.nano",
          "launch_template": [],
          "source_dest_check": true,
          "tags": null,
          "timeouts": null,
          "volume_tags": null
        },
        "after_unknown": {
          "arn": true,
          "associate_public_ip_address": true,
          "availability_zone": true,
          "capacity_reservation_specification": true,
          "cpu_core_count": true,
          "cpu_threads_per_core": true,
          "credit_specification": [],
          "disable_api_termination": true,
          "ebs_block_device": true,
          "ebs_optimized": true,
          "enclave_options": true,
          "ephemeral_block_device": true,
          "host_id": true,
          "id": true,
          "instance_initiated_shutdown_behavior": true,
          "instance_state": true,
          "ipv6_address_count": true,
          "ipv6_addresses": true,
          "key_name": true,
          "launch_template": [],
          "metadata_options": true,
          "monitoring": true,
          "network_interface": true,
          "outpost_arn": true,
          "password_data": true,
          "placement_group": true,
          "primary_network_interface_id": true,
          "private_dns": true,
          "private_ip": true,
          "public_dns": true,
          "public_ip": true,
          "root_block_device": true,
          "secondary_private_ips": true,
          "security_groups": true,
          "subnet_id": true,
          "tags_all": true,
          "tenancy": true,
          "user_data": true,
          "user_data_base64": true,
          "vpc_security_group_ids": true
        }
      }
    },
    {
      "address": "aws_instance.instance_named[\"test.1\"]",
      "mode": "managed",
      "type": "aws_instance",
      "name": "instance_named",
      "index": "test.1",
      "provider_name": "aws",
      "change": {
        "actions": [
          "no-op"
        ],
        "before": {
          "ami": "ami-0ff8a91507f77f867",
          "arn": "arn:aws:ec2:us-east-1:123123123123:instance/i-0e27088fc1522ef74",
          "associate_public_ip_address": true,
          "availability_zone": "us-east-1b",
          "capacity_reservation_specification": [
            {
              "capacity_reservation_preference": "open",
              "capacity_reservation_target": []
            }
          ],
          "cpu_core_count": 1,
          "cpu_threads_per_core": 2,
          "credit_specification": [
            {
              "cpu_credits": "unlimited"
            }
          ],
          "disable_api_termination": false,
          "ebs_block_device": [],
          "ebs_optimized": false,
          "enclave_options": [
            {
              "enabled": false
            }
          ],
          "ephemeral_block_device": [],
          "get_password_data": false,
          "hibernation": false,
          "host_id": null,
          "iam_instance_profile": "",
          "id": "i-0e27088fc1522ef74",
          "instance_initiated_shutdown_behavior": "stop",
          "instance_state": "running",
          "instance_type": "t3.nano",
          "ipv6_address_count": 0,
          "ipv6_addresses": [],
          "key_name": "",
          "launch_template": [],
          "metadata_options": [
            {
              "http_endpoint": "enabled",
              "http_put_response_hop_limit": 1,
              "http_tokens": "optional"
            }
          ],
          "monitoring": false,
          "network_interface": [],
          "outpost_arn": "",
          "password_data": "",
          "placement_group": "",
          "primary_network_interface_id": "eni-0abb643c34f7922de",
          "private_dns": "ip-172-31-8-255.ec2.internal",
          "private_ip": "172.31.8.255",
          "public_dns": "ec2-13-13-13-13.compute-1.amazonaws.com",
          "public_ip": "13.13.13.13",
          "root_block_device": [
            {
              "delete_on_termination": true,
              "device_name": "/dev/xvda",
              "encrypted": false,
              "iops": 100,
              "kms_key_id": "",
              "tags": {},
              "throughput": 0,
              "volume_id": "vol-0385a4f84070534e9",
              "volume_size": 8,
              "volume_type": "gp2"
            }
          ],
          "secondary_private_ips": [],
          "security_groups": [
            "default"
          ],
          "source_dest_check": true,
          "subnet_id": "subnet-286f234e",
          "tags": {
            "Name": "test.1"
          },
          "tags_all": {
            "Name": "test.1"
          },
          "tenancy": "default",
          "timeouts": null,
          "user_data": null,
          "user_data_base64": null,
          "volume_tags": null,
          "vpc_security_group_ids": [
            "sg-5277e14a"
          ]
        },
        "after": {
          "ami": "ami-0ff8a91507f77f867",
          "arn": "arn:aws:ec2:us-east-1:123123123123:instance/i-0e27088fc1522ef74",
          "associate_public_ip_address": true,
          "availability_zone": "us-east-1b",
          "capacity_reservation_specification": [
            {
              "capacity_reservation_preference": "open",
              "capacity_reservation_target": []
            }
          ],
          "cpu_core_count": 1,
          "cpu_threads_per_core": 2,
          "credit_specification": [
            {
              "cpu_credits": "unlimited"
            }
          ],
          "disable_api_termination": false,
          "ebs_block_device": [],
          "ebs_optimized": false,
          "enclave_options": [
            {
              "enabled": false
            }
          ],
          "ephemeral_block_device": [],
          "get_password_data": false,
          "hibernation": false,
          "host_id": null,
          "iam_instance_profile": "",
          "id": "i-0e27088fc1522ef74",
          "instance_initiated_shutdown_behavior": "stop",
          "instance_state": "running",
          "instance_type": "t3.nano",
          "ipv6_address_count": 0,
          "ipv6_addresses": [],
          "key_name": "",
          "launch_template": [],
          "metadata_options": [
            {
              "http_endpoint": "enabled",
              "http_put_response_hop_limit": 1,
              "http_tokens": "optional"
            }
          ],
          "monitoring": false,
          "network_interface": [],
          "outpost_arn": "",
          "password_data": "",
          "placement_group": "",
          "primary_network_interface_id": "eni-0abb643c34f7922de",
          "private_dns": "ip-172-31-8-255.ec2.internal",
          "private_ip": "172.31.8.255",
          "public_dns": "ec2-13-13-13-13.compute-1.amazonaws.com",
          "public_ip": "13.13.13.13",
          "root_block_device": [
            {
              "delete_on_termination": true,
              "device_name": "/dev/xvda",
              "encrypted": false,
              "iops": 100,
              "kms_key_id": "",
              "tags": {},
              "throughput": 0,
              "volume_id": "vol-0385a4f84070534e9",
              "volume_size": 8,
              "volume_type": "gp2"
            }
          ],
          "secondary_private_ips": [],
          "security_groups": [
            "default"
          ],
          "source_dest_check": true,
          "subnet_id": "subnet-286f234e",
          "tags": {
            "Name": "test.1"
          },
          "tags_all": {
            "Name": "test.1"
          },
          "tenancy": "default",
          "timeouts": null,
          "user_data": null,
          "user_data_base64": null,
          "volume_tags": null,
          "vpc_security_group_ids": [
            "sg-5277e14a"
          ]
        },
        "after_unknown": {}
      }
    },
    {
      "address": "aws_instance.instance_named[\"test.2\"]",
      "mode": "managed",
      "type": "aws_instance",
      "name": "instance_named",
      "index": "test.2",
      "provider_name": "aws",
      "change": {
        "actions": [
          "create"
        ],
        "before": null,
        "after": {
          "ami": "ami-0ff8a91507f77f867",
          "credit_specification": [],
          "get_password_data": false,
          "hibernation": null,
          "iam_instance_profile": null,
          "instance_type": "t3.nano",
          "launch_template": [],
          "source_dest_check": true,
          "tags": {
            "Name": "test.2"
          },
          "tags_all": {
            "Name": "test.2"
          },
          "timeouts": null,
          "volume_tags": null
        },
        "after_unknown": {
          "arn": true,
          "associate_public_ip_address": true,
          "availability_zone": true,
          "capacity_reservation_specification": true,
          "cpu_core_count": true,
          "cpu_threads_per_core": true,
          "credit_specification": [],
          "disable_api_termination": true,
          "ebs_block_device": true,
          "ebs_optimized": true,
          "enclave_options": true,
          "ephemeral_block_device": true,
          "host_id": true,
          "id": true,
          "instance_initiated_shutdown_behavior": true,
          "instance_state": true,
          "ipv6_address_count": true,
          "ipv6_addresses": true,
          "key_name": true,
          "launch_template": [],
          "metadata_options": true,
          "monitoring": true,
          "network_interface": true,
          "outpost_arn": true,
          "password_data": true,
          "placement_group": true,
          "primary_network_interface_id": true,
          "private_dns": true,
          "private_ip": true,
          "public_dns": true,
          "public_ip": true,
          "root_block_device": true,
          "secondary_private_ips": true,
          "security_groups": true,
          "subnet_id": true,
          "tags": {},
          "tags_all": {},
          "tenancy": true,
          "user_data": true,
          "user_data_base64": true,
          "vpc_security_group_ids": true
        }
      }
    },
    {
      "address": "module.db.aws_default_vpc.default",
      "module_address": "module.db",
      "mode": "managed",
      "type": "aws_default_vpc",
      "name": "default",
      "provider_name": "aws",
      "change": {
        "actions": [
          "no-op"
        ],
        "before": {
          "arn": "arn:aws:ec2:us-east-1:123123123123:vpc/vpc-1b20b966",
          "assign_generated_ipv6_cidr_block": false,
          "cidr_block": "172.31.0.0/16",
          "default_network_acl_id": "acl-e9d01395",
          "default_route_table_id": "rtb-c2997eb3",
          "default_security_group_id": "sg-5277e14a",
          "dhcp_options_id": "dopt-811712fb",
          "enable_classiclink": false,
          "enable_classiclink_dns_support": false,
          "enable_dns_hostnames": true,
          "enable_dns_support": true,
          "id": "vpc-1b20b966",
          "instance_tenancy": "default",
          "ipv6_association_id": "",
          "ipv6_cidr_block": "",
          "main_route_table_id": "rtb-c2997eb3",
          "owner_id": "123123123123",
          "tags": {},
          "tags_all": {}
        },
        "after": {
          "arn": "arn:aws:ec2:us-east-1:123123123123:vpc/vpc-1b20b966",
          "assign_generated_ipv6_cidr_block": false,
          "cidr_block": "172.31.0.0/16",
          "default_network_acl_id": "acl-e9d01395",
          "default_route_table_id": "rtb-c2997eb3",
          "default_security_group_id": "sg-5277e14a",
          "dhcp_options_id": "dopt-811712fb",
          "enable_classiclink": false,
          "enable_classiclink_dns_support": false,
          "enable_dns_hostnames": true,
          "enable_dns_support": true,
          "id": "vpc-1b20b966",
          "instance_tenancy": "default",
          "ipv6_association_id": "",
          "ipv6_cidr_block": "",
          "main_route_table_id": "rtb-c2997eb3",
          "owner_id": "123123123123",
          "tags": {},
          "tags_all": {}
        },
        "after_unknown": {}
      }
    },
    {
      "address": "module.db.module.db_1.module.db_instance.aws_db_instance.this[0]",
      "module_address": "module.db.module.db_1.module.db_instance",
      "mode": "managed",
      "type": "aws_db_instance",
      "name": "this",
      "index": 0,
      "provider_name": "aws",
      "change": {
        "actions": [
          "update"
        ],
        "before": {
          "address": "demodb.abcabcabcabc.us-east-1.rds.amazonaws.com",
          "allocated_storage": 5,
          "allow_major_version_upgrade": false,
          "apply_immediately": false,
          "arn": "arn:aws:rds:us-east-1:123123123123:db:demodb",
          "auto_minor_version_upgrade": true,
          "availability_zone": "us-east-1b",
          "backup_retention_period": 0,
          "backup_window": "03:00-06:00",
          "ca_cert_identifier": "rds-ca-2019",
          "character_set_name": "",
          "copy_tags_to_snapshot": false,
          "customer_owned_ip_enabled": false,
          "db_subnet_group_name": "demodb-20210923145439911300000004",
          "delete_automated_backups": true,
          "deletion_protection": false,
          "domain": "",
          "domain_iam_role_name": "",
          "enabled_cloudwatch_logs_exports": [],
          "endpoint": "demodb.abcabcabcabc.us-east-1.rds.amazonaws.com:3306",
          "engine": "mysql",
          "engine_version": "5.7.19",
          "engine_version_actual": "5.7.19",
          "final_snapshot_identifier": null,
          "hosted_zone_id": "Z2R2ITUGPM61AM",
          "iam_database_authentication_enabled": true,
          "id": "demodb",
          "identifier": "demodb",
          "identifier_prefix": null,
          "instance_class": "db.t3.micro",
          "iops": 0,
          "kms_key_id": "",
          "latest_restorable_time": "0001-01-01T00:00:00Z",
          "license_model": "general-public-license",
          "maintenance_window": "mon:00:00-mon:03:00",
          "max_allocated_storage": 0,
          "monitoring_interval": 30,
          "monitoring_role_arn": "arn:aws:iam::123123123123:role/MyRDSMonitoringRole",
          "multi_az": false,
          "name": "demodb",
          "nchar_character_set_name": "",
          "option_group_name": "demodb-20210923145422496400000001",
          "parameter_group_name": "demodb-20210923145422498000000002",
          "password": "YourPwdShouldBeLongAndSecure!",
          "performance_insights_enabled": false,
          "performance_insights_kms_key_id": "",
          "performance_insights_retention_period": 0,
          "port": 3306,
          "publicly_accessible": false,
          "replicas": [],
          "replicate_source_db": "",
          "resource_id": "db-COXBI6LFW57UBDMCKCW3YDFZWU",
          "restore_to_point_in_time": [],
          "s3_import": [],
          "security_group_names": [],
          "skip_final_snapshot": true,
          "snapshot_identifier": null,
          "status": "available",
          "storage_encrypted": false,
          "storage_type": "gp2",
          "tags": {
            "Environment": "dev",
            "Name": "demodb",
            "Owner": "user2"
          },
          "tags_all": {
            "Environment": "dev",
            "Name": "demodb",
            "Owner": "user2"
          },
          "timeouts": {
            "create": "40m",
            "delete": "40m",
            "update": "80m"
          },
          "timezone": "",
          "username": "user",
          "vpc_security_group_ids": [
            "sg-5277e14a"
          ]
        },
        "after": {
          "address": "demodb.abcabcabcabc.us-east-1.rds.amazonaws.com",
          "allocated_storage": 5,
          "allow_major_version_upgrade": false,
          "apply_immediately": false,
          "arn": "arn:aws:rds:us-east-1:123123123123:db:demodb",
          "auto_minor_version_upgrade": true,
          "availability_zone": "us-east-1b",
          "backup_retention_period": 0,
          "backup_window": "03:00-06:00",
          "ca_cert_identifier": "rds-ca-2019",
          "character_set_name": "",
          "copy_tags_to_snapshot": false,
          "customer_owned_ip_enabled": false,
          "db_subnet_group_name": "demodb-20210923145439911300000004",
          "delete_automated_backups": true,
          "deletion_protection": false,
          "domain": "",
          "domain_iam_role_name": "",
          "enabled_cloudwatch_logs_exports": [],
          "endpoint": "demodb.abcabcabcabc.us-east-1.rds.amazonaws.com:3306",
          "engine": "mysql",
          "engine_version": "5.7.19",
          "engine_version_actual": "5.7.19",
          "final_snapshot_identifier": null,
          "hosted_zone_id": "Z2R2ITUGPM61AM",
          "iam_database_authentication_enabled": true,
          "id": "demodb",
          "identifier": "demodb",
          "identifier_prefix": null,
          "instance_class": "db.t3.micro",
          "iops": 0,
          "kms_key_id": "",
          "latest_restorable_time": "0001-01-01T00:00:00Z",
          "license_model": "general-public-license",
          "maintenance_window": "mon:00:00-mon:03:00",
          "max_allocated_storage": 0,
          "monitoring_interval": 30,
          "monitoring_role_arn": "arn:aws:iam::123123123123:role/MyRDSMonitoringRole",
          "multi_az": false,
          "name": "demodb",
          "nchar_character_set_name": "",
          "option_group_name": "demodb-20210923145422496400000001",
          "parameter_group_name": "demodb-20210923145422498000000002",
          "password": "YourPwdShouldBeLongAndSecure!",
          "performance_insights_enabled": false,
          "performance_insights_kms_key_id": "",
          "performance_insights_retention_period": 0,
          "port": 3306,
          "publicly_accessible": false,
          "replicas": [],
          "replicate_source_db": "",
          "resource_id": "db-COXBI6LFW57UBDMCKCW3YDFZWU",
          "restore_to_point_in_time": [],
          "s3_import": [],
          "security_group_names": [],
          "skip_final_snapshot": true,
          "snapshot_identifier": null,
          "status": "available",
          "storage_encrypted": false,
          "storage_type": "gp2",
          "tags": {
            "Environment": "dev",
            "Name": "demodb",
            "Owner": "user2"
          },
          "tags_all": {
            "Environment": "dev",
            "Name": "demodb",
            "Owner": "user2"
          },
          "timeouts": {
            "create": "40m",
            "delete": "40m",
            "update": "80m"
          },
          "timezone": "",
          "username": "user",
          "vpc_security_group_ids": []
        },
        "after_unknown": {}
      }
    },
    {
      "address": "module.db.module.db_1.module.db_instance.aws_iam_role.enhanced_monitoring[0]",
      "module_address": "module.db.module.db_1.module.db_instance",
      "mode": "managed",
      "type": "aws_iam_role",
      "name": "enhanced_monitoring",
      "index": 0,
      "provider_name": "aws",
      "change": {
        "actions": [
          "no-op"
        ],
        "before": {
          "arn": "arn:aws:iam::123123123123:role/MyRDSMonitoringRole",
          "assume_role_policy": "{\"Version\":\"2012-10-17\",\"Statement\":[{\"Sid\":\"\",\"Effect\":\"Allow\",\"Principal\":{\"Service\":\"monitoring.rds.amazonaws.com\"},\"Action\":\"sts:AssumeRole\"}]}",
          "create_date": "2021-09-23T14:54:22Z",
          "description": "",
          "force_detach_policies": false,
          "id": "MyRDSMonitoringRole",
          "inline_policy": [
            {
              "name": "",
              "policy": ""
            }
          ],
          "managed_policy_arns": [
            "arn:aws:iam::aws:policy/service-role/AmazonRDSEnhancedMonitoringRole"
          ],
          "max_session_duration": 3600,
          "name": "MyRDSMonitoringRole",
          "name_prefix": "",
          "path": "/",
          "permissions_boundary": null,
          "tags": {
            "Environment": "dev",
            "Name": "MyRDSMonitoringRole",
            "Owner": "user2"
          },
          "tags_all": {
            "Environment": "dev",
            "Name": "MyRDSMonitoringRole",
            "Owner": "user2"
          },
          "unique_id": "AROAZNUNTMPESCNF2U272"
        },
        "after": {
          "arn": "arn:aws:iam::123123123123:role/MyRDSMonitoringRole",
          "assume_role_policy": "{\"Version\":\"2012-10-17\",\"Statement\":[{\"Sid\":\"\",\"Effect\":\"Allow\",\"Principal\":{\"Service\":\"monitoring.rds.amazonaws.com\"},\"Action\":\"sts:AssumeRole\"}]}",
          "create_date": "2021-09-23T14:54:22Z",
          "description": "",
          "force_detach_policies": false,
          "id": "MyRDSMonitoringRole",
          "inline_policy": [
            {
              "name": "",
              "policy": ""
            }
          ],
          "managed_policy_arns": [
            "arn:aws:iam::aws:policy/service-role/AmazonRDSEnhancedMonitoringRole"
          ],
          "max_session_duration": 3600,
          "name": "MyRDSMonitoringRole",
          "name_prefix": "",
          "path": "/",
          "permissions_boundary": null,
          "tags": {
            "Environment": "dev",
            "Name": "MyRDSMonitoringRole",
            "Owner": "user2"
          },
          "tags_all": {
            "Environment": "dev",
            "Name": "MyRDSMonitoringRole",
            "Owner": "user2"
          },
          "unique_id": "AROAZNUNTMPESCNF2U272"
        },
        "after_unknown": {}
      }
    },
    {
      "address": "module.db.module.db_1.module.db_instance.aws_iam_role_policy_attachment.enhanced_monitoring[0]",
      "module_address": "module.db.module.db_1.module.db_instance",
      "mode": "managed",
      "type": "aws_iam_role_policy_attachment",
      "name": "enhanced_monitoring",
      "index": 0,
      "provider_name": "aws",
      "change": {
        "actions": [
          "no-op"
        ],
        "before": {
          "id": "MyRDSMonitoringRole-20210923145425074400000003",
          "policy_arn": "arn:aws:iam::aws:policy/service-role/AmazonRDSEnhancedMonitoringRole",
          "role": "MyRDSMonitoringRole"
        },
        "after": {
          "id": "MyRDSMonitoringRole-20210923145425074400000003",
          "policy_arn": "arn:aws:iam::aws:policy/service-role/AmazonRDSEnhancedMonitoringRole",
          "role": "MyRDSMonitoringRole"
        },
        "after_unknown": {}
      }
    },
    {
      "address": "module.db.module.db_1.module.db_option_group.aws_db_option_group.this[0]",
      "module_address": "module.db.module.db_1.module.db_option_group",
      "mode": "managed",
      "type": "aws_db_option_group",
      "name": "this",
      "index": 0,
      "provider_name": "aws",
      "change": {
        "actions": [
          "no-op"
        ],
        "before": {
          "arn": "arn:aws:rds:us-east-1:123123123123:og:demodb-20210923145422496400000001",
          "engine_name": "mysql",
          "id": "demodb-20210923145422496400000001",
          "major_engine_version": "5.7",
          "name": "demodb-20210923145422496400000001",
          "name_prefix": "demodb-",
          "option": [],
          "option_group_description": "demodb option group",
          "tags": {
            "Environment": "dev",
            "Name": "demodb",
            "Owner": "user2"
          },
          "tags_all": {
            "Environment": "dev",
            "Name": "demodb",
            "Owner": "user2"
          },
          "timeouts": {
            "delete": "15m"
          }
        },
        "after": {
          "arn": "arn:aws:rds:us-east-1:123123123123:og:demodb-20210923145422496400000001",
          "engine_name": "mysql",
          "id": "demodb-20210923145422496400000001",
          "major_engine_version": "5.7",
          "name": "demodb-20210923145422496400000001",
          "name_prefix": "demodb-",
          "option": [],
          "option_group_description": "demodb option group",
          "tags": {
            "Environment": "dev",
            "Name": "demodb",
            "Owner": "user2"
          },
          "tags_all": {
            "Environment": "dev",
            "Name": "demodb",
            "Owner": "user2"
          },
          "timeouts": {
            "delete": "15m"
          }
        },
        "after_unknown": {}
      }
    },
    {
      "address": "module.db.module.db_1.module.db_parameter_group.aws_db_parameter_group.this[0]",
      "module_address": "module.db.module.db_1.module.db_parameter_group",
      "mode": "managed",
      "type": "aws_db_parameter_group",
      "name": "this",
      "index": 0,
      "provider_name": "aws",
      "change": {
        "actions": [
          "no-op"
        ],
        "before": {
          "arn": "arn:aws:rds:us-east-1:123123123123:pg:demodb-20210923145422498000000002",
          "description": "demodb parameter group",
          "family": "mysql5.7",
          "id": "demodb-20210923145422498000000002",
          "name": "demodb-20210923145422498000000002",
          "name_prefix": "demodb-",
          "parameter": [
            {
              "apply_method": "immediate",
              "name": "character_set_client",
              "value": "utf8"
            },
            {
              "apply_method": "immediate",
              "name": "character_set_server",
              "value": "utf8"
            }
          ],
          "tags": {
            "Environment": "dev",
            "Name": "demodb",
            "Owner": "user2"
          },
          "tags_all": {
            "Environment": "dev",
            "Name": "demodb",
            "Owner": "user2"
          }
        },
        "after": {
          "arn": "arn:aws:rds:us-east-1:123123123123:pg:demodb-20210923145422498000000002",
          "description": "demodb parameter group",
          "family": "mysql5.7",
          "id": "demodb-20210923145422498000000002",
          "name": "demodb-20210923145422498000000002",
          "name_prefix": "demodb-",
          "parameter": [
            {
              "apply_method": "immediate",
              "name": "character_set_client",
              "value": "utf8"
            },
            {
              "apply_method": "immediate",
              "name": "character_set_server",
              "value": "utf8"
            }
          ],
          "tags": {
            "Environment": "dev",
            "Name": "demodb",
            "Owner": "user2"
          },
          "tags_all": {
            "Environment": "dev",
            "Name": "demodb",
            "Owner": "user2"
          }
        },
        "after_unknown": {}
      }
    },
    {
      "address": "module.db.module.db_1.module.db_subnet_group.aws_db_subnet_group.this[0]",
      "module_address": "module.db.module.db_1.module.db_subnet_group",
      "mode": "managed",
      "type": "aws_db_subnet_group",
      "name": "this",
      "index": 0,
      "provider_name": "aws",
      "change": {
        "actions": [
          "no-op"
        ],
        "before": {
          "arn": "arn:aws:rds:us-east-1:123123123123:subgrp:demodb-20210923145439911300000004",
          "description": "demodb subnet group",
          "id": "demodb-20210923145439911300000004",
          "name": "demodb-20210923145439911300000004",
          "name_prefix": "demodb-",
          "subnet_ids": [
            "subnet-13990a22",
            "subnet-286f234e",
            "subnet-33de9512",
            "subnet-35a6a03b",
            "subnet-cd2a3680",
            "subnet-d4d0998b"
          ],
          "tags": {
            "Environment": "dev",
            "Name": "demodb",
            "Owner": "user2"
          },
          "tags_all": {
            "Environment": "dev",
            "Name": "demodb",
            "Owner": "user2"
          }
        },
        "after": {
          "arn": "arn:aws:rds:us-east-1:123123123123:subgrp:demodb-20210923145439911300000004",
          "description": "demodb subnet group",
          "id": "demodb-20210923145439911300000004",
          "name": "demodb-20210923145439911300000004",
          "name_prefix": "demodb-",
          "subnet_ids": [
            "subnet-13990a22",
            "subnet-286f234e",
            "subnet-33de9512",
            "subnet-35a6a03b",
            "subnet-cd2a3680",
            "subnet-d4d0998b"
          ],
          "tags": {
            "Environment": "dev",
            "Name": "demodb",
            "Owner": "user2"
          },
          "tags_all": {
            "Environment": "dev",
            "Name": "demodb",
            "Owner": "user2"
          }
        },
        "after_unknown": {}
      }
    },
    {
      "address": "module.db.module.db_2.module.db_instance.aws_db_instance.this[0]",
      "module_address": "module.db.module.db_2.module.db_instance",
      "mode": "managed",
      "type": "aws_db_instance",
      "name": "this",
      "index": 0,
      "provider_name": "aws",
      "change": {
        "actions": [
          "create"
        ],
        "before": null,
        "after": {
          "allocated_storage": 5,
          "allow_major_version_upgrade": false,
          "apply_immediately": false,
          "auto_minor_version_upgrade": true,
          "backup_window": "03:00-06:00",
          "copy_tags_to_snapshot": false,
          "customer_owned_ip_enabled": null,
          "delete_automated_backups": true,
          "deletion_protection": false,
          "domain": null,
          "domain_iam_role_name": null,
          "enabled_cloudwatch_logs_exports": null,
          "engine": "mysql",
          "engine_version": "5.7.19",
          "final_snapshot_identifier": null,
          "iam_database_authentication_enabled": true,
          "identifier": "demodb",
          "instance_class": "db.t3.micro",
          "iops": 0,
          "maintenance_window": "mon:00:00-mon:03:00",
          "max_allocated_storage": 0,
          "monitoring_interval": 30,
          "multi_az": false,
          "name": "demodb",
          "password": "YourPwdShouldBeLongAndSecure!",
          "performance_insights_enabled": false,
          "port": 3306,
          "publicly_accessible": false,
          "replicate_source_db": null,
          "restore_to_point_in_time": [],
          "s3_import": [],
          "security_group_names": null,
          "skip_final_snapshot": true,
          "storage_encrypted": false,
          "tags": {
            "Environment": "dev",
            "Name": "demodb",
            "Owner": "user2"
          },
          "tags_all": {
            "Environment": "dev",
            "Name": "demodb",
            "Owner": "user2"
          },
          "timeouts": {
            "create": "40m",
            "delete": "40m",
            "update": "80m"
          },
          "username": "user"
        },
        "after_unknown": {
          "address": true,
          "arn": true,
          "availability_zone": true,
          "backup_retention_period": true,
          "ca_cert_identifier": true,
          "character_set_name": true,
          "db_subnet_group_name": true,
          "endpoint": true,
          "engine_version_actual": true,
          "hosted_zone_id": true,
          "id": true,
          "identifier_prefix": true,
          "kms_key_id": true,
          "latest_restorable_time": true,
          "license_model": true,
          "monitoring_role_arn": true,
          "nchar_character_set_name": true,
          "option_group_name": true,
          "parameter_group_name": true,
          "performance_insights_kms_key_id": true,
          "performance_insights_retention_period": true,
          "replicas": true,
          "resource_id": true,
          "restore_to_point_in_time": [],
          "s3_import": [],
          "snapshot_identifier": true,
          "status": true,
          "storage_type": true,
          "tags": {},
          "tags_all": {},
          "timeouts": {},
          "timezone": true,
          "vpc_security_group_ids": true
        }
      }
    },
    {
      "address": "module.db.module.db_2.module.db_instance.aws_iam_role.enhanced_monitoring[0]",
      "module_address": "module.db.module.db_2.module.db_instance",
      "mode": "managed",
      "type": "aws_iam_role",
      "name": "enhanced_monitoring",
      "index": 0,
      "provider_name": "aws",
      "change": {
        "actions": [
          "create"
        ],
        "before": null,
        "after": {
          "assume_role_policy": "{\n  \"Version\": \"2012-10-17\",\n  \"Statement\": [\n    {\n      \"Sid\": \"\",\n      \"Effect\": \"Allow\",\n      \"Action\": \"sts:AssumeRole\",\n      \"Principal\": {\n        \"Service\": \"monitoring.rds.amazonaws.com\"\n      }\n    }\n  ]\n}",
          "description": null,
          "force_detach_policies": false,
          "max_session_duration": 3600,
          "name": "MyRDSMonitoringRole",
          "path": "/",
          "permissions_boundary": null,
          "tags": {
            "Environment": "dev",
            "Name": "MyRDSMonitoringRole",
            "Owner": "user2"
          },
          "tags_all": {
            "Environment": "dev",
            "Name": "MyRDSMonitoringRole",
            "Owner": "user2"
          }
        },
        "after_unknown": {
          "arn": true,
          "create_date": true,
          "id": true,
          "inline_policy": true,
          "managed_policy_arns": true,
          "name_prefix": true,
          "tags": {},
          "tags_all": {},
          "unique_id": true
        }
      }
    },
    {
      "address": "module.db.module.db_2.module.db_instance.aws_iam_role_policy_attachment.enhanced_monitoring[0]",
      "module_address": "module.db.module.db_2.module.db_instance",
      "mode": "managed",
      "type": "aws_iam_role_policy_attachment",
      "name": "enhanced_monitoring",
      "index": 0,
      "provider_name": "aws",
      "change": {
        "actions": [
          "create"
        ],
        "before": null,
        "after": {
          "policy_arn": "arn:aws:iam::aws:policy/service-role/AmazonRDSEnhancedMonitoringRole",
          "role": "MyRDSMonitoringRole"
        },
        "after_unknown": {
          "id": true
        }
      }
    },
    {
      "address": "module.db.module.db_2.module.db_option_group.aws_db_option_group.this[0]",
      "module_address": "module.db.module.db_2.module.db_option_group",
      "mode": "managed",
      "type": "aws_db_option_group",
      "name": "this",
      "index": 0,
      "provider_name": "aws",
      "change": {
        "actions": [
          "create"
        ],
        "before": null,
        "after": {
          "engine_name": "mysql",
          "major_engine_version": "5.7",
          "name_prefix": "demodb-",
          "option": [],
          "option_group_description": "demodb option group",
          "tags": {
            "Environment": "dev",
            "Name": "demodb",
            "Owner": "user2"
          },
          "tags_all": {
            "Environment": "dev",
            "Name": "demodb",
            "Owner": "user2"
          },
          "timeouts": {
            "delete": "15m"
          }
        },
        "after_unknown": {
          "arn": true,
          "id": true,
          "name": true,
          "option": [],
          "tags": {},
          "tags_all": {},
          "timeouts": {}
        }
      }
    },
    {
      "address": "module.db.module.db_2.module.db_parameter_group.aws_db_parameter_group.this[0]",
      "module_address": "module.db.module.db_2.module.db_parameter_group",
      "mode": "managed",
      "type": "aws_db_parameter_group",
      "name": "this",
      "index": 0,
      "provider_name": "aws",
      "change": {
        "actions": [
          "create"
        ],
        "before": null,
        "after": {
          "description": "demodb parameter group",
          "family": "mysql5.7",
          "name_prefix": "demodb-",
          "parameter": [
            {
              "apply_method": "immediate",
              "name": "character_set_client",
              "value": "utf8"
            },
            {
              "apply_method": "immediate",
              "name": "character_set_server",
              "value": "utf8"
            }
          ],
          "tags": {
            "Environment": "dev",
            "Name": "demodb",
            "Owner": "user2"
          },
          "tags_all": {
            "Environment": "dev",
            "Name": "demodb",
            "Owner": "user2"
          }
        },
        "after_unknown": {
          "arn": true,
          "id": true,
          "name": true,
          "parameter": [
            {},
            {}
          ],
          "tags": {},
          "tags_all": {}
        }
      }
    },
    {
      "address": "module.db.module.db_2.module.db_subnet_group.aws_db_subnet_group.this[0]",
      "module_address": "module.db.module.db_2.module.db_subnet_group",
      "mode": "managed",
      "type": "aws_db_subnet_group",
      "name": "this",
      "index": 0,
      "provider_name": "aws",
      "change": {
        "actions": [
          "create"
        ],
        "before": null,
        "after": {
          "description": "demodb subnet group",
          "name_prefix": "demodb-",
          "subnet_ids": [
            "subnet-13990a22",
            "subnet-286f234e",
            "subnet-33de9512",
            "subnet-35a6a03b",
            "subnet-cd2a3680",
            "subnet-d4d0998b"
          ],
          "tags": {
            "Environment": "dev",
            "Name": "demodb",
            "Owner": "user2"
          },
          "tags_all": {
            "Environment": "dev",
            "Name": "demodb",
            "Owner": "user2"
          }
        },
        "after_unknown": {
          "arn": true,
          "id": true,
          "name": true,
          "subnet_ids": [
            false,
            false,
            false,
            false,
            false,
            false
          ],
          "tags": {},
          "tags_all": {}
        }
      }
    },
    {
      "address": "module.instances.aws_default_vpc.default",
      "module_address": "module.instances",
      "mode": "managed",
      "type": "aws_default_vpc",
      "name": "default",
      "provider_name": "aws",
      "change": {
        "actions": [
          "no-op"
        ],
        "before": {
          "arn": "arn:aws:ec2:us-east-1:123123123123:vpc/vpc-1b20b966",
          "assign_generated_ipv6_cidr_block": false,
          "cidr_block": "172.31.0.0/16",
          "default_network_acl_id": "acl-e9d01395",
          "default_route_table_id": "rtb-c2997eb3",
          "default_security_group_id": "sg-5277e14a",
          "dhcp_options_id": "dopt-811712fb",
          "enable_classiclink": false,
          "enable_classiclink_dns_support": false,
          "enable_dns_hostnames": true,
          "enable_dns_support": true,
          "id": "vpc-1b20b966",
          "instance_tenancy": "default",
          "ipv6_association_id": "",
          "ipv6_cidr_block": "",
          "main_route_table_id": "rtb-c2997eb3",
          "owner_id": "123123123123",
          "tags": {},
          "tags_all": {}
        },
        "after": {
          "arn": "arn:aws:ec2:us-east-1:123123123123:vpc/vpc-1b20b966",
          "assign_generated_ipv6_cidr_block": false,
          "cidr_block": "172.31.0.0/16",
          "default_network_acl_id": "acl-e9d01395",
          "default_route_table_id": "rtb-c2997eb3",
          "default_security_group_id": "sg-5277e14a",
          "dhcp_options_id": "dopt-811712fb",
          "enable_classiclink": false,
          "enable_classiclink_dns_support": false,
          "enable_dns_hostnames": true,
          "enable_dns_support": true,
          "id": "vpc-1b20b966",
          "instance_tenancy": "default",
          "ipv6_association_id": "",
          "ipv6_cidr_block": "",
          "main_route_table_id": "rtb-c2997eb3",
          "owner_id": "123123123123",
          "tags": {},
          "tags_all": {}
        },
        "after_unknown": {}
      }
    },
    {
      "address": "module.instances.aws_instance.module_instance_1",
      "module_address": "module.instances",
      "mode": "managed",
      "type": "aws_instance",
      "name": "module_instance_1",
      "provider_name": "aws",
      "change": {
        "actions": [
          "no-op"
        ],
        "before": {
          "ami": "ami-0ff8a91507f77f867",
          "arn": "arn:aws:ec2:us-east-1:123123123123:instance/i-06d6717d48d1106c1",
          "associate_public_ip_address": true,
          "availability_zone": "us-east-1b",
          "capacity_reservation_specification": [
            {
              "capacity_reservation_preference": "open",
              "capacity_reservation_target": []
            }
          ],
          "cpu_core_count": 1,
          "cpu_threads_per_core": 2,
          "credit_specification": [
            {
              "cpu_credits": "unlimited"
            }
          ],
          "disable_api_termination": false,
          "ebs_block_device": [],
          "ebs_optimized": false,
          "enclave_options": [
            {
              "enabled": false
            }
          ],
          "ephemeral_block_device": [],
          "get_password_data": false,
          "hibernation": false,
          "host_id": null,
          "iam_instance_profile": "",
          "id": "i-06d6717d48d1106c1",
          "instance_initiated_shutdown_behavior": "stop",
          "instance_state": "running",
          "instance_type": "t3.nano",
          "ipv6_address_count": 0,
          "ipv6_addresses": [],
          "key_name": "",
          "launch_template": [],
          "metadata_options": [
            {
              "http_endpoint": "enabled",
              "http_put_response_hop_limit": 1,
              "http_tokens": "optional"
            }
          ],
          "monitoring": false,
          "network_interface": [],
          "outpost_arn": "",
          "password_data": "",
          "placement_group": "",
          "primary_network_interface_id": "eni-0293c4647f0c33a04",
          "private_dns": "ip-172-31-10-20.ec2.internal",
          "private_ip": "172.31.10.20",
          "public_dns": "ec2-14-14-14-14.compute-1.amazonaws.com",
          "public_ip": "14.14.14.14",
          "root_block_device": [
            {
              "delete_on_termination": true,
              "device_name": "/dev/xvda",
              "encrypted": false,
              "iops": 100,
              "kms_key_id": "",
              "tags": {},
              "throughput": 0,
              "volume_id": "vol-0cd00a2007309fd91",
              "volume_size": 8,
              "volume_type": "gp2"
            }
          ],
          "secondary_private_ips": [],
          "security_groups": [
            "default"
          ],
          "source_dest_check": true,
          "subnet_id": "subnet-286f234e",
          "tags": {},
          "tags_all": {},
          "tenancy": "default",
          "timeouts": null,
          "user_data": null,
          "user_data_base64": null,
          "volume_tags": null,
          "vpc_security_group_ids": [
            "sg-5277e14a"
          ]
        },
        "after": {
          "ami": "ami-0ff8a91507f77f867",
          "arn": "arn:aws:ec2:us-east-1:123123123123:instance/i-06d6717d48d1106c1",
          "associate_public_ip_address": true,
          "availability_zone": "us-east-1b",
          "capacity_reservation_specification": [
            {
              "capacity_reservation_preference": "open",
              "capacity_reservation_target": []
            }
          ],
          "cpu_core_count": 1,
          "cpu_threads_per_core": 2,
          "credit_specification": [
            {
              "cpu_credits": "unlimited"
            }
          ],
          "disable_api_termination": false,
          "ebs_block_device": [],
          "ebs_optimized": false,
          "enclave_options": [
            {
              "enabled": false
            }
          ],
          "ephemeral_block_device": [],
          "get_password_data": false,
          "hibernation": false,
          "host_id": null,
          "iam_instance_profile": "",
          "id": "i-06d6717d48d1106c1",
          "instance_initiated_shutdown_behavior": "stop",
          "instance_state": "running",
          "instance_type": "t3.nano",
          "ipv6_address_count": 0,
          "ipv6_addresses": [],
          "key_name": "",
          "launch_template": [],
          "metadata_options": [
            {
              "http_endpoint": "enabled",
              "http_put_response_hop_limit": 1,
              "http_tokens": "optional"
            }
          ],
          "monitoring": false,
          "network_interface": [],
          "outpost_arn": "",
          "password_data": "",
          "placement_group": "",
          "primary_network_interface_id": "eni-0293c4647f0c33a04",
          "private_dns": "ip-172-31-10-20.ec2.internal",
          "private_ip": "172.31.10.20",
          "public_dns": "ec2-14-14-14-14.compute-1.amazonaws.com",
          "public_ip": "14.14.14.14",
          "root_block_device": [
            {
              "delete_on_termination": true,
              "device_name": "/dev/xvda",
              "encrypted": false,
              "iops": 100,
              "kms_key_id": "",
              "tags": {},
              "throughput": 0,
              "volume_id": "vol-0cd00a2007309fd91",
              "volume_size": 8,
              "volume_type": "gp2"
            }
          ],
          "secondary_private_ips": [],
          "security_groups": [
            "default"
          ],
          "source_dest_check": true,
          "subnet_id": "subnet-286f234e",
          "tags": {},
          "tags_all": {},
          "tenancy": "default",
          "timeouts": null,
          "user_data": null,
          "user_data_base64": null,
          "volume_tags": null,
          "vpc_security_group_ids": [
            "sg-5277e14a"
          ]
        },
        "after_unknown": {}
      }
    },
    {
      "address": "module.instances.aws_instance.module_instance_2",
      "module_address": "module.instances",
      "mode": "managed",
      "type": "aws_instance",
      "name": "module_instance_2",
      "provider_name": "aws",
      "change": {
        "actions": [
          "create"
        ],
        "before": null,
        "after": {
          "ami": "ami-0ff8a91507f77f867",
          "credit_specification": [],
          "get_password_data": false,
          "hibernation": null,
          "iam_instance_profile": null,
          "instance_type": "t3.nano",
          "launch_template": [],
          "source_dest_check": true,
          "tags": null,
          "timeouts": null,
          "volume_tags": null
        },
        "after_unknown": {
          "arn": true,
          "associate_public_ip_address": true,
          "availability_zone": true,
          "capacity_reservation_specification": true,
          "cpu_core_count": true,
          "cpu_threads_per_core": true,
          "credit_specification": [],
          "disable_api_termination": true,
          "ebs_block_device": true,
          "ebs_optimized": true,
          "enclave_options": true,
          "ephemeral_block_device": true,
          "host_id": true,
          "id": true,
          "instance_initiated_shutdown_behavior": true,
          "instance_state": true,
          "ipv6_address_count": true,
          "ipv6_addresses": true,
          "key_name": true,
          "launch_template": [],
          "metadata_options": true,
          "monitoring": true,
          "network_interface": true,
          "outpost_arn": true,
          "password_data": true,
          "placement_group": true,
          "primary_network_interface_id": true,
          "private_dns": true,
          "private_ip": true,
          "public_dns": true,
          "public_ip": true,
          "root_block_device": true,
          "secondary_private_ips": true,
          "security_groups": true,
          "subnet_id": true,
          "tags_all": true,
          "tenancy": true,
          "user_data": true,
          "user_data_base64": true,
          "vpc_security_group_ids": true
        }
      }
    },
    {
      "address": "module.instances.aws_instance.module_instance_counted[0]",
      "module_address": "module.instances",
      "mode": "managed",
      "type": "aws_instance",
      "name": "module_instance_counted",
      "index": 0,
      "provider_name": "aws",
      "change": {
        "actions": [
          "no-op"
        ],
        "before": {
          "ami": "ami-0ff8a91507f77f867",
          "arn": "arn:aws:ec2:us-east-1:123123123123:instance/i-05ebe1ab83dc32a98",
          "associate_public_ip_address": true,
          "availability_zone": "us-east-1b",
          "capacity_reservation_specification": [
            {
              "capacity_reservation_preference": "open",
              "capacity_reservation_target": []
            }
          ],
          "cpu_core_count": 1,
          "cpu_threads_per_core": 2,
          "credit_specification": [
            {
              "cpu_credits": "unlimited"
            }
          ],
          "disable_api_termination": false,
          "ebs_block_device": [],
          "ebs_optimized": false,
          "enclave_options": [
            {
              "enabled": false
            }
          ],
          "ephemeral_block_device": [],
          "get_password_data": false,
          "hibernation": false,
          "host_id": null,
          "iam_instance_profile": "",
          "id": "i-05ebe1ab83dc32a98",
          "instance_initiated_shutdown_behavior": "stop",
          "instance_state": "running",
          "instance_type": "t3.nano",
          "ipv6_address_count": 0,
          "ipv6_addresses": [],
          "key_name": "",
          "launch_template": [],
          "metadata_options": [
            {
              "http_endpoint": "enabled",
              "http_put_response_hop_limit": 1,
              "http_tokens": "optional"
            }
          ],
          "monitoring": false,
          "network_interface": [],
          "outpost_arn": "",
          "password_data": "",
          "placement_group": "",
          "primary_network_interface_id": "eni-0ad3aebd3ebabd9f3",
          "private_dns": "ip-172-31-2-5.ec2.internal",
          "private_ip": "172.31.2.5",
          "public_dns": "ec2-15-15-15-15.compute-1.amazonaws.com",
          "public_ip": "15.15.15.15",
          "root_block_device": [
            {
              "delete_on_termination": true,
              "device_name": "/dev/xvda",
              "encrypted": false,
              "iops": 100,
              "kms_key_id": "",
              "tags": {},
              "throughput": 0,
              "volume_id": "vol-0426757fc5d44d618",
              "volume_size": 8,
              "volume_type": "gp2"
            }
          ],
          "secondary_private_ips": [],
          "security_groups": [
            "default"
          ],
          "source_dest_check": true,
          "subnet_id": "subnet-286f234e",
          "tags": {},
          "tags_all": {},
          "tenancy": "default",
          "timeouts": null,
          "user_data": null,
          "user_data_base64": null,
          "volume_tags": null,
          "vpc_security_group_ids": [
            "sg-5277e14a"
          ]
        },
        "after": {
          "ami": "ami-0ff8a91507f77f867",
          "arn": "arn:aws:ec2:us-east-1:123123123123:instance/i-05ebe1ab83dc32a98",
          "associate_public_ip_address": true,
          "availability_zone": "us-east-1b",
          "capacity_reservation_specification": [
            {
              "capacity_reservation_preference": "open",
              "capacity_reservation_target": []
            }
          ],
          "cpu_core_count": 1,
          "cpu_threads_per_core": 2,
          "credit_specification": [
            {
              "cpu_credits": "unlimited"
            }
          ],
          "disable_api_termination": false,
          "ebs_block_device": [],
          "ebs_optimized": false,
          "enclave_options": [
            {
              "enabled": false
            }
          ],
          "ephemeral_block_device": [],
          "get_password_data": false,
          "hibernation": false,
          "host_id": null,
          "iam_instance_profile": "",
          "id": "i-05ebe1ab83dc32a98",
          "instance_initiated_shutdown_behavior": "stop",
          "instance_state": "running",
          "instance_type": "t3.nano",
          "ipv6_address_count": 0,
          "ipv6_addresses": [],
          "key_name": "",
          "launch_template": [],
          "metadata_options": [
            {
              "http_endpoint": "enabled",
              "http_put_response_hop_limit": 1,
              "http_tokens": "optional"
            }
          ],
          "monitoring": false,
          "network_interface": [],
          "outpost_arn": "",
          "password_data": "",
          "placement_group": "",
          "primary_network_interface_id": "eni-0ad3aebd3ebabd9f3",
          "private_dns": "ip-172-31-2-5.ec2.internal",
          "private_ip": "172.31.2.5",
          "public_dns": "ec2-15-15-15-15.compute-1.amazonaws.com",
          "public_ip": "15.15.15.15",
          "root_block_device": [
            {
              "delete_on_termination": true,
              "device_name": "/dev/xvda",
              "encrypted": false,
              "iops": 100,
              "kms_key_id": "",
              "tags": {},
              "throughput": 0,
              "volume_id": "vol-0426757fc5d44d618",
              "volume_size": 8,
              "volume_type": "gp2"
            }
          ],
          "secondary_private_ips": [],
          "security_groups": [
            "default"
          ],
          "source_dest_check": true,
          "subnet_id": "subnet-286f234e",
          "tags": {},
          "tags_all": {},
          "tenancy": "default",
          "timeouts": null,
          "user_data": null,
          "user_data_base64": null,
          "volume_tags": null,
          "vpc_security_group_ids": [
            "sg-5277e14a"
          ]
        },
        "after_unknown": {}
      }
    },
    {
      "address": "module.instances.aws_instance.module_instance_counted[1]",
      "module_address": "module.instances",
      "mode": "managed",
      "type": "aws_instance",
      "name": "module_instance_counted",
      "index": 1,
      "provider_name": "aws",
      "change": {
        "actions": [
          "create"
        ],
        "before": null,
        "after": {
          "ami": "ami-0ff8a91507f77f867",
          "credit_specification": [],
          "get_password_data": false,
          "hibernation": null,
          "iam_instance_profile": null,
          "instance_type": "t3.nano",
          "launch_template": [],
          "source_dest_check": true,
          "tags": null,
          "timeouts": null,
          "volume_tags": null
        },
        "after_unknown": {
          "arn": true,
          "associate_public_ip_address": true,
          "availability_zone": true,
          "capacity_reservation_specification": true,
          "cpu_core_count": true,
          "cpu_threads_per_core": true,
          "credit_specification": [],
          "disable_api_termination": true,
          "ebs_block_device": true,
          "ebs_optimized": true,
          "enclave_options": true,
          "ephemeral_block_device": true,
          "host_id": true,
          "id": true,
          "instance_initiated_shutdown_behavior": true,
          "instance_state": true,
          "ipv6_address_count": true,
          "ipv6_addresses": true,
          "key_name": true,
          "launch_template": [],
          "metadata_options": true,
          "monitoring": true,
          "network_interface": true,
          "outpost_arn": true,
          "password_data": true,
          "placement_group": true,
          "primary_network_interface_id": true,
          "private_dns": true,
          "private_ip": true,
          "public_dns": true,
          "public_ip": true,
          "root_block_device": true,
          "secondary_private_ips": true,
          "security_groups": true,
          "subnet_id": true,
          "tags_all": true,
          "tenancy": true,
          "user_data": true,
          "user_data_base64": true,
          "vpc_security_group_ids": true
        }
      }
    },
    {
      "address": "module.instances.aws_instance.module_instance_named[\"test.1\"]",
      "module_address": "module.instances",
      "mode": "managed",
      "type": "aws_instance",
      "name": "module_instance_named",
      "index": "test.1",
      "provider_name": "aws",
      "change": {
        "actions": [
          "no-op"
        ],
        "before": {
          "ami": "ami-0ff8a91507f77f867",
          "arn": "arn:aws:ec2:us-east-1:123123123123:instance/i-039352e17d8229f4f",
          "associate_public_ip_address": true,
          "availability_zone": "us-east-1b",
          "capacity_reservation_specification": [
            {
              "capacity_reservation_preference": "open",
              "capacity_reservation_target": []
            }
          ],
          "cpu_core_count": 1,
          "cpu_threads_per_core": 2,
          "credit_specification": [
            {
              "cpu_credits": "unlimited"
            }
          ],
          "disable_api_termination": false,
          "ebs_block_device": [],
          "ebs_optimized": false,
          "enclave_options": [
            {
              "enabled": false
            }
          ],
          "ephemeral_block_device": [],
          "get_password_data": false,
          "hibernation": false,
          "host_id": null,
          "iam_instance_profile": "",
          "id": "i-039352e17d8229f4f",
          "instance_initiated_shutdown_behavior": "stop",
          "instance_state": "running",
          "instance_type": "t3.nano",
          "ipv6_address_count": 0,
          "ipv6_addresses": [],
          "key_name": "",
          "launch_template": [],
          "metadata_options": [
            {
              "http_endpoint": "enabled",
              "http_put_response_hop_limit": 1,
              "http_tokens": "optional"
            }
          ],
          "monitoring": false,
          "network_interface": [],
          "outpost_arn": "",
          "password_data": "",
          "placement_group": "",
          "primary_network_interface_id": "eni-03563f7c26f29c9ed",
          "private_dns": "ip-172-31-0-154.ec2.internal",
          "private_ip": "172.31.0.154",
          "public_dns": "ec2-16-16-16-16.compute-1.amazonaws.com",
          "public_ip": "16.16.16.16",
          "root_block_device": [
            {
              "delete_on_termination": true,
              "device_name": "/dev/xvda",
              "encrypted": false,
              "iops": 100,
              "kms_key_id": "",
              "tags": {},
              "throughput": 0,
              "volume_id": "vol-0fa2cffc7c27b8314",
              "volume_size": 8,
              "volume_type": "gp2"
            }
          ],
          "secondary_private_ips": [],
          "security_groups": [
            "default"
          ],
          "source_dest_check": true,
          "subnet_id": "subnet-286f234e",
          "tags": {
            "Name": "test.1"
          },
          "tags_all": {
            "Name": "test.1"
          },
          "tenancy": "default",
          "timeouts": null,
          "user_data": null,
          "user_data_base64": null,
          "volume_tags": null,
          "vpc_security_group_ids": [
            "sg-5277e14a"
          ]
        },
        "after": {
          "ami": "ami-0ff8a91507f77f867",
          "arn": "arn:aws:ec2:us-east-1:123123123123:instance/i-039352e17d8229f4f",
          "associate_public_ip_address": true,
          "availability_zone": "us-east-1b",
          "capacity_reservation_specification": [
            {
              "capacity_reservation_preference": "open",
              "capacity_reservation_target": []
            }
          ],
          "cpu_core_count": 1,
          "cpu_threads_per_core": 2,
          "credit_specification": [
            {
              "cpu_credits": "unlimited"
            }
          ],
          "disable_api_termination": false,
          "ebs_block_device": [],
          "ebs_optimized": false,
          "enclave_options": [
            {
              "enabled": false
            }
          ],
          "ephemeral_block_device": [],
          "get_password_data": false,
          "hibernation": false,
          "host_id": null,
          "iam_instance_profile": "",
          "id": "i-039352e17d8229f4f",
          "instance_initiated_shutdown_behavior": "stop",
          "instance_state": "running",
          "instance_type": "t3.nano",
          "ipv6_address_count": 0,
          "ipv6_addresses": [],
          "key_name": "",
          "launch_template": [],
          "metadata_options": [
            {
              "http_endpoint": "enabled",
              "http_put_response_hop_limit": 1,
              "http_tokens": "optional"
            }
          ],
          "monitoring": false,
          "network_interface": [],
          "outpost_arn": "",
          "password_data": "",
          "placement_group": "",
          "primary_network_interface_id": "eni-03563f7c26f29c9ed",
          "private_dns": "ip-172-31-0-154.ec2.internal",
          "private_ip": "172.31.0.154",
          "public_dns": "ec2-16-16-16-16.compute-1.amazonaws.com",
          "public_ip": "16.16.16.16",
          "root_block_device": [
            {
              "delete_on_termination": true,
              "device_name": "/dev/xvda",
              "encrypted": false,
              "iops": 100,
              "kms_key_id": "",
              "tags": {},
              "throughput": 0,
              "volume_id": "vol-0fa2cffc7c27b8314",
              "volume_size": 8,
              "volume_type": "gp2"
            }
          ],
          "secondary_private_ips": [],
          "security_groups": [
            "default"
          ],
          "source_dest_check": true,
          "subnet_id": "subnet-286f234e",
          "tags": {
            "Name": "test.1"
          },
          "tags_all": {
            "Name": "test.1"
          },
          "tenancy": "default",
          "timeouts": null,
          "user_data": null,
          "user_data_base64": null,
          "volume_tags": null,
          "vpc_security_group_ids": [
            "sg-5277e14a"
          ]
        },
        "after_unknown": {}
      }
    },
    {
      "address": "module.instances.aws_instance.module_instance_named[\"test.2\"]",
      "module_address": "module.instances",
      "mode": "managed",
      "type": "aws_instance",
      "name": "module_instance_named",
      "index": "test.2",
      "provider_name": "aws",
      "change": {
        "actions": [
          "create"
        ],
        "before": null,
        "after": {
          "ami": "ami-0ff8a91507f77f867",
          "credit_specification": [],
          "get_password_data": false,
          "hibernation": null,
          "iam_instance_profile": null,
          "instance_type": "t3.nano",
          "launch_template": [],
          "source_dest_check": true,
          "tags": {
            "Name": "test.2"
          },
          "tags_all": {
            "Name": "test.2"
          },
          "timeouts": null,
          "volume_tags": null
        },
        "after_unknown": {
          "arn": true,
          "associate_public_ip_address": true,
          "availability_zone": true,
          "capacity_reservation_specification": true,
          "cpu_core_count": true,
          "cpu_threads_per_core": true,
          "credit_specification": [],
          "disable_api_termination": true,
          "ebs_block_device": true,
          "ebs_optimized": true,
          "enclave_options": true,
          "ephemeral_block_device": true,
          "host_id": true,
          "id": true,
          "instance_initiated_shutdown_behavior": true,
          "instance_state": true,
          "ipv6_address_count": true,
          "ipv6_addresses": true,
          "key_name": true,
          "launch_template": [],
          "metadata_options": true,
          "monitoring": true,
          "network_interface": true,
          "outpost_arn": true,
          "password_data": true,
          "placement_group": true,
          "primary_network_interface_id": true,
          "private_dns": true,
          "private_ip": true,
          "public_dns": true,
          "public_ip": true,
          "root_block_device": true,
          "secondary_private_ips": true,
          "security_groups": true,
          "subnet_id": true,
          "tags": {},
          "tags_all": {},
          "tenancy": true,
          "user_data": true,
          "user_data_base64": true,
          "vpc_security_group_ids": true
        }
      }
    }
  ],
  "prior_state": {
    "format_version": "0.1",
    "terraform_version": "0.12.31",
    "values": {
      "root_module": {
        "resources": [
          {
            "address": "aws_instance.instance_1",
            "mode": "managed",
            "type": "aws_instance",
            "name": "instance_1",
            "provider_name": "aws",
            "schema_version": 1,
            "values": {
              "ami": "ami-0ff8a91507f77f867",
              "arn": "arn:aws:ec2:us-east-1:123123123123:instance/i-070917f8380c257e2",
              "associate_public_ip_address": true,
              "availability_zone": "us-east-1b",
              "capacity_reservation_specification": [
                {
                  "capacity_reservation_preference": "open",
                  "capacity_reservation_target": []
                }
              ],
              "cpu_core_count": 1,
              "cpu_threads_per_core": 2,
              "credit_specification": [
                {
                  "cpu_credits": "unlimited"
                }
              ],
              "disable_api_termination": false,
              "ebs_block_device": [],
              "ebs_optimized": false,
              "enclave_options": [
                {
                  "enabled": false
                }
              ],
              "ephemeral_block_device": [],
              "get_password_data": false,
              "hibernation": false,
              "host_id": null,
              "iam_instance_profile": "",
              "id": "i-070917f8380c257e2",
              "instance_initiated_shutdown_behavior": "stop",
              "instance_state": "running",
              "instance_type": "t3.nano",
              "ipv6_address_count": 0,
              "ipv6_addresses": [],
              "key_name": "",
              "launch_template": [],
              "metadata_options": [
                {
                  "http_endpoint": "enabled",
                  "http_put_response_hop_limit": 1,
                  "http_tokens": "optional"
                }
              ],
              "monitoring": false,
              "network_interface": [],
              "outpost_arn": "",
              "password_data": "",
              "placement_group": "",
              "primary_network_interface_id": "eni-0cff2c501c8d1c3ea",
              "private_dns": "ip-172-31-14-60.ec2.internal",
              "private_ip": "172.31.14.60",
              "public_dns": "ec2-11-11-11-11.compute-1.amazonaws.com",
              "public_ip": "11.11.11.11",
              "root_block_device": [
                {
                  "delete_on_termination": true,
                  "device_name": "/dev/xvda",
                  "encrypted": false,
                  "iops": 100,
                  "kms_key_id": "",
                  "tags": {},
                  "throughput": 0,
                  "volume_id": "vol-086ae7746eb0aed8f",
                  "volume_size": 8,
                  "volume_type": "gp2"
                }
              ],
              "secondary_private_ips": [],
              "security_groups": [
                "default"
              ],
              "source_dest_check": true,
              "subnet_id": "subnet-286f234e",
              "tags": {},
              "tags_all": {},
              "tenancy": "default",
              "timeouts": null,
              "user_data": null,
              "user_data_base64": null,
              "volume_tags": null,
              "vpc_security_group_ids": [
                "sg-5277e14a"
              ]
            }
          },
          {
            "address": "aws_instance.instance_counted",
            "mode": "managed",
            "type": "aws_instance",
            "name": "instance_counted",
            "index": 0,
            "provider_name": "aws",
            "schema_version": 1,
            "values": {
              "ami": "ami-0ff8a91507f77f867",
              "arn": "arn:aws:ec2:us-east-1:123123123123:instance/i-0832889cd515174aa",
              "associate_public_ip_address": true,
              "availability_zone": "us-east-1b",
              "capacity_reservation_specification": [
                {
                  "capacity_reservation_preference": "open",
                  "capacity_reservation_target": []
                }
              ],
              "cpu_core_count": 1,
              "cpu_threads_per_core": 2,
              "credit_specification": [
                {
                  "cpu_credits": "unlimited"
                }
              ],
              "disable_api_termination": false,
              "ebs_block_device": [],
              "ebs_optimized": false,
              "enclave_options": [
                {
                  "enabled": false
                }
              ],
              "ephemeral_block_device": [],
              "get_password_data": false,
              "hibernation": false,
              "host_id": null,
              "iam_instance_profile": "",
              "id": "i-0832889cd515174aa",
              "instance_initiated_shutdown_behavior": "stop",
              "instance_state": "running",
              "instance_type": "t3.nano",
              "ipv6_address_count": 0,
              "ipv6_addresses": [],
              "key_name": "",
              "launch_template": [],
              "metadata_options": [
                {
                  "http_endpoint": "enabled",
                  "http_put_response_hop_limit": 1,
                  "http_tokens": "optional"
                }
              ],
              "monitoring": false,
              "network_interface": [],
              "outpost_arn": "",
              "password_data": "",
              "placement_group": "",
              "primary_network_interface_id": "eni-038413261e6a2b8ad",
              "private_dns": "ip-172-31-8-16.ec2.internal",
              "private_ip": "172.31.8.16",
              "public_dns": "ec2-12-12-12-12.compute-1.amazonaws.com",
              "public_ip": "12.12.12.12",
              "root_block_device": [
                {
                  "delete_on_termination": true,
                  "device_name": "/dev/xvda",
                  "encrypted": false,
                  "iops": 100,
                  "kms_key_id": "",
                  "tags": {},
                  "throughput": 0,
                  "volume_id": "vol-00525d19f927151db",
                  "volume_size": 8,
                  "volume_type": "gp2"
                }
              ],
              "secondary_private_ips": [],
              "security_groups": [
                "default"
              ],
              "source_dest_check": true,
              "subnet_id": "subnet-286f234e",
              "tags": {},
              "tags_all": {},
              "tenancy": "default",
              "timeouts": null,
              "user_data": null,
              "user_data_base64": null,
              "volume_tags": null,
              "vpc_security_group_ids": [
                "sg-5277e14a"
              ]
            }
          },
          {
            "address": "aws_instance.instance_named",
            "mode": "managed",
            "type": "aws_instance",
            "name": "instance_named",
            "index": "test.1",
            "provider_name": "aws",
            "schema_version": 1,
            "values": {
              "ami": "ami-0ff8a91507f77f867",
              "arn": "arn:aws:ec2:us-east-1:123123123123:instance/i-0e27088fc1522ef74",
              "associate_public_ip_address": true,
              "availability_zone": "us-east-1b",
              "capacity_reservation_specification": [
                {
                  "capacity_reservation_preference": "open",
                  "capacity_reservation_target": []
                }
              ],
              "cpu_core_count": 1,
              "cpu_threads_per_core": 2,
              "credit_specification": [
                {
                  "cpu_credits": "unlimited"
                }
              ],
              "disable_api_termination": false,
              "ebs_block_device": [],
              "ebs_optimized": false,
              "enclave_options": [
                {
                  "enabled": false
                }
              ],
              "ephemeral_block_device": [],
              "get_password_data": false,
              "hibernation": false,
              "host_id": null,
              "iam_instance_profile": "",
              "id": "i-0e27088fc1522ef74",
              "instance_initiated_shutdown_behavior": "stop",
              "instance_state": "running",
              "instance_type": "t3.nano",
              "ipv6_address_count": 0,
              "ipv6_addresses": [],
              "key_name": "",
              "launch_template": [],
              "metadata_options": [
                {
                  "http_endpoint": "enabled",
                  "http_put_response_hop_limit": 1,
                  "http_tokens": "optional"
                }
              ],
              "monitoring": false,
              "network_interface": [],
              "outpost_arn": "",
              "password_data": "",
              "placement_group": "",
              "primary_network_interface_id": "eni-0abb643c34f7922de",
              "private_dns": "ip-172-31-8-255.ec2.internal",
              "private_ip": "172.31.8.255",
              "public_dns": "ec2-13-13-13-13.compute-1.amazonaws.com",
              "public_ip": "13.13.13.13",
              "root_block_device": [
                {
                  "delete_on_termination": true,
                  "device_name": "/dev/xvda",
                  "encrypted": false,
                  "iops": 100,
                  "kms_key_id": "",
                  "tags": {},
                  "throughput": 0,
                  "volume_id": "vol-0385a4f84070534e9",
                  "volume_size": 8,
                  "volume_type": "gp2"
                }
              ],
              "secondary_private_ips": [],
              "security_groups": [
                "default"
              ],
              "source_dest_check": true,
              "subnet_id": "subnet-286f234e",
              "tags": {
                "Name": "test.1"
              },
              "tags_all": {
                "Name": "test.1"
              },
              "tenancy": "default",
              "timeouts": null,
              "user_data": null,
              "user_data_base64": null,
              "volume_tags": null,
              "vpc_security_group_ids": [
                "sg-5277e14a"
              ]
            }
          }
        ],
        "child_modules": [
          {
            "resources": [
              {
                "address": "aws_default_vpc.default",
                "mode": "managed",
                "type": "aws_default_vpc",
                "name": "default",
                "provider_name": "aws",
                "schema_version": 1,
                "values": {
                  "arn": "arn:aws:ec2:us-east-1:123123123123:vpc/vpc-1b20b966",
                  "assign_generated_ipv6_cidr_block": false,
                  "cidr_block": "172.31.0.0/16",
                  "default_network_acl_id": "acl-e9d01395",
                  "default_route_table_id": "rtb-c2997eb3",
                  "default_security_group_id": "sg-5277e14a",
                  "dhcp_options_id": "dopt-811712fb",
                  "enable_classiclink": false,
                  "enable_classiclink_dns_support": false,
                  "enable_dns_hostnames": true,
                  "enable_dns_support": true,
                  "id": "vpc-1b20b966",
                  "instance_tenancy": "default",
                  "ipv6_association_id": "",
                  "ipv6_cidr_block": "",
                  "main_route_table_id": "rtb-c2997eb3",
                  "owner_id": "123123123123",
                  "tags": {},
                  "tags_all": {}
                }
              },
              {
                "address": "aws_instance.module_instance_1",
                "mode": "managed",
                "type": "aws_instance",
                "name": "module_instance_1",
                "provider_name": "aws",
                "schema_version": 1,
                "values": {
                  "ami": "ami-0ff8a91507f77f867",
                  "arn": "arn:aws:ec2:us-east-1:123123123123:instance/i-06d6717d48d1106c1",
                  "associate_public_ip_address": true,
                  "availability_zone": "us-east-1b",
                  "capacity_reservation_specification": [
                    {
                      "capacity_reservation_preference": "open",
                      "capacity_reservation_target": []
                    }
                  ],
                  "cpu_core_count": 1,
                  "cpu_threads_per_core": 2,
                  "credit_specification": [
                    {
                      "cpu_credits": "unlimited"
                    }
                  ],
                  "disable_api_termination": false,
                  "ebs_block_device": [],
                  "ebs_optimized": false,
                  "enclave_options": [
                    {
                      "enabled": false
                    }
                  ],
                  "ephemeral_block_device": [],
                  "get_password_data": false,
                  "hibernation": false,
                  "host_id": null,
                  "iam_instance_profile": "",
                  "id": "i-06d6717d48d1106c1",
                  "instance_initiated_shutdown_behavior": "stop",
                  "instance_state": "running",
                  "instance_type": "t3.nano",
                  "ipv6_address_count": 0,
                  "ipv6_addresses": [],
                  "key_name": "",
                  "launch_template": [],
                  "metadata_options": [
                    {
                      "http_endpoint": "enabled",
                      "http_put_response_hop_limit": 1,
                      "http_tokens": "optional"
                    }
                  ],
                  "monitoring": false,
                  "network_interface": [],
                  "outpost_arn": "",
                  "password_data": "",
                  "placement_group": "",
                  "primary_network_interface_id": "eni-0293c4647f0c33a04",
                  "private_dns": "ip-172-31-10-20.ec2.internal",
                  "private_ip": "172.31.10.20",
                  "public_dns": "ec2-14-14-14-14.compute-1.amazonaws.com",
                  "public_ip": "14.14.14.14",
                  "root_block_device": [
                    {
                      "delete_on_termination": true,
                      "device_name": "/dev/xvda",
                      "encrypted": false,
                      "iops": 100,
                      "kms_key_id": "",
                      "tags": {},
                      "throughput": 0,
                      "volume_id": "vol-0cd00a2007309fd91",
                      "volume_size": 8,
                      "volume_type": "gp2"
                    }
                  ],
                  "secondary_private_ips": [],
                  "security_groups": [
                    "default"
                  ],
                  "source_dest_check": true,
                  "subnet_id": "subnet-286f234e",
                  "tags": {},
                  "tags_all": {},
                  "tenancy": "default",
                  "timeouts": null,
                  "user_data": null,
                  "user_data_base64": null,
                  "volume_tags": null,
                  "vpc_security_group_ids": [
                    "sg-5277e14a"
                  ]
                }
              },
              {
                "address": "aws_instance.module_instance_counted",
                "mode": "managed",
                "type": "aws_instance",
                "name": "module_instance_counted",
                "index": 0,
                "provider_name": "aws",
                "schema_version": 1,
                "values": {
                  "ami": "ami-0ff8a91507f77f867",
                  "arn": "arn:aws:ec2:us-east-1:123123123123:instance/i-05ebe1ab83dc32a98",
                  "associate_public_ip_address": true,
                  "availability_zone": "us-east-1b",
                  "capacity_reservation_specification": [
                    {
                      "capacity_reservation_preference": "open",
                      "capacity_reservation_target": []
                    }
                  ],
                  "cpu_core_count": 1,
                  "cpu_threads_per_core": 2,
                  "credit_specification": [
                    {
                      "cpu_credits": "unlimited"
                    }
                  ],
                  "disable_api_termination": false,
                  "ebs_block_device": [],
                  "ebs_optimized": false,
                  "enclave_options": [
                    {
                      "enabled": false
                    }
                  ],
                  "ephemeral_block_device": [],
                  "get_password_data": false,
                  "hibernation": false,
                  "host_id": null,
                  "iam_instance_profile": "",
                  "id": "i-05ebe1ab83dc32a98",
                  "instance_initiated_shutdown_behavior": "stop",
                  "instance_state": "running",
                  "instance_type": "t3.nano",
                  "ipv6_address_count": 0,
                  "ipv6_addresses": [],
                  "key_name": "",
                  "launch_template": [],
                  "metadata_options": [
                    {
                      "http_endpoint": "enabled",
                      "http_put_response_hop_limit": 1,
                      "http_tokens": "optional"
                    }
                  ],
                  "monitoring": false,
                  "network_interface": [],
                  "outpost_arn": "",
                  "password_data": "",
                  "placement_group": "",
                  "primary_network_interface_id": "eni-0ad3aebd3ebabd9f3",
                  "private_dns": "ip-172-31-2-5.ec2.internal",
                  "private_ip": "172.31.2.5",
                  "public_dns": "ec2-15-15-15-15.compute-1.amazonaws.com",
                  "public_ip": "15.15.15.15",
                  "root_block_device": [
                    {
                      "delete_on_termination": true,
                      "device_name": "/dev/xvda",
                      "encrypted": false,
                      "iops": 100,
                      "kms_key_id": "",
                      "tags": {},
                      "throughput": 0,
                      "volume_id": "vol-0426757fc5d44d618",
                      "volume_size": 8,
                      "volume_type": "gp2"
                    }
                  ],
                  "secondary_private_ips": [],
                  "security_groups": [
                    "default"
                  ],
                  "source_dest_check": true,
                  "subnet_id": "subnet-286f234e",
                  "tags": {},
                  "tags_all": {},
                  "tenancy": "default",
                  "timeouts": null,
                  "user_data": null,
                  "user_data_base64": null,
                  "volume_tags": null,
                  "vpc_security_group_ids": [
                    "sg-5277e14a"
                  ]
                }
              },
              {
                "address": "aws_instance.module_instance_named",
                "mode": "managed",
                "type": "aws_instance",
                "name": "module_instance_named",
                "index": "test.1",
                "provider_name": "aws",
                "schema_version": 1,
                "values": {
                  "ami": "ami-0ff8a91507f77f867",
                  "arn": "arn:aws:ec2:us-east-1:123123123123:instance/i-039352e17d8229f4f",
                  "associate_public_ip_address": true,
                  "availability_zone": "us-east-1b",
                  "capacity_reservation_specification": [
                    {
                      "capacity_reservation_preference": "open",
                      "capacity_reservation_target": []
                    }
                  ],
                  "cpu_core_count": 1,
                  "cpu_threads_per_core": 2,
                  "credit_specification": [
                    {
                      "cpu_credits": "unlimited"
                    }
                  ],
                  "disable_api_termination": false,
                  "ebs_block_device": [],
                  "ebs_optimized": false,
                  "enclave_options": [
                    {
                      "enabled": false
                    }
                  ],
                  "ephemeral_block_device": [],
                  "get_password_data": false,
                  "hibernation": false,
                  "host_id": null,
                  "iam_instance_profile": "",
                  "id": "i-039352e17d8229f4f",
                  "instance_initiated_shutdown_behavior": "stop",
                  "instance_state": "running",
                  "instance_type": "t3.nano",
                  "ipv6_address_count": 0,
                  "ipv6_addresses": [],
                  "key_name": "",
                  "launch_template": [],
                  "metadata_options": [
                    {
                      "http_endpoint": "enabled",
                      "http_put_response_hop_limit": 1,
                      "http_tokens": "optional"
                    }
                  ],
                  "monitoring": false,
                  "network_interface": [],
                  "outpost_arn": "",
                  "password_data": "",
                  "placement_group": "",
                  "primary_network_interface_id": "eni-03563f7c26f29c9ed",
                  "private_dns": "ip-172-31-0-154.ec2.internal",
                  "private_ip": "172.31.0.154",
                  "public_dns": "ec2-16-16-16-16.compute-1.amazonaws.com",
                  "public_ip": "16.16.16.16",
                  "root_block_device": [
                    {
                      "delete_on_termination": true,
                      "device_name": "/dev/xvda",
                      "encrypted": false,
                      "iops": 100,
                      "kms_key_id": "",
                      "tags": {},
                      "throughput": 0,
                      "volume_id": "vol-0fa2cffc7c27b8314",
                      "volume_size": 8,
                      "volume_type": "gp2"
                    }
                  ],
                  "secondary_private_ips": [],
                  "security_groups": [
                    "default"
                  ],
                  "source_dest_check": true,
                  "subnet_id": "subnet-286f234e",
                  "tags": {
                    "Name": "test.1"
                  },
                  "tags_all": {
                    "Name": "test.1"
                  },
                  "tenancy": "default",
                  "timeouts": null,
                  "user_data": null,
                  "user_data_base64": null,
                  "volume_tags": null,
                  "vpc_security_group_ids": [
                    "sg-5277e14a"
                  ]
                }
              },
              {
                "address": "data.aws_subnet_ids.default",
                "mode": "data",
                "type": "aws_subnet_ids",
                "name": "default",
                "provider_name": "aws",
                "schema_version": 0,
                "values": {
                  "filter": null,
                  "id": "vpc-1b20b966",
                  "ids": [
                    "subnet-13990a22",
                    "subnet-286f234e",
                    "subnet-33de9512",
                    "subnet-35a6a03b",
                    "subnet-cd2a3680",
                    "subnet-d4d0998b"
                  ],
                  "tags": null,
                  "vpc_id": "vpc-1b20b966"
                }
              }
            ],
            "address": "module.instances"
          },
          {
            "resources": [
              {
                "address": "aws_default_vpc.default",
                "mode": "managed",
                "type": "aws_default_vpc",
                "name": "default",
                "provider_name": "aws",
                "schema_version": 1,
                "values": {
                  "arn": "arn:aws:ec2:us-east-1:123123123123:vpc/vpc-1b20b966",
                  "assign_generated_ipv6_cidr_block": false,
                  "cidr_block": "172.31.0.0/16",
                  "default_network_acl_id": "acl-e9d01395",
                  "default_route_table_id": "rtb-c2997eb3",
                  "default_security_group_id": "sg-5277e14a",
                  "dhcp_options_id": "dopt-811712fb",
                  "enable_classiclink": false,
                  "enable_classiclink_dns_support": false,
                  "enable_dns_hostnames": true,
                  "enable_dns_support": true,
                  "id": "vpc-1b20b966",
                  "instance_tenancy": "default",
                  "ipv6_association_id": "",
                  "ipv6_cidr_block": "",
                  "main_route_table_id": "rtb-c2997eb3",
                  "owner_id": "123123123123",
                  "tags": {},
                  "tags_all": {}
                }
              },
              {
                "address": "data.aws_subnet_ids.default",
                "mode": "data",
                "type": "aws_subnet_ids",
                "name": "default",
                "provider_name": "aws",
                "schema_version": 0,
                "values": {
                  "filter": null,
                  "id": "vpc-1b20b966",
                  "ids": [
                    "subnet-13990a22",
                    "subnet-286f234e",
                    "subnet-33de9512",
                    "subnet-35a6a03b",
                    "subnet-cd2a3680",
                    "subnet-d4d0998b"
                  ],
                  "tags": null,
                  "vpc_id": "vpc-1b20b966"
                }
              }
            ],
            "address": "module.db",
            "child_modules": [
              {
                "address": "module.db.module.db_1",
                "child_modules": [
                  {
                    "resources": [
                      {
                        "address": "aws_db_subnet_group.this",
                        "mode": "managed",
                        "type": "aws_db_subnet_group",
                        "name": "this",
                        "index": 0,
                        "provider_name": "aws",
                        "schema_version": 0,
                        "values": {
                          "arn": "arn:aws:rds:us-east-1:123123123123:subgrp:demodb-20210923145439911300000004",
                          "description": "demodb subnet group",
                          "id": "demodb-20210923145439911300000004",
                          "name": "demodb-20210923145439911300000004",
                          "name_prefix": "demodb-",
                          "subnet_ids": [
                            "subnet-13990a22",
                            "subnet-286f234e",
                            "subnet-33de9512",
                            "subnet-35a6a03b",
                            "subnet-cd2a3680",
                            "subnet-d4d0998b"
                          ],
                          "tags": {
                            "Environment": "dev",
                            "Name": "demodb",
                            "Owner": "user2"
                          },
                          "tags_all": {
                            "Environment": "dev",
                            "Name": "demodb",
                            "Owner": "user2"
                          }
                        },
                        "depends_on": [
                          "module.db.aws_default_vpc.default"
                        ]
                      }
                    ],
                    "address": "module.db.module.db_1.module.db_subnet_group"
                  },
                  {
                    "resources": [
                      {
                        "address": "aws_db_instance.this",
                        "mode": "managed",
                        "type": "aws_db_instance",
                        "name": "this",
                        "index": 0,
                        "provider_name": "aws",
                        "schema_version": 1,
                        "values": {
                          "address": "demodb.abcabcabcabc.us-east-1.rds.amazonaws.com",
                          "allocated_storage": 5,
                          "allow_major_version_upgrade": false,
                          "apply_immediately": false,
                          "arn": "arn:aws:rds:us-east-1:123123123123:db:demodb",
                          "auto_minor_version_upgrade": true,
                          "availability_zone": "us-east-1b",
                          "backup_retention_period": 0,
                          "backup_window": "03:00-06:00",
                          "ca_cert_identifier": "rds-ca-2019",
                          "character_set_name": "",
                          "copy_tags_to_snapshot": false,
                          "customer_owned_ip_enabled": false,
                          "db_subnet_group_name": "demodb-20210923145439911300000004",
                          "delete_automated_backups": true,
                          "deletion_protection": false,
                          "domain": "",
                          "domain_iam_role_name": "",
                          "enabled_cloudwatch_logs_exports": [],
                          "endpoint": "demodb.abcabcabcabc.us-east-1.rds.amazonaws.com:3306",
                          "engine": "mysql",
                          "engine_version": "5.7.19",
                          "engine_version_actual": "5.7.19",
                          "final_snapshot_identifier": null,
                          "hosted_zone_id": "Z2R2ITUGPM61AM",
                          "iam_database_authentication_enabled": true,
                          "id": "demodb",
                          "identifier": "demodb",
                          "identifier_prefix": null,
                          "instance_class": "db.t3.micro",
                          "iops": 0,
                          "kms_key_id": "",
                          "latest_restorable_time": "0001-01-01T00:00:00Z",
                          "license_model": "general-public-license",
                          "maintenance_window": "mon:00:00-mon:03:00",
                          "max_allocated_storage": 0,
                          "monitoring_interval": 30,
                          "monitoring_role_arn": "arn:aws:iam::123123123123:role/MyRDSMonitoringRole",
                          "multi_az": false,
                          "name": "demodb",
                          "nchar_character_set_name": "",
                          "option_group_name": "demodb-20210923145422496400000001",
                          "parameter_group_name": "demodb-20210923145422498000000002",
                          "password": "YourPwdShouldBeLongAndSecure!",
                          "performance_insights_enabled": false,
                          "performance_insights_kms_key_id": "",
                          "performance_insights_retention_period": 0,
                          "port": 3306,
                          "publicly_accessible": false,
                          "replicas": [],
                          "replicate_source_db": "",
                          "resource_id": "db-COXBI6LFW57UBDMCKCW3YDFZWU",
                          "restore_to_point_in_time": [],
                          "s3_import": [],
                          "security_group_names": [],
                          "skip_final_snapshot": true,
                          "snapshot_identifier": null,
                          "status": "available",
                          "storage_encrypted": false,
                          "storage_type": "gp2",
                          "tags": {
                            "Environment": "dev",
                            "Name": "demodb",
                            "Owner": "user2"
                          },
                          "tags_all": {
                            "Environment": "dev",
                            "Name": "demodb",
                            "Owner": "user2"
                          },
                          "timeouts": {
                            "create": "40m",
                            "delete": "40m",
                            "update": "80m"
                          },
                          "timezone": "",
                          "username": "user",
                          "vpc_security_group_ids": [
                            "sg-5277e14a"
                          ]
                        },
                        "depends_on": [
                          "module.db.module.db_1.module.db_instance.aws_iam_role.enhanced_monitoring",
                          "module.db.module.db_1.module.db_instance.random_id.snapshot_identifier",
                          "module.db.module.db_1.module.db_option_group.aws_db_option_group.this",
                          "module.db.module.db_1.module.db_parameter_group.aws_db_parameter_group.this",
                          "module.db.module.db_1.module.db_subnet_group.aws_db_subnet_group.this",
                          "module.db.module.db_1.random_password.master_password"
                        ]
                      },
                      {
                        "address": "aws_iam_role.enhanced_monitoring",
                        "mode": "managed",
                        "type": "aws_iam_role",
                        "name": "enhanced_monitoring",
                        "index": 0,
                        "provider_name": "aws",
                        "schema_version": 0,
                        "values": {
                          "arn": "arn:aws:iam::123123123123:role/MyRDSMonitoringRole",
                          "assume_role_policy": "{\"Version\":\"2012-10-17\",\"Statement\":[{\"Sid\":\"\",\"Effect\":\"Allow\",\"Principal\":{\"Service\":\"monitoring.rds.amazonaws.com\"},\"Action\":\"sts:AssumeRole\"}]}",
                          "create_date": "2021-09-23T14:54:22Z",
                          "description": "",
                          "force_detach_policies": false,
                          "id": "MyRDSMonitoringRole",
                          "inline_policy": [
                            {
                              "name": "",
                              "policy": ""
                            }
                          ],
                          "managed_policy_arns": [
                            "arn:aws:iam::aws:policy/service-role/AmazonRDSEnhancedMonitoringRole"
                          ],
                          "max_session_duration": 3600,
                          "name": "MyRDSMonitoringRole",
                          "name_prefix": "",
                          "path": "/",
                          "permissions_boundary": null,
                          "tags": {
                            "Environment": "dev",
                            "Name": "MyRDSMonitoringRole",
                            "Owner": "user2"
                          },
                          "tags_all": {
                            "Environment": "dev",
                            "Name": "MyRDSMonitoringRole",
                            "Owner": "user2"
                          },
                          "unique_id": "AROAZNUNTMPESCNF2U272"
                        }
                      },
                      {
                        "address": "aws_iam_role_policy_attachment.enhanced_monitoring",
                        "mode": "managed",
                        "type": "aws_iam_role_policy_attachment",
                        "name": "enhanced_monitoring",
                        "index": 0,
                        "provider_name": "aws",
                        "schema_version": 0,
                        "values": {
                          "id": "MyRDSMonitoringRole-20210923145425074400000003",
                          "policy_arn": "arn:aws:iam::aws:policy/service-role/AmazonRDSEnhancedMonitoringRole",
                          "role": "MyRDSMonitoringRole"
                        },
                        "depends_on": [
                          "module.db.module.db_1.module.db_instance.aws_iam_role.enhanced_monitoring"
                        ]
                      },
                      {
                        "address": "data.aws_iam_policy_document.enhanced_monitoring",
                        "mode": "data",
                        "type": "aws_iam_policy_document",
                        "name": "enhanced_monitoring",
                        "provider_name": "aws",
                        "schema_version": 0,
                        "values": {
                          "id": "1813475199",
                          "json": "{\n  \"Version\": \"2012-10-17\",\n  \"Statement\": [\n    {\n      \"Sid\": \"\",\n      \"Effect\": \"Allow\",\n      \"Action\": \"sts:AssumeRole\",\n      \"Principal\": {\n        \"Service\": \"monitoring.rds.amazonaws.com\"\n      }\n    }\n  ]\n}",
                          "override_json": null,
                          "override_policy_documents": null,
                          "policy_id": null,
                          "source_json": null,
                          "source_policy_documents": null,
                          "statement": [
                            {
                              "actions": [
                                "sts:AssumeRole"
                              ],
                              "condition": [],
                              "effect": "Allow",
                              "not_actions": [],
                              "not_principals": [],
                              "not_resources": [],
                              "principals": [
                                {
                                  "identifiers": [
                                    "monitoring.rds.amazonaws.com"
                                  ],
                                  "type": "Service"
                                }
                              ],
                              "resources": [],
                              "sid": ""
                            }
                          ],
                          "version": "2012-10-17"
                        }
                      },
                      {
                        "address": "data.aws_partition.current",
                        "mode": "data",
                        "type": "aws_partition",
                        "name": "current",
                        "provider_name": "aws",
                        "schema_version": 0,
                        "values": {
                          "dns_suffix": "amazonaws.com",
                          "id": "aws",
                          "partition": "aws",
                          "reverse_dns_prefix": "com.amazonaws"
                        }
                      }
                    ],
                    "address": "module.db.module.db_1.module.db_instance"
                  },
                  {
                    "resources": [
                      {
                        "address": "aws_db_option_group.this",
                        "mode": "managed",
                        "type": "aws_db_option_group",
                        "name": "this",
                        "index": 0,
                        "provider_name": "aws",
                        "schema_version": 0,
                        "values": {
                          "arn": "arn:aws:rds:us-east-1:123123123123:og:demodb-20210923145422496400000001",
                          "engine_name": "mysql",
                          "id": "demodb-20210923145422496400000001",
                          "major_engine_version": "5.7",
                          "name": "demodb-20210923145422496400000001",
                          "name_prefix": "demodb-",
                          "option": [],
                          "option_group_description": "demodb option group",
                          "tags": {
                            "Environment": "dev",
                            "Name": "demodb",
                            "Owner": "user2"
                          },
                          "tags_all": {
                            "Environment": "dev",
                            "Name": "demodb",
                            "Owner": "user2"
                          },
                          "timeouts": {
                            "delete": "15m"
                          }
                        }
                      }
                    ],
                    "address": "module.db.module.db_1.module.db_option_group"
                  },
                  {
                    "resources": [
                      {
                        "address": "aws_db_parameter_group.this",
                        "mode": "managed",
                        "type": "aws_db_parameter_group",
                        "name": "this",
                        "index": 0,
                        "provider_name": "aws",
                        "schema_version": 0,
                        "values": {
                          "arn": "arn:aws:rds:us-east-1:123123123123:pg:demodb-20210923145422498000000002",
                          "description": "demodb parameter group",
                          "family": "mysql5.7",
                          "id": "demodb-20210923145422498000000002",
                          "name": "demodb-20210923145422498000000002",
                          "name_prefix": "demodb-",
                          "parameter": [
                            {
                              "apply_method": "immediate",
                              "name": "character_set_client",
                              "value": "utf8"
                            },
                            {
                              "apply_method": "immediate",
                              "name": "character_set_server",
                              "value": "utf8"
                            }
                          ],
                          "tags": {
                            "Environment": "dev",
                            "Name": "demodb",
                            "Owner": "user2"
                          },
                          "tags_all": {
                            "Environment": "dev",
                            "Name": "demodb",
                            "Owner": "user2"
                          }
                        }
                      }
                    ],
                    "address": "module.db.module.db_1.module.db_parameter_group"
                  }
                ]
              }
            ]
          }
        ]
      }
    }
  },
  "configuration": {
    "provider_config": {
      "aws": {
        "name": "aws",
        "expressions": {
          "region": {
            "constant_value": "us-east-1"
          }
        }
      },
      "db:aws": {
        "name": "aws",
        "module_address": "db",
        "expressions": {
          "region": {
            "constant_value": "us-east-1"
          }
        }
      },
      "instances:aws": {
        "name": "aws",
        "module_address": "instances",
        "expressions": {
          "region": {
            "constant_value": "us-east-1"
          }
        }
      }
    },
    "root_module": {
      "resources": [
        {
          "address": "aws_instance.instance_1",
          "mode": "managed",
          "type": "aws_instance",
          "name": "instance_1",
          "provider_config_key": "aws",
          "expressions": {
            "ami": {
              "constant_value": "ami-0ff8a91507f77f867"
            },
            "instance_type": {
              "constant_value": "t3.nano"
            }
          },
          "schema_version": 1
        },
        {
          "address": "aws_instance.instance_2",
          "mode": "managed",
          "type": "aws_instance",
          "name": "instance_2",
          "provider_config_key": "aws",
          "expressions": {
            "ami": {
              "constant_value": "ami-0ff8a91507f77f867"
            },
            "instance_type": {
              "constant_value": "t3.nano"
            }
          },
          "schema_version": 1
        },
        {
          "address": "aws_instance.instance_counted",
          "mode": "managed",
          "type": "aws_instance",
          "name": "instance_counted",
          "provider_config_key": "aws",
          "expressions": {
            "ami": {
              "constant_value": "ami-0ff8a91507f77f867"
            },
            "instance_type": {
              "constant_value": "t3.nano"
            }
          },
          "schema_version": 1,
          "count_expression": {
            "constant_value": 2
          }
        },
        {
          "address": "aws_instance.instance_named",
          "mode": "managed",
          "type": "aws_instance",
          "name": "instance_named",
          "provider_config_key": "aws",
          "expressions": {
            "ami": {
              "constant_value": "ami-0ff8a91507f77f867"
            },
            "instance_type": {
              "constant_value": "t3.nano"
            },
            "tags": {
              "references": [
                "each.value"
              ]
            }
          },
          "schema_version": 1,
          "for_each_expression": {
            "references": [
              "local.instances"
            ]
          }
        }
      ],
      "module_calls": {
        "db": {
          "source": "./db",
          "module": {
            "resources": [
              {
                "address": "aws_default_vpc.default",
                "mode": "managed",
                "type": "aws_default_vpc",
                "name": "default",
                "provider_config_key": "db:aws",
                "schema_version": 1
              },
              {
                "address": "data.aws_subnet_ids.default",
                "mode": "data",
                "type": "aws_subnet_ids",
                "name": "default",
                "provider_config_key": "db:aws",
                "expressions": {
                  "vpc_id": {
                    "references": [
                      "aws_default_vpc.default"
                    ]
                  }
                },
                "schema_version": 0
              }
            ],
            "module_calls": {
              "db_1": {
                "source": "terraform-aws-modules/rds/aws",
                "expressions": {
                  "allocated_storage": {
                    "constant_value": 5
                  },
                  "backup_window": {
                    "constant_value": "03:00-06:00"
                  },
                  "create_monitoring_role": {
                    "constant_value": true
                  },
                  "deletion_protection": {
                    "constant_value": false
                  },
                  "engine": {
                    "constant_value": "mysql"
                  },
                  "engine_version": {
                    "constant_value": "5.7.19"
                  },
                  "family": {
                    "constant_value": "mysql5.7"
                  },
                  "final_snapshot_identifier": {
                    "constant_value": "demodb"
                  },
                  "iam_database_authentication_enabled": {
                    "constant_value": true
                  },
                  "identifier": {
                    "constant_value": "demodb"
                  },
                  "instance_class": {
                    "constant_value": "db.t3.micro"
                  },
                  "maintenance_window": {
                    "constant_value": "Mon:00:00-Mon:03:00"
                  },
                  "major_engine_version": {
                    "constant_value": "5.7"
                  },
                  "monitoring_interval": {
                    "constant_value": "30"
                  },
                  "monitoring_role_name": {
                    "constant_value": "MyRDSMonitoringRole"
                  },
                  "name": {
                    "constant_value": "demodb"
                  },
                  "parameters": {
                    "constant_value": [
                      {
                        "name": "character_set_client",
                        "value": "utf8"
                      },
                      {
                        "name": "character_set_server",
                        "value": "utf8"
                      }
                    ]
                  },
                  "password": {
                    "constant_value": "YourPwdShouldBeLongAndSecure!"
                  },
                  "port": {
                    "constant_value": "3306"
                  },
                  "skip_final_snapshot": {
                    "constant_value": true
                  },
                  "subnet_ids": {
                    "references": [
                      "data.aws_subnet_ids.default"
                    ]
                  },
                  "tags": {
                    "constant_value": {
                      "Environment": "dev",
                      "Owner": "user2"
                    }
                  },
                  "username": {
                    "constant_value": "user"
                  }
                },
                "module": {
                  "outputs": {
                    "enhanced_monitoring_iam_role_arn": {
                      "expression": {
                        "references": [
                          "module.db_instance.enhanced_monitoring_iam_role_arn"
                        ]
                      },
                      "description": "The Amazon Resource Name (ARN) specifying the monitoring role"
                    },
                    "enhanced_monitoring_iam_role_name": {
                      "expression": {
                        "references": [
                          "module.db_instance.enhanced_monitoring_iam_role_name"
                        ]
                      },
                      "description": "The name of the monitoring role"
                    },
                    "this_db_instance_address": {
                      "expression": {
                        "references": [
                          "module.db_instance.this_db_instance_address"
                        ]
                      },
                      "description": "The address of the RDS instance"
                    },
                    "this_db_instance_arn": {
                      "expression": {
                        "references": [
                          "module.db_instance.this_db_instance_arn"
                        ]
                      },
                      "description": "The ARN of the RDS instance"
                    },
                    "this_db_instance_availability_zone": {
                      "expression": {
                        "references": [
                          "module.db_instance.this_db_instance_availability_zone"
                        ]
                      },
                      "description": "The availability zone of the RDS instance"
                    },
                    "this_db_instance_ca_cert_identifier": {
                      "expression": {
                        "references": [
                          "module.db_instance.this_db_instance_ca_cert_identifier"
                        ]
                      },
                      "description": "Specifies the identifier of the CA certificate for the DB instance"
                    },
                    "this_db_instance_domain": {
                      "expression": {
                        "references": [
                          "module.db_instance.this_db_instance_domain"
                        ]
                      },
                      "description": "The ID of the Directory Service Active Directory domain the instance is joined to"
                    },
                    "this_db_instance_domain_iam_role_name": {
                      "expression": {
                        "references": [
                          "module.db_instance.this_db_instance_domain_iam_role_name"
                        ]
                      },
                      "description": "The name of the IAM role to be used when making API calls to the Directory Service. "
                    },
                    "this_db_instance_endpoint": {
                      "expression": {
                        "references": [
                          "module.db_instance.this_db_instance_endpoint"
                        ]
                      },
                      "description": "The connection endpoint"
                    },
                    "this_db_instance_hosted_zone_id": {
                      "expression": {
                        "references": [
                          "module.db_instance.this_db_instance_hosted_zone_id"
                        ]
                      },
                      "description": "The canonical hosted zone ID of the DB instance (to be used in a Route 53 Alias record)"
                    },
                    "this_db_instance_id": {
                      "expression": {
                        "references": [
                          "module.db_instance.this_db_instance_id"
                        ]
                      },
                      "description": "The RDS instance ID"
                    },
                    "this_db_instance_name": {
                      "expression": {
                        "references": [
                          "module.db_instance.this_db_instance_name"
                        ]
                      },
                      "description": "The database name"
                    },
                    "this_db_instance_password": {
                      "sensitive": true,
                      "expression": {
                        "references": [
                          "local.master_password"
                        ]
                      },
                      "description": "The database password (this password may be old, because Terraform doesn't track it after initial creation)"
                    },
                    "this_db_instance_port": {
                      "expression": {
                        "references": [
                          "module.db_instance.this_db_instance_port"
                        ]
                      },
                      "description": "The database port"
                    },
                    "this_db_instance_resource_id": {
                      "expression": {
                        "references": [
                          "module.db_instance.this_db_instance_resource_id"
                        ]
                      },
                      "description": "The RDS Resource ID of this instance"
                    },
                    "this_db_instance_status": {
                      "expression": {
                        "references": [
                          "module.db_instance.this_db_instance_status"
                        ]
                      },
                      "description": "The RDS instance status"
                    },
                    "this_db_instance_username": {
                      "sensitive": true,
                      "expression": {
                        "references": [
                          "module.db_instance.this_db_instance_username"
                        ]
                      },
                      "description": "The master username for the database"
                    },
                    "this_db_master_password": {
                      "sensitive": true,
                      "expression": {
                        "references": [
                          "module.db_instance.this_db_instance_master_password"
                        ]
                      },
                      "description": "The master password"
                    },
                    "this_db_option_group_arn": {
                      "expression": {
                        "references": [
                          "module.db_option_group.this_db_option_group_arn"
                        ]
                      },
                      "description": "The ARN of the db option group"
                    },
                    "this_db_option_group_id": {
                      "expression": {
                        "references": [
                          "module.db_option_group.this_db_option_group_id"
                        ]
                      },
                      "description": "The db option group id"
                    },
                    "this_db_parameter_group_arn": {
                      "expression": {
                        "references": [
                          "module.db_parameter_group.this_db_parameter_group_arn"
                        ]
                      },
                      "description": "The ARN of the db parameter group"
                    },
                    "this_db_parameter_group_id": {
                      "expression": {
                        "references": [
                          "module.db_parameter_group.this_db_parameter_group_id"
                        ]
                      },
                      "description": "The db parameter group id"
                    },
                    "this_db_subnet_group_arn": {
                      "expression": {
                        "references": [
                          "module.db_subnet_group.this_db_subnet_group_arn"
                        ]
                      },
                      "description": "The ARN of the db subnet group"
                    },
                    "this_db_subnet_group_id": {
                      "expression": {
                        "references": [
                          "module.db_subnet_group.this_db_subnet_group_id"
                        ]
                      },
                      "description": "The db subnet group name"
                    }
                  },
                  "resources": [
                    {
                      "address": "random_password.master_password",
                      "mode": "managed",
                      "type": "random_password",
                      "name": "master_password",
                      "provider_config_key": "db_1:random",
                      "expressions": {
                        "length": {
                          "references": [
                            "var.random_password_length"
                          ]
                        },
                        "special": {
                          "constant_value": false
                        }
                      },
                      "schema_version": 0,
                      "count_expression": {
                        "references": [
                          "var.create_db_instance",
                          "var.create_random_password"
                        ]
                      }
                    }
                  ],
                  "module_calls": {
                    "db_instance": {
                      "source": "./modules/db_instance",
                      "expressions": {
                        "allocated_storage": {
                          "references": [
                            "var.allocated_storage"
                          ]
                        },
                        "allow_major_version_upgrade": {
                          "references": [
                            "var.allow_major_version_upgrade"
                          ]
                        },
                        "apply_immediately": {
                          "references": [
                            "var.apply_immediately"
                          ]
                        },
                        "auto_minor_version_upgrade": {
                          "references": [
                            "var.auto_minor_version_upgrade"
                          ]
                        },
                        "availability_zone": {
                          "references": [
                            "var.availability_zone"
                          ]
                        },
                        "backup_retention_period": {
                          "references": [
                            "var.backup_retention_period"
                          ]
                        },
                        "backup_window": {
                          "references": [
                            "var.backup_window"
                          ]
                        },
                        "ca_cert_identifier": {
                          "references": [
                            "var.ca_cert_identifier"
                          ]
                        },
                        "character_set_name": {
                          "references": [
                            "var.character_set_name"
                          ]
                        },
                        "copy_tags_to_snapshot": {
                          "references": [
                            "var.copy_tags_to_snapshot"
                          ]
                        },
                        "create": {
                          "references": [
                            "var.create_db_instance"
                          ]
                        },
                        "create_monitoring_role": {
                          "references": [
                            "var.create_monitoring_role"
                          ]
                        },
                        "db_subnet_group_name": {
                          "references": [
                            "local.db_subnet_group_name"
                          ]
                        },
                        "delete_automated_backups": {
                          "references": [
                            "var.delete_automated_backups"
                          ]
                        },
                        "deletion_protection": {
                          "references": [
                            "var.deletion_protection"
                          ]
                        },
                        "domain": {
                          "references": [
                            "var.domain"
                          ]
                        },
                        "domain_iam_role_name": {
                          "references": [
                            "var.domain_iam_role_name"
                          ]
                        },
                        "enabled_cloudwatch_logs_exports": {
                          "references": [
                            "var.enabled_cloudwatch_logs_exports"
                          ]
                        },
                        "engine": {
                          "references": [
                            "var.engine"
                          ]
                        },
                        "engine_version": {
                          "references": [
                            "var.engine_version"
                          ]
                        },
                        "final_snapshot_identifier": {
                          "references": [
                            "var.final_snapshot_identifier"
                          ]
                        },
                        "final_snapshot_identifier_prefix": {
                          "references": [
                            "var.final_snapshot_identifier_prefix"
                          ]
                        },
                        "iam_database_authentication_enabled": {
                          "references": [
                            "var.iam_database_authentication_enabled"
                          ]
                        },
                        "identifier": {
                          "references": [
                            "var.identifier"
                          ]
                        },
                        "instance_class": {
                          "references": [
                            "var.instance_class"
                          ]
                        },
                        "iops": {
                          "references": [
                            "var.iops"
                          ]
                        },
                        "kms_key_id": {
                          "references": [
                            "var.kms_key_id"
                          ]
                        },
                        "license_model": {
                          "references": [
                            "var.license_model"
                          ]
                        },
                        "maintenance_window": {
                          "references": [
                            "var.maintenance_window"
                          ]
                        },
                        "max_allocated_storage": {
                          "references": [
                            "var.max_allocated_storage"
                          ]
                        },
                        "monitoring_interval": {
                          "references": [
                            "var.monitoring_interval"
                          ]
                        },
                        "monitoring_role_arn": {
                          "references": [
                            "var.monitoring_role_arn"
                          ]
                        },
                        "monitoring_role_name": {
                          "references": [
                            "var.monitoring_role_name"
                          ]
                        },
                        "multi_az": {
                          "references": [
                            "var.multi_az"
                          ]
                        },
                        "name": {
                          "references": [
                            "var.name"
                          ]
                        },
                        "option_group_name": {
                          "references": [
                            "local.option_group"
                          ]
                        },
                        "parameter_group_name": {
                          "references": [
                            "local.parameter_group_name_id"
                          ]
                        },
                        "password": {
                          "references": [
                            "local.master_password"
                          ]
                        },
                        "performance_insights_enabled": {
                          "references": [
                            "var.performance_insights_enabled"
                          ]
                        },
                        "performance_insights_kms_key_id": {
                          "references": [
                            "var.performance_insights_enabled",
                            "var.performance_insights_kms_key_id"
                          ]
                        },
                        "performance_insights_retention_period": {
                          "references": [
                            "var.performance_insights_retention_period"
                          ]
                        },
                        "port": {
                          "references": [
                            "var.port"
                          ]
                        },
                        "publicly_accessible": {
                          "references": [
                            "var.publicly_accessible"
                          ]
                        },
                        "replicate_source_db": {
                          "references": [
                            "var.replicate_source_db"
                          ]
                        },
                        "s3_import": {
                          "references": [
                            "var.s3_import"
                          ]
                        },
                        "skip_final_snapshot": {
                          "references": [
                            "var.skip_final_snapshot"
                          ]
                        },
                        "snapshot_identifier": {
                          "references": [
                            "var.snapshot_identifier"
                          ]
                        },
                        "storage_encrypted": {
                          "references": [
                            "var.storage_encrypted"
                          ]
                        },
                        "storage_type": {
                          "references": [
                            "var.storage_type"
                          ]
                        },
                        "tags": {
                          "references": [
                            "var.tags",
                            "var.db_instance_tags"
                          ]
                        },
                        "timeouts": {
                          "references": [
                            "var.timeouts"
                          ]
                        },
                        "timezone": {
                          "references": [
                            "var.timezone"
                          ]
                        },
                        "username": {
                          "references": [
                            "var.username"
                          ]
                        },
                        "vpc_security_group_ids": {
                          "references": [
                            "var.vpc_security_group_ids"
                          ]
                        }
                      },
                      "module": {
                        "outputs": {
                          "enhanced_monitoring_iam_role_arn": {
                            "expression": {
                              "references": [
                                "local.enhanced_monitoring_iam_role_arn"
                              ]
                            },
                            "description": "The Amazon Resource Name (ARN) specifying the monitoring role"
                          },
                          "enhanced_monitoring_iam_role_name": {
                            "expression": {
                              "references": [
                                "local.enhanced_monitoring_iam_role_name"
                              ]
                            },
                            "description": "The name of the monitoring role"
                          },
                          "this_db_instance_address": {
                            "expression": {
                              "references": [
                                "local.this_db_instance_address"
                              ]
                            },
                            "description": "The address of the RDS instance"
                          },
                          "this_db_instance_arn": {
                            "expression": {
                              "references": [
                                "local.this_db_instance_arn"
                              ]
                            },
                            "description": "The ARN of the RDS instance"
                          },
                          "this_db_instance_availability_zone": {
                            "expression": {
                              "references": [
                                "local.this_db_instance_availability_zone"
                              ]
                            },
                            "description": "The availability zone of the RDS instance"
                          },
                          "this_db_instance_ca_cert_identifier": {
                            "expression": {
                              "references": [
                                "local.this_db_instance_ca_cert_identifier"
                              ]
                            },
                            "description": "Specifies the identifier of the CA certificate for the DB instance"
                          },
                          "this_db_instance_domain": {
                            "expression": {
                              "references": [
                                "local.this_db_instance_domain"
                              ]
                            },
                            "description": "The ID of the Directory Service Active Directory domain the instance is joined to"
                          },
                          "this_db_instance_domain_iam_role_name": {
                            "expression": {
                              "references": [
                                "local.this_db_instance_domain_iam_role_name"
                              ]
                            },
                            "description": "The name of the IAM role to be used when making API calls to the Directory Service. "
                          },
                          "this_db_instance_endpoint": {
                            "expression": {
                              "references": [
                                "local.this_db_instance_endpoint"
                              ]
                            },
                            "description": "The connection endpoint"
                          },
                          "this_db_instance_hosted_zone_id": {
                            "expression": {
                              "references": [
                                "local.this_db_instance_hosted_zone_id"
                              ]
                            },
                            "description": "The canonical hosted zone ID of the DB instance (to be used in a Route 53 Alias record)"
                          },
                          "this_db_instance_id": {
                            "expression": {
                              "references": [
                                "local.this_db_instance_id"
                              ]
                            },
                            "description": "The RDS instance ID"
                          },
                          "this_db_instance_master_password": {
                            "sensitive": true,
                            "expression": {
                              "references": [
                                "local.this_db_instance_master_password"
                              ]
                            },
                            "description": "The master password"
                          },
                          "this_db_instance_name": {
                            "expression": {
                              "references": [
                                "local.this_db_instance_name"
                              ]
                            },
                            "description": "The database name"
                          },
                          "this_db_instance_port": {
                            "expression": {
                              "references": [
                                "local.this_db_instance_port"
                              ]
                            },
                            "description": "The database port"
                          },
                          "this_db_instance_resource_id": {
                            "expression": {
                              "references": [
                                "local.this_db_instance_resource_id"
                              ]
                            },
                            "description": "The RDS Resource ID of this instance"
                          },
                          "this_db_instance_status": {
                            "expression": {
                              "references": [
                                "local.this_db_instance_status"
                              ]
                            },
                            "description": "The RDS instance status"
                          },
                          "this_db_instance_username": {
                            "sensitive": true,
                            "expression": {
                              "references": [
                                "local.this_db_instance_username"
                              ]
                            },
                            "description": "The master username for the database"
                          }
                        },
                        "resources": [
                          {
                            "address": "aws_db_instance.this",
                            "mode": "managed",
                            "type": "aws_db_instance",
                            "name": "this",
                            "provider_config_key": "db_instance:aws",
                            "expressions": {
                              "allocated_storage": {
                                "references": [
                                  "var.allocated_storage"
                                ]
                              },
                              "allow_major_version_upgrade": {
                                "references": [
                                  "var.allow_major_version_upgrade"
                                ]
                              },
                              "apply_immediately": {
                                "references": [
                                  "var.apply_immediately"
                                ]
                              },
                              "auto_minor_version_upgrade": {
                                "references": [
                                  "var.auto_minor_version_upgrade"
                                ]
                              },
                              "availability_zone": {
                                "references": [
                                  "var.availability_zone"
                                ]
                              },
                              "backup_retention_period": {
                                "references": [
                                  "var.backup_retention_period"
                                ]
                              },
                              "backup_window": {
                                "references": [
                                  "var.backup_window"
                                ]
                              },
                              "ca_cert_identifier": {
                                "references": [
                                  "var.ca_cert_identifier"
                                ]
                              },
                              "character_set_name": {
                                "references": [
                                  "var.character_set_name"
                                ]
                              },
                              "copy_tags_to_snapshot": {
                                "references": [
                                  "var.copy_tags_to_snapshot"
                                ]
                              },
                              "db_subnet_group_name": {
                                "references": [
                                  "var.db_subnet_group_name"
                                ]
                              },
                              "delete_automated_backups": {
                                "references": [
                                  "var.delete_automated_backups"
                                ]
                              },
                              "deletion_protection": {
                                "references": [
                                  "var.deletion_protection"
                                ]
                              },
                              "domain": {
                                "references": [
                                  "var.domain"
                                ]
                              },
                              "domain_iam_role_name": {
                                "references": [
                                  "var.domain_iam_role_name"
                                ]
                              },
                              "enabled_cloudwatch_logs_exports": {
                                "references": [
                                  "var.enabled_cloudwatch_logs_exports"
                                ]
                              },
                              "engine": {
                                "references": [
                                  "var.engine"
                                ]
                              },
                              "engine_version": {
                                "references": [
                                  "var.engine_version"
                                ]
                              },
                              "final_snapshot_identifier": {
                                "references": [
                                  "var.skip_final_snapshot",
                                  "var.final_snapshot_identifier",
                                  "var.final_snapshot_identifier_prefix",
                                  "var.identifier",
                                  "random_id.snapshot_identifier[0]"
                                ]
                              },
                              "iam_database_authentication_enabled": {
                                "references": [
                                  "var.iam_database_authentication_enabled"
                                ]
                              },
                              "identifier": {
                                "references": [
                                  "var.identifier"
                                ]
                              },
                              "instance_class": {
                                "references": [
                                  "var.instance_class"
                                ]
                              },
                              "iops": {
                                "references": [
                                  "var.iops"
                                ]
                              },
                              "kms_key_id": {
                                "references": [
                                  "var.kms_key_id"
                                ]
                              },
                              "license_model": {
                                "references": [
                                  "var.license_model"
                                ]
                              },
                              "maintenance_window": {
                                "references": [
                                  "var.maintenance_window"
                                ]
                              },
                              "max_allocated_storage": {
                                "references": [
                                  "var.max_allocated_storage"
                                ]
                              },
                              "monitoring_interval": {
                                "references": [
                                  "var.monitoring_interval"
                                ]
                              },
                              "monitoring_role_arn": {
                                "references": [
                                  "var.monitoring_interval",
                                  "local.monitoring_role_arn"
                                ]
                              },
                              "multi_az": {
                                "references": [
                                  "var.multi_az"
                                ]
                              },
                              "name": {
                                "references": [
                                  "var.name"
                                ]
                              },
                              "option_group_name": {
                                "references": [
                                  "var.option_group_name"
                                ]
                              },
                              "parameter_group_name": {
                                "references": [
                                  "var.parameter_group_name"
                                ]
                              },
                              "password": {
                                "references": [
                                  "var.password"
                                ]
                              },
                              "performance_insights_enabled": {
                                "references": [
                                  "var.performance_insights_enabled"
                                ]
                              },
                              "performance_insights_kms_key_id": {
                                "references": [
                                  "var.performance_insights_enabled",
                                  "var.performance_insights_kms_key_id"
                                ]
                              },
                              "performance_insights_retention_period": {
                                "references": [
                                  "var.performance_insights_enabled",
                                  "var.performance_insights_retention_period"
                                ]
                              },
                              "port": {
                                "references": [
                                  "var.port"
                                ]
                              },
                              "publicly_accessible": {
                                "references": [
                                  "var.publicly_accessible"
                                ]
                              },
                              "replicate_source_db": {
                                "references": [
                                  "var.replicate_source_db"
                                ]
                              },
                              "skip_final_snapshot": {
                                "references": [
                                  "var.skip_final_snapshot"
                                ]
                              },
                              "snapshot_identifier": {
                                "references": [
                                  "var.snapshot_identifier"
                                ]
                              },
                              "storage_encrypted": {
                                "references": [
                                  "var.storage_encrypted"
                                ]
                              },
                              "storage_type": {
                                "references": [
                                  "var.storage_type"
                                ]
                              },
                              "tags": {
                                "references": [
                                  "var.tags",
                                  "var.identifier"
                                ]
                              },
                              "timeouts": {
                                "create": {
                                  "references": [
                                    "var.timeouts"
                                  ]
                                },
                                "delete": {
                                  "references": [
                                    "var.timeouts"
                                  ]
                                },
                                "update": {
                                  "references": [
                                    "var.timeouts"
                                  ]
                                }
                              },
                              "username": {
                                "references": [
                                  "var.username"
                                ]
                              },
                              "vpc_security_group_ids": {
                                "references": [
                                  "var.vpc_security_group_ids"
                                ]
                              }
                            },
                            "schema_version": 1,
                            "count_expression": {
                              "references": [
                                "var.create",
                                "local.is_mssql"
                              ]
                            }
                          },
                          {
                            "address": "aws_db_instance.this_mssql",
                            "mode": "managed",
                            "type": "aws_db_instance",
                            "name": "this_mssql",
                            "provider_config_key": "db_instance:aws",
                            "expressions": {
                              "allocated_storage": {
                                "references": [
                                  "var.allocated_storage"
                                ]
                              },
                              "allow_major_version_upgrade": {
                                "references": [
                                  "var.allow_major_version_upgrade"
                                ]
                              },
                              "apply_immediately": {
                                "references": [
                                  "var.apply_immediately"
                                ]
                              },
                              "auto_minor_version_upgrade": {
                                "references": [
                                  "var.auto_minor_version_upgrade"
                                ]
                              },
                              "availability_zone": {
                                "references": [
                                  "var.availability_zone"
                                ]
                              },
                              "backup_retention_period": {
                                "references": [
                                  "var.backup_retention_period"
                                ]
                              },
                              "backup_window": {
                                "references": [
                                  "var.backup_window"
                                ]
                              },
                              "ca_cert_identifier": {
                                "references": [
                                  "var.ca_cert_identifier"
                                ]
                              },
                              "character_set_name": {
                                "references": [
                                  "var.character_set_name"
                                ]
                              },
                              "copy_tags_to_snapshot": {
                                "references": [
                                  "var.copy_tags_to_snapshot"
                                ]
                              },
                              "db_subnet_group_name": {
                                "references": [
                                  "var.db_subnet_group_name"
                                ]
                              },
                              "delete_automated_backups": {
                                "references": [
                                  "var.delete_automated_backups"
                                ]
                              },
                              "deletion_protection": {
                                "references": [
                                  "var.deletion_protection"
                                ]
                              },
                              "domain": {
                                "references": [
                                  "var.domain"
                                ]
                              },
                              "domain_iam_role_name": {
                                "references": [
                                  "var.domain_iam_role_name"
                                ]
                              },
                              "enabled_cloudwatch_logs_exports": {
                                "references": [
                                  "var.enabled_cloudwatch_logs_exports"
                                ]
                              },
                              "engine": {
                                "references": [
                                  "var.engine"
                                ]
                              },
                              "engine_version": {
                                "references": [
                                  "var.engine_version"
                                ]
                              },
                              "final_snapshot_identifier": {
                                "references": [
                                  "var.skip_final_snapshot",
                                  "var.final_snapshot_identifier",
                                  "var.final_snapshot_identifier_prefix",
                                  "var.identifier",
                                  "random_id.snapshot_identifier[0]"
                                ]
                              },
                              "iam_database_authentication_enabled": {
                                "references": [
                                  "var.iam_database_authentication_enabled"
                                ]
                              },
                              "identifier": {
                                "references": [
                                  "var.identifier"
                                ]
                              },
                              "instance_class": {
                                "references": [
                                  "var.instance_class"
                                ]
                              },
                              "iops": {
                                "references": [
                                  "var.iops"
                                ]
                              },
                              "kms_key_id": {
                                "references": [
                                  "var.kms_key_id"
                                ]
                              },
                              "license_model": {
                                "references": [
                                  "var.license_model"
                                ]
                              },
                              "maintenance_window": {
                                "references": [
                                  "var.maintenance_window"
                                ]
                              },
                              "max_allocated_storage": {
                                "references": [
                                  "var.max_allocated_storage"
                                ]
                              },
                              "monitoring_interval": {
                                "references": [
                                  "var.monitoring_interval"
                                ]
                              },
                              "monitoring_role_arn": {
                                "references": [
                                  "var.monitoring_interval",
                                  "local.monitoring_role_arn"
                                ]
                              },
                              "multi_az": {
                                "references": [
                                  "var.multi_az"
                                ]
                              },
                              "name": {
                                "references": [
                                  "var.name"
                                ]
                              },
                              "option_group_name": {
                                "references": [
                                  "var.option_group_name"
                                ]
                              },
                              "parameter_group_name": {
                                "references": [
                                  "var.parameter_group_name"
                                ]
                              },
                              "password": {
                                "references": [
                                  "var.password"
                                ]
                              },
                              "performance_insights_enabled": {
                                "references": [
                                  "var.performance_insights_enabled"
                                ]
                              },
                              "performance_insights_kms_key_id": {
                                "references": [
                                  "var.performance_insights_enabled",
                                  "var.performance_insights_kms_key_id"
                                ]
                              },
                              "performance_insights_retention_period": {
                                "references": [
                                  "var.performance_insights_enabled",
                                  "var.performance_insights_retention_period"
                                ]
                              },
                              "port": {
                                "references": [
                                  "var.port"
                                ]
                              },
                              "publicly_accessible": {
                                "references": [
                                  "var.publicly_accessible"
                                ]
                              },
                              "replicate_source_db": {
                                "references": [
                                  "var.replicate_source_db"
                                ]
                              },
                              "skip_final_snapshot": {
                                "references": [
                                  "var.skip_final_snapshot"
                                ]
                              },
                              "snapshot_identifier": {
                                "references": [
                                  "var.snapshot_identifier"
                                ]
                              },
                              "storage_encrypted": {
                                "references": [
                                  "var.storage_encrypted"
                                ]
                              },
                              "storage_type": {
                                "references": [
                                  "var.storage_type"
                                ]
                              },
                              "tags": {
                                "references": [
                                  "var.tags",
                                  "var.identifier"
                                ]
                              },
                              "timeouts": {
                                "create": {
                                  "references": [
                                    "var.timeouts"
                                  ]
                                },
                                "delete": {
                                  "references": [
                                    "var.timeouts"
                                  ]
                                },
                                "update": {
                                  "references": [
                                    "var.timeouts"
                                  ]
                                }
                              },
                              "timezone": {
                                "references": [
                                  "var.timezone"
                                ]
                              },
                              "username": {
                                "references": [
                                  "var.username"
                                ]
                              },
                              "vpc_security_group_ids": {
                                "references": [
                                  "var.vpc_security_group_ids"
                                ]
                              }
                            },
                            "schema_version": 1,
                            "count_expression": {
                              "references": [
                                "var.create",
                                "local.is_mssql"
                              ]
                            }
                          },
                          {
                            "address": "aws_iam_role.enhanced_monitoring",
                            "mode": "managed",
                            "type": "aws_iam_role",
                            "name": "enhanced_monitoring",
                            "provider_config_key": "db_instance:aws",
                            "expressions": {
                              "assume_role_policy": {
                                "references": [
                                  "data.aws_iam_policy_document.enhanced_monitoring"
                                ]
                              },
                              "name": {
                                "references": [
                                  "var.monitoring_role_name"
                                ]
                              },
                              "tags": {
                                "references": [
                                  "var.monitoring_role_name",
                                  "var.tags"
                                ]
                              }
                            },
                            "schema_version": 0,
                            "count_expression": {
                              "references": [
                                "var.create_monitoring_role"
                              ]
                            }
                          },
                          {
                            "address": "aws_iam_role_policy_attachment.enhanced_monitoring",
                            "mode": "managed",
                            "type": "aws_iam_role_policy_attachment",
                            "name": "enhanced_monitoring",
                            "provider_config_key": "db_instance:aws",
                            "expressions": {
                              "policy_arn": {
                                "references": [
                                  "data.aws_partition.current"
                                ]
                              },
                              "role": {
                                "references": [
                                  "aws_iam_role.enhanced_monitoring[0]"
                                ]
                              }
                            },
                            "schema_version": 0,
                            "count_expression": {
                              "references": [
                                "var.create_monitoring_role"
                              ]
                            }
                          },
                          {
                            "address": "random_id.snapshot_identifier",
                            "mode": "managed",
                            "type": "random_id",
                            "name": "snapshot_identifier",
                            "provider_config_key": "db_instance:random",
                            "expressions": {
                              "byte_length": {
                                "constant_value": 4
                              },
                              "keepers": {
                                "references": [
                                  "var.identifier"
                                ]
                              }
                            },
                            "schema_version": 0,
                            "count_expression": {
                              "references": [
                                "var.create",
                                "var.skip_final_snapshot"
                              ]
                            }
                          },
                          {
                            "address": "data.aws_iam_policy_document.enhanced_monitoring",
                            "mode": "data",
                            "type": "aws_iam_policy_document",
                            "name": "enhanced_monitoring",
                            "provider_config_key": "db_instance:aws",
                            "expressions": {
                              "statement": [
                                {
                                  "actions": {
                                    "constant_value": [
                                      "sts:AssumeRole"
                                    ]
                                  },
                                  "principals": [
                                    {
                                      "identifiers": {
                                        "constant_value": [
                                          "monitoring.rds.amazonaws.com"
                                        ]
                                      },
                                      "type": {
                                        "constant_value": "Service"
                                      }
                                    }
                                  ]
                                }
                              ]
                            },
                            "schema_version": 0
                          },
                          {
                            "address": "data.aws_partition.current",
                            "mode": "data",
                            "type": "aws_partition",
                            "name": "current",
                            "provider_config_key": "db_instance:aws",
                            "schema_version": 0
                          }
                        ],
                        "variables": {
                          "allocated_storage": {
                            "description": "The allocated storage in gigabytes"
                          },
                          "allow_major_version_upgrade": {
                            "default": false,
                            "description": "Indicates that major version upgrades are allowed. Changing this parameter does not result in an outage and the change is asynchronously applied as soon as possible"
                          },
                          "apply_immediately": {
                            "default": false,
                            "description": "Specifies whether any database modifications are applied immediately, or during the next maintenance window"
                          },
                          "auto_minor_version_upgrade": {
                            "default": true,
                            "description": "Indicates that minor engine upgrades will be applied automatically to the DB instance during the maintenance window"
                          },
                          "availability_zone": {
                            "default": null,
                            "description": "The Availability Zone of the RDS instance"
                          },
                          "backup_retention_period": {
                            "default": null,
                            "description": "The days to retain backups for"
                          },
                          "backup_window": {
                            "description": "The daily time range (in UTC) during which automated backups are created if they are enabled. Example: '09:46-10:16'. Must not overlap with maintenance_window"
                          },
                          "ca_cert_identifier": {
                            "default": null,
                            "description": "Specifies the identifier of the CA certificate for the DB instance"
                          },
                          "character_set_name": {
                            "default": null,
                            "description": "(Optional) The character set name to use for DB encoding in Oracle instances. This can't be changed. See Oracle Character Sets Supported in Amazon RDS and Collations and Character Sets for Microsoft SQL Server for more information. This can only be set on creation."
                          },
                          "copy_tags_to_snapshot": {
                            "default": false,
                            "description": "On delete, copy all Instance tags to the final snapshot (if final_snapshot_identifier is specified)"
                          },
                          "create": {
                            "default": true,
                            "description": "Whether to create this resource or not?"
                          },
                          "create_monitoring_role": {
                            "default": false,
                            "description": "Create IAM role with a defined name that permits RDS to send enhanced monitoring metrics to CloudWatch Logs."
                          },
                          "db_subnet_group_name": {
                            "default": "",
                            "description": "Name of DB subnet group. DB instance will be created in the VPC associated with the DB subnet group. If unspecified, will be created in the default VPC"
                          },
                          "delete_automated_backups": {
                            "default": true,
                            "description": "Specifies whether to remove automated backups immediately after the DB instance is deleted"
                          },
                          "deletion_protection": {
                            "default": false,
                            "description": "The database can't be deleted when this value is set to true."
                          },
                          "domain": {
                            "default": null,
                            "description": "The ID of the Directory Service Active Directory domain to create the instance in"
                          },
                          "domain_iam_role_name": {
                            "default": null,
                            "description": "(Required if domain is provided) The name of the IAM role to be used when making API calls to the Directory Service"
                          },
                          "enabled_cloudwatch_logs_exports": {
                            "default": [],
                            "description": "List of log types to enable for exporting to CloudWatch logs. If omitted, no logs will be exported. Valid values (depending on engine): alert, audit, error, general, listener, slowquery, trace, postgresql (PostgreSQL), upgrade (PostgreSQL)."
                          },
                          "engine": {
                            "description": "The database engine to use"
                          },
                          "engine_version": {
                            "description": "The engine version to use"
                          },
                          "final_snapshot_identifier": {
                            "default": null,
                            "description": "The name of your final DB snapshot when this DB instance is deleted."
                          },
                          "final_snapshot_identifier_prefix": {
                            "default": "final",
                            "description": "The name which is prefixed to the final snapshot on cluster destroy"
                          },
                          "iam_database_authentication_enabled": {
                            "default": false,
                            "description": "Specifies whether or mappings of AWS Identity and Access Management (IAM) accounts to database accounts is enabled"
                          },
                          "identifier": {
                            "description": "The name of the RDS instance, if omitted, Terraform will assign a random, unique identifier"
                          },
                          "instance_class": {
                            "description": "The instance type of the RDS instance"
                          },
                          "iops": {
                            "default": 0,
                            "description": "The amount of provisioned IOPS. Setting this implies a storage_type of 'io1'"
                          },
                          "kms_key_id": {
                            "default": null,
                            "description": "The ARN for the KMS encryption key. If creating an encrypted replica, set this to the destination KMS ARN. If storage_encrypted is set to true and kms_key_id is not specified the default KMS key created in your account will be used"
                          },
                          "license_model": {
                            "default": null,
                            "description": "License model information for this DB instance. Optional, but required for some DB engines, i.e. Oracle SE1"
                          },
                          "maintenance_window": {
                            "description": "The window to perform maintenance in. Syntax: 'ddd:hh24:mi-ddd:hh24:mi'. Eg: 'Mon:00:00-Mon:03:00'"
                          },
                          "max_allocated_storage": {
                            "default": 0,
                            "description": "Specifies the value for Storage Autoscaling"
                          },
                          "monitoring_interval": {
                            "default": 0,
                            "description": "The interval, in seconds, between points when Enhanced Monitoring metrics are collected for the DB instance. To disable collecting Enhanced Monitoring metrics, specify 0. The default is 0. Valid Values: 0, 1, 5, 10, 15, 30, 60."
                          },
                          "monitoring_role_arn": {
                            "default": null,
                            "description": "The ARN for the IAM role that permits RDS to send enhanced monitoring metrics to CloudWatch Logs. Must be specified if monitoring_interval is non-zero."
                          },
                          "monitoring_role_name": {
                            "default": "rds-monitoring-role",
                            "description": "Name of the IAM role which will be created when create_monitoring_role is enabled."
                          },
                          "multi_az": {
                            "default": false,
                            "description": "Specifies if the RDS instance is multi-AZ"
                          },
                          "name": {
                            "default": null,
                            "description": "The DB name to create. If omitted, no database is created initially"
                          },
                          "option_group_name": {
                            "default": "",
                            "description": "Name of the DB option group to associate."
                          },
                          "parameter_group_name": {
                            "default": "",
                            "description": "Name of the DB parameter group to associate"
                          },
                          "password": {
                            "description": "Password for the master DB user. Note that this may show up in logs, and it will be stored in the state file"
                          },
                          "performance_insights_enabled": {
                            "default": false,
                            "description": "Specifies whether Performance Insights are enabled"
                          },
                          "performance_insights_kms_key_id": {
                            "default": null,
                            "description": "The ARN for the KMS key to encrypt Performance Insights data."
                          },
                          "performance_insights_retention_period": {
                            "default": 7,
                            "description": "The amount of time in days to retain Performance Insights data. Either 7 (7 days) or 731 (2 years)."
                          },
                          "port": {
                            "description": "The port on which the DB accepts connections"
                          },
                          "publicly_accessible": {
                            "default": false,
                            "description": "Bool to control if instance is publicly accessible"
                          },
                          "replicate_source_db": {
                            "default": null,
                            "description": "Specifies that this resource is a Replicate database, and to use this value as the source database. This correlates to the identifier of another Amazon RDS Database to replicate."
                          },
                          "s3_import": {
                            "default": null,
                            "description": "Restore from a Percona Xtrabackup in S3 (only MySQL is supported)"
                          },
                          "skip_final_snapshot": {
                            "default": false,
                            "description": "Determines whether a final DB snapshot is created before the DB instance is deleted. If true is specified, no DBSnapshot is created. If false is specified, a DB snapshot is created before the DB instance is deleted, using the value from final_snapshot_identifier"
                          },
                          "snapshot_identifier": {
                            "default": null,
                            "description": "Specifies whether or not to create this database from a snapshot. This correlates to the snapshot ID you'd find in the RDS console, e.g: rds:production-2015-06-26-06-05."
                          },
                          "storage_encrypted": {
                            "default": false,
                            "description": "Specifies whether the DB instance is encrypted"
                          },
                          "storage_type": {
                            "default": null,
                            "description": "One of 'standard' (magnetic), 'gp2' (general purpose SSD), or 'io1' (provisioned IOPS SSD). The default is 'io1' if iops is specified, 'standard' if not. Note that this behaviour is different from the AWS web console, where the default is 'gp2'."
                          },
                          "tags": {
                            "default": {},
                            "description": "A mapping of tags to assign to all resources"
                          },
                          "timeouts": {
                            "default": {
                              "create": "40m",
                              "delete": "40m",
                              "update": "80m"
                            },
                            "description": "(Optional) Updated Terraform resource management timeouts. Applies to `aws_db_instance` in particular to permit resource management times"
                          },
                          "timezone": {
                            "default": null,
                            "description": "(Optional) Time zone of the DB instance. timezone is currently only supported by Microsoft SQL Server. The timezone can only be set on creation. See MSSQL User Guide for more information."
                          },
                          "username": {
                            "description": "Username for the master DB user"
                          },
                          "vpc_security_group_ids": {
                            "default": [],
                            "description": "List of VPC security groups to associate"
                          }
                        }
                      }
                    },
                    "db_option_group": {
                      "source": "./modules/db_option_group",
                      "expressions": {
                        "create": {
                          "references": [
                            "local.create_db_option_group"
                          ]
                        },
                        "engine_name": {
                          "references": [
                            "var.engine"
                          ]
                        },
                        "major_engine_version": {
                          "references": [
                            "var.major_engine_version"
                          ]
                        },
                        "name": {
                          "references": [
                            "var.option_group_name",
                            "var.identifier"
                          ]
                        },
                        "option_group_description": {
                          "references": [
                            "var.option_group_description"
                          ]
                        },
                        "options": {
                          "references": [
                            "var.options"
                          ]
                        },
                        "tags": {
                          "references": [
                            "var.tags",
                            "var.db_option_group_tags"
                          ]
                        },
                        "timeouts": {
                          "references": [
                            "var.option_group_timeouts"
                          ]
                        },
                        "use_name_prefix": {
                          "references": [
                            "var.option_group_use_name_prefix"
                          ]
                        }
                      },
                      "module": {
                        "outputs": {
                          "this_db_option_group_arn": {
                            "expression": {
                              "references": [
                                "aws_db_option_group.this"
                              ]
                            },
                            "description": "The ARN of the db option group"
                          },
                          "this_db_option_group_id": {
                            "expression": {
                              "references": [
                                "aws_db_option_group.this"
                              ]
                            },
                            "description": "The db option group id"
                          }
                        },
                        "resources": [
                          {
                            "address": "aws_db_option_group.this",
                            "mode": "managed",
                            "type": "aws_db_option_group",
                            "name": "this",
                            "provider_config_key": "db_option_group:aws",
                            "expressions": {
                              "engine_name": {
                                "references": [
                                  "var.engine_name"
                                ]
                              },
                              "major_engine_version": {
                                "references": [
                                  "var.major_engine_version"
                                ]
                              },
                              "name": {
                                "references": [
                                  "local.name"
                                ]
                              },
                              "name_prefix": {
                                "references": [
                                  "local.name_prefix"
                                ]
                              },
                              "option_group_description": {
                                "references": [
                                  "local.description"
                                ]
                              },
                              "tags": {
                                "references": [
                                  "var.tags",
                                  "var.name"
                                ]
                              },
                              "timeouts": {
                                "delete": {
                                  "references": [
                                    "var.timeouts"
                                  ]
                                }
                              }
                            },
                            "schema_version": 0,
                            "count_expression": {
                              "references": [
                                "var.create"
                              ]
                            }
                          }
                        ],
                        "variables": {
                          "create": {
                            "default": true,
                            "description": "Whether to create this resource or not?"
                          },
                          "engine_name": {
                            "description": "Specifies the name of the engine that this option group should be associated with"
                          },
                          "major_engine_version": {
                            "description": "Specifies the major version of the engine that this option group should be associated with"
                          },
                          "name": {
                            "default": "",
                            "description": "The name of the option group"
                          },
                          "option_group_description": {
                            "default": "",
                            "description": "The description of the option group"
                          },
                          "options": {
                            "default": [],
                            "description": "A list of Options to apply"
                          },
                          "tags": {
                            "default": {},
                            "description": "A mapping of tags to assign to the resource"
                          },
                          "timeouts": {
                            "default": {
                              "delete": "15m"
                            },
                            "description": "Define maximum timeout for deletion of `aws_db_option_group` resource"
                          },
                          "use_name_prefix": {
                            "default": true,
                            "description": "Determines whether to use `name` as is or create a unique name beginning with `name` as the specified prefix"
                          }
                        }
                      }
                    },
                    "db_parameter_group": {
                      "source": "./modules/db_parameter_group",
                      "expressions": {
                        "create": {
                          "references": [
                            "var.create_db_parameter_group"
                          ]
                        },
                        "description": {
                          "references": [
                            "var.parameter_group_description"
                          ]
                        },
                        "family": {
                          "references": [
                            "var.family"
                          ]
                        },
                        "name": {
                          "references": [
                            "var.parameter_group_name",
                            "var.identifier"
                          ]
                        },
                        "parameters": {
                          "references": [
                            "var.parameters"
                          ]
                        },
                        "tags": {
                          "references": [
                            "var.tags",
                            "var.db_parameter_group_tags"
                          ]
                        },
                        "use_name_prefix": {
                          "references": [
                            "var.parameter_group_use_name_prefix"
                          ]
                        }
                      },
                      "module": {
                        "outputs": {
                          "this_db_parameter_group_arn": {
                            "expression": {
                              "references": [
                                "aws_db_parameter_group.this"
                              ]
                            },
                            "description": "The ARN of the db parameter group"
                          },
                          "this_db_parameter_group_id": {
                            "expression": {
                              "references": [
                                "aws_db_parameter_group.this"
                              ]
                            },
                            "description": "The db parameter group id"
                          }
                        },
                        "resources": [
                          {
                            "address": "aws_db_parameter_group.this",
                            "mode": "managed",
                            "type": "aws_db_parameter_group",
                            "name": "this",
                            "provider_config_key": "db_parameter_group:aws",
                            "expressions": {
                              "description": {
                                "references": [
                                  "local.description"
                                ]
                              },
                              "family": {
                                "references": [
                                  "var.family"
                                ]
                              },
                              "name": {
                                "references": [
                                  "local.name"
                                ]
                              },
                              "name_prefix": {
                                "references": [
                                  "local.name_prefix"
                                ]
                              },
                              "tags": {
                                "references": [
                                  "var.tags",
                                  "var.name"
                                ]
                              }
                            },
                            "schema_version": 0,
                            "count_expression": {
                              "references": [
                                "var.create"
                              ]
                            }
                          }
                        ],
                        "variables": {
                          "create": {
                            "default": true,
                            "description": "Whether to create this resource or not?"
                          },
                          "description": {
                            "default": "",
                            "description": "The description of the DB parameter group"
                          },
                          "family": {
                            "description": "The family of the DB parameter group"
                          },
                          "name": {
                            "default": "",
                            "description": "The name of the DB parameter group"
                          },
                          "parameters": {
                            "default": [],
                            "description": "A list of DB parameter maps to apply"
                          },
                          "tags": {
                            "default": {},
                            "description": "A mapping of tags to assign to the resource"
                          },
                          "use_name_prefix": {
                            "default": true,
                            "description": "Determines whether to use `name` as is or create a unique name beginning with `name` as the specified prefix"
                          }
                        }
                      }
                    },
                    "db_subnet_group": {
                      "source": "./modules/db_subnet_group",
                      "expressions": {
                        "create": {
                          "references": [
                            "var.create_db_subnet_group"
                          ]
                        },
                        "description": {
                          "references": [
                            "var.db_subnet_group_description"
                          ]
                        },
                        "name": {
                          "references": [
                            "var.db_subnet_group_name",
                            "var.identifier"
                          ]
                        },
                        "subnet_ids": {
                          "references": [
                            "var.subnet_ids"
                          ]
                        },
                        "tags": {
                          "references": [
                            "var.tags",
                            "var.db_subnet_group_tags"
                          ]
                        },
                        "use_name_prefix": {
                          "references": [
                            "var.db_subnet_group_use_name_prefix"
                          ]
                        }
                      },
                      "module": {
                        "outputs": {
                          "this_db_subnet_group_arn": {
                            "expression": {
                              "references": [
                                "aws_db_subnet_group.this"
                              ]
                            },
                            "description": "The ARN of the db subnet group"
                          },
                          "this_db_subnet_group_id": {
                            "expression": {
                              "references": [
                                "aws_db_subnet_group.this"
                              ]
                            },
                            "description": "The db subnet group name"
                          }
                        },
                        "resources": [
                          {
                            "address": "aws_db_subnet_group.this",
                            "mode": "managed",
                            "type": "aws_db_subnet_group",
                            "name": "this",
                            "provider_config_key": "db_subnet_group:aws",
                            "expressions": {
                              "description": {
                                "references": [
                                  "local.description"
                                ]
                              },
                              "name": {
                                "references": [
                                  "local.name"
                                ]
                              },
                              "name_prefix": {
                                "references": [
                                  "local.name_prefix"
                                ]
                              },
                              "subnet_ids": {
                                "references": [
                                  "var.subnet_ids"
                                ]
                              },
                              "tags": {
                                "references": [
                                  "var.tags",
                                  "var.name"
                                ]
                              }
                            },
                            "schema_version": 0,
                            "count_expression": {
                              "references": [
                                "var.create"
                              ]
                            }
                          }
                        ],
                        "variables": {
                          "create": {
                            "default": true,
                            "description": "Whether to create this resource or not?"
                          },
                          "description": {
                            "default": "",
                            "description": "The description of the DB subnet group"
                          },
                          "name": {
                            "default": "",
                            "description": "The name of the DB subnet group"
                          },
                          "subnet_ids": {
                            "default": [],
                            "description": "A list of VPC subnet IDs"
                          },
                          "tags": {
                            "default": {},
                            "description": "A mapping of tags to assign to the resource"
                          },
                          "use_name_prefix": {
                            "default": true,
                            "description": "Determines whether to use `name` as is or create a unique name beginning with `name` as the specified prefix"
                          }
                        }
                      }
                    }
                  },
                  "variables": {
                    "allocated_storage": {
                      "description": "The allocated storage in gigabytes"
                    },
                    "allow_major_version_upgrade": {
                      "default": false,
                      "description": "Indicates that major version upgrades are allowed. Changing this parameter does not result in an outage and the change is asynchronously applied as soon as possible"
                    },
                    "apply_immediately": {
                      "default": false,
                      "description": "Specifies whether any database modifications are applied immediately, or during the next maintenance window"
                    },
                    "auto_minor_version_upgrade": {
                      "default": true,
                      "description": "Indicates that minor engine upgrades will be applied automatically to the DB instance during the maintenance window"
                    },
                    "availability_zone": {
                      "default": null,
                      "description": "The Availability Zone of the RDS instance"
                    },
                    "backup_retention_period": {
                      "default": null,
                      "description": "The days to retain backups for"
                    },
                    "backup_window": {
                      "description": "The daily time range (in UTC) during which automated backups are created if they are enabled. Example: '09:46-10:16'. Must not overlap with maintenance_window"
                    },
                    "ca_cert_identifier": {
                      "default": null,
                      "description": "Specifies the identifier of the CA certificate for the DB instance"
                    },
                    "character_set_name": {
                      "default": null,
                      "description": "(Optional) The character set name to use for DB encoding in Oracle instances. This can't be changed. See Oracle Character Sets Supported in Amazon RDS and Collations and Character Sets for Microsoft SQL Server for more information. This can only be set on creation."
                    },
                    "copy_tags_to_snapshot": {
                      "default": false,
                      "description": "On delete, copy all Instance tags to the final snapshot (if final_snapshot_identifier is specified)"
                    },
                    "create_db_instance": {
                      "default": true,
                      "description": "Whether to create a database instance"
                    },
                    "create_db_option_group": {
                      "default": true,
                      "description": "(Optional) Create a database option group"
                    },
                    "create_db_parameter_group": {
                      "default": true,
                      "description": "Whether to create a database parameter group"
                    },
                    "create_db_subnet_group": {
                      "default": true,
                      "description": "Whether to create a database subnet group"
                    },
                    "create_monitoring_role": {
                      "default": false,
                      "description": "Create IAM role with a defined name that permits RDS to send enhanced monitoring metrics to CloudWatch Logs."
                    },
                    "create_random_password": {
                      "default": false,
                      "description": "Whether to create random password for RDS primary cluster"
                    },
                    "db_instance_tags": {
                      "default": {},
                      "description": "Additional tags for the DB instance"
                    },
                    "db_option_group_tags": {
                      "default": {},
                      "description": "Additional tags for the DB option group"
                    },
                    "db_parameter_group_tags": {
                      "default": {},
                      "description": "Additional tags for the  DB parameter group"
                    },
                    "db_subnet_group_description": {
                      "default": "",
                      "description": "Description of the DB subnet group to create"
                    },
                    "db_subnet_group_name": {
                      "default": null,
                      "description": "Name of DB subnet group. DB instance will be created in the VPC associated with the DB subnet group. If unspecified, will be created in the default VPC"
                    },
                    "db_subnet_group_tags": {
                      "default": {},
                      "description": "Additional tags for the DB subnet group"
                    },
                    "db_subnet_group_use_name_prefix": {
                      "default": true,
                      "description": "Determines whether to use `subnet_group_name` as is or create a unique name beginning with the `subnet_group_name` as the prefix"
                    },
                    "delete_automated_backups": {
                      "default": true,
                      "description": "Specifies whether to remove automated backups immediately after the DB instance is deleted"
                    },
                    "deletion_protection": {
                      "default": false,
                      "description": "The database can't be deleted when this value is set to true."
                    },
                    "domain": {
                      "default": null,
                      "description": "The ID of the Directory Service Active Directory domain to create the instance in"
                    },
                    "domain_iam_role_name": {
                      "default": null,
                      "description": "(Required if domain is provided) The name of the IAM role to be used when making API calls to the Directory Service"
                    },
                    "enabled_cloudwatch_logs_exports": {
                      "default": [],
                      "description": "List of log types to enable for exporting to CloudWatch logs. If omitted, no logs will be exported. Valid values (depending on engine): alert, audit, error, general, listener, slowquery, trace, postgresql (PostgreSQL), upgrade (PostgreSQL)."
                    },
                    "engine": {
                      "description": "The database engine to use"
                    },
                    "engine_version": {
                      "description": "The engine version to use"
                    },
                    "family": {
                      "default": "",
                      "description": "The family of the DB parameter group"
                    },
                    "final_snapshot_identifier": {
                      "default": null,
                      "description": "The name of your final DB snapshot when this DB instance is deleted."
                    },
                    "final_snapshot_identifier_prefix": {
                      "default": "final",
                      "description": "The name which is prefixed to the final snapshot on cluster destroy"
                    },
                    "iam_database_authentication_enabled": {
                      "default": false,
                      "description": "Specifies whether or not the mappings of AWS Identity and Access Management (IAM) accounts to database accounts are enabled"
                    },
                    "identifier": {
                      "description": "The name of the RDS instance, if omitted, Terraform will assign a random, unique identifier"
                    },
                    "instance_class": {
                      "description": "The instance type of the RDS instance"
                    },
                    "iops": {
                      "default": 0,
                      "description": "The amount of provisioned IOPS. Setting this implies a storage_type of 'io1'"
                    },
                    "kms_key_id": {
                      "default": null,
                      "description": "The ARN for the KMS encryption key. If creating an encrypted replica, set this to the destination KMS ARN. If storage_encrypted is set to true and kms_key_id is not specified the default KMS key created in your account will be used"
                    },
                    "license_model": {
                      "default": null,
                      "description": "License model information for this DB instance. Optional, but required for some DB engines, i.e. Oracle SE1"
                    },
                    "maintenance_window": {
                      "description": "The window to perform maintenance in. Syntax: 'ddd:hh24:mi-ddd:hh24:mi'. Eg: 'Mon:00:00-Mon:03:00'"
                    },
                    "major_engine_version": {
                      "default": "",
                      "description": "Specifies the major version of the engine that this option group should be associated with"
                    },
                    "max_allocated_storage": {
                      "default": 0,
                      "description": "Specifies the value for Storage Autoscaling"
                    },
                    "monitoring_interval": {
                      "default": 0,
                      "description": "The interval, in seconds, between points when Enhanced Monitoring metrics are collected for the DB instance. To disable collecting Enhanced Monitoring metrics, specify 0. The default is 0. Valid Values: 0, 1, 5, 10, 15, 30, 60."
                    },
                    "monitoring_role_arn": {
                      "default": null,
                      "description": "The ARN for the IAM role that permits RDS to send enhanced monitoring metrics to CloudWatch Logs. Must be specified if monitoring_interval is non-zero."
                    },
                    "monitoring_role_name": {
                      "default": "rds-monitoring-role",
                      "description": "Name of the IAM role which will be created when create_monitoring_role is enabled."
                    },
                    "multi_az": {
                      "default": false,
                      "description": "Specifies if the RDS instance is multi-AZ"
                    },
                    "name": {
                      "default": null,
                      "description": "The DB name to create. If omitted, no database is created initially"
                    },
                    "option_group_description": {
                      "default": "",
                      "description": "The description of the option group"
                    },
                    "option_group_name": {
                      "default": null,
                      "description": "Name of the option group"
                    },
                    "option_group_timeouts": {
                      "default": {
                        "delete": "15m"
                      },
                      "description": "Define maximum timeout for deletion of `aws_db_option_group` resource"
                    },
                    "option_group_use_name_prefix": {
                      "default": true,
                      "description": "Determines whether to use `option_group_name` as is or create a unique name beginning with the `option_group_name` as the prefix"
                    },
                    "options": {
                      "default": [],
                      "description": "A list of Options to apply."
                    },
                    "parameter_group_description": {
                      "default": "",
                      "description": "Description of the DB parameter group to create"
                    },
                    "parameter_group_name": {
                      "default": null,
                      "description": "Name of the DB parameter group to associate or create"
                    },
                    "parameter_group_use_name_prefix": {
                      "default": true,
                      "description": "Determines whether to use `parameter_group_name` as is or create a unique name beginning with the `parameter_group_name` as the prefix"
                    },
                    "parameters": {
                      "default": [],
                      "description": "A list of DB parameters (map) to apply"
                    },
                    "password": {
                      "default": "",
                      "description": "Password for the master DB user. Note that this may show up in logs, and it will be stored in the state file"
                    },
                    "performance_insights_enabled": {
                      "default": false,
                      "description": "Specifies whether Performance Insights are enabled"
                    },
                    "performance_insights_kms_key_id": {
                      "default": null,
                      "description": "The ARN for the KMS key to encrypt Performance Insights data."
                    },
                    "performance_insights_retention_period": {
                      "default": 7,
                      "description": "The amount of time in days to retain Performance Insights data. Either 7 (7 days) or 731 (2 years)."
                    },
                    "port": {
                      "description": "The port on which the DB accepts connections"
                    },
                    "publicly_accessible": {
                      "default": false,
                      "description": "Bool to control if instance is publicly accessible"
                    },
                    "random_password_length": {
                      "default": 10,
                      "description": "(Optional) Length of random password to create. (default: 10)"
                    },
                    "replicate_source_db": {
                      "default": null,
                      "description": "Specifies that this resource is a Replicate database, and to use this value as the source database. This correlates to the identifier of another Amazon RDS Database to replicate."
                    },
                    "s3_import": {
                      "default": null,
                      "description": "Restore from a Percona Xtrabackup in S3 (only MySQL is supported)"
                    },
                    "skip_final_snapshot": {
                      "default": false,
                      "description": "Determines whether a final DB snapshot is created before the DB instance is deleted. If true is specified, no DBSnapshot is created. If false is specified, a DB snapshot is created before the DB instance is deleted, using the value from final_snapshot_identifier"
                    },
                    "snapshot_identifier": {
                      "default": null,
                      "description": "Specifies whether or not to create this database from a snapshot. This correlates to the snapshot ID you'd find in the RDS console, e.g: rds:production-2015-06-26-06-05."
                    },
                    "storage_encrypted": {
                      "default": false,
                      "description": "Specifies whether the DB instance is encrypted"
                    },
                    "storage_type": {
                      "default": null,
                      "description": "One of 'standard' (magnetic), 'gp2' (general purpose SSD), or 'io1' (provisioned IOPS SSD). The default is 'io1' if iops is specified, 'gp2' if not."
                    },
                    "subnet_ids": {
                      "default": [],
                      "description": "A list of VPC subnet IDs"
                    },
                    "tags": {
                      "default": {},
                      "description": "A mapping of tags to assign to all resources"
                    },
                    "timeouts": {
                      "default": {
                        "create": "40m",
                        "delete": "40m",
                        "update": "80m"
                      },
                      "description": "(Optional) Updated Terraform resource management timeouts. Applies to `aws_db_instance` in particular to permit resource management times"
                    },
                    "timezone": {
                      "default": null,
                      "description": "(Optional) Time zone of the DB instance. timezone is currently only supported by Microsoft SQL Server. The timezone can only be set on creation. See MSSQL User Guide for more information."
                    },
                    "username": {
                      "description": "Username for the master DB user"
                    },
                    "vpc_security_group_ids": {
                      "default": [],
                      "description": "List of VPC security groups to associate"
                    }
                  }
                },
                "version_constraint": "~> 2.0"
              },
              "db_2": {
                "source": "terraform-aws-modules/rds/aws",
                "expressions": {
                  "allocated_storage": {
                    "constant_value": 5
                  },
                  "backup_window": {
                    "constant_value": "03:00-06:00"
                  },
                  "create_monitoring_role": {
                    "constant_value": true
                  },
                  "deletion_protection": {
                    "constant_value": false
                  },
                  "engine": {
                    "constant_value": "mysql"
                  },
                  "engine_version": {
                    "constant_value": "5.7.19"
                  },
                  "family": {
                    "constant_value": "mysql5.7"
                  },
                  "final_snapshot_identifier": {
                    "constant_value": "demodb"
                  },
                  "iam_database_authentication_enabled": {
                    "constant_value": true
                  },
                  "identifier": {
                    "constant_value": "demodb"
                  },
                  "instance_class": {
                    "constant_value": "db.t3.micro"
                  },
                  "maintenance_window": {
                    "constant_value": "Mon:00:00-Mon:03:00"
                  },
                  "major_engine_version": {
                    "constant_value": "5.7"
                  },
                  "monitoring_interval": {
                    "constant_value": "30"
                  },
                  "monitoring_role_name": {
                    "constant_value": "MyRDSMonitoringRole"
                  },
                  "name": {
                    "constant_value": "demodb"
                  },
                  "parameters": {
                    "constant_value": [
                      {
                        "name": "character_set_client",
                        "value": "utf8"
                      },
                      {
                        "name": "character_set_server",
                        "value": "utf8"
                      }
                    ]
                  },
                  "password": {
                    "constant_value": "YourPwdShouldBeLongAndSecure!"
                  },
                  "port": {
                    "constant_value": "3306"
                  },
                  "skip_final_snapshot": {
                    "constant_value": true
                  },
                  "subnet_ids": {
                    "references": [
                      "data.aws_subnet_ids.default"
                    ]
                  },
                  "tags": {
                    "constant_value": {
                      "Environment": "dev",
                      "Owner": "user2"
                    }
                  },
                  "username": {
                    "constant_value": "user"
                  }
                },
                "module": {
                  "outputs": {
                    "enhanced_monitoring_iam_role_arn": {
                      "expression": {
                        "references": [
                          "module.db_instance.enhanced_monitoring_iam_role_arn"
                        ]
                      },
                      "description": "The Amazon Resource Name (ARN) specifying the monitoring role"
                    },
                    "enhanced_monitoring_iam_role_name": {
                      "expression": {
                        "references": [
                          "module.db_instance.enhanced_monitoring_iam_role_name"
                        ]
                      },
                      "description": "The name of the monitoring role"
                    },
                    "this_db_instance_address": {
                      "expression": {
                        "references": [
                          "module.db_instance.this_db_instance_address"
                        ]
                      },
                      "description": "The address of the RDS instance"
                    },
                    "this_db_instance_arn": {
                      "expression": {
                        "references": [
                          "module.db_instance.this_db_instance_arn"
                        ]
                      },
                      "description": "The ARN of the RDS instance"
                    },
                    "this_db_instance_availability_zone": {
                      "expression": {
                        "references": [
                          "module.db_instance.this_db_instance_availability_zone"
                        ]
                      },
                      "description": "The availability zone of the RDS instance"
                    },
                    "this_db_instance_ca_cert_identifier": {
                      "expression": {
                        "references": [
                          "module.db_instance.this_db_instance_ca_cert_identifier"
                        ]
                      },
                      "description": "Specifies the identifier of the CA certificate for the DB instance"
                    },
                    "this_db_instance_domain": {
                      "expression": {
                        "references": [
                          "module.db_instance.this_db_instance_domain"
                        ]
                      },
                      "description": "The ID of the Directory Service Active Directory domain the instance is joined to"
                    },
                    "this_db_instance_domain_iam_role_name": {
                      "expression": {
                        "references": [
                          "module.db_instance.this_db_instance_domain_iam_role_name"
                        ]
                      },
                      "description": "The name of the IAM role to be used when making API calls to the Directory Service. "
                    },
                    "this_db_instance_endpoint": {
                      "expression": {
                        "references": [
                          "module.db_instance.this_db_instance_endpoint"
                        ]
                      },
                      "description": "The connection endpoint"
                    },
                    "this_db_instance_hosted_zone_id": {
                      "expression": {
                        "references": [
                          "module.db_instance.this_db_instance_hosted_zone_id"
                        ]
                      },
                      "description": "The canonical hosted zone ID of the DB instance (to be used in a Route 53 Alias record)"
                    },
                    "this_db_instance_id": {
                      "expression": {
                        "references": [
                          "module.db_instance.this_db_instance_id"
                        ]
                      },
                      "description": "The RDS instance ID"
                    },
                    "this_db_instance_name": {
                      "expression": {
                        "references": [
                          "module.db_instance.this_db_instance_name"
                        ]
                      },
                      "description": "The database name"
                    },
                    "this_db_instance_password": {
                      "sensitive": true,
                      "expression": {
                        "references": [
                          "local.master_password"
                        ]
                      },
                      "description": "The database password (this password may be old, because Terraform doesn't track it after initial creation)"
                    },
                    "this_db_instance_port": {
                      "expression": {
                        "references": [
                          "module.db_instance.this_db_instance_port"
                        ]
                      },
                      "description": "The database port"
                    },
                    "this_db_instance_resource_id": {
                      "expression": {
                        "references": [
                          "module.db_instance.this_db_instance_resource_id"
                        ]
                      },
                      "description": "The RDS Resource ID of this instance"
                    },
                    "this_db_instance_status": {
                      "expression": {
                        "references": [
                          "module.db_instance.this_db_instance_status"
                        ]
                      },
                      "description": "The RDS instance status"
                    },
                    "this_db_instance_username": {
                      "sensitive": true,
                      "expression": {
                        "references": [
                          "module.db_instance.this_db_instance_username"
                        ]
                      },
                      "description": "The master username for the database"
                    },
                    "this_db_master_password": {
                      "sensitive": true,
                      "expression": {
                        "references": [
                          "module.db_instance.this_db_instance_master_password"
                        ]
                      },
                      "description": "The master password"
                    },
                    "this_db_option_group_arn": {
                      "expression": {
                        "references": [
                          "module.db_option_group.this_db_option_group_arn"
                        ]
                      },
                      "description": "The ARN of the db option group"
                    },
                    "this_db_option_group_id": {
                      "expression": {
                        "references": [
                          "module.db_option_group.this_db_option_group_id"
                        ]
                      },
                      "description": "The db option group id"
                    },
                    "this_db_parameter_group_arn": {
                      "expression": {
                        "references": [
                          "module.db_parameter_group.this_db_parameter_group_arn"
                        ]
                      },
                      "description": "The ARN of the db parameter group"
                    },
                    "this_db_parameter_group_id": {
                      "expression": {
                        "references": [
                          "module.db_parameter_group.this_db_parameter_group_id"
                        ]
                      },
                      "description": "The db parameter group id"
                    },
                    "this_db_subnet_group_arn": {
                      "expression": {
                        "references": [
                          "module.db_subnet_group.this_db_subnet_group_arn"
                        ]
                      },
                      "description": "The ARN of the db subnet group"
                    },
                    "this_db_subnet_group_id": {
                      "expression": {
                        "references": [
                          "module.db_subnet_group.this_db_subnet_group_id"
                        ]
                      },
                      "description": "The db subnet group name"
                    }
                  },
                  "resources": [
                    {
                      "address": "random_password.master_password",
                      "mode": "managed",
                      "type": "random_password",
                      "name": "master_password",
                      "provider_config_key": "db_2:random",
                      "expressions": {
                        "length": {
                          "references": [
                            "var.random_password_length"
                          ]
                        },
                        "special": {
                          "constant_value": false
                        }
                      },
                      "schema_version": 0,
                      "count_expression": {
                        "references": [
                          "var.create_db_instance",
                          "var.create_random_password"
                        ]
                      }
                    }
                  ],
                  "module_calls": {
                    "db_instance": {
                      "source": "./modules/db_instance",
                      "expressions": {
                        "allocated_storage": {
                          "references": [
                            "var.allocated_storage"
                          ]
                        },
                        "allow_major_version_upgrade": {
                          "references": [
                            "var.allow_major_version_upgrade"
                          ]
                        },
                        "apply_immediately": {
                          "references": [
                            "var.apply_immediately"
                          ]
                        },
                        "auto_minor_version_upgrade": {
                          "references": [
                            "var.auto_minor_version_upgrade"
                          ]
                        },
                        "availability_zone": {
                          "references": [
                            "var.availability_zone"
                          ]
                        },
                        "backup_retention_period": {
                          "references": [
                            "var.backup_retention_period"
                          ]
                        },
                        "backup_window": {
                          "references": [
                            "var.backup_window"
                          ]
                        },
                        "ca_cert_identifier": {
                          "references": [
                            "var.ca_cert_identifier"
                          ]
                        },
                        "character_set_name": {
                          "references": [
                            "var.character_set_name"
                          ]
                        },
                        "copy_tags_to_snapshot": {
                          "references": [
                            "var.copy_tags_to_snapshot"
                          ]
                        },
                        "create": {
                          "references": [
                            "var.create_db_instance"
                          ]
                        },
                        "create_monitoring_role": {
                          "references": [
                            "var.create_monitoring_role"
                          ]
                        },
                        "db_subnet_group_name": {
                          "references": [
                            "local.db_subnet_group_name"
                          ]
                        },
                        "delete_automated_backups": {
                          "references": [
                            "var.delete_automated_backups"
                          ]
                        },
                        "deletion_protection": {
                          "references": [
                            "var.deletion_protection"
                          ]
                        },
                        "domain": {
                          "references": [
                            "var.domain"
                          ]
                        },
                        "domain_iam_role_name": {
                          "references": [
                            "var.domain_iam_role_name"
                          ]
                        },
                        "enabled_cloudwatch_logs_exports": {
                          "references": [
                            "var.enabled_cloudwatch_logs_exports"
                          ]
                        },
                        "engine": {
                          "references": [
                            "var.engine"
                          ]
                        },
                        "engine_version": {
                          "references": [
                            "var.engine_version"
                          ]
                        },
                        "final_snapshot_identifier": {
                          "references": [
                            "var.final_snapshot_identifier"
                          ]
                        },
                        "final_snapshot_identifier_prefix": {
                          "references": [
                            "var.final_snapshot_identifier_prefix"
                          ]
                        },
                        "iam_database_authentication_enabled": {
                          "references": [
                            "var.iam_database_authentication_enabled"
                          ]
                        },
                        "identifier": {
                          "references": [
                            "var.identifier"
                          ]
                        },
                        "instance_class": {
                          "references": [
                            "var.instance_class"
                          ]
                        },
                        "iops": {
                          "references": [
                            "var.iops"
                          ]
                        },
                        "kms_key_id": {
                          "references": [
                            "var.kms_key_id"
                          ]
                        },
                        "license_model": {
                          "references": [
                            "var.license_model"
                          ]
                        },
                        "maintenance_window": {
                          "references": [
                            "var.maintenance_window"
                          ]
                        },
                        "max_allocated_storage": {
                          "references": [
                            "var.max_allocated_storage"
                          ]
                        },
                        "monitoring_interval": {
                          "references": [
                            "var.monitoring_interval"
                          ]
                        },
                        "monitoring_role_arn": {
                          "references": [
                            "var.monitoring_role_arn"
                          ]
                        },
                        "monitoring_role_name": {
                          "references": [
                            "var.monitoring_role_name"
                          ]
                        },
                        "multi_az": {
                          "references": [
                            "var.multi_az"
                          ]
                        },
                        "name": {
                          "references": [
                            "var.name"
                          ]
                        },
                        "option_group_name": {
                          "references": [
                            "local.option_group"
                          ]
                        },
                        "parameter_group_name": {
                          "references": [
                            "local.parameter_group_name_id"
                          ]
                        },
                        "password": {
                          "references": [
                            "local.master_password"
                          ]
                        },
                        "performance_insights_enabled": {
                          "references": [
                            "var.performance_insights_enabled"
                          ]
                        },
                        "performance_insights_kms_key_id": {
                          "references": [
                            "var.performance_insights_enabled",
                            "var.performance_insights_kms_key_id"
                          ]
                        },
                        "performance_insights_retention_period": {
                          "references": [
                            "var.performance_insights_retention_period"
                          ]
                        },
                        "port": {
                          "references": [
                            "var.port"
                          ]
                        },
                        "publicly_accessible": {
                          "references": [
                            "var.publicly_accessible"
                          ]
                        },
                        "replicate_source_db": {
                          "references": [
                            "var.replicate_source_db"
                          ]
                        },
                        "s3_import": {
                          "references": [
                            "var.s3_import"
                          ]
                        },
                        "skip_final_snapshot": {
                          "references": [
                            "var.skip_final_snapshot"
                          ]
                        },
                        "snapshot_identifier": {
                          "references": [
                            "var.snapshot_identifier"
                          ]
                        },
                        "storage_encrypted": {
                          "references": [
                            "var.storage_encrypted"
                          ]
                        },
                        "storage_type": {
                          "references": [
                            "var.storage_type"
                          ]
                        },
                        "tags": {
                          "references": [
                            "var.tags",
                            "var.db_instance_tags"
                          ]
                        },
                        "timeouts": {
                          "references": [
                            "var.timeouts"
                          ]
                        },
                        "timezone": {
                          "references": [
                            "var.timezone"
                          ]
                        },
                        "username": {
                          "references": [
                            "var.username"
                          ]
                        },
                        "vpc_security_group_ids": {
                          "references": [
                            "var.vpc_security_group_ids"
                          ]
                        }
                      },
                      "module": {
                        "outputs": {
                          "enhanced_monitoring_iam_role_arn": {
                            "expression": {
                              "references": [
                                "local.enhanced_monitoring_iam_role_arn"
                              ]
                            },
                            "description": "The Amazon Resource Name (ARN) specifying the monitoring role"
                          },
                          "enhanced_monitoring_iam_role_name": {
                            "expression": {
                              "references": [
                                "local.enhanced_monitoring_iam_role_name"
                              ]
                            },
                            "description": "The name of the monitoring role"
                          },
                          "this_db_instance_address": {
                            "expression": {
                              "references": [
                                "local.this_db_instance_address"
                              ]
                            },
                            "description": "The address of the RDS instance"
                          },
                          "this_db_instance_arn": {
                            "expression": {
                              "references": [
                                "local.this_db_instance_arn"
                              ]
                            },
                            "description": "The ARN of the RDS instance"
                          },
                          "this_db_instance_availability_zone": {
                            "expression": {
                              "references": [
                                "local.this_db_instance_availability_zone"
                              ]
                            },
                            "description": "The availability zone of the RDS instance"
                          },
                          "this_db_instance_ca_cert_identifier": {
                            "expression": {
                              "references": [
                                "local.this_db_instance_ca_cert_identifier"
                              ]
                            },
                            "description": "Specifies the identifier of the CA certificate for the DB instance"
                          },
                          "this_db_instance_domain": {
                            "expression": {
                              "references": [
                                "local.this_db_instance_domain"
                              ]
                            },
                            "description": "The ID of the Directory Service Active Directory domain the instance is joined to"
                          },
                          "this_db_instance_domain_iam_role_name": {
                            "expression": {
                              "references": [
                                "local.this_db_instance_domain_iam_role_name"
                              ]
                            },
                            "description": "The name of the IAM role to be used when making API calls to the Directory Service. "
                          },
                          "this_db_instance_endpoint": {
                            "expression": {
                              "references": [
                                "local.this_db_instance_endpoint"
                              ]
                            },
                            "description": "The connection endpoint"
                          },
                          "this_db_instance_hosted_zone_id": {
                            "expression": {
                              "references": [
                                "local.this_db_instance_hosted_zone_id"
                              ]
                            },
                            "description": "The canonical hosted zone ID of the DB instance (to be used in a Route 53 Alias record)"
                          },
                          "this_db_instance_id": {
                            "expression": {
                              "references": [
                                "local.this_db_instance_id"
                              ]
                            },
                            "description": "The RDS instance ID"
                          },
                          "this_db_instance_master_password": {
                            "sensitive": true,
                            "expression": {
                              "references": [
                                "local.this_db_instance_master_password"
                              ]
                            },
                            "description": "The master password"
                          },
                          "this_db_instance_name": {
                            "expression": {
                              "references": [
                                "local.this_db_instance_name"
                              ]
                            },
                            "description": "The database name"
                          },
                          "this_db_instance_port": {
                            "expression": {
                              "references": [
                                "local.this_db_instance_port"
                              ]
                            },
                            "description": "The database port"
                          },
                          "this_db_instance_resource_id": {
                            "expression": {
                              "references": [
                                "local.this_db_instance_resource_id"
                              ]
                            },
                            "description": "The RDS Resource ID of this instance"
                          },
                          "this_db_instance_status": {
                            "expression": {
                              "references": [
                                "local.this_db_instance_status"
                              ]
                            },
                            "description": "The RDS instance status"
                          },
                          "this_db_instance_username": {
                            "sensitive": true,
                            "expression": {
                              "references": [
                                "local.this_db_instance_username"
                              ]
                            },
                            "description": "The master username for the database"
                          }
                        },
                        "resources": [
                          {
                            "address": "aws_db_instance.this",
                            "mode": "managed",
                            "type": "aws_db_instance",
                            "name": "this",
                            "provider_config_key": "db_instance:aws",
                            "expressions": {
                              "allocated_storage": {
                                "references": [
                                  "var.allocated_storage"
                                ]
                              },
                              "allow_major_version_upgrade": {
                                "references": [
                                  "var.allow_major_version_upgrade"
                                ]
                              },
                              "apply_immediately": {
                                "references": [
                                  "var.apply_immediately"
                                ]
                              },
                              "auto_minor_version_upgrade": {
                                "references": [
                                  "var.auto_minor_version_upgrade"
                                ]
                              },
                              "availability_zone": {
                                "references": [
                                  "var.availability_zone"
                                ]
                              },
                              "backup_retention_period": {
                                "references": [
                                  "var.backup_retention_period"
                                ]
                              },
                              "backup_window": {
                                "references": [
                                  "var.backup_window"
                                ]
                              },
                              "ca_cert_identifier": {
                                "references": [
                                  "var.ca_cert_identifier"
                                ]
                              },
                              "character_set_name": {
                                "references": [
                                  "var.character_set_name"
                                ]
                              },
                              "copy_tags_to_snapshot": {
                                "references": [
                                  "var.copy_tags_to_snapshot"
                                ]
                              },
                              "db_subnet_group_name": {
                                "references": [
                                  "var.db_subnet_group_name"
                                ]
                              },
                              "delete_automated_backups": {
                                "references": [
                                  "var.delete_automated_backups"
                                ]
                              },
                              "deletion_protection": {
                                "references": [
                                  "var.deletion_protection"
                                ]
                              },
                              "domain": {
                                "references": [
                                  "var.domain"
                                ]
                              },
                              "domain_iam_role_name": {
                                "references": [
                                  "var.domain_iam_role_name"
                                ]
                              },
                              "enabled_cloudwatch_logs_exports": {
                                "references": [
                                  "var.enabled_cloudwatch_logs_exports"
                                ]
                              },
                              "engine": {
                                "references": [
                                  "var.engine"
                                ]
                              },
                              "engine_version": {
                                "references": [
                                  "var.engine_version"
                                ]
                              },
                              "final_snapshot_identifier": {
                                "references": [
                                  "var.skip_final_snapshot",
                                  "var.final_snapshot_identifier",
                                  "var.final_snapshot_identifier_prefix",
                                  "var.identifier",
                                  "random_id.snapshot_identifier[0]"
                                ]
                              },
                              "iam_database_authentication_enabled": {
                                "references": [
                                  "var.iam_database_authentication_enabled"
                                ]
                              },
                              "identifier": {
                                "references": [
                                  "var.identifier"
                                ]
                              },
                              "instance_class": {
                                "references": [
                                  "var.instance_class"
                                ]
                              },
                              "iops": {
                                "references": [
                                  "var.iops"
                                ]
                              },
                              "kms_key_id": {
                                "references": [
                                  "var.kms_key_id"
                                ]
                              },
                              "license_model": {
                                "references": [
                                  "var.license_model"
                                ]
                              },
                              "maintenance_window": {
                                "references": [
                                  "var.maintenance_window"
                                ]
                              },
                              "max_allocated_storage": {
                                "references": [
                                  "var.max_allocated_storage"
                                ]
                              },
                              "monitoring_interval": {
                                "references": [
                                  "var.monitoring_interval"
                                ]
                              },
                              "monitoring_role_arn": {
                                "references": [
                                  "var.monitoring_interval",
                                  "local.monitoring_role_arn"
                                ]
                              },
                              "multi_az": {
                                "references": [
                                  "var.multi_az"
                                ]
                              },
                              "name": {
                                "references": [
                                  "var.name"
                                ]
                              },
                              "option_group_name": {
                                "references": [
                                  "var.option_group_name"
                                ]
                              },
                              "parameter_group_name": {
                                "references": [
                                  "var.parameter_group_name"
                                ]
                              },
                              "password": {
                                "references": [
                                  "var.password"
                                ]
                              },
                              "performance_insights_enabled": {
                                "references": [
                                  "var.performance_insights_enabled"
                                ]
                              },
                              "performance_insights_kms_key_id": {
                                "references": [
                                  "var.performance_insights_enabled",
                                  "var.performance_insights_kms_key_id"
                                ]
                              },
                              "performance_insights_retention_period": {
                                "references": [
                                  "var.performance_insights_enabled",
                                  "var.performance_insights_retention_period"
                                ]
                              },
                              "port": {
                                "references": [
                                  "var.port"
                                ]
                              },
                              "publicly_accessible": {
                                "references": [
                                  "var.publicly_accessible"
                                ]
                              },
                              "replicate_source_db": {
                                "references": [
                                  "var.replicate_source_db"
                                ]
                              },
                              "skip_final_snapshot": {
                                "references": [
                                  "var.skip_final_snapshot"
                                ]
                              },
                              "snapshot_identifier": {
                                "references": [
                                  "var.snapshot_identifier"
                                ]
                              },
                              "storage_encrypted": {
                                "references": [
                                  "var.storage_encrypted"
                                ]
                              },
                              "storage_type": {
                                "references": [
                                  "var.storage_type"
                                ]
                              },
                              "tags": {
                                "references": [
                                  "var.tags",
                                  "var.identifier"
                                ]
                              },
                              "timeouts": {
                                "create": {
                                  "references": [
                                    "var.timeouts"
                                  ]
                                },
                                "delete": {
                                  "references": [
                                    "var.timeouts"
                                  ]
                                },
                                "update": {
                                  "references": [
                                    "var.timeouts"
                                  ]
                                }
                              },
                              "username": {
                                "references": [
                                  "var.username"
                                ]
                              },
                              "vpc_security_group_ids": {
                                "references": [
                                  "var.vpc_security_group_ids"
                                ]
                              }
                            },
                            "schema_version": 1,
                            "count_expression": {
                              "references": [
                                "var.create",
                                "local.is_mssql"
                              ]
                            }
                          },
                          {
                            "address": "aws_db_instance.this_mssql",
                            "mode": "managed",
                            "type": "aws_db_instance",
                            "name": "this_mssql",
                            "provider_config_key": "db_instance:aws",
                            "expressions": {
                              "allocated_storage": {
                                "references": [
                                  "var.allocated_storage"
                                ]
                              },
                              "allow_major_version_upgrade": {
                                "references": [
                                  "var.allow_major_version_upgrade"
                                ]
                              },
                              "apply_immediately": {
                                "references": [
                                  "var.apply_immediately"
                                ]
                              },
                              "auto_minor_version_upgrade": {
                                "references": [
                                  "var.auto_minor_version_upgrade"
                                ]
                              },
                              "availability_zone": {
                                "references": [
                                  "var.availability_zone"
                                ]
                              },
                              "backup_retention_period": {
                                "references": [
                                  "var.backup_retention_period"
                                ]
                              },
                              "backup_window": {
                                "references": [
                                  "var.backup_window"
                                ]
                              },
                              "ca_cert_identifier": {
                                "references": [
                                  "var.ca_cert_identifier"
                                ]
                              },
                              "character_set_name": {
                                "references": [
                                  "var.character_set_name"
                                ]
                              },
                              "copy_tags_to_snapshot": {
                                "references": [
                                  "var.copy_tags_to_snapshot"
                                ]
                              },
                              "db_subnet_group_name": {
                                "references": [
                                  "var.db_subnet_group_name"
                                ]
                              },
                              "delete_automated_backups": {
                                "references": [
                                  "var.delete_automated_backups"
                                ]
                              },
                              "deletion_protection": {
                                "references": [
                                  "var.deletion_protection"
                                ]
                              },
                              "domain": {
                                "references": [
                                  "var.domain"
                                ]
                              },
                              "domain_iam_role_name": {
                                "references": [
                                  "var.domain_iam_role_name"
                                ]
                              },
                              "enabled_cloudwatch_logs_exports": {
                                "references": [
                                  "var.enabled_cloudwatch_logs_exports"
                                ]
                              },
                              "engine": {
                                "references": [
                                  "var.engine"
                                ]
                              },
                              "engine_version": {
                                "references": [
                                  "var.engine_version"
                                ]
                              },
                              "final_snapshot_identifier": {
                                "references": [
                                  "var.skip_final_snapshot",
                                  "var.final_snapshot_identifier",
                                  "var.final_snapshot_identifier_prefix",
                                  "var.identifier",
                                  "random_id.snapshot_identifier[0]"
                                ]
                              },
                              "iam_database_authentication_enabled": {
                                "references": [
                                  "var.iam_database_authentication_enabled"
                                ]
                              },
                              "identifier": {
                                "references": [
                                  "var.identifier"
                                ]
                              },
                              "instance_class": {
                                "references": [
                                  "var.instance_class"
                                ]
                              },
                              "iops": {
                                "references": [
                                  "var.iops"
                                ]
                              },
                              "kms_key_id": {
                                "references": [
                                  "var.kms_key_id"
                                ]
                              },
                              "license_model": {
                                "references": [
                                  "var.license_model"
                                ]
                              },
                              "maintenance_window": {
                                "references": [
                                  "var.maintenance_window"
                                ]
                              },
                              "max_allocated_storage": {
                                "references": [
                                  "var.max_allocated_storage"
                                ]
                              },
                              "monitoring_interval": {
                                "references": [
                                  "var.monitoring_interval"
                                ]
                              },
                              "monitoring_role_arn": {
                                "references": [
                                  "var.monitoring_interval",
                                  "local.monitoring_role_arn"
                                ]
                              },
                              "multi_az": {
                                "references": [
                                  "var.multi_az"
                                ]
                              },
                              "name": {
                                "references": [
                                  "var.name"
                                ]
                              },
                              "option_group_name": {
                                "references": [
                                  "var.option_group_name"
                                ]
                              },
                              "parameter_group_name": {
                                "references": [
                                  "var.parameter_group_name"
                                ]
                              },
                              "password": {
                                "references": [
                                  "var.password"
                                ]
                              },
                              "performance_insights_enabled": {
                                "references": [
                                  "var.performance_insights_enabled"
                                ]
                              },
                              "performance_insights_kms_key_id": {
                                "references": [
                                  "var.performance_insights_enabled",
                                  "var.performance_insights_kms_key_id"
                                ]
                              },
                              "performance_insights_retention_period": {
                                "references": [
                                  "var.performance_insights_enabled",
                                  "var.performance_insights_retention_period"
                                ]
                              },
                              "port": {
                                "references": [
                                  "var.port"
                                ]
                              },
                              "publicly_accessible": {
                                "references": [
                                  "var.publicly_accessible"
                                ]
                              },
                              "replicate_source_db": {
                                "references": [
                                  "var.replicate_source_db"
                                ]
                              },
                              "skip_final_snapshot": {
                                "references": [
                                  "var.skip_final_snapshot"
                                ]
                              },
                              "snapshot_identifier": {
                                "references": [
                                  "var.snapshot_identifier"
                                ]
                              },
                              "storage_encrypted": {
                                "references": [
                                  "var.storage_encrypted"
                                ]
                              },
                              "storage_type": {
                                "references": [
                                  "var.storage_type"
                                ]
                              },
                              "tags": {
                                "references": [
                                  "var.tags",
                                  "var.identifier"
                                ]
                              },
                              "timeouts": {
                                "create": {
                                  "references": [
                                    "var.timeouts"
                                  ]
                                },
                                "delete": {
                                  "references": [
                                    "var.timeouts"
                                  ]
                                },
                                "update": {
                                  "references": [
                                    "var.timeouts"
                                  ]
                                }
                              },
                              "timezone": {
                                "references": [
                                  "var.timezone"
                                ]
                              },
                              "username": {
                                "references": [
                                  "var.username"
                                ]
                              },
                              "vpc_security_group_ids": {
                                "references": [
                                  "var.vpc_security_group_ids"
                                ]
                              }
                            },
                            "schema_version": 1,
                            "count_expression": {
                              "references": [
                                "var.create",
                                "local.is_mssql"
                              ]
                            }
                          },
                          {
                            "address": "aws_iam_role.enhanced_monitoring",
                            "mode": "managed",
                            "type": "aws_iam_role",
                            "name": "enhanced_monitoring",
                            "provider_config_key": "db_instance:aws",
                            "expressions": {
                              "assume_role_policy": {
                                "references": [
                                  "data.aws_iam_policy_document.enhanced_monitoring"
                                ]
                              },
                              "name": {
                                "references": [
                                  "var.monitoring_role_name"
                                ]
                              },
                              "tags": {
                                "references": [
                                  "var.monitoring_role_name",
                                  "var.tags"
                                ]
                              }
                            },
                            "schema_version": 0,
                            "count_expression": {
                              "references": [
                                "var.create_monitoring_role"
                              ]
                            }
                          },
                          {
                            "address": "aws_iam_role_policy_attachment.enhanced_monitoring",
                            "mode": "managed",
                            "type": "aws_iam_role_policy_attachment",
                            "name": "enhanced_monitoring",
                            "provider_config_key": "db_instance:aws",
                            "expressions": {
                              "policy_arn": {
                                "references": [
                                  "data.aws_partition.current"
                                ]
                              },
                              "role": {
                                "references": [
                                  "aws_iam_role.enhanced_monitoring[0]"
                                ]
                              }
                            },
                            "schema_version": 0,
                            "count_expression": {
                              "references": [
                                "var.create_monitoring_role"
                              ]
                            }
                          },
                          {
                            "address": "random_id.snapshot_identifier",
                            "mode": "managed",
                            "type": "random_id",
                            "name": "snapshot_identifier",
                            "provider_config_key": "db_instance:random",
                            "expressions": {
                              "byte_length": {
                                "constant_value": 4
                              },
                              "keepers": {
                                "references": [
                                  "var.identifier"
                                ]
                              }
                            },
                            "schema_version": 0,
                            "count_expression": {
                              "references": [
                                "var.create",
                                "var.skip_final_snapshot"
                              ]
                            }
                          },
                          {
                            "address": "data.aws_iam_policy_document.enhanced_monitoring",
                            "mode": "data",
                            "type": "aws_iam_policy_document",
                            "name": "enhanced_monitoring",
                            "provider_config_key": "db_instance:aws",
                            "expressions": {
                              "statement": [
                                {
                                  "actions": {
                                    "constant_value": [
                                      "sts:AssumeRole"
                                    ]
                                  },
                                  "principals": [
                                    {
                                      "identifiers": {
                                        "constant_value": [
                                          "monitoring.rds.amazonaws.com"
                                        ]
                                      },
                                      "type": {
                                        "constant_value": "Service"
                                      }
                                    }
                                  ]
                                }
                              ]
                            },
                            "schema_version": 0
                          },
                          {
                            "address": "data.aws_partition.current",
                            "mode": "data",
                            "type": "aws_partition",
                            "name": "current",
                            "provider_config_key": "db_instance:aws",
                            "schema_version": 0
                          }
                        ],
                        "variables": {
                          "allocated_storage": {
                            "description": "The allocated storage in gigabytes"
                          },
                          "allow_major_version_upgrade": {
                            "default": false,
                            "description": "Indicates that major version upgrades are allowed. Changing this parameter does not result in an outage and the change is asynchronously applied as soon as possible"
                          },
                          "apply_immediately": {
                            "default": false,
                            "description": "Specifies whether any database modifications are applied immediately, or during the next maintenance window"
                          },
                          "auto_minor_version_upgrade": {
                            "default": true,
                            "description": "Indicates that minor engine upgrades will be applied automatically to the DB instance during the maintenance window"
                          },
                          "availability_zone": {
                            "default": null,
                            "description": "The Availability Zone of the RDS instance"
                          },
                          "backup_retention_period": {
                            "default": null,
                            "description": "The days to retain backups for"
                          },
                          "backup_window": {
                            "description": "The daily time range (in UTC) during which automated backups are created if they are enabled. Example: '09:46-10:16'. Must not overlap with maintenance_window"
                          },
                          "ca_cert_identifier": {
                            "default": null,
                            "description": "Specifies the identifier of the CA certificate for the DB instance"
                          },
                          "character_set_name": {
                            "default": null,
                            "description": "(Optional) The character set name to use for DB encoding in Oracle instances. This can't be changed. See Oracle Character Sets Supported in Amazon RDS and Collations and Character Sets for Microsoft SQL Server for more information. This can only be set on creation."
                          },
                          "copy_tags_to_snapshot": {
                            "default": false,
                            "description": "On delete, copy all Instance tags to the final snapshot (if final_snapshot_identifier is specified)"
                          },
                          "create": {
                            "default": true,
                            "description": "Whether to create this resource or not?"
                          },
                          "create_monitoring_role": {
                            "default": false,
                            "description": "Create IAM role with a defined name that permits RDS to send enhanced monitoring metrics to CloudWatch Logs."
                          },
                          "db_subnet_group_name": {
                            "default": "",
                            "description": "Name of DB subnet group. DB instance will be created in the VPC associated with the DB subnet group. If unspecified, will be created in the default VPC"
                          },
                          "delete_automated_backups": {
                            "default": true,
                            "description": "Specifies whether to remove automated backups immediately after the DB instance is deleted"
                          },
                          "deletion_protection": {
                            "default": false,
                            "description": "The database can't be deleted when this value is set to true."
                          },
                          "domain": {
                            "default": null,
                            "description": "The ID of the Directory Service Active Directory domain to create the instance in"
                          },
                          "domain_iam_role_name": {
                            "default": null,
                            "description": "(Required if domain is provided) The name of the IAM role to be used when making API calls to the Directory Service"
                          },
                          "enabled_cloudwatch_logs_exports": {
                            "default": [],
                            "description": "List of log types to enable for exporting to CloudWatch logs. If omitted, no logs will be exported. Valid values (depending on engine): alert, audit, error, general, listener, slowquery, trace, postgresql (PostgreSQL), upgrade (PostgreSQL)."
                          },
                          "engine": {
                            "description": "The database engine to use"
                          },
                          "engine_version": {
                            "description": "The engine version to use"
                          },
                          "final_snapshot_identifier": {
                            "default": null,
                            "description": "The name of your final DB snapshot when this DB instance is deleted."
                          },
                          "final_snapshot_identifier_prefix": {
                            "default": "final",
                            "description": "The name which is prefixed to the final snapshot on cluster destroy"
                          },
                          "iam_database_authentication_enabled": {
                            "default": false,
                            "description": "Specifies whether or mappings of AWS Identity and Access Management (IAM) accounts to database accounts is enabled"
                          },
                          "identifier": {
                            "description": "The name of the RDS instance, if omitted, Terraform will assign a random, unique identifier"
                          },
                          "instance_class": {
                            "description": "The instance type of the RDS instance"
                          },
                          "iops": {
                            "default": 0,
                            "description": "The amount of provisioned IOPS. Setting this implies a storage_type of 'io1'"
                          },
                          "kms_key_id": {
                            "default": null,
                            "description": "The ARN for the KMS encryption key. If creating an encrypted replica, set this to the destination KMS ARN. If storage_encrypted is set to true and kms_key_id is not specified the default KMS key created in your account will be used"
                          },
                          "license_model": {
                            "default": null,
                            "description": "License model information for this DB instance. Optional, but required for some DB engines, i.e. Oracle SE1"
                          },
                          "maintenance_window": {
                            "description": "The window to perform maintenance in. Syntax: 'ddd:hh24:mi-ddd:hh24:mi'. Eg: 'Mon:00:00-Mon:03:00'"
                          },
                          "max_allocated_storage": {
                            "default": 0,
                            "description": "Specifies the value for Storage Autoscaling"
                          },
                          "monitoring_interval": {
                            "default": 0,
                            "description": "The interval, in seconds, between points when Enhanced Monitoring metrics are collected for the DB instance. To disable collecting Enhanced Monitoring metrics, specify 0. The default is 0. Valid Values: 0, 1, 5, 10, 15, 30, 60."
                          },
                          "monitoring_role_arn": {
                            "default": null,
                            "description": "The ARN for the IAM role that permits RDS to send enhanced monitoring metrics to CloudWatch Logs. Must be specified if monitoring_interval is non-zero."
                          },
                          "monitoring_role_name": {
                            "default": "rds-monitoring-role",
                            "description": "Name of the IAM role which will be created when create_monitoring_role is enabled."
                          },
                          "multi_az": {
                            "default": false,
                            "description": "Specifies if the RDS instance is multi-AZ"
                          },
                          "name": {
                            "default": null,
                            "description": "The DB name to create. If omitted, no database is created initially"
                          },
                          "option_group_name": {
                            "default": "",
                            "description": "Name of the DB option group to associate."
                          },
                          "parameter_group_name": {
                            "default": "",
                            "description": "Name of the DB parameter group to associate"
                          },
                          "password": {
                            "description": "Password for the master DB user. Note that this may show up in logs, and it will be stored in the state file"
                          },
                          "performance_insights_enabled": {
                            "default": false,
                            "description": "Specifies whether Performance Insights are enabled"
                          },
                          "performance_insights_kms_key_id": {
                            "default": null,
                            "description": "The ARN for the KMS key to encrypt Performance Insights data."
                          },
                          "performance_insights_retention_period": {
                            "default": 7,
                            "description": "The amount of time in days to retain Performance Insights data. Either 7 (7 days) or 731 (2 years)."
                          },
                          "port": {
                            "description": "The port on which the DB accepts connections"
                          },
                          "publicly_accessible": {
                            "default": false,
                            "description": "Bool to control if instance is publicly accessible"
                          },
                          "replicate_source_db": {
                            "default": null,
                            "description": "Specifies that this resource is a Replicate database, and to use this value as the source database. This correlates to the identifier of another Amazon RDS Database to replicate."
                          },
                          "s3_import": {
                            "default": null,
                            "description": "Restore from a Percona Xtrabackup in S3 (only MySQL is supported)"
                          },
                          "skip_final_snapshot": {
                            "default": false,
                            "description": "Determines whether a final DB snapshot is created before the DB instance is deleted. If true is specified, no DBSnapshot is created. If false is specified, a DB snapshot is created before the DB instance is deleted, using the value from final_snapshot_identifier"
                          },
                          "snapshot_identifier": {
                            "default": null,
                            "description": "Specifies whether or not to create this database from a snapshot. This correlates to the snapshot ID you'd find in the RDS console, e.g: rds:production-2015-06-26-06-05."
                          },
                          "storage_encrypted": {
                            "default": false,
                            "description": "Specifies whether the DB instance is encrypted"
                          },
                          "storage_type": {
                            "default": null,
                            "description": "One of 'standard' (magnetic), 'gp2' (general purpose SSD), or 'io1' (provisioned IOPS SSD). The default is 'io1' if iops is specified, 'standard' if not. Note that this behaviour is different from the AWS web console, where the default is 'gp2'."
                          },
                          "tags": {
                            "default": {},
                            "description": "A mapping of tags to assign to all resources"
                          },
                          "timeouts": {
                            "default": {
                              "create": "40m",
                              "delete": "40m",
                              "update": "80m"
                            },
                            "description": "(Optional) Updated Terraform resource management timeouts. Applies to `aws_db_instance` in particular to permit resource management times"
                          },
                          "timezone": {
                            "default": null,
                            "description": "(Optional) Time zone of the DB instance. timezone is currently only supported by Microsoft SQL Server. The timezone can only be set on creation. See MSSQL User Guide for more information."
                          },
                          "username": {
                            "description": "Username for the master DB user"
                          },
                          "vpc_security_group_ids": {
                            "default": [],
                            "description": "List of VPC security groups to associate"
                          }
                        }
                      }
                    },
                    "db_option_group": {
                      "source": "./modules/db_option_group",
                      "expressions": {
                        "create": {
                          "references": [
                            "local.create_db_option_group"
                          ]
                        },
                        "engine_name": {
                          "references": [
                            "var.engine"
                          ]
                        },
                        "major_engine_version": {
                          "references": [
                            "var.major_engine_version"
                          ]
                        },
                        "name": {
                          "references": [
                            "var.option_group_name",
                            "var.identifier"
                          ]
                        },
                        "option_group_description": {
                          "references": [
                            "var.option_group_description"
                          ]
                        },
                        "options": {
                          "references": [
                            "var.options"
                          ]
                        },
                        "tags": {
                          "references": [
                            "var.tags",
                            "var.db_option_group_tags"
                          ]
                        },
                        "timeouts": {
                          "references": [
                            "var.option_group_timeouts"
                          ]
                        },
                        "use_name_prefix": {
                          "references": [
                            "var.option_group_use_name_prefix"
                          ]
                        }
                      },
                      "module": {
                        "outputs": {
                          "this_db_option_group_arn": {
                            "expression": {
                              "references": [
                                "aws_db_option_group.this"
                              ]
                            },
                            "description": "The ARN of the db option group"
                          },
                          "this_db_option_group_id": {
                            "expression": {
                              "references": [
                                "aws_db_option_group.this"
                              ]
                            },
                            "description": "The db option group id"
                          }
                        },
                        "resources": [
                          {
                            "address": "aws_db_option_group.this",
                            "mode": "managed",
                            "type": "aws_db_option_group",
                            "name": "this",
                            "provider_config_key": "db_option_group:aws",
                            "expressions": {
                              "engine_name": {
                                "references": [
                                  "var.engine_name"
                                ]
                              },
                              "major_engine_version": {
                                "references": [
                                  "var.major_engine_version"
                                ]
                              },
                              "name": {
                                "references": [
                                  "local.name"
                                ]
                              },
                              "name_prefix": {
                                "references": [
                                  "local.name_prefix"
                                ]
                              },
                              "option_group_description": {
                                "references": [
                                  "local.description"
                                ]
                              },
                              "tags": {
                                "references": [
                                  "var.tags",
                                  "var.name"
                                ]
                              },
                              "timeouts": {
                                "delete": {
                                  "references": [
                                    "var.timeouts"
                                  ]
                                }
                              }
                            },
                            "schema_version": 0,
                            "count_expression": {
                              "references": [
                                "var.create"
                              ]
                            }
                          }
                        ],
                        "variables": {
                          "create": {
                            "default": true,
                            "description": "Whether to create this resource or not?"
                          },
                          "engine_name": {
                            "description": "Specifies the name of the engine that this option group should be associated with"
                          },
                          "major_engine_version": {
                            "description": "Specifies the major version of the engine that this option group should be associated with"
                          },
                          "name": {
                            "default": "",
                            "description": "The name of the option group"
                          },
                          "option_group_description": {
                            "default": "",
                            "description": "The description of the option group"
                          },
                          "options": {
                            "default": [],
                            "description": "A list of Options to apply"
                          },
                          "tags": {
                            "default": {},
                            "description": "A mapping of tags to assign to the resource"
                          },
                          "timeouts": {
                            "default": {
                              "delete": "15m"
                            },
                            "description": "Define maximum timeout for deletion of `aws_db_option_group` resource"
                          },
                          "use_name_prefix": {
                            "default": true,
                            "description": "Determines whether to use `name` as is or create a unique name beginning with `name` as the specified prefix"
                          }
                        }
                      }
                    },
                    "db_parameter_group": {
                      "source": "./modules/db_parameter_group",
                      "expressions": {
                        "create": {
                          "references": [
                            "var.create_db_parameter_group"
                          ]
                        },
                        "description": {
                          "references": [
                            "var.parameter_group_description"
                          ]
                        },
                        "family": {
                          "references": [
                            "var.family"
                          ]
                        },
                        "name": {
                          "references": [
                            "var.parameter_group_name",
                            "var.identifier"
                          ]
                        },
                        "parameters": {
                          "references": [
                            "var.parameters"
                          ]
                        },
                        "tags": {
                          "references": [
                            "var.tags",
                            "var.db_parameter_group_tags"
                          ]
                        },
                        "use_name_prefix": {
                          "references": [
                            "var.parameter_group_use_name_prefix"
                          ]
                        }
                      },
                      "module": {
                        "outputs": {
                          "this_db_parameter_group_arn": {
                            "expression": {
                              "references": [
                                "aws_db_parameter_group.this"
                              ]
                            },
                            "description": "The ARN of the db parameter group"
                          },
                          "this_db_parameter_group_id": {
                            "expression": {
                              "references": [
                                "aws_db_parameter_group.this"
                              ]
                            },
                            "description": "The db parameter group id"
                          }
                        },
                        "resources": [
                          {
                            "address": "aws_db_parameter_group.this",
                            "mode": "managed",
                            "type": "aws_db_parameter_group",
                            "name": "this",
                            "provider_config_key": "db_parameter_group:aws",
                            "expressions": {
                              "description": {
                                "references": [
                                  "local.description"
                                ]
                              },
                              "family": {
                                "references": [
                                  "var.family"
                                ]
                              },
                              "name": {
                                "references": [
                                  "local.name"
                                ]
                              },
                              "name_prefix": {
                                "references": [
                                  "local.name_prefix"
                                ]
                              },
                              "tags": {
                                "references": [
                                  "var.tags",
                                  "var.name"
                                ]
                              }
                            },
                            "schema_version": 0,
                            "count_expression": {
                              "references": [
                                "var.create"
                              ]
                            }
                          }
                        ],
                        "variables": {
                          "create": {
                            "default": true,
                            "description": "Whether to create this resource or not?"
                          },
                          "description": {
                            "default": "",
                            "description": "The description of the DB parameter group"
                          },
                          "family": {
                            "description": "The family of the DB parameter group"
                          },
                          "name": {
                            "default": "",
                            "description": "The name of the DB parameter group"
                          },
                          "parameters": {
                            "default": [],
                            "description": "A list of DB parameter maps to apply"
                          },
                          "tags": {
                            "default": {},
                            "description": "A mapping of tags to assign to the resource"
                          },
                          "use_name_prefix": {
                            "default": true,
                            "description": "Determines whether to use `name` as is or create a unique name beginning with `name` as the specified prefix"
                          }
                        }
                      }
                    },
                    "db_subnet_group": {
                      "source": "./modules/db_subnet_group",
                      "expressions": {
                        "create": {
                          "references": [
                            "var.create_db_subnet_group"
                          ]
                        },
                        "description": {
                          "references": [
                            "var.db_subnet_group_description"
                          ]
                        },
                        "name": {
                          "references": [
                            "var.db_subnet_group_name",
                            "var.identifier"
                          ]
                        },
                        "subnet_ids": {
                          "references": [
                            "var.subnet_ids"
                          ]
                        },
                        "tags": {
                          "references": [
                            "var.tags",
                            "var.db_subnet_group_tags"
                          ]
                        },
                        "use_name_prefix": {
                          "references": [
                            "var.db_subnet_group_use_name_prefix"
                          ]
                        }
                      },
                      "module": {
                        "outputs": {
                          "this_db_subnet_group_arn": {
                            "expression": {
                              "references": [
                                "aws_db_subnet_group.this"
                              ]
                            },
                            "description": "The ARN of the db subnet group"
                          },
                          "this_db_subnet_group_id": {
                            "expression": {
                              "references": [
                                "aws_db_subnet_group.this"
                              ]
                            },
                            "description": "The db subnet group name"
                          }
                        },
                        "resources": [
                          {
                            "address": "aws_db_subnet_group.this",
                            "mode": "managed",
                            "type": "aws_db_subnet_group",
                            "name": "this",
                            "provider_config_key": "db_subnet_group:aws",
                            "expressions": {
                              "description": {
                                "references": [
                                  "local.description"
                                ]
                              },
                              "name": {
                                "references": [
                                  "local.name"
                                ]
                              },
                              "name_prefix": {
                                "references": [
                                  "local.name_prefix"
                                ]
                              },
                              "subnet_ids": {
                                "references": [
                                  "var.subnet_ids"
                                ]
                              },
                              "tags": {
                                "references": [
                                  "var.tags",
                                  "var.name"
                                ]
                              }
                            },
                            "schema_version": 0,
                            "count_expression": {
                              "references": [
                                "var.create"
                              ]
                            }
                          }
                        ],
                        "variables": {
                          "create": {
                            "default": true,
                            "description": "Whether to create this resource or not?"
                          },
                          "description": {
                            "default": "",
                            "description": "The description of the DB subnet group"
                          },
                          "name": {
                            "default": "",
                            "description": "The name of the DB subnet group"
                          },
                          "subnet_ids": {
                            "default": [],
                            "description": "A list of VPC subnet IDs"
                          },
                          "tags": {
                            "default": {},
                            "description": "A mapping of tags to assign to the resource"
                          },
                          "use_name_prefix": {
                            "default": true,
                            "description": "Determines whether to use `name` as is or create a unique name beginning with `name` as the specified prefix"
                          }
                        }
                      }
                    }
                  },
                  "variables": {
                    "allocated_storage": {
                      "description": "The allocated storage in gigabytes"
                    },
                    "allow_major_version_upgrade": {
                      "default": false,
                      "description": "Indicates that major version upgrades are allowed. Changing this parameter does not result in an outage and the change is asynchronously applied as soon as possible"
                    },
                    "apply_immediately": {
                      "default": false,
                      "description": "Specifies whether any database modifications are applied immediately, or during the next maintenance window"
                    },
                    "auto_minor_version_upgrade": {
                      "default": true,
                      "description": "Indicates that minor engine upgrades will be applied automatically to the DB instance during the maintenance window"
                    },
                    "availability_zone": {
                      "default": null,
                      "description": "The Availability Zone of the RDS instance"
                    },
                    "backup_retention_period": {
                      "default": null,
                      "description": "The days to retain backups for"
                    },
                    "backup_window": {
                      "description": "The daily time range (in UTC) during which automated backups are created if they are enabled. Example: '09:46-10:16'. Must not overlap with maintenance_window"
                    },
                    "ca_cert_identifier": {
                      "default": null,
                      "description": "Specifies the identifier of the CA certificate for the DB instance"
                    },
                    "character_set_name": {
                      "default": null,
                      "description": "(Optional) The character set name to use for DB encoding in Oracle instances. This can't be changed. See Oracle Character Sets Supported in Amazon RDS and Collations and Character Sets for Microsoft SQL Server for more information. This can only be set on creation."
                    },
                    "copy_tags_to_snapshot": {
                      "default": false,
                      "description": "On delete, copy all Instance tags to the final snapshot (if final_snapshot_identifier is specified)"
                    },
                    "create_db_instance": {
                      "default": true,
                      "description": "Whether to create a database instance"
                    },
                    "create_db_option_group": {
                      "default": true,
                      "description": "(Optional) Create a database option group"
                    },
                    "create_db_parameter_group": {
                      "default": true,
                      "description": "Whether to create a database parameter group"
                    },
                    "create_db_subnet_group": {
                      "default": true,
                      "description": "Whether to create a database subnet group"
                    },
                    "create_monitoring_role": {
                      "default": false,
                      "description": "Create IAM role with a defined name that permits RDS to send enhanced monitoring metrics to CloudWatch Logs."
                    },
                    "create_random_password": {
                      "default": false,
                      "description": "Whether to create random password for RDS primary cluster"
                    },
                    "db_instance_tags": {
                      "default": {},
                      "description": "Additional tags for the DB instance"
                    },
                    "db_option_group_tags": {
                      "default": {},
                      "description": "Additional tags for the DB option group"
                    },
                    "db_parameter_group_tags": {
                      "default": {},
                      "description": "Additional tags for the  DB parameter group"
                    },
                    "db_subnet_group_description": {
                      "default": "",
                      "description": "Description of the DB subnet group to create"
                    },
                    "db_subnet_group_name": {
                      "default": null,
                      "description": "Name of DB subnet group. DB instance will be created in the VPC associated with the DB subnet group. If unspecified, will be created in the default VPC"
                    },
                    "db_subnet_group_tags": {
                      "default": {},
                      "description": "Additional tags for the DB subnet group"
                    },
                    "db_subnet_group_use_name_prefix": {
                      "default": true,
                      "description": "Determines whether to use `subnet_group_name` as is or create a unique name beginning with the `subnet_group_name` as the prefix"
                    },
                    "delete_automated_backups": {
                      "default": true,
                      "description": "Specifies whether to remove automated backups immediately after the DB instance is deleted"
                    },
                    "deletion_protection": {
                      "default": false,
                      "description": "The database can't be deleted when this value is set to true."
                    },
                    "domain": {
                      "default": null,
                      "description": "The ID of the Directory Service Active Directory domain to create the instance in"
                    },
                    "domain_iam_role_name": {
                      "default": null,
                      "description": "(Required if domain is provided) The name of the IAM role to be used when making API calls to the Directory Service"
                    },
                    "enabled_cloudwatch_logs_exports": {
                      "default": [],
                      "description": "List of log types to enable for exporting to CloudWatch logs. If omitted, no logs will be exported. Valid values (depending on engine): alert, audit, error, general, listener, slowquery, trace, postgresql (PostgreSQL), upgrade (PostgreSQL)."
                    },
                    "engine": {
                      "description": "The database engine to use"
                    },
                    "engine_version": {
                      "description": "The engine version to use"
                    },
                    "family": {
                      "default": "",
                      "description": "The family of the DB parameter group"
                    },
                    "final_snapshot_identifier": {
                      "default": null,
                      "description": "The name of your final DB snapshot when this DB instance is deleted."
                    },
                    "final_snapshot_identifier_prefix": {
                      "default": "final",
                      "description": "The name which is prefixed to the final snapshot on cluster destroy"
                    },
                    "iam_database_authentication_enabled": {
                      "default": false,
                      "description": "Specifies whether or not the mappings of AWS Identity and Access Management (IAM) accounts to database accounts are enabled"
                    },
                    "identifier": {
                      "description": "The name of the RDS instance, if omitted, Terraform will assign a random, unique identifier"
                    },
                    "instance_class": {
                      "description": "The instance type of the RDS instance"
                    },
                    "iops": {
                      "default": 0,
                      "description": "The amount of provisioned IOPS. Setting this implies a storage_type of 'io1'"
                    },
                    "kms_key_id": {
                      "default": null,
                      "description": "The ARN for the KMS encryption key. If creating an encrypted replica, set this to the destination KMS ARN. If storage_encrypted is set to true and kms_key_id is not specified the default KMS key created in your account will be used"
                    },
                    "license_model": {
                      "default": null,
                      "description": "License model information for this DB instance. Optional, but required for some DB engines, i.e. Oracle SE1"
                    },
                    "maintenance_window": {
                      "description": "The window to perform maintenance in. Syntax: 'ddd:hh24:mi-ddd:hh24:mi'. Eg: 'Mon:00:00-Mon:03:00'"
                    },
                    "major_engine_version": {
                      "default": "",
                      "description": "Specifies the major version of the engine that this option group should be associated with"
                    },
                    "max_allocated_storage": {
                      "default": 0,
                      "description": "Specifies the value for Storage Autoscaling"
                    },
                    "monitoring_interval": {
                      "default": 0,
                      "description": "The interval, in seconds, between points when Enhanced Monitoring metrics are collected for the DB instance. To disable collecting Enhanced Monitoring metrics, specify 0. The default is 0. Valid Values: 0, 1, 5, 10, 15, 30, 60."
                    },
                    "monitoring_role_arn": {
                      "default": null,
                      "description": "The ARN for the IAM role that permits RDS to send enhanced monitoring metrics to CloudWatch Logs. Must be specified if monitoring_interval is non-zero."
                    },
                    "monitoring_role_name": {
                      "default": "rds-monitoring-role",
                      "description": "Name of the IAM role which will be created when create_monitoring_role is enabled."
                    },
                    "multi_az": {
                      "default": false,
                      "description": "Specifies if the RDS instance is multi-AZ"
                    },
                    "name": {
                      "default": null,
                      "description": "The DB name to create. If omitted, no database is created initially"
                    },
                    "option_group_description": {
                      "default": "",
                      "description": "The description of the option group"
                    },
                    "option_group_name": {
                      "default": null,
                      "description": "Name of the option group"
                    },
                    "option_group_timeouts": {
                      "default": {
                        "delete": "15m"
                      },
                      "description": "Define maximum timeout for deletion of `aws_db_option_group` resource"
                    },
                    "option_group_use_name_prefix": {
                      "default": true,
                      "description": "Determines whether to use `option_group_name` as is or create a unique name beginning with the `option_group_name` as the prefix"
                    },
                    "options": {
                      "default": [],
                      "description": "A list of Options to apply."
                    },
                    "parameter_group_description": {
                      "default": "",
                      "description": "Description of the DB parameter group to create"
                    },
                    "parameter_group_name": {
                      "default": null,
                      "description": "Name of the DB parameter group to associate or create"
                    },
                    "parameter_group_use_name_prefix": {
                      "default": true,
                      "description": "Determines whether to use `parameter_group_name` as is or create a unique name beginning with the `parameter_group_name` as the prefix"
                    },
                    "parameters": {
                      "default": [],
                      "description": "A list of DB parameters (map) to apply"
                    },
                    "password": {
                      "default": "",
                      "description": "Password for the master DB user. Note that this may show up in logs, and it will be stored in the state file"
                    },
                    "performance_insights_enabled": {
                      "default": false,
                      "description": "Specifies whether Performance Insights are enabled"
                    },
                    "performance_insights_kms_key_id": {
                      "default": null,
                      "description": "The ARN for the KMS key to encrypt Performance Insights data."
                    },
                    "performance_insights_retention_period": {
                      "default": 7,
                      "description": "The amount of time in days to retain Performance Insights data. Either 7 (7 days) or 731 (2 years)."
                    },
                    "port": {
                      "description": "The port on which the DB accepts connections"
                    },
                    "publicly_accessible": {
                      "default": false,
                      "description": "Bool to control if instance is publicly accessible"
                    },
                    "random_password_length": {
                      "default": 10,
                      "description": "(Optional) Length of random password to create. (default: 10)"
                    },
                    "replicate_source_db": {
                      "default": null,
                      "description": "Specifies that this resource is a Replicate database, and to use this value as the source database. This correlates to the identifier of another Amazon RDS Database to replicate."
                    },
                    "s3_import": {
                      "default": null,
                      "description": "Restore from a Percona Xtrabackup in S3 (only MySQL is supported)"
                    },
                    "skip_final_snapshot": {
                      "default": false,
                      "description": "Determines whether a final DB snapshot is created before the DB instance is deleted. If true is specified, no DBSnapshot is created. If false is specified, a DB snapshot is created before the DB instance is deleted, using the value from final_snapshot_identifier"
                    },
                    "snapshot_identifier": {
                      "default": null,
                      "description": "Specifies whether or not to create this database from a snapshot. This correlates to the snapshot ID you'd find in the RDS console, e.g: rds:production-2015-06-26-06-05."
                    },
                    "storage_encrypted": {
                      "default": false,
                      "description": "Specifies whether the DB instance is encrypted"
                    },
                    "storage_type": {
                      "default": null,
                      "description": "One of 'standard' (magnetic), 'gp2' (general purpose SSD), or 'io1' (provisioned IOPS SSD). The default is 'io1' if iops is specified, 'gp2' if not."
                    },
                    "subnet_ids": {
                      "default": [],
                      "description": "A list of VPC subnet IDs"
                    },
                    "tags": {
                      "default": {},
                      "description": "A mapping of tags to assign to all resources"
                    },
                    "timeouts": {
                      "default": {
                        "create": "40m",
                        "delete": "40m",
                        "update": "80m"
                      },
                      "description": "(Optional) Updated Terraform resource management timeouts. Applies to `aws_db_instance` in particular to permit resource management times"
                    },
                    "timezone": {
                      "default": null,
                      "description": "(Optional) Time zone of the DB instance. timezone is currently only supported by Microsoft SQL Server. The timezone can only be set on creation. See MSSQL User Guide for more information."
                    },
                    "username": {
                      "description": "Username for the master DB user"
                    },
                    "vpc_security_group_ids": {
                      "default": [],
                      "description": "List of VPC security groups to associate"
                    }
                  }
                },
                "version_constraint": "~> 2.0"
              }
            }
          }
        },
        "instances": {
          "source": "./instances",
          "module": {
            "resources": [
              {
                "address": "aws_default_vpc.default",
                "mode": "managed",
                "type": "aws_default_vpc",
                "name": "default",
                "provider_config_key": "instances:aws",
                "schema_version": 1
              },
              {
                "address": "aws_instance.module_instance_1",
                "mode": "managed",
                "type": "aws_instance",
                "name": "module_instance_1",
                "provider_config_key": "instances:aws",
                "expressions": {
                  "ami": {
                    "constant_value": "ami-0ff8a91507f77f867"
                  },
                  "instance_type": {
                    "constant_value": "t3.nano"
                  }
                },
                "schema_version": 1
              },
              {
                "address": "aws_instance.module_instance_2",
                "mode": "managed",
                "type": "aws_instance",
                "name": "module_instance_2",
                "provider_config_key": "instances:aws",
                "expressions": {
                  "ami": {
                    "constant_value": "ami-0ff8a91507f77f867"
                  },
                  "instance_type": {
                    "constant_value": "t3.nano"
                  }
                },
                "schema_version": 1
              },
              {
                "address": "aws_instance.module_instance_counted",
                "mode": "managed",
                "type": "aws_instance",
                "name": "module_instance_counted",
                "provider_config_key": "instances:aws",
                "expressions": {
                  "ami": {
                    "constant_value": "ami-0ff8a91507f77f867"
                  },
                  "instance_type": {
                    "constant_value": "t3.nano"
                  }
                },
                "schema_version": 1,
                "count_expression": {
                  "constant_value": 2
                }
              },
              {
                "address": "aws_instance.module_instance_named",
                "mode": "managed",
                "type": "aws_instance",
                "name": "module_instance_named",
                "provider_config_key": "instances:aws",
                "expressions": {
                  "ami": {
                    "constant_value": "ami-0ff8a91507f77f867"
                  },
                  "instance_type": {
                    "constant_value": "t3.nano"
                  },
                  "tags": {
                    "references": [
                      "each.value"
                    ]
                  }
                },
                "schema_version": 1,
                "for_each_expression": {
                  "references": [
                    "local.instances"
                  ]
                }
              },
              {
                "address": "data.aws_subnet_ids.default",
                "mode": "data",
                "type": "aws_subnet_ids",
                "name": "default",
                "provider_config_key": "instances:aws",
                "expressions": {
                  "vpc_id": {
                    "references": [
                      "aws_default_vpc.default"
                    ]
                  }
                },
                "schema_version": 0
              }
            ]
          }
        }
      }
    }
  }
}
