{
  "format_version": "1.2",
  "terraform_version": "1.5.7",
  "planned_values": {
    "root_module": {
      "child_modules": [
        {
          "resources": [
            {
              "address": "module.mine.aws_sqs_queue.sqs_withTags",
              "mode": "managed",
              "type": "aws_sqs_queue",
              "name": "sqs_withTags",
              "provider_name": "registry.terraform.io/hashicorp/aws",
              "schema_version": 0,
              "values": {
                "content_based_deduplication": false,
                "delay_seconds": 0,
                "fifo_queue": false,
                "kms_master_key_id": null,
                "max_message_size": 262144,
                "message_retention_seconds": 345600,
                "name": "sqs_withTags",
                "receive_wait_time_seconds": 0,
                "tags": {
                  "DefaultOverride": "sqs-def",
                  "ResourceTag": "sqs-hi"
                },
                "tags_all": {
                  "DefaultNotOverride": "defaultnotoverride",
                  "DefaultOverride": "sqs-def",
                  "ResourceTag": "sqs-hi"
                },
                "visibility_timeout_seconds": 30
              },
              "sensitive_values": {
                "tags": {},
                "tags_all": {}
              }
            }
          ],
          "address": "module.mine"
        }
      ]
    }
  },
  "resource_changes": [
    {
      "address": "module.mine.aws_sqs_queue.sqs_withTags",
      "module_address": "module.mine",
      "mode": "managed",
      "type": "aws_sqs_queue",
      "name": "sqs_withTags",
      "provider_name": "registry.terraform.io/hashicorp/aws",
      "change": {
        "actions": [
          "create"
        ],
        "before": null,
        "after": {
          "content_based_deduplication": false,
          "delay_seconds": 0,
          "fifo_queue": false,
          "kms_master_key_id": null,
          "max_message_size": 262144,
          "message_retention_seconds": 345600,
          "name": "sqs_withTags",
          "receive_wait_time_seconds": 0,
          "tags": {
            "DefaultOverride": "sqs-def",
            "ResourceTag": "sqs-hi"
          },
          "tags_all": {
            "DefaultNotOverride": "defaultnotoverride",
            "DefaultOverride": "sqs-def",
            "ResourceTag": "sqs-hi"
          },
          "visibility_timeout_seconds": 30
        },
        "after_unknown": {
          "arn": true,
          "deduplication_scope": true,
          "fifo_throughput_limit": true,
          "id": true,
          "kms_data_key_reuse_period_seconds": true,
          "name_prefix": true,
          "policy": true,
          "redrive_allow_policy": true,
          "redrive_policy": true,
          "sqs_managed_sse_enabled": true,
          "tags": {},
          "tags_all": {},
          "url": true
        },
        "before_sensitive": false,
        "after_sensitive": {
          "tags": {},
          "tags_all": {}
        }
      }
    }
  ],
  "configuration": {
    "provider_config": {
      "aws": {
        "name": "aws",
        "full_name": "registry.terraform.io/hashicorp/aws"
      },
      "aws.env": {
        "name": "aws",
        "full_name": "registry.terraform.io/hashicorp/aws",
        "alias": "env",
        "expressions": {
          "access_key": {
            "constant_value": "mock_access_key"
          },
          "default_tags": [
            {
              "tags": {
                "constant_value": {
                  "DefaultNotOverride": "defaultnotoverride",
                  "DefaultOverride": "defaultoverride"
                }
              }
            }
          ],
          "region": {
            "constant_value": "us-east-1"
          },
          "secret_key": {
            "constant_value": "mock_secret_key"
          },
          "skip_credentials_validation": {
            "constant_value": true
          },
          "skip_requesting_account_id": {
            "constant_value": true
          }
        }
      }
    },
    "root_module": {
      "module_calls": {
        "mine": {
          "source": "./mymodule",
          "module": {
            "resources": [
              {
                "address": "aws_sqs_queue.sqs_withTags",
                "mode": "managed",
                "type": "aws_sqs_queue",
                "name": "sqs_withTags",
                "provider_config_key": "aws.env",
                "expressions": {
                  "name": {
                    "constant_value": "sqs_withTags"
                  },
                  "tags": {
                    "constant_value": {
                      "DefaultOverride": "sqs-def",
                      "ResourceTag": "sqs-hi"
                    }
                  }
                },
                "schema_version": 0
              }
            ]
          }
        }
      }
    }
  },
  "timestamp": "2024-01-04T19:41:05Z"
}
